{
    "version": 3,
    "terraform_version": "0.8.5",
    "serial": 94,
    "lineage": "acdd28a7-23b8-40bf-878f-53c48657549c",
    "modules": [
        {
            "path": [
                "root"
            ],
            "outputs": {},
            "resources": {
                "google_compute_address.redirector": {
                    "type": "google_compute_address",
                    "depends_on": [],
                    "primary": {
                        "id": "redirector",
                        "attributes": {
                            "address": "104.196.255.117",
                            "id": "redirector",
                            "name": "redirector",
                            "region": "us-west1",
                            "self_link": "https://www.googleapis.com/compute/v1/projects/that-big-universe/regions/us-west1/addresses/redirector"
                        },
                        "meta": {},
                        "tainted": false
                    },
                    "deposed": [],
                    "provider": ""
                },
                "google_compute_disk.drone": {
                    "type": "google_compute_disk",
                    "depends_on": [],
                    "primary": {
                        "id": "drone-server-sqlite-db",
                        "attributes": {
                            "id": "drone-server-sqlite-db",
                            "name": "drone-server-sqlite-db",
                            "self_link": "https://www.googleapis.com/compute/v1/projects/that-big-universe/zones/us-west1-a/disks/drone-server-sqlite-db",
                            "size": "20",
                            "type": "pd-ssd",
                            "zone": "us-west1-a"
                        },
                        "meta": {},
                        "tainted": false
                    },
                    "deposed": [],
                    "provider": ""
                },
                "google_compute_instance.redirector": {
                    "type": "google_compute_instance",
                    "depends_on": [
                        "google_compute_address.redirector"
                    ],
                    "primary": {
                        "id": "redirector",
                        "attributes": {
                            "can_ip_forward": "false",
                            "create_timeout": "4",
                            "disk.#": "1",
                            "disk.0.auto_delete": "true",
                            "disk.0.device_name": "",
                            "disk.0.disk": "",
                            "disk.0.disk_encryption_key_raw": "",
                            "disk.0.disk_encryption_key_sha256": "",
                            "disk.0.image": "redirector-1485899054",
                            "disk.0.scratch": "false",
                            "disk.0.size": "0",
                            "disk.0.type": "",
                            "id": "redirector",
                            "machine_type": "f1-micro",
                            "metadata.%": "0",
                            "metadata_fingerprint": "ggUaVFFDPx0=",
                            "name": "redirector",
                            "network.#": "0",
                            "network_interface.#": "1",
                            "network_interface.0.access_config.#": "1",
                            "network_interface.0.access_config.0.assigned_nat_ip": "104.196.255.117",
                            "network_interface.0.access_config.0.nat_ip": "104.196.255.117",
                            "network_interface.0.address": "10.138.0.2",
                            "network_interface.0.name": "nic0",
                            "network_interface.0.network": "default",
                            "network_interface.0.subnetwork": "",
                            "network_interface.0.subnetwork_project": "",
                            "self_link": "https://www.googleapis.com/compute/v1/projects/that-big-universe/zones/us-west1-b/instances/redirector",
                            "service_account.#": "1",
                            "service_account.0.email": "890822399500-compute@developer.gserviceaccount.com",
                            "service_account.0.scopes.#": "3",
                            "service_account.0.scopes.1632638332": "https://www.googleapis.com/auth/devstorage.read_only",
                            "service_account.0.scopes.2428168921": "https://www.googleapis.com/auth/userinfo.email",
                            "service_account.0.scopes.2862113455": "https://www.googleapis.com/auth/compute.readonly",
                            "tags.#": "2",
                            "tags.1936433573": "https-server",
                            "tags.988335155": "http-server",
                            "tags_fingerprint": "6smc4R4d39I=",
                            "zone": "us-west1-b"
                        },
                        "meta": {
                            "schema_version": "2"
                        },
                        "tainted": false
                    },
                    "deposed": [],
                    "provider": ""
                },
                "google_compute_network.developer-space": {
                    "type": "google_compute_network",
                    "depends_on": [],
                    "primary": {
                        "id": "developer-space",
                        "attributes": {
                            "auto_create_subnetworks": "false",
                            "gateway_ipv4": "",
                            "id": "developer-space",
                            "name": "developer-space",
                            "self_link": "https://www.googleapis.com/compute/v1/projects/that-big-universe/global/networks/developer-space"
                        },
                        "meta": {},
                        "tainted": false
                    },
                    "deposed": [],
                    "provider": ""
                },
                "google_compute_network.production-space": {
                    "type": "google_compute_network",
                    "depends_on": [],
                    "primary": {
                        "id": "production-space",
                        "attributes": {
                            "auto_create_subnetworks": "false",
                            "gateway_ipv4": "",
                            "id": "production-space",
                            "name": "production-space",
                            "self_link": "https://www.googleapis.com/compute/v1/projects/that-big-universe/global/networks/production-space"
                        },
                        "meta": {},
                        "tainted": false
                    },
                    "deposed": [],
                    "provider": ""
                },
                "google_compute_subnetwork.developer-us-central1": {
                    "type": "google_compute_subnetwork",
                    "depends_on": [
                        "google_compute_network.developer-space"
                    ],
                    "primary": {
                        "id": "us-central1/developer-space-central1",
                        "attributes": {
                            "gateway_address": "10.128.0.1",
                            "id": "us-central1/developer-space-central1",
                            "ip_cidr_range": "10.128.0.0/20",
                            "name": "developer-space-central1",
                            "network": "https://www.googleapis.com/compute/v1/projects/that-big-universe/global/networks/developer-space",
                            "region": "us-central1",
                            "self_link": "https://www.googleapis.com/compute/v1/projects/that-big-universe/regions/us-central1/subnetworks/developer-space-central1"
                        },
                        "meta": {},
                        "tainted": false
                    },
                    "deposed": [],
                    "provider": ""
                },
                "google_compute_subnetwork.developer-us-west1": {
                    "type": "google_compute_subnetwork",
                    "depends_on": [
                        "google_compute_network.developer-space"
                    ],
                    "primary": {
                        "id": "us-west1/developer-space-west1",
                        "attributes": {
                            "gateway_address": "10.140.0.1",
                            "id": "us-west1/developer-space-west1",
                            "ip_cidr_range": "10.140.0.0/20",
                            "name": "developer-space-west1",
                            "network": "https://www.googleapis.com/compute/v1/projects/that-big-universe/global/networks/developer-space",
                            "region": "us-west1",
                            "self_link": "https://www.googleapis.com/compute/v1/projects/that-big-universe/regions/us-west1/subnetworks/developer-space-west1"
                        },
                        "meta": {},
                        "tainted": false
                    },
                    "deposed": [],
                    "provider": ""
                },
                "google_compute_subnetwork.production-us-central1": {
                    "type": "google_compute_subnetwork",
                    "depends_on": [
                        "google_compute_network.production-space"
                    ],
                    "primary": {
                        "id": "us-central1/production-space-central1",
                        "attributes": {
                            "gateway_address": "10.127.0.1",
                            "id": "us-central1/production-space-central1",
                            "ip_cidr_range": "10.127.0.0/20",
                            "name": "production-space-central1",
                            "network": "https://www.googleapis.com/compute/v1/projects/that-big-universe/global/networks/production-space",
                            "region": "us-central1",
                            "self_link": "https://www.googleapis.com/compute/v1/projects/that-big-universe/regions/us-central1/subnetworks/production-space-central1"
                        },
                        "meta": {},
                        "tainted": false
                    },
                    "deposed": [],
                    "provider": ""
                },
                "google_compute_subnetwork.production-us-west1": {
                    "type": "google_compute_subnetwork",
                    "depends_on": [
                        "google_compute_network.production-space"
                    ],
                    "primary": {
                        "id": "us-west1/production-space-west1",
                        "attributes": {
                            "gateway_address": "10.138.0.1",
                            "id": "us-west1/production-space-west1",
                            "ip_cidr_range": "10.138.0.0/18",
                            "name": "production-space-west1",
                            "network": "https://www.googleapis.com/compute/v1/projects/that-big-universe/global/networks/production-space",
                            "region": "us-west1",
                            "self_link": "https://www.googleapis.com/compute/v1/projects/that-big-universe/regions/us-west1/subnetworks/production-space-west1"
                        },
                        "meta": {},
                        "tainted": false
                    },
                    "deposed": [],
                    "provider": ""
                },
                "google_container_cluster.drone": {
                    "type": "google_container_cluster",
                    "depends_on": [],
                    "primary": {
                        "id": "drone",
                        "attributes": {
                            "additional_zones.#": "1",
                            "additional_zones.0": "us-west1-b",
                            "cluster_ipv4_cidr": "10.132.0.0/14",
                            "description": "",
                            "endpoint": "104.196.239.145",
                            "id": "drone",
                            "initial_node_count": "3",
                            "instance_group_urls.#": "1",
                            "instance_group_urls.0": "https://www.googleapis.com/compute/v1/projects/that-big-universe/zones/us-west1-b/instanceGroupManagers/gke-drone-default-pool-d9a3b45a-grp",
                            "logging_service": "logging.googleapis.com",
                            "master_auth.#": "1",
                            "master_auth.0.client_certificate": "LS0tLS1CRUdJTiBDRVJUSUZJQ0FURS0tLS0tCk1JSURCRENDQWV5Z0F3SUJBZ0lSQU5lcUtNU2xTODBOY1l0MnhrVWJmY1F3RFFZSktvWklodmNOQVFFTEJRQXcKTXpFeE1DOEdBMVVFQXd3b2RYTXRkMlZ6ZERFdFlpMDRPVEE0TWpJek9UazFNREF0WkhKdmJtVkFNVFE0TmpReQpPVGM1TnpBZUZ3MHhOekF5TURjd01UQTVOVGxhRncweU1qQXlNRFl3TVRBNU5UbGFNQkV4RHpBTkJnTlZCQU1UCkJtTnNhV1Z1ZERDQ0FTSXdEUVlKS29aSWh2Y05BUUVCQlFBRGdnRVBBRENDQVFvQ2dnRUJBTXgzM1k3NVdUQzMKN215VVptc2QvUW9GazNaYWUzYjkxSktRQVNSSnNmVUdNc1dnUEVEOXhRK0xlZTJYWXBsaHJKSXovRnpoM3ZhVwpLR0NYMmxOZkFScklZWHBXemFRbldicC9xbTU1TUlSbEg3WndFM3JGSktERUZVNFhvNUdwSEp4M2ZJY1Z3UGZJClZsbm5LL0JJdE05cTNBSERFd204YVJ0NENrbFJSblc0QVk5RGIwWFJUNjMyTDk5SUZQS0pjY3BYeU8vZTlla1IKWlJ2V3VjMDZtUnQ0NlJ1dmRQTHFEQXpVMURwTEFJR2lDdGc2MnRpc0tYOUNlWTF0ZWtXYUx5Rk9RSEJyV3NQYwpVY3NuNHJIa1hIQ3l0OXFCZGZ2alhCTXYyTEhDS3Rvd3NWbFNwaWJDTkxsWE12QmlRRitEVlJjRkM3TXJsVXkzCk9UYlVraERyZzJrQ0F3RUFBYU0xTURNd0RnWURWUjBQQVFIL0JBUURBZ1dnTUJNR0ExVWRKUVFNTUFvR0NDc0cKQVFVRkJ3TUNNQXdHQTFVZEV3RUIvd1FDTUFBd0RRWUpLb1pJaHZjTkFRRUxCUUFEZ2dFQkFJZXdmSTZHQ0pSaQpnSUkxWXVUcWVDNXpyWUhBV0U0L3Y2cUcraEwra3U4emV2RDFCWXhnZ1BDZDFKc3U4TGVPZXh1NmVtTG9KMjdUCk1aSUVrS2Z3QnJOUXpJVEszMUJHTHlLRk9KOFREMHlRMDBwYjkxdjlWa0RiZzZMWFFaV0VvN3lmbkEwR2pSbDYKblR4a0I4a1Z2NTZSTkFiczlobm5DUkltVmR2aERQOXB3SSt0d2g3bEp3VUNsMkp2RXRlMkQ3ZFQ0V3BRRmp6OQpXcDN3MFFqYU9wV1orL1lIaW5NMzBkVGtpUUxhaFcvZnlNVVpZNmhLdUVoVVI5UzZKcUwwZkUvVUw1Um1RMzdwCmYwTmxaWjJjUnN2ZGtLWXZ3bDA1bEZMdWJKR0hIMzhVaUFQV3VqY1JCcDQ0cHlFdUoxNlExbGhzYUFKNHY1ZSsKZkhrOTVBY2lNVnM9Ci0tLS0tRU5EIENFUlRJRklDQVRFLS0tLS0K",
                            "master_auth.0.client_key": "LS0tLS1CRUdJTiBSU0EgUFJJVkFURSBLRVktLS0tLQpNSUlFb3dJQkFBS0NBUUVBekhmZGp2bFpNTGZ1YkpSbWF4MzlDZ1dUZGxwN2R2M1VrcEFCSkVteDlRWXl4YUE4ClFQM0ZENHQ1N1pkaW1XR3NralA4WE9IZTlwWW9ZSmZhVTE4QkdzaGhlbGJOcENkWnVuK3Fibmt3aEdVZnRuQVQKZXNVa29NUVZUaGVqa2FrY25IZDhoeFhBOThoV1dlY3I4RWkwejJyY0FjTVRDYnhwRzNnS1NWRkdkYmdCajBOdgpSZEZQcmZZdjMwZ1U4b2x4eWxmSTc5NzE2UkZsRzlhNXpUcVpHM2pwRzY5MDh1b01ETlRVT2tzQWdhSUsyRHJhCjJLd3BmMEo1alcxNlJab3ZJVTVBY0d0YXc5eFJ5eWZpc2VSY2NMSzMyb0YxKytOY0V5L1lzY0lxMmpDeFdWS20KSnNJMHVWY3k4R0pBWDROVkZ3VUxzeXVWVExjNU50U1NFT3VEYVFJREFRQUJBb0lCQURYMitPbndVNkx4R0tOZApzMzVZQnQzclJOVTY0bFV3ZnpkRGZKbW9QYWl1dngyN3djdGhidTVBWUtqZGlLOTB3UWhCWWp6ZGZHeFdpMGViCkxJdE9pc3NYMGVwcEdKTlhzMjN1bmZ2VVRvTFM4Y0RENmRCQVVmK0FZU01nU0JKOHNNbDNHODNIWnd1K3UxTzEKR0xxdFpkTk1uODV6UHdZVnpTUHIxY011Q1V1dUVISGs0ZVc3NmhWdUxDNzQ3L3ZFZjlUTG1KTGlyWndoZXdzeApVMjFMMmN6VEdEcmt3QlFaMXRyM2dEaUI1WHJhSEZTamFSclBjN0FHNGFMME4zakJTTUZ6SXpTZ2JqZzk5U2o2CklBR3lwMmNmcEQwWTVtVHM5Q00vVjdWbHdWdE5CcUtLbGp6eWpBQVozSzlLclNIY3gwUlNNVWd2aHV6NWd2WlkKeUNOU3NRRUNnWUVBLzMrekhscnZkUk1mMXVJTXk2akJCMVJoVDFmNjdNdFowZklUWURTa0twU2V5S0FBTzdpbQppajNIRHY1UGZNZ2RESG5STnl0MjFCY0xmYWYwdFRZK1BxQ0krYUpuQm5YRlBLb2tja2xSckx0NWhySEg2YUpQCm1UcDJmZ2VscjU4cGhERTcyc1czYndKL21zVlVpeG83b3IwU2ZhaXJYV2hsRDdaQXFXa0hRMGtDZ1lFQXpONksKV3N1Q0xFaEhGanptaHAvMUplNW1wQUQwUEF2dEJCZ0tyWlFLTXFvZlpDbzFtSENZdmd4NE5ncXVYR3MvUE1GdQpJSzBnUjhFUkxKOEtIZVE4SElJVEdmYW1KSXlwdTNoUTM5QUlJOEtPeXBVWEYrZHlnUWJoQVROb0JvZWRHcHA5CjRha01hbm5Tbit2V0dPWGhBcmNidUdFQzI4aFArUDAyNldFbUh5RUNnWUFVOW1RNnpGa3pNTk4rN09NQjNxR2YKdVZPV2ovQmRkejJ5VlBzei9IMnZwS3YyWi9JODlDUnQyUzI0MURLdldUZlE2em00SGcvTXpPczdid2xMeU55SQpoT0ZZSWZQeitydXBBNGlqKzlJQXF3MEllUk9lM3B0TFJobXNzM0hybTlKckx5THJDeWZHcXR6UFZQdGZ3bEk4ClF1aitlRlUrLzY2ekFGQUQxa01yU1FLQmdRQ2Jqblo3VG44KzVIcWxsZ1JzUUZUQ1FtekpKcmhNUjdubUcrTXYKdlhLbzJhZ1FSRVNCeFMwVlVSNk4yanBlamtocjkydUpnQ3M4a0lwYjJUNnpSN09rNmRkYkpYOHR6V2lyb2tXMgpTNTJDbVo0V2tISUNnb2pkRTc0UlRWazFiQStNUGJaTGZES2pQbkVCWU84bDVKYWZteTEvS0pvbEM4bzlndmNJCjZlMHFRUUtCZ0hQZHYyd0Rpb3RrZzc0OGtRTkdQSDk0V2xzNW15TE5nR3F1VFF6cFFyKzQvZ1lvL3gvS2RxOWQKQTc0UjNUQjM0QVNQb2JjUFlYK2swN2xvZzFkUGU0bDBZVnIxbmRlTWo4WFc2eWJIVTU2d3dCSUJieERMdDNBTAp4RzhQcE5JYU1WSHhlQThjb0psUk94WXFwWGNTR3JISEU1Zit1dGZPK00zVmxlL3dEWTJlCi0tLS0tRU5EIFJTQSBQUklWQVRFIEtFWS0tLS0tCg==",
                            "master_auth.0.cluster_ca_certificate": "LS0tLS1CRUdJTiBDRVJUSUZJQ0FURS0tLS0tCk1JSURGRENDQWZ5Z0F3SUJBZ0lSQUpnTFJ4a3hXejRsdjFTYm16WFpibUF3RFFZSktvWklodmNOQVFFTEJRQXcKTXpFeE1DOEdBMVVFQXd3b2RYTXRkMlZ6ZERFdFlpMDRPVEE0TWpJek9UazFNREF0WkhKdmJtVkFNVFE0TmpReQpPVGM1TnpBZUZ3MHhOekF5TURjd01UQTVOVGRhRncweU1qQXlNRFl3TVRBNU5UZGFNRE14TVRBdkJnTlZCQU1NCktIVnpMWGRsYzNReExXSXRPRGt3T0RJeU16azVOVEF3TFdSeWIyNWxRREUwT0RZME1qazNPVGN3Z2dFaU1BMEcKQ1NxR1NJYjNEUUVCQVFVQUE0SUJEd0F3Z2dFS0FvSUJBUUNvS2VLR25VNTNXdVY0eU5VVHRiY09JZjFpcE5VMwpLQ0FqWE91cVJpbHIwSm9GbnJqTWNLK3FLYU9Jc1Q4SDFJZnRqSG1xL1p1SlZua2lqdTRKa2dwTlNVcmhqVU5WCnhHc2FCRFJrRFRaTFozWmhJTHR2NFc3WjJEdWlqd1UrbkdBdFJzN0VBRUEwQWJyQU1xU0Jtd2xZaDUvNE8vbUYKNk9GbzRPMWxTUnZaU1NOMEJEVDhBU1A2ekVHeER1eVBnem9RVUh2SkxwZitET1JndHFpWm9reEppc3d0STdNUgpXUmM4OXBSdlcvSzhGSGV6MldrMmRnQ1JJNVA2d1hHTTFUTjFMRE9jSUZ1SEZkM0NZaDdjdnZsNEd3Z21TMU4yCmx5V1F4RTduU0k5dnBheG9JQ0VUcHZqcDdaQ3hlWnhTaUM2UlZaRnQrN2dneE9kNFdqYjFnSUZGQWdNQkFBR2oKSXpBaE1BNEdBMVVkRHdFQi93UUVBd0lDQkRBUEJnTlZIUk1CQWY4RUJUQURBUUgvTUEwR0NTcUdTSWIzRFFFQgpDd1VBQTRJQkFRQWYxWFRodElxTkhlSlZOVVBCTU5NaVFoRWF4NTJwZFl2aGdDVlZkUFZ4SjdhUFI0d09DWEl2CkJhUW9xWHAzWHdaVDFGa0FIWitUMEV4d2E5djFKR25zeEhrVWdvWDF2Rk1ENEVMTVFQUCs0TFdPM1d1STdGNnMKME95b3RkdFFkRjFVbnhTOWlCcHJPaVArejVxWHd5OE5LL25NdCtlU1o2Q1RGVXp5eXJpQlVGTnkxWHhGMWVZMQo3WWhxdkJrSzhHNCtRTmt3dFNYYzQzZ0F0RFZGMWhmak9SSDdxeU1BRXlpSFUra2ROTjN4Q0FCV0c0dmlOMWFYCjNZZENRSU9pRUMxNTBEdE8vWkt6ajNTTFcrYXB5RVJYWjhmWHpaa2JhdWYvWTJMYnR1RDM2Z0xLbFYrQUQxZlEKK1R4TklIeWJFTjZ2b3Q5bWhzV2FVc2ZENjI5Y2JTUnkKLS0tLS1FTkQgQ0VSVElGSUNBVEUtLS0tLQo=",
                            "master_auth.0.password": "willchange",
                            "master_auth.0.username": "firsttry",
                            "monitoring_service": "monitoring.googleapis.com",
                            "name": "drone",
                            "network": "developer-space",
                            "node_config.#": "1",
                            "node_config.0.disk_size_gb": "100",
                            "node_config.0.machine_type": "g1-small",
                            "node_config.0.oauth_scopes.#": "4",
                            "node_config.0.oauth_scopes.0": "https://www.googleapis.com/auth/compute",
                            "node_config.0.oauth_scopes.1": "https://www.googleapis.com/auth/devstorage.read_only",
                            "node_config.0.oauth_scopes.2": "https://www.googleapis.com/auth/logging.write",
                            "node_config.0.oauth_scopes.3": "https://www.googleapis.com/auth/monitoring",
                            "node_version": "1.5.2",
                            "subnetwork": "developer-space-west1",
                            "zone": "us-west1-b"
                        },
                        "meta": {},
                        "tainted": false
                    },
                    "deposed": [],
                    "provider": ""
                },
                "google_dns_managed_zone.adronme": {
                    "type": "google_dns_managed_zone",
                    "depends_on": [],
                    "primary": {
                        "id": "adronme",
                        "attributes": {
                            "description": "Production http://adron.me Domain.",
                            "dns_name": "adron.me.",
                            "id": "adronme",
                            "name": "adronme",
                            "name_servers.#": "4",
                            "name_servers.0": "ns-cloud-c1.googledomains.com.",
                            "name_servers.1": "ns-cloud-c2.googledomains.com.",
                            "name_servers.2": "ns-cloud-c3.googledomains.com.",
                            "name_servers.3": "ns-cloud-c4.googledomains.com."
                        },
                        "meta": {},
                        "tainted": false
                    },
                    "deposed": [],
                    "provider": ""
                },
                "google_dns_managed_zone.compositecodecom": {
                    "type": "google_dns_managed_zone",
                    "depends_on": [],
                    "primary": {
                        "id": "compositecodecom",
                        "attributes": {
                            "description": "Production http://compositecode.com Domain.",
                            "dns_name": "compositecode.com.",
                            "id": "compositecodecom",
                            "name": "compositecodecom",
                            "name_servers.#": "4",
                            "name_servers.0": "ns-cloud-b1.googledomains.com.",
                            "name_servers.1": "ns-cloud-b2.googledomains.com.",
                            "name_servers.2": "ns-cloud-b3.googledomains.com.",
                            "name_servers.3": "ns-cloud-b4.googledomains.com."
                        },
                        "meta": {},
                        "tainted": false
                    },
                    "deposed": [],
                    "provider": ""
                },
                "google_dns_managed_zone.datadiluviumcom": {
                    "type": "google_dns_managed_zone",
                    "depends_on": [],
                    "primary": {
                        "id": "datadiluviumcom",
                        "attributes": {
                            "description": "Production http://datadiluvium.com Domain.",
                            "dns_name": "datadiluvium.com.",
                            "id": "datadiluviumcom",
                            "name": "datadiluviumcom",
                            "name_servers.#": "4",
                            "name_servers.0": "ns-cloud-c1.googledomains.com.",
                            "name_servers.1": "ns-cloud-c2.googledomains.com.",
                            "name_servers.2": "ns-cloud-c3.googledomains.com.",
                            "name_servers.3": "ns-cloud-c4.googledomains.com."
                        },
                        "meta": {},
                        "tainted": false
                    },
                    "deposed": [],
                    "provider": ""
                },
                "google_dns_record_set.blog": {
                    "type": "google_dns_record_set",
                    "depends_on": [
                        "google_dns_managed_zone.adronme",
                        "google_dns_managed_zone.adronme"
                    ],
                    "primary": {
                        "id": "2",
                        "attributes": {
                            "id": "2",
                            "managed_zone": "adronme",
                            "name": "blog.adron.me.",
                            "rrdatas.#": "1",
                            "rrdatas.0": "adron.github.io.",
                            "ttl": "5",
                            "type": "CNAME"
                        },
                        "meta": {},
                        "tainted": false
                    },
                    "deposed": [],
                    "provider": ""
                },
                "google_dns_record_set.compositecodecom": {
                    "type": "google_dns_record_set",
                    "depends_on": [
                        "google_dns_managed_zone.compositecodecom",
                        "google_dns_managed_zone.compositecodecom"
                    ],
                    "primary": {
                        "id": "1",
                        "attributes": {
                            "id": "1",
                            "managed_zone": "compositecodecom",
                            "name": "compositecode.com.",
                            "rrdatas.#": "2",
                            "rrdatas.0": "192.30.252.154",
                            "rrdatas.1": "192.30.252.153",
                            "ttl": "30",
                            "type": "A"
                        },
                        "meta": {},
                        "tainted": false
                    },
                    "deposed": [],
                    "provider": ""
                },
                "google_dns_record_set.data": {
                    "type": "google_dns_record_set",
                    "depends_on": [
                        "google_compute_address.redirector",
                        "google_dns_managed_zone.adronme",
                        "google_dns_managed_zone.adronme"
                    ],
                    "primary": {
                        "id": "7",
                        "attributes": {
                            "id": "7",
                            "managed_zone": "adronme",
                            "name": "data.adron.me.",
                            "rrdatas.#": "1",
                            "rrdatas.0": "104.196.255.117",
                            "ttl": "5",
                            "type": "A"
                        },
                        "meta": {},
                        "tainted": false
                    },
                    "deposed": [],
                    "provider": ""
                },
                "google_dns_record_set.datadiluviumcom": {
                    "type": "google_dns_record_set",
                    "depends_on": [
                        "google_dns_managed_zone.datadiluviumcom",
                        "google_dns_managed_zone.datadiluviumcom"
                    ],
                    "primary": {
                        "id": "1",
                        "attributes": {
                            "id": "1",
                            "managed_zone": "datadiluviumcom",
                            "name": "datadiluvium.com.",
                            "rrdatas.#": "2",
                            "rrdatas.0": "192.30.252.154",
                            "rrdatas.1": "192.30.252.153",
                            "ttl": "30",
                            "type": "A"
                        },
                        "meta": {},
                        "tainted": false
                    },
                    "deposed": [],
                    "provider": ""
                },
                "google_dns_record_set.dronedatadiluviumcom": {
                    "type": "google_dns_record_set",
                    "depends_on": [
                        "google_dns_managed_zone.datadiluviumcom",
                        "google_dns_managed_zone.datadiluviumcom"
                    ],
                    "primary": {
                        "id": "2",
                        "attributes": {
                            "id": "2",
                            "managed_zone": "datadiluviumcom",
                            "name": "drone.datadiluvium.com.",
                            "rrdatas.#": "1",
                            "rrdatas.0": "104.199.117.117",
                            "ttl": "5",
                            "type": "A"
                        },
                        "meta": {},
                        "tainted": false
                    },
                    "deposed": [],
                    "provider": ""
                },
                "google_dns_record_set.photos": {
                    "type": "google_dns_record_set",
                    "depends_on": [
                        "google_dns_managed_zone.adronme",
                        "google_dns_managed_zone.adronme"
                    ],
                    "primary": {
                        "id": "1",
                        "attributes": {
                            "id": "1",
                            "managed_zone": "adronme",
                            "name": "photos.adron.me.",
                            "rrdatas.#": "1",
                            "rrdatas.0": "domains.smugmug.com.",
                            "ttl": "5",
                            "type": "CNAME"
                        },
                        "meta": {},
                        "tainted": false
                    },
                    "deposed": [],
                    "provider": ""
                }
            },
            "depends_on": []
        }
    ]
}
