{
    "version": 3,
    "terraform_version": "0.8.5",
    "serial": 72,
    "lineage": "acdd28a7-23b8-40bf-878f-53c48657549c",
    "modules": [
        {
            "path": [
                "root"
            ],
            "outputs": {},
            "resources": {
                "google_compute_address.redirector": {
                    "type": "google_compute_address",
                    "depends_on": [],
                    "primary": {
                        "id": "redirector",
                        "attributes": {
                            "address": "104.154.249.251",
                            "id": "redirector",
                            "name": "redirector",
                            "self_link": "https://www.googleapis.com/compute/v1/projects/that-big-universe/regions/us-central1/addresses/redirector"
                        },
                        "meta": {},
                        "tainted": false
                    },
                    "deposed": [],
                    "provider": ""
                },
                "google_compute_instance.redirector": {
                    "type": "google_compute_instance",
                    "depends_on": [
                        "google_compute_address.redirector"
                    ],
                    "primary": {
                        "id": "redirector",
                        "attributes": {
                            "can_ip_forward": "false",
                            "create_timeout": "4",
                            "disk.#": "1",
                            "disk.0.auto_delete": "true",
                            "disk.0.device_name": "",
                            "disk.0.disk": "",
                            "disk.0.disk_encryption_key_raw": "",
                            "disk.0.disk_encryption_key_sha256": "",
                            "disk.0.image": "redirector-1485899054",
                            "disk.0.scratch": "false",
                            "disk.0.size": "0",
                            "disk.0.type": "",
                            "id": "redirector",
                            "machine_type": "f1-micro",
                            "metadata.%": "0",
                            "metadata_fingerprint": "ggUaVFFDPx0=",
                            "name": "redirector",
                            "network.#": "0",
                            "network_interface.#": "1",
                            "network_interface.0.access_config.#": "1",
                            "network_interface.0.access_config.0.assigned_nat_ip": "104.154.249.251",
                            "network_interface.0.access_config.0.nat_ip": "104.154.249.251",
                            "network_interface.0.address": "10.128.0.2",
                            "network_interface.0.name": "nic0",
                            "network_interface.0.network": "default",
                            "network_interface.0.subnetwork": "",
                            "network_interface.0.subnetwork_project": "",
                            "self_link": "https://www.googleapis.com/compute/v1/projects/that-big-universe/zones/us-central1-b/instances/redirector",
                            "service_account.#": "1",
                            "service_account.0.email": "890822399500-compute@developer.gserviceaccount.com",
                            "service_account.0.scopes.#": "3",
                            "service_account.0.scopes.1632638332": "https://www.googleapis.com/auth/devstorage.read_only",
                            "service_account.0.scopes.2428168921": "https://www.googleapis.com/auth/userinfo.email",
                            "service_account.0.scopes.2862113455": "https://www.googleapis.com/auth/compute.readonly",
                            "tags.#": "2",
                            "tags.1936433573": "https-server",
                            "tags.988335155": "http-server",
                            "tags_fingerprint": "6smc4R4d39I=",
                            "zone": "us-central1-b"
                        },
                        "meta": {
                            "schema_version": "2"
                        },
                        "tainted": false
                    },
                    "deposed": [],
                    "provider": ""
                },
                "google_compute_network.developer-space": {
                    "type": "google_compute_network",
                    "depends_on": [],
                    "primary": {
                        "id": "developer-space",
                        "attributes": {
                            "auto_create_subnetworks": "false",
                            "gateway_ipv4": "",
                            "id": "developer-space",
                            "name": "developer-space",
                            "self_link": "https://www.googleapis.com/compute/v1/projects/that-big-universe/global/networks/developer-space"
                        },
                        "meta": {},
                        "tainted": false
                    },
                    "deposed": [],
                    "provider": ""
                },
                "google_compute_network.production-space": {
                    "type": "google_compute_network",
                    "depends_on": [],
                    "primary": {
                        "id": "production-space",
                        "attributes": {
                            "auto_create_subnetworks": "false",
                            "gateway_ipv4": "",
                            "id": "production-space",
                            "name": "production-space",
                            "self_link": "https://www.googleapis.com/compute/v1/projects/that-big-universe/global/networks/production-space"
                        },
                        "meta": {},
                        "tainted": false
                    },
                    "deposed": [],
                    "provider": ""
                },
                "google_compute_subnetwork.developer-us-central1": {
                    "type": "google_compute_subnetwork",
                    "depends_on": [
                        "google_compute_network.developer-space"
                    ],
                    "primary": {
                        "id": "us-central1/developer-space-central1",
                        "attributes": {
                            "gateway_address": "10.128.0.1",
                            "id": "us-central1/developer-space-central1",
                            "ip_cidr_range": "10.128.0.0/20",
                            "name": "developer-space-central1",
                            "network": "https://www.googleapis.com/compute/v1/projects/that-big-universe/global/networks/developer-space",
                            "region": "us-central1",
                            "self_link": "https://www.googleapis.com/compute/v1/projects/that-big-universe/regions/us-central1/subnetworks/developer-space-central1"
                        },
                        "meta": {},
                        "tainted": false
                    },
                    "deposed": [],
                    "provider": ""
                },
                "google_compute_subnetwork.developer-us-west1": {
                    "type": "google_compute_subnetwork",
                    "depends_on": [
                        "google_compute_network.developer-space"
                    ],
                    "primary": {
                        "id": "us-west1/developer-space-west1",
                        "attributes": {
                            "gateway_address": "10.140.0.1",
                            "id": "us-west1/developer-space-west1",
                            "ip_cidr_range": "10.140.0.0/20",
                            "name": "developer-space-west1",
                            "network": "https://www.googleapis.com/compute/v1/projects/that-big-universe/global/networks/developer-space",
                            "region": "us-west1",
                            "self_link": "https://www.googleapis.com/compute/v1/projects/that-big-universe/regions/us-west1/subnetworks/developer-space-west1"
                        },
                        "meta": {},
                        "tainted": false
                    },
                    "deposed": [],
                    "provider": ""
                },
                "google_compute_subnetwork.production-us-central1": {
                    "type": "google_compute_subnetwork",
                    "depends_on": [
                        "google_compute_network.production-space"
                    ],
                    "primary": {
                        "id": "us-central1/production-space-central1",
                        "attributes": {
                            "gateway_address": "10.127.0.1",
                            "id": "us-central1/production-space-central1",
                            "ip_cidr_range": "10.127.0.0/20",
                            "name": "production-space-central1",
                            "network": "https://www.googleapis.com/compute/v1/projects/that-big-universe/global/networks/production-space",
                            "region": "us-central1",
                            "self_link": "https://www.googleapis.com/compute/v1/projects/that-big-universe/regions/us-central1/subnetworks/production-space-central1"
                        },
                        "meta": {},
                        "tainted": false
                    },
                    "deposed": [],
                    "provider": ""
                },
                "google_compute_subnetwork.production-us-west1": {
                    "type": "google_compute_subnetwork",
                    "depends_on": [
                        "google_compute_network.production-space"
                    ],
                    "primary": {
                        "id": "us-west1/production-space-west1",
                        "attributes": {
                            "gateway_address": "10.138.0.1",
                            "id": "us-west1/production-space-west1",
                            "ip_cidr_range": "10.138.0.0/18",
                            "name": "production-space-west1",
                            "network": "https://www.googleapis.com/compute/v1/projects/that-big-universe/global/networks/production-space",
                            "region": "us-west1",
                            "self_link": "https://www.googleapis.com/compute/v1/projects/that-big-universe/regions/us-west1/subnetworks/production-space-west1"
                        },
                        "meta": {},
                        "tainted": false
                    },
                    "deposed": [],
                    "provider": ""
                },
                "google_container_cluster.development": {
                    "type": "google_container_cluster",
                    "depends_on": [],
                    "primary": {
                        "id": "development-systems",
                        "attributes": {
                            "additional_zones.#": "1",
                            "additional_zones.0": "us-west1-b",
                            "cluster_ipv4_cidr": "10.28.0.0/14",
                            "description": "",
                            "endpoint": "104.196.245.146",
                            "id": "development-systems",
                            "initial_node_count": "3",
                            "instance_group_urls.#": "1",
                            "instance_group_urls.0": "https://www.googleapis.com/compute/v1/projects/that-big-universe/zones/us-west1-b/instanceGroupManagers/gke-development-systems-default-pool-37afd192-grp",
                            "logging_service": "logging.googleapis.com",
                            "master_auth.#": "1",
                            "master_auth.0.client_certificate": "LS0tLS1CRUdJTiBDRVJUSUZJQ0FURS0tLS0tCk1JSURFVENDQWZtZ0F3SUJBZ0lRZm9FWTFPWWNldUQzTkhkUk0xM2dEakFOQmdrcWhraUc5dzBCQVFzRkFEQkIKTVQ4d1BRWURWUVFERERaMWN5MTNaWE4wTVMxaUxUZzVNRGd5TWpNNU9UVXdNQzFrWlhabGJHOXdiV1Z1ZEMxegplWE4wWlcxelFERTBPRFU1T0RRek1UQXdIaGNOTVRjd01qQXhNakV5TlRFeVdoY05Nakl3TVRNeE1qRXlOVEV5CldqQVJNUTh3RFFZRFZRUURFd1pqYkdsbGJuUXdnZ0VpTUEwR0NTcUdTSWIzRFFFQkFRVUFBNElCRHdBd2dnRUsKQW9JQkFRREVyZVNTaUJUVG5oWG1GNUlWUWxxRzJYTlFGWkthVkh4ZmRtUnVWME5KQkpENFpqOVZyZktESW84RwphYUZZZ3VDQjFRZDE1TDZPUVJOYXJuYVkreEJmbEsvS0c4TVJGQWNhUjlBc0dHRERuVm8vc3Z1WklmY0wyZ1BBCmVUMG9jamFTVnpPK3dTU0hpQ2ZxU25reG1kdnRFMkFVNzIzdkVlMjhCUGR6TE1YUnZLekVqMzBlMC9oM1pta2EKTEJPY2NqTDFrMzRnMjlGaUdXdENQa296OGZxQThvdG1CQjZHUTlnQXd0dExZTnJiZUd2ZjgwYkNMSkorVzk4ZwpQQlp3c21NdkpiaHh4dUlUdWhxQUJTenB3TmhCS0lxeGdnN2JtMUwybEhKVTFJNHhVNitvdUoraUFkemFwcmpSCmpTU21SL1ZMRXpNRWYrNFpDbjV0R0NteUxlek5BZ01CQUFHak5UQXpNQTRHQTFVZER3RUIvd1FFQXdJRm9EQVQKQmdOVkhTVUVEREFLQmdnckJnRUZCUWNEQWpBTUJnTlZIUk1CQWY4RUFqQUFNQTBHQ1NxR1NJYjNEUUVCQ3dVQQpBNElCQVFBVENkTWZMZHdMdkR1eWJkeHBpT2F0QU9DUThmS1huQkxxN05YaHZPWFRyeVRnWWVkWmxSM0ZlaWlGCitVdWFtenhjTUhEV0FmZHZJL2dnSXlaenNSdElRUE1Wd3g5aGFlL0pwTjhTNDFnNnVyc2JWM0J1Njd4N0s0bjkKSjZYeXdyMFhBR1NncUFPYXZRWmEzNCtJZzBINmxya2ZlZWR3TlB6WnphcElvUll1cVdYY0dqOVNnNzFQZlNKQgoyWVdrNHlMVytKdU5uMlQ1ODFiMUJ0WlMyM0lERGVGQnNOZStwOEJJN2tuckVGVjhmcDFpb3RvajhXRUdjY1FtCmw5cVJMRWN2bEdqNkpLNVd4em44ZWk2TmhGemxuV0RjdVBEWmdCdzI5azV6YkhhQlk1NmJCZmRhOGZWV2NOanIKcWhGSjB6UE9PbGErcGF4b2QrdTZzYUpPU1NUdgotLS0tLUVORCBDRVJUSUZJQ0FURS0tLS0tCg==",
                            "master_auth.0.client_key": "LS0tLS1CRUdJTiBSU0EgUFJJVkFURSBLRVktLS0tLQpNSUlFcFFJQkFBS0NBUUVBeEsza2tvZ1UwNTRWNWhlU0ZVSmFodGx6VUJXU21sUjhYM1prYmxkRFNRU1ErR1kvClZhM3lneUtQQm1taFdJTGdnZFVIZGVTK2prRVRXcTUybVBzUVg1U3Z5aHZERVJRSEdrZlFMQmhndzUxYVA3TDcKbVNIM0M5b0R3SGs5S0hJMmtsY3p2c0VraDRnbjZrcDVNWm5iN1JOZ0ZPOXQ3eEh0dkFUM2N5ekYwYnlzeEk5OQpIdFA0ZDJacEdpd1RuSEl5OVpOK0lOdlJZaGxyUWo1S00vSDZnUEtMWmdRZWhrUFlBTUxiUzJEYTIzaHIzL05HCndpeVNmbHZmSUR3V2NMSmpMeVc0Y2NiaUU3b2FnQVVzNmNEWVFTaUtzWUlPMjV0UzlwUnlWTlNPTVZPdnFMaWYKb2dIYzJxYTQwWTBrcGtmMVN4TXpCSC91R1FwK2JSZ3BzaTNzelFJREFRQUJBb0lCQVFDczR4TWV2NkpYRndxMgo5UmREdXMwcTVyRVh2NjdjSE5JcmREMzZSSmp2OGFTaHhmZDhrR2l5WDBtTVlJUWs4djc1QWRNS0RpWjNrN3E0CnBzMjMwbEpsUXFWNEt3bEExUE1kWmUwWEplTEJjV3RvdlNPdlM0MEhqUUJwUyttM3lSWXhjNWdYNFY0RUNXclUKNTl3Ni9yMjFXNmZGSDJicWxUNytYUHRMOGhwK0x5cXZnNmlvNnp0RkdjWkVoUXpBUEw1STNibXF5VkRrRGZLRApwK0tqaHFaRkIxbXlMMmwwNDFWZkNXU0M0MGx6cWtBZi9Od3ZidTFIWUhvMktFZG01Yk1wUmVLTmZjMERGdzFhCmk0ZUNuZktPMDd1eTJXZkcyelViQTM0ODRFMTFxQzl0UkpTNncxb2VWQXhvYUg5OERrYkliMnRkTW9FSC9iT0gKQkRFUlN5OEJBb0dCQU9YcEpiZ1JNOGpPQkpJVWtlaktNdHp1OU1lcm5ndUVUbTA2dUFVcDFuakNJck9xcTVoawpGT0ZvN1N1ZUQ4T1JXWER0dklqN0FoR0xyb3J0bG4ybHZVcE5iUkNwY0FyeGpmV2pmajkrdXFvRTRvZGV2aW1YClEzUFlvM2ZQUk8zTnFyZVFuNU8vMDZsZDd5S1YzYkJqTWdGbVVwZDk4RHhpd2NyQ1JGdWdIbTZOQW9HQkFOci8KWVJ6UGJuV3oyeHpZWUhOZFBjUGIvSkVaL2xBcTVheXJxRFd4Z2JXa0VqS3dSWUI1cldpMCszazBTK3ZmMHNubApIUjBLczU4UDJOQVZFM0xFVUVUMGVDTXFnMitEdlRlVnNiZE9UVm5XcVZIUGlDeFpHSHRMeDhlTHV5TmpCR3ZPCnIrS1U3elVCQUp5MjdKOXl5bHhjNjF0M1d2b2FYT1Y0TzJrZXBnZEJBb0dCQUlHeDFnOVIxTzZRR1UvMnZxQ2QKZjdmV0xNdCthbmVBdVdVdzNLSTlDYm14ZWpYMEx6eVdLSmxId1pMN1pWVWpaMXNuSVZYOGt4d211ZDJ4VFZXdgo2MnBBNXllaERZMSsybUFaVEp5dzlzZjJYWHVUM0o1RnNFMW5oaitOOHdwYkhOVFVodENvUTlTbElzTlYyMnNuCmFnd1VGcjlTMGZTZW1VZXg4ekhrejRYNUFvR0JBSzRTd3FHQTdGOVl1RGtrY1A0aVJsOHh0SCt0OXF6SWZFbVYKSko2Uld2WUQxWWMrLysvUVNCdHJpRnhlU2w3U1NaMjdwVG1aY1E5bExFU3lEQVIwc1EwdWVYUVNiZWt0QVRGMgpwbzE3Q3hiMi94Mk5aY05DaXFndW96MGsvM3B3VVdwVUh4QnVxL2tvczlEZHdoWTN5MHhCZTc3M2ozUXZrbG5BCkNSRlVrRXBCQW9HQVdLSlBQSUZEWDVHMEZJclJ1THdrM0dhc2czWGhXMC83QVIyWEtKaFVGOU1oWjR2SEp5cWYKSlEyaTBCeTJZL2pQcnJOZVpjcWV0QlBiN2ljdmZTRllSQWZRT3VWajdqV01tRHNvUmpBOFZ2OEx2Wk1IUEVhQgovNitpUTBmWGNrSFdRMXdBdG0wSjFibnpRMGJpQXE2SXI0ZnpSMklPL0FQVFRzdTFqZG5pYzZzPQotLS0tLUVORCBSU0EgUFJJVkFURSBLRVktLS0tLQo=",
                            "master_auth.0.cluster_ca_certificate": "LS0tLS1CRUdJTiBDRVJUSUZJQ0FURS0tLS0tCk1JSURMekNDQWhlZ0F3SUJBZ0lRU1cwNFVieXJZYWlPK0hlL3dQUVlUakFOQmdrcWhraUc5dzBCQVFzRkFEQkIKTVQ4d1BRWURWUVFERERaMWN5MTNaWE4wTVMxaUxUZzVNRGd5TWpNNU9UVXdNQzFrWlhabGJHOXdiV1Z1ZEMxegplWE4wWlcxelFERTBPRFU1T0RRek1UQXdIaGNOTVRjd01qQXhNakV5TlRFd1doY05Nakl3TVRNeE1qRXlOVEV3CldqQkJNVDh3UFFZRFZRUURERFoxY3kxM1pYTjBNUzFpTFRnNU1EZ3lNak01T1RVd01DMWtaWFpsYkc5d2JXVnUKZEMxemVYTjBaVzF6UURFME9EVTVPRFF6TVRBd2dnRWlNQTBHQ1NxR1NJYjNEUUVCQVFVQUE0SUJEd0F3Z2dFSwpBb0lCQVFDcHVjS0tUamlKaWtaRUI3MXVBb3gySXlSV05RUHUzMFc2UVJiS092VjdZNG1aOTBXSHF3czEwVWhuCjZEMW9FclRicWw3SllKelQ3RWZxdFgyRWhGWXJXYlpQRjhqTkFzNW0zK2J6MmRSeWl5WExMUUNnUW14SEJuejYKbndqRVBaTlNHc2t2R2UvNGwxbk5Ib09wMnEzYXViT2IwUVh3WkFDOWUxL1I5Wm52N2JuU2FBT0NTNFlDNmFCTApjN1k3UUJsSWQvNHlPbzJuUDVnQW9WQ25CVEpyTGRVWDhZQXlBOTlzZXhoRS9ON1k3N2JlaTNLQzJlVmVOeGZNCkNpRnVzWkh5a2FyampOOWk5dk94Sm95a0VBanFyZHNrM0lFSDJRNEk5L0JHSmFaQk9NZ25wTkZVZzhtSy9SM04KbFk4U2tUaTVSbDNLbHdpQ3l4MndGdmVwN3dLSkFnTUJBQUdqSXpBaE1BNEdBMVVkRHdFQi93UUVBd0lDQkRBUApCZ05WSFJNQkFmOEVCVEFEQVFIL01BMEdDU3FHU0liM0RRRUJDd1VBQTRJQkFRQ2VwR2F0S3FuRWdOYzU4U2hmCmY1b3NjTVpOb3M3UGhPcUwySklQR0pwVmZ1YnlmaXlTT0RpandaRXZ2ZGU3YjdnMThYVVZTRGQ4RjE3ZTBaZCsKeWQwcmVqV2FwcUNUOC9kcTVQOFdBNlJQQUdhUUppeVlQNG9WMUVUa0V1R1cvVmFodk9HQlBOcm5teHJZV1JIcgpteFRrdFd3K0NuYlc2VmI4clVrNE44TVpLcTVoRWtCemVES2hOTGtMa0NSbHB1NXVVT0wzY3pjUzlzY1V6RUs1CkFabkJzWDlDT01Da1VqeisxdDBpbmdUQ1lWa2Z4dTlITHNTUzZKSVlobVQyTmZCWmUvWlpkMklDQklwWlYxSncKczJWclg0VHZvSmtGOHhtNVlEZWl5SWJmRTJXdDRnVU0xdGV4bUxUUDBSVVlLMVNhd1hka2Zab2lCbmhhYks3TwpwbE5wCi0tLS0tRU5EIENFUlRJRklDQVRFLS0tLS0K",
                            "master_auth.0.password": "willchange",
                            "master_auth.0.username": "firsttry",
                            "monitoring_service": "monitoring.googleapis.com",
                            "name": "development-systems",
                            "network": "developer-space",
                            "node_config.#": "1",
                            "node_config.0.disk_size_gb": "100",
                            "node_config.0.machine_type": "f1-micro",
                            "node_config.0.oauth_scopes.#": "4",
                            "node_config.0.oauth_scopes.0": "https://www.googleapis.com/auth/compute",
                            "node_config.0.oauth_scopes.1": "https://www.googleapis.com/auth/devstorage.read_only",
                            "node_config.0.oauth_scopes.2": "https://www.googleapis.com/auth/logging.write",
                            "node_config.0.oauth_scopes.3": "https://www.googleapis.com/auth/monitoring",
                            "node_version": "1.5.2",
                            "subnetwork": "developer-space-west1",
                            "zone": "us-west1-b"
                        },
                        "meta": {},
                        "tainted": false
                    },
                    "deposed": [],
                    "provider": ""
                },
                "google_dns_managed_zone.adronme": {
                    "type": "google_dns_managed_zone",
                    "depends_on": [],
                    "primary": {
                        "id": "adronme",
                        "attributes": {
                            "description": "Production http://adron.me Domain.",
                            "dns_name": "adron.me.",
                            "id": "adronme",
                            "name": "adronme",
                            "name_servers.#": "4",
                            "name_servers.0": "ns-cloud-c1.googledomains.com.",
                            "name_servers.1": "ns-cloud-c2.googledomains.com.",
                            "name_servers.2": "ns-cloud-c3.googledomains.com.",
                            "name_servers.3": "ns-cloud-c4.googledomains.com."
                        },
                        "meta": {},
                        "tainted": false
                    },
                    "deposed": [],
                    "provider": ""
                },
                "google_dns_managed_zone.compositecodecom": {
                    "type": "google_dns_managed_zone",
                    "depends_on": [],
                    "primary": {
                        "id": "compositecodecom",
                        "attributes": {
                            "description": "Production http://compositecode.com Domain.",
                            "dns_name": "compositecode.com.",
                            "id": "compositecodecom",
                            "name": "compositecodecom",
                            "name_servers.#": "4",
                            "name_servers.0": "ns-cloud-b1.googledomains.com.",
                            "name_servers.1": "ns-cloud-b2.googledomains.com.",
                            "name_servers.2": "ns-cloud-b3.googledomains.com.",
                            "name_servers.3": "ns-cloud-b4.googledomains.com."
                        },
                        "meta": {},
                        "tainted": false
                    },
                    "deposed": [],
                    "provider": ""
                },
                "google_dns_record_set.blog": {
                    "type": "google_dns_record_set",
                    "depends_on": [
                        "google_dns_managed_zone.adronme",
                        "google_dns_managed_zone.adronme"
                    ],
                    "primary": {
                        "id": "2",
                        "attributes": {
                            "id": "2",
                            "managed_zone": "adronme",
                            "name": "blog.adron.me.",
                            "rrdatas.#": "1",
                            "rrdatas.0": "adron.github.io.",
                            "ttl": "5",
                            "type": "CNAME"
                        },
                        "meta": {},
                        "tainted": false
                    },
                    "deposed": [],
                    "provider": ""
                },
                "google_dns_record_set.compositecodecom": {
                    "type": "google_dns_record_set",
                    "depends_on": [
                        "google_dns_managed_zone.compositecodecom",
                        "google_dns_managed_zone.compositecodecom"
                    ],
                    "primary": {
                        "id": "1",
                        "attributes": {
                            "id": "1",
                            "managed_zone": "compositecodecom",
                            "name": "compositecode.com.",
                            "rrdatas.#": "2",
                            "rrdatas.0": "192.30.252.154",
                            "rrdatas.1": "192.30.252.153",
                            "ttl": "30",
                            "type": "A"
                        },
                        "meta": {},
                        "tainted": false
                    },
                    "deposed": [],
                    "provider": ""
                },
                "google_dns_record_set.data": {
                    "type": "google_dns_record_set",
                    "depends_on": [
                        "google_compute_address.redirector",
                        "google_dns_managed_zone.adronme",
                        "google_dns_managed_zone.adronme"
                    ],
                    "primary": {
                        "id": "3",
                        "attributes": {
                            "id": "3",
                            "managed_zone": "adronme",
                            "name": "data.adron.me.",
                            "rrdatas.#": "1",
                            "rrdatas.0": "104.154.249.251",
                            "ttl": "5",
                            "type": "A"
                        },
                        "meta": {},
                        "tainted": false
                    },
                    "deposed": [],
                    "provider": ""
                },
                "google_dns_record_set.photos": {
                    "type": "google_dns_record_set",
                    "depends_on": [
                        "google_dns_managed_zone.adronme",
                        "google_dns_managed_zone.adronme"
                    ],
                    "primary": {
                        "id": "1",
                        "attributes": {
                            "id": "1",
                            "managed_zone": "adronme",
                            "name": "photos.adron.me.",
                            "rrdatas.#": "1",
                            "rrdatas.0": "domains.smugmug.com.",
                            "ttl": "5",
                            "type": "CNAME"
                        },
                        "meta": {},
                        "tainted": false
                    },
                    "deposed": [],
                    "provider": ""
                }
            },
            "depends_on": []
        }
    ]
}
