{
    "version": 3,
    "terraform_version": "0.8.5",
    "serial": 80,
    "lineage": "acdd28a7-23b8-40bf-878f-53c48657549c",
    "modules": [
        {
            "path": [
                "root"
            ],
            "outputs": {},
            "resources": {
                "google_compute_address.redirector": {
                    "type": "google_compute_address",
                    "depends_on": [],
                    "primary": {
                        "id": "redirector",
                        "attributes": {
                            "address": "104.154.249.251",
                            "id": "redirector",
                            "name": "redirector",
                            "self_link": "https://www.googleapis.com/compute/v1/projects/that-big-universe/regions/us-central1/addresses/redirector"
                        },
                        "meta": {},
                        "tainted": false
                    },
                    "deposed": [],
                    "provider": ""
                },
                "google_compute_disk.drone": {
                    "type": "google_compute_disk",
                    "depends_on": [],
                    "primary": {
                        "id": "drone-server-sqlite-db",
                        "attributes": {
                            "id": "drone-server-sqlite-db",
                            "name": "drone-server-sqlite-db",
                            "self_link": "https://www.googleapis.com/compute/v1/projects/that-big-universe/zones/us-west1-a/disks/drone-server-sqlite-db",
                            "size": "20",
                            "type": "pd-ssd",
                            "zone": "us-west1-a"
                        },
                        "meta": {},
                        "tainted": false
                    },
                    "deposed": [],
                    "provider": ""
                },
                "google_compute_instance.redirector": {
                    "type": "google_compute_instance",
                    "depends_on": [
                        "google_compute_address.redirector"
                    ],
                    "primary": {
                        "id": "redirector",
                        "attributes": {
                            "can_ip_forward": "false",
                            "create_timeout": "4",
                            "disk.#": "1",
                            "disk.0.auto_delete": "true",
                            "disk.0.device_name": "",
                            "disk.0.disk": "",
                            "disk.0.disk_encryption_key_raw": "",
                            "disk.0.disk_encryption_key_sha256": "",
                            "disk.0.image": "redirector-1485899054",
                            "disk.0.scratch": "false",
                            "disk.0.size": "0",
                            "disk.0.type": "",
                            "id": "redirector",
                            "machine_type": "f1-micro",
                            "metadata.%": "0",
                            "metadata_fingerprint": "ggUaVFFDPx0=",
                            "name": "redirector",
                            "network.#": "0",
                            "network_interface.#": "1",
                            "network_interface.0.access_config.#": "1",
                            "network_interface.0.access_config.0.assigned_nat_ip": "104.154.249.251",
                            "network_interface.0.access_config.0.nat_ip": "104.154.249.251",
                            "network_interface.0.address": "10.128.0.2",
                            "network_interface.0.name": "nic0",
                            "network_interface.0.network": "default",
                            "network_interface.0.subnetwork": "",
                            "network_interface.0.subnetwork_project": "",
                            "self_link": "https://www.googleapis.com/compute/v1/projects/that-big-universe/zones/us-central1-b/instances/redirector",
                            "service_account.#": "1",
                            "service_account.0.email": "890822399500-compute@developer.gserviceaccount.com",
                            "service_account.0.scopes.#": "3",
                            "service_account.0.scopes.1632638332": "https://www.googleapis.com/auth/devstorage.read_only",
                            "service_account.0.scopes.2428168921": "https://www.googleapis.com/auth/userinfo.email",
                            "service_account.0.scopes.2862113455": "https://www.googleapis.com/auth/compute.readonly",
                            "tags.#": "2",
                            "tags.1936433573": "https-server",
                            "tags.988335155": "http-server",
                            "tags_fingerprint": "6smc4R4d39I=",
                            "zone": "us-central1-b"
                        },
                        "meta": {
                            "schema_version": "2"
                        },
                        "tainted": false
                    },
                    "deposed": [],
                    "provider": ""
                },
                "google_compute_network.developer-space": {
                    "type": "google_compute_network",
                    "depends_on": [],
                    "primary": {
                        "id": "developer-space",
                        "attributes": {
                            "auto_create_subnetworks": "false",
                            "gateway_ipv4": "",
                            "id": "developer-space",
                            "name": "developer-space",
                            "self_link": "https://www.googleapis.com/compute/v1/projects/that-big-universe/global/networks/developer-space"
                        },
                        "meta": {},
                        "tainted": false
                    },
                    "deposed": [],
                    "provider": ""
                },
                "google_compute_network.production-space": {
                    "type": "google_compute_network",
                    "depends_on": [],
                    "primary": {
                        "id": "production-space",
                        "attributes": {
                            "auto_create_subnetworks": "false",
                            "gateway_ipv4": "",
                            "id": "production-space",
                            "name": "production-space",
                            "self_link": "https://www.googleapis.com/compute/v1/projects/that-big-universe/global/networks/production-space"
                        },
                        "meta": {},
                        "tainted": false
                    },
                    "deposed": [],
                    "provider": ""
                },
                "google_compute_subnetwork.developer-us-central1": {
                    "type": "google_compute_subnetwork",
                    "depends_on": [
                        "google_compute_network.developer-space"
                    ],
                    "primary": {
                        "id": "us-central1/developer-space-central1",
                        "attributes": {
                            "gateway_address": "10.128.0.1",
                            "id": "us-central1/developer-space-central1",
                            "ip_cidr_range": "10.128.0.0/20",
                            "name": "developer-space-central1",
                            "network": "https://www.googleapis.com/compute/v1/projects/that-big-universe/global/networks/developer-space",
                            "region": "us-central1",
                            "self_link": "https://www.googleapis.com/compute/v1/projects/that-big-universe/regions/us-central1/subnetworks/developer-space-central1"
                        },
                        "meta": {},
                        "tainted": false
                    },
                    "deposed": [],
                    "provider": ""
                },
                "google_compute_subnetwork.developer-us-west1": {
                    "type": "google_compute_subnetwork",
                    "depends_on": [
                        "google_compute_network.developer-space"
                    ],
                    "primary": {
                        "id": "us-west1/developer-space-west1",
                        "attributes": {
                            "gateway_address": "10.140.0.1",
                            "id": "us-west1/developer-space-west1",
                            "ip_cidr_range": "10.140.0.0/20",
                            "name": "developer-space-west1",
                            "network": "https://www.googleapis.com/compute/v1/projects/that-big-universe/global/networks/developer-space",
                            "region": "us-west1",
                            "self_link": "https://www.googleapis.com/compute/v1/projects/that-big-universe/regions/us-west1/subnetworks/developer-space-west1"
                        },
                        "meta": {},
                        "tainted": false
                    },
                    "deposed": [],
                    "provider": ""
                },
                "google_compute_subnetwork.production-us-central1": {
                    "type": "google_compute_subnetwork",
                    "depends_on": [
                        "google_compute_network.production-space"
                    ],
                    "primary": {
                        "id": "us-central1/production-space-central1",
                        "attributes": {
                            "gateway_address": "10.127.0.1",
                            "id": "us-central1/production-space-central1",
                            "ip_cidr_range": "10.127.0.0/20",
                            "name": "production-space-central1",
                            "network": "https://www.googleapis.com/compute/v1/projects/that-big-universe/global/networks/production-space",
                            "region": "us-central1",
                            "self_link": "https://www.googleapis.com/compute/v1/projects/that-big-universe/regions/us-central1/subnetworks/production-space-central1"
                        },
                        "meta": {},
                        "tainted": false
                    },
                    "deposed": [],
                    "provider": ""
                },
                "google_compute_subnetwork.production-us-west1": {
                    "type": "google_compute_subnetwork",
                    "depends_on": [
                        "google_compute_network.production-space"
                    ],
                    "primary": {
                        "id": "us-west1/production-space-west1",
                        "attributes": {
                            "gateway_address": "10.138.0.1",
                            "id": "us-west1/production-space-west1",
                            "ip_cidr_range": "10.138.0.0/18",
                            "name": "production-space-west1",
                            "network": "https://www.googleapis.com/compute/v1/projects/that-big-universe/global/networks/production-space",
                            "region": "us-west1",
                            "self_link": "https://www.googleapis.com/compute/v1/projects/that-big-universe/regions/us-west1/subnetworks/production-space-west1"
                        },
                        "meta": {},
                        "tainted": false
                    },
                    "deposed": [],
                    "provider": ""
                },
                "google_container_cluster.development": {
                    "type": "google_container_cluster",
                    "depends_on": [],
                    "primary": {
                        "id": "development-systems",
                        "attributes": {
                            "additional_zones.#": "1",
                            "additional_zones.0": "us-west1-b",
                            "cluster_ipv4_cidr": "10.28.0.0/14",
                            "description": "",
                            "endpoint": "104.199.112.188",
                            "id": "development-systems",
                            "initial_node_count": "3",
                            "instance_group_urls.#": "1",
                            "instance_group_urls.0": "https://www.googleapis.com/compute/v1/projects/that-big-universe/zones/us-west1-b/instanceGroupManagers/gke-development-systems-default-pool-9e2e88d7-grp",
                            "logging_service": "logging.googleapis.com",
                            "master_auth.#": "1",
                            "master_auth.0.client_certificate": "LS0tLS1CRUdJTiBDRVJUSUZJQ0FURS0tLS0tCk1JSURFakNDQWZxZ0F3SUJBZ0lSQUtPSkpic3Fmc1VGYi9IQlQ5NngxRDB3RFFZSktvWklodmNOQVFFTEJRQXcKUVRFL01EMEdBMVVFQXd3MmRYTXRkMlZ6ZERFdFlpMDRPVEE0TWpJek9UazFNREF0WkdWMlpXeHZjRzFsYm5RdApjM2x6ZEdWdGMwQXhORGcyTURZeU9EVXhNQjRYRFRFM01ESXdNakU1TVRReE1sb1hEVEl5TURJd01URTVNVFF4Ck1sb3dFVEVQTUEwR0ExVUVBeE1HWTJ4cFpXNTBNSUlCSWpBTkJna3Foa2lHOXcwQkFRRUZBQU9DQVE4QU1JSUIKQ2dLQ0FRRUE4b1pBUndsYjRHRlc2cS9TSVlFcnk2d0MremhTUWY3dFk3endKWnh0QlZGNTRUM1RmSGZuV3R6TApBcDZWOXp3SU1vK2prQjRPWFB6ejJvOUZCWk5aNUZoRDVYWlV6aUlHRjNoNVhPZEpPZ1MrS1RKVEVmT2czUWxxCkt4TWZla1MxekVFWmthRlh3TWpXWkU2Yi92Mkg1RlNISGZvY1Faa2p2ekppU3U1NExheTVCZW01OS9jSTJpeGsKV1lxUGdGLzRETXJJNUJXbm1mcVJhRWc5REdlK2ZUcHpCSE43eWhFYjlsRmJPY2Nyanp3aHFBcER0ZWtmTDN4bQo1TDcyeUlyTlUyNlQ2bDc1RDF4UWZFb1pTL0E0eEhxQTJyUVVzSTJERU4vWklGd1F1MjBTQ0ZPN1RTK1pCQ3lrCnFXcmc1MDNZMEhZNjFDdXVsdnVFZGR4M0djcy91d0lEQVFBQm96VXdNekFPQmdOVkhROEJBZjhFQkFNQ0JhQXcKRXdZRFZSMGxCQXd3Q2dZSUt3WUJCUVVIQXdJd0RBWURWUjBUQVFIL0JBSXdBREFOQmdrcWhraUc5dzBCQVFzRgpBQU9DQVFFQWpmblRkdzRWY0RDc2g1Y0xFak1pVlNSQ0lubW9jNmNjeVRKOVorQ1R0NVJzNHoySngvTDhYVWZxCmk5ZzN0YUk5VTBQaUovSUJnYWdmbkNvYitEbWt0REptSi8zbUJpZm94Z3BlQUUyYUJUbHBONXRITEMrb1pMLzYKeEFqYW1pWTJDVFozMEVlOG1tOFJEVDM5dWFtdHlSVmNTMDU0cXZEV0F1MEJwQ0RMVlJOY3BpV29HU2UwTFNjSgpWQk9uSjF2aWR2YzJhbzJNUkxqYmRjRy9UQUtnNHZUV3BvN1Y2UFJoRitBcGlIenFvV0NDNzFzY3dpR093aVNUClgrMkdzd2RQdllZaHRBUnJXNWFONElTbmwwc2huN25DTThjS1R5cDB4c2tCbWhpYUJiOThrZkVWbDM0SHpleisKYXdmbnY3OEdQSTlqNnR4MVhVUzFNUWFTbEhpNjlBPT0KLS0tLS1FTkQgQ0VSVElGSUNBVEUtLS0tLQo=",
                            "master_auth.0.client_key": "LS0tLS1CRUdJTiBSU0EgUFJJVkFURSBLRVktLS0tLQpNSUlFb3dJQkFBS0NBUUVBOG9aQVJ3bGI0R0ZXNnEvU0lZRXJ5NndDK3poU1FmN3RZN3p3Slp4dEJWRjU0VDNUCmZIZm5XdHpMQXA2Vjl6d0lNbytqa0I0T1hQenoybzlGQlpOWjVGaEQ1WFpVemlJR0YzaDVYT2RKT2dTK0tUSlQKRWZPZzNRbHFLeE1mZWtTMXpFRVprYUZYd01qV1pFNmIvdjJINUZTSEhmb2NRWmtqdnpKaVN1NTRMYXk1QmVtNQo5L2NJMml4a1dZcVBnRi80RE1ySTVCV25tZnFSYUVnOURHZStmVHB6QkhON3loRWI5bEZiT2Njcmp6d2hxQXBECnRla2ZMM3htNUw3MnlJck5VMjZUNmw3NUQxeFFmRW9aUy9BNHhIcUEyclFVc0kyREVOL1pJRndRdTIwU0NGTzcKVFMrWkJDeWtxV3JnNTAzWTBIWTYxQ3V1bHZ1RWRkeDNHY3MvdXdJREFRQUJBb0lCQUhBUWZ1VVVPd01jbDNnTQpWRkd0Q1Zxc21oZ1JkMWtOZmc0SFFRUndHcVJKZU1NT3VZbWJNaWwzT3N0MEVpSFMrSXE4ZXJ6ZVZvNjdSOGJuClN1Si9xeHJyZWp3dWlKTlRmM01hOVNGcnNoZUFGNHFidVd6aklhTGhkZEIvbnB6MTRQZUg0Vk84dFByZEVzdjQKMHZacG1vQjBXcGNNZWtBSmprNEw3d1ZtMmR0b1BTUTNtWDhvbUZpcXBneVFRYjhHcFl3bWxUVytXU0tWQVVOcgpwZ2dMemRGQ09IR0pyNksyL0svalVsUXVUOStKdW53WUwxVEdGeTI3MW80azJoQk5OMEhjdm52ZDM3VEJIQU1iCkFkdjlieFcxb0swZFVkTkVYckd1eW9JaGtuWnQ5QkNKWGJwSEw0VU4xeG1KWU5FMmpzeXl2WVBlRXRwS0xzZksKNjZGRk8zRUNnWUVBODJxKzhQZXpvU081V04ybEltSC9hdkx2ZHdnZlZLUUlUZ0I4cEpFWkUrVkRPc0Y1ZnFFOAo3S2JrL3cwY2lKOWdOaUMvUHdqR2JwZUFoQVFqWkJvbTY0MFdaZEwrY2RWMnJnWjNOaklMNERXeUNGcVVmdXk4CmZvL2VwK3U0TkMrcGJ6UUhJNWlrU0NpSCtRdk9iU3lMR2RHQzFFUnlDQjZ6cThUQm1LZE0ra01DZ1lFQS93K3gKamY4OVdSeHpUeS9jcnIvN0oyeEhNV1VLZGlkU2s0cTN3bnRQQmNndEd2OVNSS3huVjJwRmxPVFFhQm5yUllTMwpyVldOZ245dEZmWnFIaU9GVFgxZmdhSUp5aUdKQzJBN3I4RUswM2FYWXNzNW4yRlFTV1JLeThXTkFhWVRvdm94CloxUVFhMWRPeDliSmcrRWNpandpSHk3QjcrbGJCTUsxTmdJRStTa0NnWUFVQXhhbm9QVzNyY1F6TmlXNWFlMGgKMGM4MkxnakZZS2IrSXJRY280RTRUWVQxYzZxVmFwUWpzS1RyQXh6eGJvanVha3JPMTkzWWdjUWpGbVFDZXRQdwpVYTBodWZNSlVNOXRCME1OeFplTVcxM0RxZzdEVUpzK25IMWx1TTl3R3VzSEpYUGd6VS9VVHVDKzdPV1B2RFhECmJhSWY2WENta2orYlE1WFhBd29sR1FLQmdIc3pjV2hOYWF5cGVXaytqVEk3dVcwSmVEbjd2Rm5tRkpULzVGTWsKakw4V09mTlljTHlMS2orbkxZVUdJVVNuZ0dWTC9nelR6azdDamthVmlCeVd1OFQ2VWkranZXYk5YQTBLcHNuMgpUT3huMUNmOFVoRVNTRjJxL0JZQmptTEZmYWF6Z3ptTitZQmY0OFhUa2ZNSndXZGtOSGNyZHJJVDNjc200YkQ4CnVMcEJBb0dCQU11TTdEamQwWUVTbmJqQy9CeEszbkwxMjRoVWRTWWVRNm5PTFlRekY0cU1VQXBZRjBxeG5WY24KYTFjaERwRjdBZi81MTBhbVlaRy9mZW8wT053NGtPTmhRbHlpbjNySDV2eGVmU1ZVR0x2VjkvUSt5dWJKelE3VApGRnpNcW9YTnRQazZYZi9KRUEwNFVSTFY4N0lDQXM2SkRZNXpiYnlsWEJFbWMxdXVvV29qCi0tLS0tRU5EIFJTQSBQUklWQVRFIEtFWS0tLS0tCg==",
                            "master_auth.0.cluster_ca_certificate": "LS0tLS1CRUdJTiBDRVJUSUZJQ0FURS0tLS0tCk1JSURNRENDQWhpZ0F3SUJBZ0lSQUlBWEZZWlFTMm0xdGZMWlI0VEo2a3d3RFFZSktvWklodmNOQVFFTEJRQXcKUVRFL01EMEdBMVVFQXd3MmRYTXRkMlZ6ZERFdFlpMDRPVEE0TWpJek9UazFNREF0WkdWMlpXeHZjRzFsYm5RdApjM2x6ZEdWdGMwQXhORGcyTURZeU9EVXhNQjRYRFRFM01ESXdNakU1TVRReE1Wb1hEVEl5TURJd01URTVNVFF4Ck1Wb3dRVEUvTUQwR0ExVUVBd3cyZFhNdGQyVnpkREV0WWkwNE9UQTRNakl6T1RrMU1EQXRaR1YyWld4dmNHMWwKYm5RdGMzbHpkR1Z0YzBBeE5EZzJNRFl5T0RVeE1JSUJJakFOQmdrcWhraUc5dzBCQVFFRkFBT0NBUThBTUlJQgpDZ0tDQVFFQTdRRkZoc0ozZzVFTXVWeTJ4SkJHV1hrMldpenRscDl1UWd5OUlTUkQ3eDlTYWc2cTdhdFZBNDJ2CmdXVCtzTGtDbnBqc29IdllQTXJndjAzZG83ZmY1NjV1Y1FINlFTbVltMVBIblVDT05XWmozekZHbzRwcW5ib1gKeFJiL0M2anBPZHEwS2psaGN0aU1WNG9nYWp3elk1NlpWbC9nN1VyRWxOSWJuZjJiakRhb2lnY3NjNmJVVEtGYQpoaEZLQllNTTlYVTF4OXUzL0JuUzRrNWxJMk5EL3lHWElkOFlKbkJqSFZkR0dITkZOblBUbUxZdm4zb2luWjlsCmZDRDNzclY4UzFQS3lGRWpSYXBCZ3hNNS9maENmQ3FrZFY1SVIvTHNTalo5NlV6bHY3anJhOUFVNy9YZFJ6UEYKZlNFU2p6dWYwVTQvaXBjQzZLSnE2MG4rNjhUUmd3SURBUUFCb3lNd0lUQU9CZ05WSFE4QkFmOEVCQU1DQWdRdwpEd1lEVlIwVEFRSC9CQVV3QXdFQi96QU5CZ2txaGtpRzl3MEJBUXNGQUFPQ0FRRUFDZGNMRnRuSEVyNG9qR2l5CjUxazFIaDRVYUw3WURhNndqdUVmOWhyMUtoeUJMMjNWUVNwWWVnWlJGTlF1MUdSRno1Y1pVd3g3ZmZ2Nk9tZVEKNUZRdFJwc205Smo1WGErU3plTFMvMlBTUlRPTFAycmtwdmF0V3JPbDRjRHRCSFNwTnRwT0FtYW9TUFdRUlBVawpYYlRXbXE3MDZoSWpCQ3FpZkhNUGd2eWhNUStqN0dlRVR5N0hzTkUvaFQrSWNzdkI1YWhYajRZdmJlakpDRWk3CklkdWdneTRxVlRNYnEyV1JMaUVkZEdlQ2ZZYW5Mam5QRWRlaXo5QVYyd2x3dzU5cHdFYWViMmZTOW1OcElGN3YKRnQvZDUwcUsxYy9zR004cmlwZ25PeVNTVGRhTGZLVUZHbU1oemlFQTVibi9HT25qeHN2ZVBwTDEyUzlxaWtPcApER2FkN0E9PQotLS0tLUVORCBDRVJUSUZJQ0FURS0tLS0tCg==",
                            "master_auth.0.password": "willchange",
                            "master_auth.0.username": "firsttry",
                            "monitoring_service": "monitoring.googleapis.com",
                            "name": "development-systems",
                            "network": "developer-space",
                            "node_config.#": "1",
                            "node_config.0.disk_size_gb": "100",
                            "node_config.0.machine_type": "f1-micro",
                            "node_config.0.oauth_scopes.#": "4",
                            "node_config.0.oauth_scopes.0": "https://www.googleapis.com/auth/compute",
                            "node_config.0.oauth_scopes.1": "https://www.googleapis.com/auth/devstorage.read_only",
                            "node_config.0.oauth_scopes.2": "https://www.googleapis.com/auth/logging.write",
                            "node_config.0.oauth_scopes.3": "https://www.googleapis.com/auth/monitoring",
                            "node_version": "1.5.2",
                            "subnetwork": "developer-space-west1",
                            "zone": "us-west1-b"
                        },
                        "meta": {},
                        "tainted": false
                    },
                    "deposed": [],
                    "provider": ""
                },
                "google_dns_managed_zone.adronme": {
                    "type": "google_dns_managed_zone",
                    "depends_on": [],
                    "primary": {
                        "id": "adronme",
                        "attributes": {
                            "description": "Production http://adron.me Domain.",
                            "dns_name": "adron.me.",
                            "id": "adronme",
                            "name": "adronme",
                            "name_servers.#": "4",
                            "name_servers.0": "ns-cloud-c1.googledomains.com.",
                            "name_servers.1": "ns-cloud-c2.googledomains.com.",
                            "name_servers.2": "ns-cloud-c3.googledomains.com.",
                            "name_servers.3": "ns-cloud-c4.googledomains.com."
                        },
                        "meta": {},
                        "tainted": false
                    },
                    "deposed": [],
                    "provider": ""
                },
                "google_dns_managed_zone.compositecodecom": {
                    "type": "google_dns_managed_zone",
                    "depends_on": [],
                    "primary": {
                        "id": "compositecodecom",
                        "attributes": {
                            "description": "Production http://compositecode.com Domain.",
                            "dns_name": "compositecode.com.",
                            "id": "compositecodecom",
                            "name": "compositecodecom",
                            "name_servers.#": "4",
                            "name_servers.0": "ns-cloud-b1.googledomains.com.",
                            "name_servers.1": "ns-cloud-b2.googledomains.com.",
                            "name_servers.2": "ns-cloud-b3.googledomains.com.",
                            "name_servers.3": "ns-cloud-b4.googledomains.com."
                        },
                        "meta": {},
                        "tainted": false
                    },
                    "deposed": [],
                    "provider": ""
                },
                "google_dns_record_set.blog": {
                    "type": "google_dns_record_set",
                    "depends_on": [
                        "google_dns_managed_zone.adronme",
                        "google_dns_managed_zone.adronme"
                    ],
                    "primary": {
                        "id": "2",
                        "attributes": {
                            "id": "2",
                            "managed_zone": "adronme",
                            "name": "blog.adron.me.",
                            "rrdatas.#": "1",
                            "rrdatas.0": "adron.github.io.",
                            "ttl": "5",
                            "type": "CNAME"
                        },
                        "meta": {},
                        "tainted": false
                    },
                    "deposed": [],
                    "provider": ""
                },
                "google_dns_record_set.compositecodecom": {
                    "type": "google_dns_record_set",
                    "depends_on": [
                        "google_dns_managed_zone.compositecodecom",
                        "google_dns_managed_zone.compositecodecom"
                    ],
                    "primary": {
                        "id": "1",
                        "attributes": {
                            "id": "1",
                            "managed_zone": "compositecodecom",
                            "name": "compositecode.com.",
                            "rrdatas.#": "2",
                            "rrdatas.0": "192.30.252.154",
                            "rrdatas.1": "192.30.252.153",
                            "ttl": "30",
                            "type": "A"
                        },
                        "meta": {},
                        "tainted": false
                    },
                    "deposed": [],
                    "provider": ""
                },
                "google_dns_record_set.data": {
                    "type": "google_dns_record_set",
                    "depends_on": [
                        "google_compute_address.redirector",
                        "google_dns_managed_zone.adronme",
                        "google_dns_managed_zone.adronme"
                    ],
                    "primary": {
                        "id": "3",
                        "attributes": {
                            "id": "3",
                            "managed_zone": "adronme",
                            "name": "data.adron.me.",
                            "rrdatas.#": "1",
                            "rrdatas.0": "104.154.249.251",
                            "ttl": "5",
                            "type": "A"
                        },
                        "meta": {},
                        "tainted": false
                    },
                    "deposed": [],
                    "provider": ""
                },
                "google_dns_record_set.dronecompositecodecom": {
                    "type": "google_dns_record_set",
                    "depends_on": [
                        "google_dns_managed_zone.compositecodecom",
                        "google_dns_managed_zone.compositecodecom"
                    ],
                    "primary": {
                        "id": "2",
                        "attributes": {
                            "id": "2",
                            "managed_zone": "compositecodecom",
                            "name": "drone.compositecode.com.",
                            "rrdatas.#": "1",
                            "rrdatas.0": "35.185.193.72",
                            "ttl": "5",
                            "type": "A"
                        },
                        "meta": {},
                        "tainted": false
                    },
                    "deposed": [],
                    "provider": ""
                },
                "google_dns_record_set.photos": {
                    "type": "google_dns_record_set",
                    "depends_on": [
                        "google_dns_managed_zone.adronme",
                        "google_dns_managed_zone.adronme"
                    ],
                    "primary": {
                        "id": "1",
                        "attributes": {
                            "id": "1",
                            "managed_zone": "adronme",
                            "name": "photos.adron.me.",
                            "rrdatas.#": "1",
                            "rrdatas.0": "domains.smugmug.com.",
                            "ttl": "5",
                            "type": "CNAME"
                        },
                        "meta": {},
                        "tainted": false
                    },
                    "deposed": [],
                    "provider": ""
                }
            },
            "depends_on": []
        }
    ]
}
