{
    "version": 3,
    "terraform_version": "0.8.5",
    "serial": 76,
    "lineage": "acdd28a7-23b8-40bf-878f-53c48657549c",
    "modules": [
        {
            "path": [
                "root"
            ],
            "outputs": {},
            "resources": {
                "google_compute_address.redirector": {
                    "type": "google_compute_address",
                    "depends_on": [],
                    "primary": {
                        "id": "redirector",
                        "attributes": {
                            "address": "104.154.249.251",
                            "id": "redirector",
                            "name": "redirector",
                            "self_link": "https://www.googleapis.com/compute/v1/projects/that-big-universe/regions/us-central1/addresses/redirector"
                        },
                        "meta": {},
                        "tainted": false
                    },
                    "deposed": [],
                    "provider": ""
                },
                "google_compute_disk.drone": {
                    "type": "google_compute_disk",
                    "depends_on": [],
                    "primary": {
                        "id": "drone-server-sqlite-db",
                        "attributes": {
                            "id": "drone-server-sqlite-db",
                            "name": "drone-server-sqlite-db",
                            "self_link": "https://www.googleapis.com/compute/v1/projects/that-big-universe/zones/us-west1-a/disks/drone-server-sqlite-db",
                            "size": "20",
                            "type": "pd-ssd",
                            "zone": "us-west1-a"
                        },
                        "meta": {},
                        "tainted": false
                    },
                    "deposed": [],
                    "provider": ""
                },
                "google_compute_instance.redirector": {
                    "type": "google_compute_instance",
                    "depends_on": [
                        "google_compute_address.redirector"
                    ],
                    "primary": {
                        "id": "redirector",
                        "attributes": {
                            "can_ip_forward": "false",
                            "create_timeout": "4",
                            "disk.#": "1",
                            "disk.0.auto_delete": "true",
                            "disk.0.device_name": "",
                            "disk.0.disk": "",
                            "disk.0.disk_encryption_key_raw": "",
                            "disk.0.disk_encryption_key_sha256": "",
                            "disk.0.image": "redirector-1485899054",
                            "disk.0.scratch": "false",
                            "disk.0.size": "0",
                            "disk.0.type": "",
                            "id": "redirector",
                            "machine_type": "f1-micro",
                            "metadata.%": "0",
                            "metadata_fingerprint": "ggUaVFFDPx0=",
                            "name": "redirector",
                            "network.#": "0",
                            "network_interface.#": "1",
                            "network_interface.0.access_config.#": "1",
                            "network_interface.0.access_config.0.assigned_nat_ip": "104.154.249.251",
                            "network_interface.0.access_config.0.nat_ip": "104.154.249.251",
                            "network_interface.0.address": "10.128.0.2",
                            "network_interface.0.name": "nic0",
                            "network_interface.0.network": "default",
                            "network_interface.0.subnetwork": "",
                            "network_interface.0.subnetwork_project": "",
                            "self_link": "https://www.googleapis.com/compute/v1/projects/that-big-universe/zones/us-central1-b/instances/redirector",
                            "service_account.#": "1",
                            "service_account.0.email": "890822399500-compute@developer.gserviceaccount.com",
                            "service_account.0.scopes.#": "3",
                            "service_account.0.scopes.1632638332": "https://www.googleapis.com/auth/devstorage.read_only",
                            "service_account.0.scopes.2428168921": "https://www.googleapis.com/auth/userinfo.email",
                            "service_account.0.scopes.2862113455": "https://www.googleapis.com/auth/compute.readonly",
                            "tags.#": "2",
                            "tags.1936433573": "https-server",
                            "tags.988335155": "http-server",
                            "tags_fingerprint": "6smc4R4d39I=",
                            "zone": "us-central1-b"
                        },
                        "meta": {
                            "schema_version": "2"
                        },
                        "tainted": false
                    },
                    "deposed": [],
                    "provider": ""
                },
                "google_compute_network.developer-space": {
                    "type": "google_compute_network",
                    "depends_on": [],
                    "primary": {
                        "id": "developer-space",
                        "attributes": {
                            "auto_create_subnetworks": "false",
                            "gateway_ipv4": "",
                            "id": "developer-space",
                            "name": "developer-space",
                            "self_link": "https://www.googleapis.com/compute/v1/projects/that-big-universe/global/networks/developer-space"
                        },
                        "meta": {},
                        "tainted": false
                    },
                    "deposed": [],
                    "provider": ""
                },
                "google_compute_network.production-space": {
                    "type": "google_compute_network",
                    "depends_on": [],
                    "primary": {
                        "id": "production-space",
                        "attributes": {
                            "auto_create_subnetworks": "false",
                            "gateway_ipv4": "",
                            "id": "production-space",
                            "name": "production-space",
                            "self_link": "https://www.googleapis.com/compute/v1/projects/that-big-universe/global/networks/production-space"
                        },
                        "meta": {},
                        "tainted": false
                    },
                    "deposed": [],
                    "provider": ""
                },
                "google_compute_subnetwork.developer-us-central1": {
                    "type": "google_compute_subnetwork",
                    "depends_on": [
                        "google_compute_network.developer-space"
                    ],
                    "primary": {
                        "id": "us-central1/developer-space-central1",
                        "attributes": {
                            "gateway_address": "10.128.0.1",
                            "id": "us-central1/developer-space-central1",
                            "ip_cidr_range": "10.128.0.0/20",
                            "name": "developer-space-central1",
                            "network": "https://www.googleapis.com/compute/v1/projects/that-big-universe/global/networks/developer-space",
                            "region": "us-central1",
                            "self_link": "https://www.googleapis.com/compute/v1/projects/that-big-universe/regions/us-central1/subnetworks/developer-space-central1"
                        },
                        "meta": {},
                        "tainted": false
                    },
                    "deposed": [],
                    "provider": ""
                },
                "google_compute_subnetwork.developer-us-west1": {
                    "type": "google_compute_subnetwork",
                    "depends_on": [
                        "google_compute_network.developer-space"
                    ],
                    "primary": {
                        "id": "us-west1/developer-space-west1",
                        "attributes": {
                            "gateway_address": "10.140.0.1",
                            "id": "us-west1/developer-space-west1",
                            "ip_cidr_range": "10.140.0.0/20",
                            "name": "developer-space-west1",
                            "network": "https://www.googleapis.com/compute/v1/projects/that-big-universe/global/networks/developer-space",
                            "region": "us-west1",
                            "self_link": "https://www.googleapis.com/compute/v1/projects/that-big-universe/regions/us-west1/subnetworks/developer-space-west1"
                        },
                        "meta": {},
                        "tainted": false
                    },
                    "deposed": [],
                    "provider": ""
                },
                "google_compute_subnetwork.production-us-central1": {
                    "type": "google_compute_subnetwork",
                    "depends_on": [
                        "google_compute_network.production-space"
                    ],
                    "primary": {
                        "id": "us-central1/production-space-central1",
                        "attributes": {
                            "gateway_address": "10.127.0.1",
                            "id": "us-central1/production-space-central1",
                            "ip_cidr_range": "10.127.0.0/20",
                            "name": "production-space-central1",
                            "network": "https://www.googleapis.com/compute/v1/projects/that-big-universe/global/networks/production-space",
                            "region": "us-central1",
                            "self_link": "https://www.googleapis.com/compute/v1/projects/that-big-universe/regions/us-central1/subnetworks/production-space-central1"
                        },
                        "meta": {},
                        "tainted": false
                    },
                    "deposed": [],
                    "provider": ""
                },
                "google_compute_subnetwork.production-us-west1": {
                    "type": "google_compute_subnetwork",
                    "depends_on": [
                        "google_compute_network.production-space"
                    ],
                    "primary": {
                        "id": "us-west1/production-space-west1",
                        "attributes": {
                            "gateway_address": "10.138.0.1",
                            "id": "us-west1/production-space-west1",
                            "ip_cidr_range": "10.138.0.0/18",
                            "name": "production-space-west1",
                            "network": "https://www.googleapis.com/compute/v1/projects/that-big-universe/global/networks/production-space",
                            "region": "us-west1",
                            "self_link": "https://www.googleapis.com/compute/v1/projects/that-big-universe/regions/us-west1/subnetworks/production-space-west1"
                        },
                        "meta": {},
                        "tainted": false
                    },
                    "deposed": [],
                    "provider": ""
                },
                "google_container_cluster.development": {
                    "type": "google_container_cluster",
                    "depends_on": [],
                    "primary": {
                        "id": "development-systems",
                        "attributes": {
                            "additional_zones.#": "1",
                            "additional_zones.0": "us-west1-b",
                            "cluster_ipv4_cidr": "10.28.0.0/14",
                            "description": "",
                            "endpoint": "104.196.235.184",
                            "id": "development-systems",
                            "initial_node_count": "3",
                            "instance_group_urls.#": "1",
                            "instance_group_urls.0": "https://www.googleapis.com/compute/v1/projects/that-big-universe/zones/us-west1-b/instanceGroupManagers/gke-development-systems-default-pool-f4d41250-grp",
                            "logging_service": "logging.googleapis.com",
                            "master_auth.#": "1",
                            "master_auth.0.client_certificate": "LS0tLS1CRUdJTiBDRVJUSUZJQ0FURS0tLS0tCk1JSURFakNDQWZxZ0F3SUJBZ0lSQU1qT1dlOExJaGFCNkhQZ0UyeEVsYkV3RFFZSktvWklodmNOQVFFTEJRQXcKUVRFL01EMEdBMVVFQXd3MmRYTXRkMlZ6ZERFdFlpMDRPVEE0TWpJek9UazFNREF0WkdWMlpXeHZjRzFsYm5RdApjM2x6ZEdWdGMwQXhORGcxT1RreU5UYzBNQjRYRFRFM01ESXdNVEl6TkRJMU4xb1hEVEl5TURFek1USXpOREkxCk4xb3dFVEVQTUEwR0ExVUVBeE1HWTJ4cFpXNTBNSUlCSWpBTkJna3Foa2lHOXcwQkFRRUZBQU9DQVE4QU1JSUIKQ2dLQ0FRRUEyOWJGaU9wK09FRGt3R2tNZVRDZGo3bGtkV2txQVV2cU1UNEV4NC9EMEJ2M3RXRDgwTFNMb0E1dwpjNmR5eU4xSHlHdFIzNnM1Zkw5NVl2K1A4ckNhcncxRlJzT0I3dXJWbmljeTllWkZqY1RNZGJNd3g5R0dyWTh2CjltVmxuVzlURTR2Z3RFWmhWQ0JEMWRMN2l2VUh5d21TTVU5T01mOHQ1b2RNZVpzTEI0VjAzdGFYM2JaTVRDancKZWZjNWF3QmdOakF2TEFSZDFHRWtRdlZ5ME12SHV0ZjYzTlRGYlVxU2R2YXFQdVJEV3VQdFJPWlpBOHZuSzZuNApmdE41dUN2bTFkeDRLMURrSDNwUG1ZRG9KQmxPMGlCQ3JZbWo1N2c1dUZBa0RpbE5aNVRVK2ZrWVZ3ZG9sdG93CnlsTk5pWkRMbEVsS1kvVkJBZkdQbXNtUUxtUTRTd0lEQVFBQm96VXdNekFPQmdOVkhROEJBZjhFQkFNQ0JhQXcKRXdZRFZSMGxCQXd3Q2dZSUt3WUJCUVVIQXdJd0RBWURWUjBUQVFIL0JBSXdBREFOQmdrcWhraUc5dzBCQVFzRgpBQU9DQVFFQUVyNU1HSlZURG9RbWxFaE14R2xUMXpFUG1tbGpjWFp3SHhEUEJBbUkyOWlUdy9YdUVUSXloeGJvCkxmd3hhZm9GTmFKRE95WjNPTWJQUkp5QTE2ZGxLcVZEUklmSW05R3ZwWHMwb0xCMlRPTURSQS9YQWVGTER1YTAKUUlkUnp1emRGYXBSTTg5RmVvck45QTA2TXVNTjNWQnJZTlNTZUpBRnZ1THJjODI1UndYWnlOUFIrcFltYTVsawpTS2JZSld4aUxXYnZYUjlBWmk0M2NxN0dxN20raGU0Uzg3RVZOQlkzVWwwbWJYS1V4SEgyVUN5U21YbkpBYkltCnJrWEpSRmp0NFFGMWRIeFNpYzgxRjh0cGI5aGxQZmtvQ01QMk9IQXgyRENwMEM1Wkw4UURQaTIyWGFNSSswQngKaStqNkQyUzRaRDVCTTYzdnZ5VWQ1ekRDSlBxZnB3PT0KLS0tLS1FTkQgQ0VSVElGSUNBVEUtLS0tLQo=",
                            "master_auth.0.client_key": "LS0tLS1CRUdJTiBSU0EgUFJJVkFURSBLRVktLS0tLQpNSUlFb3dJQkFBS0NBUUVBMjliRmlPcCtPRURrd0drTWVUQ2RqN2xrZFdrcUFVdnFNVDRFeDQvRDBCdjN0V0Q4CjBMU0xvQTV3YzZkeXlOMUh5R3RSMzZzNWZMOTVZditQOHJDYXJ3MUZSc09CN3VyVm5pY3k5ZVpGamNUTWRiTXcKeDlHR3JZOHY5bVZsblc5VEU0dmd0RVpoVkNCRDFkTDdpdlVIeXdtU01VOU9NZjh0NW9kTWVac0xCNFYwM3RhWAozYlpNVENqd2VmYzVhd0JnTmpBdkxBUmQxR0VrUXZWeTBNdkh1dGY2M05URmJVcVNkdmFxUHVSRFd1UHRST1paCkE4dm5LNm40ZnRONXVDdm0xZHg0SzFEa0gzcFBtWURvSkJsTzBpQkNyWW1qNTdnNXVGQWtEaWxOWjVUVStma1kKVndkb2x0b3d5bE5OaVpETGxFbEtZL1ZCQWZHUG1zbVFMbVE0U3dJREFRQUJBb0lCQUN5RjllSEI1Q2hPZEVYSAp3TC8ycWFLSElLSnExeGdHSVBzeUhWT3hlUzMzekJaTyswVGxtL1dobHdMRllnanVUL0IyVTlHaDR2V3g3Y3F3CkNaNVVTQysxMTFiNmw2RWtySGpvWlhqSjEwSmNIakNrUnZmaEpvNldGbGVudDRuSUZ5STVUUndWdVBhSnhsTlMKOUtEeStVNFV0U2dKY01QTmM2Vmh0NHBWYlVsclRNMVhENGgwUjBweCt3Nk1zV1BrZW1sVkpYM1dNVWNYaGJtNAp1UEdHckJxaE9IcUk5SGt5M0FOdk1rak1UM1pWTmZmSkVrL3JNZlBqbVB5UTg5bm1tYmpRRFdIeGo5VG5qdHVrClBWNzUxZWZwTXlKWWtvRFhWeFZlWUorcU1SVHRheGdtemRhN0pWOU8yeDdiY3NMLzE0SWxjRDJPdUlOS0owN1kKOG52NEdsRUNnWUVBOS9Oem4xelJjTFV3VXVLWkEweUdGek8wU0pPUnlXNnhkUGpmT2R5cTFPMHh1S0ZWaHh5YwpoTU1BRmZxZEFvUk5sYXd3OG8yNmlpVHcxUmwrUExESFBJOU82K204K1VkMWxLcExIZDNMN2JZa3I2MTZ6bUtQClNISGZSY3VmNXBFYWVkSVMvNDZhQmlXcm96YWo1eXVKUHZxSVk4d3Qwa3ZySU5naHJKbEFqeWtDZ1lFQTR2bXoKVGY1NklIMDhsL0w4eGZQSE4xMlJLS0t0Q1lYNkhpclFRVFFyZkljbDhEcEdDWVhlSnVMeFpYVGozR1dneFZKbgozUThRWWRpeGNlNHlWdlFzcEpQd0ZUSW1LR1paM210TmRKTzhsNC9xbnEyRG1pVmM4VUx3NWJRNE1Ca2srSXhlClFiZ3dESXdRWERUK01od0VUSlliOThJMk41dHFSWGRmWnFrWEhsTUNnWUVBN0ZNZDRNYVcyTlhaT1NiQXNHUS8KYWQzZDkwNnZwVTNiMWFGZkljY3hDOEVIb3ZJaWtxU3lpZGRTUGFDZ0JjWVVMSlB5RXowQ2pxaW00blZwM0c2aApkeGNnSWJxbVl2RzVIL2t2bjBmSEZzcUVMTzBzSDRuUkJ6dUJrd1NCWTBEcCt6SSs2VlVCZU5wdXZTRlhGdjVuCjBaNzRZQ1k3aGpUVjVuZ1pvR2h4SUFFQ2dZQUxCVEN0Z3NPUFBFVnE0ME5lb1IxMUZMZnRqeWh6byt1bTkxRXgKT1VVN1FKeVk4MXRmTHY3QVNKaUw0b2NGdG5GOTR5aGoxVTFvVXNzYXl3UHFzT1JTQVZUUTBxU0RwYVNMWmc1VwpzSzJoZGoxZ0F2QzIxVVdUK1RvVkRSRUZWTk0wdGl3RmFObjhZZmlSWVlsT0NZb3o1YjNwNDZZYVFST0IxKy9yCjNoM2ZQUUtCZ0g3SU40Q2lsR0lta241Snc4ZU5PSzl2MEhTMEdmeFoydHRmbG9UeGRkdmw0aVM1d0EwNngrS1YKZ3F4WDNSQ2EvWUJnTWxrOGNNRTcralBqNkh3VlVVRDlVa3hNVnQySGg3QW9Hb3loNUNrMlNKZ1VNN3NhMm9WaApiNnhRVWI4NitrQVNyYlN3TksvekVhZDhkbzgwbTdwWWZhWEowUEtqRlhhUklFb0FZOUxyCi0tLS0tRU5EIFJTQSBQUklWQVRFIEtFWS0tLS0tCg==",
                            "master_auth.0.cluster_ca_certificate": "LS0tLS1CRUdJTiBDRVJUSUZJQ0FURS0tLS0tCk1JSURMekNDQWhlZ0F3SUJBZ0lRV3pDY3dCNWtSTHB5NGFxYjM5SkdrVEFOQmdrcWhraUc5dzBCQVFzRkFEQkIKTVQ4d1BRWURWUVFERERaMWN5MTNaWE4wTVMxaUxUZzVNRGd5TWpNNU9UVXdNQzFrWlhabGJHOXdiV1Z1ZEMxegplWE4wWlcxelFERTBPRFU1T1RJMU56UXdIaGNOTVRjd01qQXhNak0wTWpVMFdoY05Nakl3TVRNeE1qTTBNalUwCldqQkJNVDh3UFFZRFZRUURERFoxY3kxM1pYTjBNUzFpTFRnNU1EZ3lNak01T1RVd01DMWtaWFpsYkc5d2JXVnUKZEMxemVYTjBaVzF6UURFME9EVTVPVEkxTnpRd2dnRWlNQTBHQ1NxR1NJYjNEUUVCQVFVQUE0SUJEd0F3Z2dFSwpBb0lCQVFEeEoyNG94RnFJbmprQzNoc1lpT2xqNVNyQ3Q1dGllR1FNaERmMC9GOWhTMnFFNk5kUXp4VFBiSXdNCmdJM3VlNWwyRk40SzVka0JHcnFzNjBmT2RQN00xR04yRFhnRW5yZGNKbHNqVVQyenlkemlnWnoybHlraWQ3M1YKcGxZK3prQndmVkJoRGlCdU5ucS9CNlljRUdERDRZMGJyaEpGeTg3QmZadUp5UDNnOFFLNDNHeEdNWXU2OUZZKwpla1FJUWowZGkvOUVsNW53b3BQMEZJSzBnN3dERkpnUzlhNHFuNittd1V4V1IzdExPZWRvRXhYTnNzbU1JRjQxClVQdExjOGJZNVA1eWIwc1c1L3ZDVmFpVnZuNDlyanhjMzFPVDdhbVJ6dTNXYzhuSmRRNmJIY0o3cWI1alU4d04KNitEZGxzNGtFTVRlN2lVUmZxenNaenF6bndNN0FnTUJBQUdqSXpBaE1BNEdBMVVkRHdFQi93UUVBd0lDQkRBUApCZ05WSFJNQkFmOEVCVEFEQVFIL01BMEdDU3FHU0liM0RRRUJDd1VBQTRJQkFRQmxsK1YrWEFPOFN1VEtuODhjCmovRlFDLytXaDZLNWw3RkIzdFhvVVp0MzIwc21TeENBaVZDUzEya3F0Y1diWkJBbld1bnB4RHdtelJUWk9WQ2UKVFUxMS9FUUFVQUI5akxXdzRTczZXeDdZUjJtTzVLTDY5SU0xZGVkVUMySkM2WXhVaEpGUnZFNk1aMGRQQVBPQwpGWDQzcFdhbGVpVlpKRk1ka1pJYk1wL3lkSXFrK2JJS3U5YWk1d2JMeHVwVGlLcW5OMnAyejVIcWV6WnVUck1VCndoSlhSY2VIUS9NMGNlUlhTNlVyMGU2ZVlkSDdxVm9HdzFycWpIMnZxWjBaYXVYMlZWL3hOaDQrNFUyM0E5M2cKTWo2dktXalpONUcvM1J2eTF4UGdXUy8weERvOS9yRTRncE05SGRQRVNMeG5QM1htSk81NVhHd0RicGQ5S0NyeQpRZ2duCi0tLS0tRU5EIENFUlRJRklDQVRFLS0tLS0K",
                            "master_auth.0.password": "willchange",
                            "master_auth.0.username": "firsttry",
                            "monitoring_service": "monitoring.googleapis.com",
                            "name": "development-systems",
                            "network": "developer-space",
                            "node_config.#": "1",
                            "node_config.0.disk_size_gb": "100",
                            "node_config.0.machine_type": "f1-micro",
                            "node_config.0.oauth_scopes.#": "4",
                            "node_config.0.oauth_scopes.0": "https://www.googleapis.com/auth/compute",
                            "node_config.0.oauth_scopes.1": "https://www.googleapis.com/auth/devstorage.read_only",
                            "node_config.0.oauth_scopes.2": "https://www.googleapis.com/auth/logging.write",
                            "node_config.0.oauth_scopes.3": "https://www.googleapis.com/auth/monitoring",
                            "node_version": "1.5.2",
                            "subnetwork": "developer-space-west1",
                            "zone": "us-west1-b"
                        },
                        "meta": {},
                        "tainted": false
                    },
                    "deposed": [],
                    "provider": ""
                },
                "google_dns_managed_zone.adronme": {
                    "type": "google_dns_managed_zone",
                    "depends_on": [],
                    "primary": {
                        "id": "adronme",
                        "attributes": {
                            "description": "Production http://adron.me Domain.",
                            "dns_name": "adron.me.",
                            "id": "adronme",
                            "name": "adronme",
                            "name_servers.#": "4",
                            "name_servers.0": "ns-cloud-c1.googledomains.com.",
                            "name_servers.1": "ns-cloud-c2.googledomains.com.",
                            "name_servers.2": "ns-cloud-c3.googledomains.com.",
                            "name_servers.3": "ns-cloud-c4.googledomains.com."
                        },
                        "meta": {},
                        "tainted": false
                    },
                    "deposed": [],
                    "provider": ""
                },
                "google_dns_managed_zone.compositecodecom": {
                    "type": "google_dns_managed_zone",
                    "depends_on": [],
                    "primary": {
                        "id": "compositecodecom",
                        "attributes": {
                            "description": "Production http://compositecode.com Domain.",
                            "dns_name": "compositecode.com.",
                            "id": "compositecodecom",
                            "name": "compositecodecom",
                            "name_servers.#": "4",
                            "name_servers.0": "ns-cloud-b1.googledomains.com.",
                            "name_servers.1": "ns-cloud-b2.googledomains.com.",
                            "name_servers.2": "ns-cloud-b3.googledomains.com.",
                            "name_servers.3": "ns-cloud-b4.googledomains.com."
                        },
                        "meta": {},
                        "tainted": false
                    },
                    "deposed": [],
                    "provider": ""
                },
                "google_dns_record_set.blog": {
                    "type": "google_dns_record_set",
                    "depends_on": [
                        "google_dns_managed_zone.adronme",
                        "google_dns_managed_zone.adronme"
                    ],
                    "primary": {
                        "id": "2",
                        "attributes": {
                            "id": "2",
                            "managed_zone": "adronme",
                            "name": "blog.adron.me.",
                            "rrdatas.#": "1",
                            "rrdatas.0": "adron.github.io.",
                            "ttl": "5",
                            "type": "CNAME"
                        },
                        "meta": {},
                        "tainted": false
                    },
                    "deposed": [],
                    "provider": ""
                },
                "google_dns_record_set.compositecodecom": {
                    "type": "google_dns_record_set",
                    "depends_on": [
                        "google_dns_managed_zone.compositecodecom",
                        "google_dns_managed_zone.compositecodecom"
                    ],
                    "primary": {
                        "id": "1",
                        "attributes": {
                            "id": "1",
                            "managed_zone": "compositecodecom",
                            "name": "compositecode.com.",
                            "rrdatas.#": "2",
                            "rrdatas.0": "192.30.252.154",
                            "rrdatas.1": "192.30.252.153",
                            "ttl": "30",
                            "type": "A"
                        },
                        "meta": {},
                        "tainted": false
                    },
                    "deposed": [],
                    "provider": ""
                },
                "google_dns_record_set.data": {
                    "type": "google_dns_record_set",
                    "depends_on": [
                        "google_compute_address.redirector",
                        "google_dns_managed_zone.adronme",
                        "google_dns_managed_zone.adronme"
                    ],
                    "primary": {
                        "id": "3",
                        "attributes": {
                            "id": "3",
                            "managed_zone": "adronme",
                            "name": "data.adron.me.",
                            "rrdatas.#": "1",
                            "rrdatas.0": "104.154.249.251",
                            "ttl": "5",
                            "type": "A"
                        },
                        "meta": {},
                        "tainted": false
                    },
                    "deposed": [],
                    "provider": ""
                },
                "google_dns_record_set.photos": {
                    "type": "google_dns_record_set",
                    "depends_on": [
                        "google_dns_managed_zone.adronme",
                        "google_dns_managed_zone.adronme"
                    ],
                    "primary": {
                        "id": "1",
                        "attributes": {
                            "id": "1",
                            "managed_zone": "adronme",
                            "name": "photos.adron.me.",
                            "rrdatas.#": "1",
                            "rrdatas.0": "domains.smugmug.com.",
                            "ttl": "5",
                            "type": "CNAME"
                        },
                        "meta": {},
                        "tainted": false
                    },
                    "deposed": [],
                    "provider": ""
                }
            },
            "depends_on": []
        }
    ]
}
