{
    "version": 3,
    "terraform_version": "0.8.5",
    "serial": 64,
    "lineage": "acdd28a7-23b8-40bf-878f-53c48657549c",
    "modules": [
        {
            "path": [
                "root"
            ],
            "outputs": {},
            "resources": {
                "google_compute_address.redirector": {
                    "type": "google_compute_address",
                    "depends_on": [],
                    "primary": {
                        "id": "redirector",
                        "attributes": {
                            "address": "104.154.249.251",
                            "id": "redirector",
                            "name": "redirector",
                            "self_link": "https://www.googleapis.com/compute/v1/projects/that-big-universe/regions/us-central1/addresses/redirector"
                        },
                        "meta": {},
                        "tainted": false
                    },
                    "deposed": [],
                    "provider": ""
                },
                "google_compute_instance.redirector": {
                    "type": "google_compute_instance",
                    "depends_on": [
                        "google_compute_address.redirector"
                    ],
                    "primary": {
                        "id": "redirector",
                        "attributes": {
                            "can_ip_forward": "false",
                            "create_timeout": "4",
                            "disk.#": "1",
                            "disk.0.auto_delete": "true",
                            "disk.0.device_name": "",
                            "disk.0.disk": "",
                            "disk.0.disk_encryption_key_raw": "",
                            "disk.0.disk_encryption_key_sha256": "",
                            "disk.0.image": "redirector-1485899054",
                            "disk.0.scratch": "false",
                            "disk.0.size": "0",
                            "disk.0.type": "",
                            "id": "redirector",
                            "machine_type": "f1-micro",
                            "metadata.%": "0",
                            "metadata_fingerprint": "ggUaVFFDPx0=",
                            "name": "redirector",
                            "network.#": "0",
                            "network_interface.#": "1",
                            "network_interface.0.access_config.#": "1",
                            "network_interface.0.access_config.0.assigned_nat_ip": "104.154.249.251",
                            "network_interface.0.access_config.0.nat_ip": "104.154.249.251",
                            "network_interface.0.address": "10.128.0.2",
                            "network_interface.0.name": "nic0",
                            "network_interface.0.network": "default",
                            "network_interface.0.subnetwork": "",
                            "network_interface.0.subnetwork_project": "",
                            "self_link": "https://www.googleapis.com/compute/v1/projects/that-big-universe/zones/us-central1-b/instances/redirector",
                            "service_account.#": "1",
                            "service_account.0.email": "890822399500-compute@developer.gserviceaccount.com",
                            "service_account.0.scopes.#": "3",
                            "service_account.0.scopes.1632638332": "https://www.googleapis.com/auth/devstorage.read_only",
                            "service_account.0.scopes.2428168921": "https://www.googleapis.com/auth/userinfo.email",
                            "service_account.0.scopes.2862113455": "https://www.googleapis.com/auth/compute.readonly",
                            "tags.#": "2",
                            "tags.1936433573": "https-server",
                            "tags.988335155": "http-server",
                            "tags_fingerprint": "6smc4R4d39I=",
                            "zone": "us-central1-b"
                        },
                        "meta": {
                            "schema_version": "2"
                        },
                        "tainted": false
                    },
                    "deposed": [],
                    "provider": ""
                },
                "google_compute_network.developer-space": {
                    "type": "google_compute_network",
                    "depends_on": [],
                    "primary": {
                        "id": "developer-space",
                        "attributes": {
                            "auto_create_subnetworks": "false",
                            "gateway_ipv4": "",
                            "id": "developer-space",
                            "name": "developer-space",
                            "self_link": "https://www.googleapis.com/compute/v1/projects/that-big-universe/global/networks/developer-space"
                        },
                        "meta": {},
                        "tainted": false
                    },
                    "deposed": [],
                    "provider": ""
                },
                "google_compute_network.production-space": {
                    "type": "google_compute_network",
                    "depends_on": [],
                    "primary": {
                        "id": "production-space",
                        "attributes": {
                            "auto_create_subnetworks": "false",
                            "gateway_ipv4": "",
                            "id": "production-space",
                            "name": "production-space",
                            "self_link": "https://www.googleapis.com/compute/v1/projects/that-big-universe/global/networks/production-space"
                        },
                        "meta": {},
                        "tainted": false
                    },
                    "deposed": [],
                    "provider": ""
                },
                "google_compute_subnetwork.developer-us-west1": {
                    "type": "google_compute_subnetwork",
                    "depends_on": [
                        "google_compute_network.developer-space"
                    ],
                    "primary": {
                        "id": "us-west1/developer-space",
                        "attributes": {
                            "gateway_address": "10.140.0.1",
                            "id": "us-west1/developer-space",
                            "ip_cidr_range": "10.140.0.0/20",
                            "name": "developer-space",
                            "network": "https://www.googleapis.com/compute/v1/projects/that-big-universe/global/networks/developer-space",
                            "region": "us-west1",
                            "self_link": "https://www.googleapis.com/compute/v1/projects/that-big-universe/regions/us-west1/subnetworks/developer-space"
                        },
                        "meta": {},
                        "tainted": false
                    },
                    "deposed": [],
                    "provider": ""
                },
                "google_compute_subnetwork.worker-us-west1": {
                    "type": "google_compute_subnetwork",
                    "depends_on": [
                        "google_compute_network.production-space"
                    ],
                    "primary": {
                        "id": "us-west1/production-space",
                        "attributes": {
                            "gateway_address": "10.138.0.1",
                            "id": "us-west1/production-space",
                            "ip_cidr_range": "10.138.0.0/18",
                            "name": "production-space",
                            "network": "https://www.googleapis.com/compute/v1/projects/that-big-universe/global/networks/production-space",
                            "region": "us-west1",
                            "self_link": "https://www.googleapis.com/compute/v1/projects/that-big-universe/regions/us-west1/subnetworks/production-space"
                        },
                        "meta": {},
                        "tainted": false
                    },
                    "deposed": [],
                    "provider": ""
                },
                "google_container_cluster.development": {
                    "type": "google_container_cluster",
                    "depends_on": [],
                    "primary": {
                        "id": "development-systems",
                        "attributes": {
                            "additional_zones.#": "1",
                            "additional_zones.0": "us-west1-b",
                            "cluster_ipv4_cidr": "10.28.0.0/14",
                            "description": "",
                            "endpoint": "104.196.245.146",
                            "id": "development-systems",
                            "initial_node_count": "3",
                            "instance_group_urls.#": "1",
                            "instance_group_urls.0": "https://www.googleapis.com/compute/v1/projects/that-big-universe/zones/us-west1-b/instanceGroupManagers/gke-development-systems-default-pool-da53748d-grp",
                            "logging_service": "logging.googleapis.com",
                            "master_auth.#": "1",
                            "master_auth.0.client_certificate": "LS0tLS1CRUdJTiBDRVJUSUZJQ0FURS0tLS0tCk1JSURFakNDQWZxZ0F3SUJBZ0lSQU43YnBIbElVU2xUWndLYkNiY1NGbDB3RFFZSktvWklodmNOQVFFTEJRQXcKUVRFL01EMEdBMVVFQXd3MmRYTXRkMlZ6ZERFdFlpMDRPVEE0TWpJek9UazFNREF0WkdWMlpXeHZjRzFsYm5RdApjM2x6ZEdWdGMwQXhORGcxT1RjeE9EY3lNQjRYRFRFM01ESXdNVEUzTlRjMU5Gb1hEVEl5TURFek1URTNOVGMxCk5Gb3dFVEVQTUEwR0ExVUVBeE1HWTJ4cFpXNTBNSUlCSWpBTkJna3Foa2lHOXcwQkFRRUZBQU9DQVE4QU1JSUIKQ2dLQ0FRRUE4U1Z5Zms0L0p5Z0RlZGtnSENRckRsemMvUHl5MGdPaVh5dnoxeVIwL3V6a1lyeUtoeEM1dEhXWQp4Z1RFc3hzYjBiT05PV3ZSYXo5K1FTVVlKeDhMbXA4Zis3LzM0NklDNjZzUlB4OGpuUlpqdFRPS0xicGlQUDU4CnNTWmZ5clZmSitLNTkyd0xCS2FJQ1VJSWpUQm5RbVNrQlZabUk3SFNSbitMSzRRaFZDc2ZoTzJ0cFdzcjFLWHQKOG5JQmtYYXNma0hWbVZIS1AyNnU4cHkxUkFMQnB5bHVhdGJRVGRxajBUUEJOdW9jM0ZqOFBhQjBzaHd6SWsrZQpuWXZodGtGQldpSE5JUzR6L1B0MEFKaWN6d00vVWRZMW9wZDZmemdnbmJKN2wyS1lqMGtidHNHQ1VLUGRDeXBYClBnSmdYMytwZjNzQTA4RlNndFZIbmFxQWlTM1A5d0lEQVFBQm96VXdNekFPQmdOVkhROEJBZjhFQkFNQ0JhQXcKRXdZRFZSMGxCQXd3Q2dZSUt3WUJCUVVIQXdJd0RBWURWUjBUQVFIL0JBSXdBREFOQmdrcWhraUc5dzBCQVFzRgpBQU9DQVFFQXZJTzgzQ0FEQkZaakZIamxDYXV0RElQd0IrUzNVSjdENGZKamtXOTlId1E2eHB1U283bGVRdmlNCjdYdEV4MVUwQjkrT1hTOThZd0t6NUFzcW94SDZoVEpKOFpIbUJUejFrbE1mdkVISHlvU05WNjM5T2FWalR2bXAKcnc5QnVTQjFrK0tQMncweW9FN3h2TGhaMTE4dGJWTnZBM29SRXE2dktia1p2ZnBUS0xrSWtIQ0QxNTlDVmcveApCUTdnVmFub0cyS0tLKzVQN25WZmxWNjVyeUJvM2loV1lKNDZZTEphYVFmS2piL2ZQS2ZraWIza0N4OXJOM3h0Ck9WYjBmTXRKUnVPdjVhN0dteE41aE9kSExEcDNneXdFR3FnSENZbEF1OGN5RTJ3SnRISnJUS3FCUStROTV2bUUKdkkyNjhqZm9ua2J2VzdacU11ZWxvK3p2RWxwZGRnPT0KLS0tLS1FTkQgQ0VSVElGSUNBVEUtLS0tLQo=",
                            "master_auth.0.client_key": "LS0tLS1CRUdJTiBSU0EgUFJJVkFURSBLRVktLS0tLQpNSUlFcFFJQkFBS0NBUUVBOFNWeWZrNC9KeWdEZWRrZ0hDUXJEbHpjL1B5eTBnT2lYeXZ6MXlSMC91emtZcnlLCmh4QzV0SFdZeGdURXN4c2IwYk9OT1d2UmF6OStRU1VZSng4TG1wOGYrNy8zNDZJQzY2c1JQeDhqblJaanRUT0sKTGJwaVBQNThzU1pmeXJWZkorSzU5MndMQkthSUNVSUlqVEJuUW1Ta0JWWm1JN0hTUm4rTEs0UWhWQ3NmaE8ydApwV3NyMUtYdDhuSUJrWGFzZmtIVm1WSEtQMjZ1OHB5MVJBTEJweWx1YXRiUVRkcWowVFBCTnVvYzNGajhQYUIwCnNod3pJaytlbll2aHRrRkJXaUhOSVM0ei9QdDBBSmljendNL1VkWTFvcGQ2ZnpnZ25iSjdsMktZajBrYnRzR0MKVUtQZEN5cFhQZ0pnWDMrcGYzc0EwOEZTZ3RWSG5hcUFpUzNQOXdJREFRQUJBb0lCQVFEQU9DbGJwT09TUXNNQwpqYUNhemZuRUtTRytSM0FER0FLRituTVVPMnRIQ1czRGhxYWxveDlrU1pqTnYxOUxwWUEzVi9ocW5SY0Jka3NkCmdvUU9LeUVFejNLZktoWmV6UFduQldWcCsxaFlEMURMVDVvRmVWeDFZaVhpejhQcndVZG9jOEhwQjZhQXZuNFIKWXlHTjZkZGxoUE41amJVOUhyR09vSHcrNDhQdFlpWk9pZHNlRHNtRmpDV1A5NmR1VGU1MmpRWHNVTHFaVG55dApkZ21Sd2x6elYzaXVLNi9rRGlhUHZER2sxSTdaTk5mS1loUkIxelR5azhRM3N0ZjZoOUtWTHF3ZUtnZk5kVzROCm1FY1JqYTRmdWtjeUY2blc3aHRmVXlnQk5XbER1c2U1UCtGdjVpT3ZQbnpRK05vci9ycmYvYkRIUXFIWlNUazYKVGhSSFVrdUJBb0dCQVBxUHFYZDkyZFIrMHg1VTlMUTR5SUlxZzhpZzJOM2xCbWZjKzVNR3JteEtQaWhQcGNEbAp3MVJ1Zk1WbWZqamZGeGxpeHk0RXRvSFFWQndjNHpqYURzZlBLaHVPcUowa1BNM0kvOFJkRnhGenEvQ21sSWo5CmJqUXdDeDNQT2Z6Q244MHR0STNJSk4yMmVpZC8wQlg2M0ZWdTVNMHdrWGhSWTVDNStoK1BidENqQW9HQkFQWmgKZDhHYU9xbjBraElMbGtjZmZyNm00RlQ3THh1cGVjL0VzeUlMWjJTTHlQTnY3YmUvbW03K2Z5YWVtallYdmErOApzU05mOC9mKzZBZ05jWjZGOHpiVk5wSHBTZVJhMWdsalBTb1k2QzZXRVUxUU9nRmFKM1BGb2svMTloQWNkZERBCkRpaEllb0szRkN6WU15MUh2WStwSUIzUTRiYkY1TG5GNzlFNmVuU2RBb0dCQU5rZHBiYUNXa0JWQ1hIT0lpRU0KMTBwYnRzZ2lBT24rYkJlU0dIa2xuL3o4TkhKUDJneVZ6RFdjYkFmTnNYQnNlQ0txUW5ndzQwa0hrZXF1YVlLNQpDWGZBbnZjMEhnM1UrYzlEN2NWaytQbEpaMk5ucFd3elZzeG9HU25paUpmcXVmaGNNNGxzTmUzZEVtcXB5VkZTCmlKeUxORDVOYUxCK3JpMFp5cENRaEhETEFvR0FYbTNRMWxUa013dFhpSzhFTTlJd1k2WFZ5UHhVZThlaXRpenYKY3hibjA3TjNtMFhFMkc0SkpJMUo4bVZMT1h3ejZVenFuMkpCUVVWamJPS3FMMVdyZDlLVURheFo4N21VMnhnNwo4d3lFd0lZbnIzZ1dJenFJY0dqSTR0aWtMRnljRXh2bzBTdW1PTDh1YmxtV2s3NHhPd1JaR05SY0RnOGVzTXphCk0xaTBZa2tDZ1lFQXh6U1dvMFlpUlFpOEloRXJLSm9jVHJHeDcyaFZ3bVl0eHpqNUxLcHJ6TGVUSHl6M25DaFQKVWFwOVBNcnhjT2t5bmJYcm5vM0JTb0ZPQmhvSkJVKzBUN0JnaTA4UEpWYkhJUUkyRlQ1dGQrNWl1QXhFamg5Ygovelg2czNIUHZ6NWg3QXRWOGVVMlhCN29KU1V3RStOYWF2VkJYYVFBVDBaWEE2YlBjUmF5ME1JPQotLS0tLUVORCBSU0EgUFJJVkFURSBLRVktLS0tLQo=",
                            "master_auth.0.cluster_ca_certificate": "LS0tLS1CRUdJTiBDRVJUSUZJQ0FURS0tLS0tCk1JSURMekNDQWhlZ0F3SUJBZ0lRRVBYWXpmWHN5N0k3dGhzcUhYSXNYekFOQmdrcWhraUc5dzBCQVFzRkFEQkIKTVQ4d1BRWURWUVFERERaMWN5MTNaWE4wTVMxaUxUZzVNRGd5TWpNNU9UVXdNQzFrWlhabGJHOXdiV1Z1ZEMxegplWE4wWlcxelFERTBPRFU1TnpFNE56SXdIaGNOTVRjd01qQXhNVGMxTnpVeVdoY05Nakl3TVRNeE1UYzFOelV5CldqQkJNVDh3UFFZRFZRUURERFoxY3kxM1pYTjBNUzFpTFRnNU1EZ3lNak01T1RVd01DMWtaWFpsYkc5d2JXVnUKZEMxemVYTjBaVzF6UURFME9EVTVOekU0TnpJd2dnRWlNQTBHQ1NxR1NJYjNEUUVCQVFVQUE0SUJEd0F3Z2dFSwpBb0lCQVFESmx0NzF6MjZ2R2c5S3JlSFBobmdkdXBxUldER3kyTzQxbjNXNzNwRVd5UFRDNUc5cFllVVZTeUVaCjBQanZIL3N3Mm9MYWtRMlVuTUw2cllEUi9xaW1PTnRQUEtTNFQ4Z3NVaW9sMmk4NEJsVzF5RHpJaDhSdjdkNnUKRzkwRnoybGErSkllZnl1bFVmbzg0VHQ3UGJxRXVCR2hWME0vVUpIb1ZKamFLZ24zdU5YNWMyT3g4Y0FvQUxJRAp3QTVUQUVnUkRzckxGdGwxcm4zRXZxdU9kWVhYRjlzRW1Gayt3czFNU2dxYzIvRldFUGRMZWI3QnBsMUQ0c0FBCkdhN1EvYWtCMWJZUXUybGhVV0d6MWFoNzZrM1VxcEh0MWpYRFg3aU4wYTZNcmRzZUtXRlNUQVlzWWJCTUZsT3AKUDFYVWV2bEhjYzBLeWRGemhWMDdiQTMvSG9rUkFnTUJBQUdqSXpBaE1BNEdBMVVkRHdFQi93UUVBd0lDQkRBUApCZ05WSFJNQkFmOEVCVEFEQVFIL01BMEdDU3FHU0liM0RRRUJDd1VBQTRJQkFRQkdIVFZHMVRjQXlrd2U4aWFaCnNPcnpOQ1F2UE5Uai9haU84RGlhZC9UajRWRUhTd3VHVFU5c25kNm1ycXQ3VG92ZkRENEROSVBPRWpkaW9ybDMKbGFYenkzUnZIZkZzN0tPaFJPVTh1bDNJaHFydEtPMDRRenlUWGtlTXRERGlqREZSY1lHaDdabFc2dzNFalJlKwpTUWsvTk5STU5TOUZqTDhSOHV0WGZvVUp5RFhYeWdaR0tvREk5dTNOUzYwN3dIelVra1ZneEszbm5tdzllaVF5ClB6WDdVYUh6RkZNcjQ2eEp1b3Jhck0rMUY3YTdmU1ZqamR2Q1RqS010TmVNNGMyK1JicmJWWmwraFhOdWdSOXgKUVBVN2N3QTFSUGo3bW5NMklYOTgrMDBIMEhqbGQrSXFSSXlOWVpjbTNtMGp6RnFhSTJZRXlLZUtBMkpxOU5OMwpMVlA0Ci0tLS0tRU5EIENFUlRJRklDQVRFLS0tLS0K",
                            "master_auth.0.password": "willchange",
                            "master_auth.0.username": "firsttry",
                            "monitoring_service": "monitoring.googleapis.com",
                            "name": "development-systems",
                            "network": "default",
                            "node_config.#": "1",
                            "node_config.0.disk_size_gb": "100",
                            "node_config.0.machine_type": "n1-standard-1",
                            "node_config.0.oauth_scopes.#": "4",
                            "node_config.0.oauth_scopes.0": "https://www.googleapis.com/auth/compute",
                            "node_config.0.oauth_scopes.1": "https://www.googleapis.com/auth/devstorage.read_only",
                            "node_config.0.oauth_scopes.2": "https://www.googleapis.com/auth/logging.write",
                            "node_config.0.oauth_scopes.3": "https://www.googleapis.com/auth/monitoring",
                            "node_version": "1.5.2",
                            "subnetwork": "",
                            "zone": "us-west1-b"
                        },
                        "meta": {},
                        "tainted": false
                    },
                    "deposed": [],
                    "provider": ""
                },
                "google_dns_managed_zone.adronme": {
                    "type": "google_dns_managed_zone",
                    "depends_on": [],
                    "primary": {
                        "id": "adronme",
                        "attributes": {
                            "description": "Production http://adron.me Domain.",
                            "dns_name": "adron.me.",
                            "id": "adronme",
                            "name": "adronme",
                            "name_servers.#": "4",
                            "name_servers.0": "ns-cloud-c1.googledomains.com.",
                            "name_servers.1": "ns-cloud-c2.googledomains.com.",
                            "name_servers.2": "ns-cloud-c3.googledomains.com.",
                            "name_servers.3": "ns-cloud-c4.googledomains.com."
                        },
                        "meta": {},
                        "tainted": false
                    },
                    "deposed": [],
                    "provider": ""
                },
                "google_dns_managed_zone.compositecodecom": {
                    "type": "google_dns_managed_zone",
                    "depends_on": [],
                    "primary": {
                        "id": "compositecodecom",
                        "attributes": {
                            "description": "Production http://compositecode.com Domain.",
                            "dns_name": "compositecode.com.",
                            "id": "compositecodecom",
                            "name": "compositecodecom",
                            "name_servers.#": "4",
                            "name_servers.0": "ns-cloud-b1.googledomains.com.",
                            "name_servers.1": "ns-cloud-b2.googledomains.com.",
                            "name_servers.2": "ns-cloud-b3.googledomains.com.",
                            "name_servers.3": "ns-cloud-b4.googledomains.com."
                        },
                        "meta": {},
                        "tainted": false
                    },
                    "deposed": [],
                    "provider": ""
                },
                "google_dns_record_set.blog": {
                    "type": "google_dns_record_set",
                    "depends_on": [
                        "google_dns_managed_zone.adronme",
                        "google_dns_managed_zone.adronme"
                    ],
                    "primary": {
                        "id": "2",
                        "attributes": {
                            "id": "2",
                            "managed_zone": "adronme",
                            "name": "blog.adron.me.",
                            "rrdatas.#": "1",
                            "rrdatas.0": "adron.github.io.",
                            "ttl": "5",
                            "type": "CNAME"
                        },
                        "meta": {},
                        "tainted": false
                    },
                    "deposed": [],
                    "provider": ""
                },
                "google_dns_record_set.compositecodecom": {
                    "type": "google_dns_record_set",
                    "depends_on": [
                        "google_dns_managed_zone.compositecodecom",
                        "google_dns_managed_zone.compositecodecom"
                    ],
                    "primary": {
                        "id": "1",
                        "attributes": {
                            "id": "1",
                            "managed_zone": "compositecodecom",
                            "name": "compositecode.com.",
                            "rrdatas.#": "2",
                            "rrdatas.0": "192.30.252.154",
                            "rrdatas.1": "192.30.252.153",
                            "ttl": "30",
                            "type": "A"
                        },
                        "meta": {},
                        "tainted": false
                    },
                    "deposed": [],
                    "provider": ""
                },
                "google_dns_record_set.data": {
                    "type": "google_dns_record_set",
                    "depends_on": [
                        "google_compute_address.redirector",
                        "google_dns_managed_zone.adronme",
                        "google_dns_managed_zone.adronme"
                    ],
                    "primary": {
                        "id": "3",
                        "attributes": {
                            "id": "3",
                            "managed_zone": "adronme",
                            "name": "data.adron.me.",
                            "rrdatas.#": "1",
                            "rrdatas.0": "104.154.249.251",
                            "ttl": "5",
                            "type": "A"
                        },
                        "meta": {},
                        "tainted": false
                    },
                    "deposed": [],
                    "provider": ""
                },
                "google_dns_record_set.photos": {
                    "type": "google_dns_record_set",
                    "depends_on": [
                        "google_dns_managed_zone.adronme",
                        "google_dns_managed_zone.adronme"
                    ],
                    "primary": {
                        "id": "1",
                        "attributes": {
                            "id": "1",
                            "managed_zone": "adronme",
                            "name": "photos.adron.me.",
                            "rrdatas.#": "1",
                            "rrdatas.0": "domains.smugmug.com.",
                            "ttl": "5",
                            "type": "CNAME"
                        },
                        "meta": {},
                        "tainted": false
                    },
                    "deposed": [],
                    "provider": ""
                }
            },
            "depends_on": []
        }
    ]
}
