{
    "version": 3,
    "terraform_version": "0.10.0",
    "serial": 123,
    "lineage": "acdd28a7-23b8-40bf-878f-53c48657549c",
    "modules": [
        {
            "path": [
                "root"
            ],
            "outputs": {},
            "resources": {
                "azurerm_container_service.test": {
                    "type": "azurerm_container_service",
                    "depends_on": [
                        "azurerm_resource_group.kubernetes_house"
                    ],
                    "primary": {
                        "id": "/subscriptions/a2c16d7f-c792-4c77-9b4a-f5c646c1fa9a/resourceGroups/kuberneteshouse/providers/Microsoft.ContainerService/containerServices/acctestcontservice1",
                        "attributes": {
                            "agent_pool_profile.#": "1",
                            "agent_pool_profile.3381225627.count": "2",
                            "agent_pool_profile.3381225627.dns_prefix": "kuby.house",
                            "agent_pool_profile.3381225627.fqdn": "",
                            "agent_pool_profile.3381225627.name": "default",
                            "agent_pool_profile.3381225627.vm_size": "Standard_A0",
                            "diagnostics_profile.#": "1",
                            "diagnostics_profile.734881840.enabled": "false",
                            "diagnostics_profile.734881840.storage_uri": "",
                            "id": "/subscriptions/a2c16d7f-c792-4c77-9b4a-f5c646c1fa9a/resourceGroups/kuberneteshouse/providers/Microsoft.ContainerService/containerServices/acctestcontservice1",
                            "linux_profile.#": "1",
                            "linux_profile.1362204836.admin_username": "coolusername",
                            "linux_profile.1362204836.ssh_key.#": "1",
                            "linux_profile.1362204836.ssh_key.1429226238.key_data": "ssh-rsa AAAAB3NzaC1yc2EAAAADAQABAAABAQCqaZoyiz1qbdOQ8xEf6uEu1cCwYowo5FHtsBhqLoDnnp7KUTEBN+L2NxRIfQ781rxV6Iq5jSav6b2Q8z5KiseOlvKA/RF2wqU0UPYqQviQhLmW6THTpmrv/YkUCuzxDpsH7DUDhZcwySLKVVe0Qm3+5N2Ta6UYH3lsDf9R9wTP2K/+vAnflKebuypNlmocIvakFWoZda18FOmsOoIVXQ8HWFNCuw9ZCunMSN62QGamCe3dL5cXlkgHYv7ekJE15IA9aOJcM7e90oeTqo+7HTcWfdu0qQqPWY5ujyMw/llas8tsXY85LFqRnr3gJ02bAscjc477+X+j/gkpFoN1QEmt terraform@demo.tld",
                            "location": "westus",
                            "master_profile.#": "1",
                            "master_profile.1771707756.count": "1",
                            "master_profile.1771707756.dns_prefix": "kubyhouse",
                            "master_profile.1771707756.fqdn": "kubyhouse.westus.cloudapp.azure.com",
                            "name": "acctestcontservice1",
                            "orchestration_platform": "Kubernetes",
                            "resource_group_name": "kuberneteshouse",
                            "service_principal.#": "1",
                            "service_principal.2369879929.client_id": "eadcc95b-505d-4d26-8c57-378ca808b757",
                            "service_principal.2369879929.client_secret": "",
                            "tags.%": "1",
                            "tags.Environment": "Production"
                        },
                        "meta": {},
                        "tainted": false
                    },
                    "deposed": [],
                    "provider": ""
                },
                "azurerm_resource_group.kubernetes_house": {
                    "type": "azurerm_resource_group",
                    "depends_on": [],
                    "primary": {
                        "id": "/subscriptions/a2c16d7f-c792-4c77-9b4a-f5c646c1fa9a/resourceGroups/kuberneteshouse",
                        "attributes": {
                            "id": "/subscriptions/a2c16d7f-c792-4c77-9b4a-f5c646c1fa9a/resourceGroups/kuberneteshouse",
                            "location": "westus",
                            "name": "kuberneteshouse",
                            "tags.%": "0"
                        },
                        "meta": {},
                        "tainted": false
                    },
                    "deposed": [],
                    "provider": ""
                },
                "google_compute_network.production-space": {
                    "type": "google_compute_network",
                    "depends_on": [],
                    "primary": {
                        "id": "production-space",
                        "attributes": {
                            "auto_create_subnetworks": "false",
                            "gateway_ipv4": "",
                            "id": "production-space",
                            "ipv4_range": "",
                            "name": "production-space",
                            "self_link": "https://www.googleapis.com/compute/v1/projects/that-big-universe/global/networks/production-space"
                        },
                        "meta": {},
                        "tainted": false
                    },
                    "deposed": [],
                    "provider": ""
                },
                "google_compute_subnetwork.production-us-central1": {
                    "type": "google_compute_subnetwork",
                    "depends_on": [
                        "google_compute_network.production-space"
                    ],
                    "primary": {
                        "id": "us-central1/production-space-central1",
                        "attributes": {
                            "gateway_address": "10.127.0.1",
                            "id": "us-central1/production-space-central1",
                            "ip_cidr_range": "10.127.0.0/20",
                            "name": "production-space-central1",
                            "network": "https://www.googleapis.com/compute/v1/projects/that-big-universe/global/networks/production-space",
                            "region": "us-central1",
                            "self_link": "https://www.googleapis.com/compute/v1/projects/that-big-universe/regions/us-central1/subnetworks/production-space-central1"
                        },
                        "meta": {},
                        "tainted": false
                    },
                    "deposed": [],
                    "provider": ""
                },
                "google_compute_subnetwork.production-us-west1": {
                    "type": "google_compute_subnetwork",
                    "depends_on": [
                        "google_compute_network.production-space"
                    ],
                    "primary": {
                        "id": "us-west1/production-space-west1",
                        "attributes": {
                            "gateway_address": "10.138.0.1",
                            "id": "us-west1/production-space-west1",
                            "ip_cidr_range": "10.138.0.0/18",
                            "name": "production-space-west1",
                            "network": "https://www.googleapis.com/compute/v1/projects/that-big-universe/global/networks/production-space",
                            "region": "us-west1",
                            "self_link": "https://www.googleapis.com/compute/v1/projects/that-big-universe/regions/us-west1/subnetworks/production-space-west1"
                        },
                        "meta": {},
                        "tainted": false
                    },
                    "deposed": [],
                    "provider": ""
                },
                "google_container_cluster.primary": {
                    "type": "google_container_cluster",
                    "depends_on": [],
                    "primary": {
                        "id": "kubyhouse",
                        "attributes": {
                            "additional_zones.#": "2",
                            "additional_zones.3926883567": "us-west1-b",
                            "additional_zones.4078194094": "us-west1-c",
                            "cluster_ipv4_cidr": "10.56.0.0/14",
                            "description": "",
                            "endpoint": "35.197.37.211",
                            "id": "kubyhouse",
                            "initial_node_count": "3",
                            "instance_group_urls.#": "3",
                            "instance_group_urls.0": "https://www.googleapis.com/compute/v1/projects/that-big-universe/zones/us-west1-b/instanceGroups/gke-kubyhouse-default-pool-e746f0af-grp",
                            "instance_group_urls.1": "https://www.googleapis.com/compute/v1/projects/that-big-universe/zones/us-west1-c/instanceGroups/gke-kubyhouse-default-pool-60b7f4f6-grp",
                            "instance_group_urls.2": "https://www.googleapis.com/compute/v1/projects/that-big-universe/zones/us-west1-a/instanceGroups/gke-kubyhouse-default-pool-fcae7735-grp",
                            "logging_service": "logging.googleapis.com",
                            "master_auth.#": "1",
                            "master_auth.0.client_certificate": "LS0tLS1CRUdJTiBDRVJUSUZJQ0FURS0tLS0tCk1JSUMyakNDQWNLZ0F3SUJBZ0lRTFNzdzZ4WmE5K0JsNTFyUE1iTFRYVEFOQmdrcWhraUc5dzBCQVFzRkFEQXYKTVMwd0t3WURWUVFERXlSalkyWm1PREk1TlMwek1HTTNMVFEyTm1NdE9HWTJNaTA0WmpRMU5EUmxaVEl4WmpRdwpIaGNOTVRjd09ESXlNRFkwTnpNMVdoY05Nakl3T0RJeE1EWTBOek0xV2pBUk1ROHdEUVlEVlFRREV3WmpiR2xsCmJuUXdnZ0VpTUEwR0NTcUdTSWIzRFFFQkFRVUFBNElCRHdBd2dnRUtBb0lCQVFDcnF0UlR2cXJnRWFWTjZraDgKclBPeUZidmtFdDZ2OVpyRWpQb0l3anR1ZGJvRzhaNmx5bkNueUlUcCtwVFJRZWNyVmNOWWVKRkpXc3R0NjJGSgphclloeU1tWWdkTkgxdGxyK2xtQzV3V1J0RUY4RmlMS0ZMbTlaTFlpK0pIT05zKzdyVVNUWE1KdVp2YmdNc29PCkxmbWZ3Y0ZzUmRaVk9sZDljd2hDTGFhZWN1WlJnUWJJZ2ROQ28xTWc5dm5VbVB3MnFhckxhdGtRaWF6WUtNWTIKYTZVdE0vcngzMmJwQ2dvbE1pa1NsNnBMMnlNYU01ZmZLZzJ1K0prb0s4aFZoS09vRm1Bbko1ZkNMS3RwVERWMQozRlBTa0t2bVhpTzR6WUx0dlBRamIzZm8zbHYzcWx5MnhXNkNIaXJTUnRoUGJNMUhKODBQVHJTc2VIaW9TZEwvCmZack5BZ01CQUFHakVEQU9NQXdHQTFVZEV3RUIvd1FDTUFBd0RRWUpLb1pJaHZjTkFRRUxCUUFEZ2dFQkFKMjMKOEUzeng3UDdQUURIOVJ4KzJ4clhVQTZ0eGJJMTVjSGs0amN6dlFyNjhReHVLREdTUkp5WUxnV0x2VkdOVkRqMApoNkYxQWdTTEJ0eDhseVFRQnUwbzJPRllpZUpKTXRtTWFsL0c1MTdrUmRiV2xWVFJPL05HZHZ4YmRSSUJqanV4Cmc5bDZVaTgxWCtoVUVhZ25pdXBoTU5HOGR3YU45eDdORjJRcHBiWTd6K3BlbThyT0NtZW9FVG8vWGhQWWZIK3UKQUtISU5CamwvMXgydHFzOEtQQURBaXhDVTlndERmbitCZ1o5dFhsSWdzUWhQUjU5VEZCSXNqYm5pN2psS2dTZgpJME0rNmp0Y2duVnF2Qm0yMmcrclNMVHBKR0NLV0FzQmpXKzdyTUxaNDlrQ3pIcFQrTmdmczdORGk0dzBMVW1vCmZTT2MxS2U3QWxIcWRzZ3VZMlU9Ci0tLS0tRU5EIENFUlRJRklDQVRFLS0tLS0K",
                            "master_auth.0.client_key": "LS0tLS1CRUdJTiBSU0EgUFJJVkFURSBLRVktLS0tLQpNSUlFcEFJQkFBS0NBUUVBcTZyVVU3NnE0QkdsVGVwSWZLenpzaFc3NUJMZXIvV2F4SXo2Q01JN2JuVzZCdkdlCnBjcHdwOGlFNmZxVTBVSG5LMVhEV0hpUlNWckxiZXRoU1dxMkljakptSUhUUjliWmEvcFpndWNGa2JSQmZCWWkKeWhTNXZXUzJJdmlSempiUHU2MUVrMXpDYm1iMjRETEtEaTM1bjhIQmJFWFdWVHBYZlhNSVFpMm1ubkxtVVlFRwp5SUhUUXFOVElQYjUxSmo4TnFtcXkyclpFSW1zMkNqR05tdWxMVFA2OGQ5bTZRb0tKVElwRXBlcVM5c2pHak9YCjN5b05ydmlaS0N2SVZZU2pxQlpnSnllWHdpeXJhVXcxZGR4VDBwQ3I1bDRqdU0yQzdiejBJMjkzNk41Yjk2cGMKdHNWdWdoNHEwa2JZVDJ6TlJ5Zk5EMDYwckhoNHFFblMvMzJhelFJREFRQUJBb0lCQUQyZVlBQi9YQTU1eHdBawpyRWcwUEhVYjRBbUp6RzBVbDYwZGZWSlBoYzJzYkUyNXhOeDF3ZUkzMDUyNDJGb1VjY25ZU3ZvaXJPUEx0MkdKCkw2Nk9vem1WUE9lRkVqV2pKUC9oS09nWHpLUDBNOTA2aE5wTWZpOUJTeTlhVWR2WFNORnc3RUNJOXpGeHZBUFYKdHpsSHYyWmN3ZlQvVEdQalFTeENjaUJ2Q25PczdBZ3YvcEFzR29rMXZjUWFDbEZBNUhrdXVhdFEwSG1SSStERQpZb0xzK2NQRjBacFdrWjFFbnJ3LzdkMGNJT1RpMTVBdEtadG5lRTNKNkJVZGpOa1h2azZkVDVWZVpSRUpDWHFpCmxqNWgxcWl2Z0tNc2ZWaVM2MWlLS0dVTGdXNERZSmplOElIQ1NDeU9FaWZuajF1RTY3am9rY1hwV2kvbWZSZTMKYXNraEtvRUNnWUVBMFgxUDdKb29qNnN6eXlnOFJjZFpsY1ZJR3A0MWhzalBabVN5QU8rY295YnkzVER4Qk1hSgp6d2RPc0dXc0k4R2tPSUJ2Njh4WGtSN1luUDErK0dXN0h1MDk0OHQ5bjBaMGRxdHdxaGx1aXJ3V20zRElQbUxLCjY0K2JpZE96UTdtTi9RZ0tSSlFNTnM5OUdnWEVxdkQwTml3SnpCKzErV2cxSzFiT2phMzYzbWtDZ1lFQTBjZlUKT1FyQmNnWVdBRVM4SFEzSFUxcXF5d3pzN3VzMWN3eHM4TkJwbm5hUStwUmw2dElleEdha1NVMnl2Wmdsb1U2SgpYYmFkS2wxWVN1RXR1ZzVMbDdvUTlydzhTc0xlUkhXai9aTEEzM3B4RlN6S2hKbklrUS9Odll5dG8wem4wNjVLCnQ0ang5YXptL1NVME9SYXY0YkpMTThDQnMvdkhMK2xhS1NZR1ZNVUNnWUVBeDV2dHdmYUoyNHMzeU1aSDEvMUIKWVRJZnFDMUR0M0EwSHM2bnhiaUt1ZkxzeXRKTmRVMXdGakpTU2tZMnBjTm5KT2RNdlpOeGhMZXRrcmtBZU5NRwpYMHVUQXpEc1BBMjMvek1RSVNRbWJrOFdBM3FOY3RSVG9leXVPYi9jT2hYZU0xR3I1dmhpUXYrbHBsd0VyeFQwCnZZRnN2SEVpeGNrRGtJNGdObU9tZkxFQ2dZRUFnTmFUbG56dWxkTDdEQ3NxeFVWREdBUmxSTk9wYUlyNGhySW8KN2pWeHlLclZHN0NzYjIyaEM4cG1OOGNLY2JyUjBhSGtaN1BTRHNUSmh5T0k2KzMvcXkzUllWZjJSNHdxNml5KwpET3htbkZvY3ZYNkcycTJBS3VkajJuaGQ1QjlGZWhKZlBSMVVUU2hsclM5K1JWbVRwNi9TMC9QMU5NNzdaSWVTCm9oY0NhR2tDZ1lCdUtjSkN2ZkVuSkwyZWRWOEFXSDZGR21tbUMzZEYwT2h1UEREZzBwOThzbjZtUmRPdWhKKzMKVklMSE0zb2tYbEVzc3lTSWVxSnFPWlpyNmkwRVMrUXFyRVp5MkJsUithUnc1SHdkcnEvSHVONlhRMk9UODQ0VwpoM01aZHZHZmdHYkE0c2txQU9kNXNHWFA2ZGJwZ0MxNE5PYmorT0M2Z2pPUGZSWHdGS3JHbmc9PQotLS0tLUVORCBSU0EgUFJJVkFURSBLRVktLS0tLQo=",
                            "master_auth.0.cluster_ca_certificate": "LS0tLS1CRUdJTiBDRVJUSUZJQ0FURS0tLS0tCk1JSURDekNDQWZPZ0F3SUJBZ0lRZVpHUjdGNW5BSzRrczNXaFhXMWNvVEFOQmdrcWhraUc5dzBCQVFzRkFEQXYKTVMwd0t3WURWUVFERXlSalkyWm1PREk1TlMwek1HTTNMVFEyTm1NdE9HWTJNaTA0WmpRMU5EUmxaVEl4WmpRdwpIaGNOTVRjd09ESXlNRFUwTnpNeldoY05Nakl3T0RJeE1EWTBOek16V2pBdk1TMHdLd1lEVlFRREV5UmpZMlptCk9ESTVOUzB6TUdNM0xUUTJObU10T0dZMk1pMDRaalExTkRSbFpUSXhaalF3Z2dFaU1BMEdDU3FHU0liM0RRRUIKQVFVQUE0SUJEd0F3Z2dFS0FvSUJBUUMwdFIxbEE5ZGdvdWhGbXNiZ25EOEJUcU8vR0UrZ1BWcElHQ1NtUCtWdQpyb1pEQlY2YmNjRnh3Z0xuMG5UeFFuZFZ3dUVORTF4TE9DUldvSUJrN1FCNU5jTFd5WUx2QVFEcTVlRWdodEVSCm5LZWV1THhkYnZmUFF5ejdIdkJZdGRMb1h0V1VzeTBVYUI0RmdCcmRqai82ZVNVT2hiTDRBVDlPZTBLNGR4aksKaU1wOVIxci9BTmNLbzBWYlBTbGdRUVZnUitVd1V4UGlBTEhiTkl0R2JGcngyUGNlazM4bmZoK2dwa3FoejZZWQp5RHl0Nm5OUXE2UXB1akM2UzZrVlNFNHRDTERPMnl1a3R5Uit6b2pOSDc3N0RiNGFUdTZlb0R1NE5rNUVEcGxHCi8vY0s3clI1bGd5N0NZQzZ0ZjVrRHVqMjBvbGZkT1Y4ODN0Y0V5VzBOOVFYQWdNQkFBR2pJekFoTUE0R0ExVWQKRHdFQi93UUVBd0lDQkRBUEJnTlZIUk1CQWY4RUJUQURBUUgvTUEwR0NTcUdTSWIzRFFFQkN3VUFBNElCQVFDdAorMi84VjV4eGwwTjRvQ1ZPMS80bkZWYTBrY2xmbEFiN0RZWWlVUDRGQU50YzA0RWs5OHlZRkRaWjAyY0R2VWcyCkhTTnMyWmpRanVKK0VEN3hJNVZSa2twOGhoT2hLdjc5YVE1aXRESFA5V1crM3JWbld6MmFZWlUxY0NBdFhDYkMKaW9MOUg1NkZUNTV0Y3lVS0JGNmdMUFZIZTA3dlNqTmNCMTZpV1JBQjEveERtNGpRK3FjWG9JUVV6TDc0UXJzcwo4dU1GRnNoWkRvdHhuOXZYdlBvcFFidXNIbk14ampLSXJZbGN6bjJwdGI3K25qdnJiMGRwUmJna1JvK2VjaFhlCk1JT1RiOTkzVG1tc2RCSXFxMWg3M2xBTzdLQlQweDVtK2huTEo1UElYYWtydW1kbk5sTkRDMWV2RHVOM2VLMmYKNFkxZDlNZnRwZXpBMTdndyswbzkKLS0tLS1FTkQgQ0VSVElGSUNBVEUtLS0tLQo=",
                            "master_auth.0.password": "adoy.rm",
                            "master_auth.0.username": "mr.yoda",
                            "monitoring_service": "monitoring.googleapis.com",
                            "name": "kubyhouse",
                            "network": "default",
                            "node_config.#": "1",
                            "node_config.0.disk_size_gb": "100",
                            "node_config.0.image_type": "COS",
                            "node_config.0.labels.%": "1",
                            "node_config.0.labels.foo": "bar",
                            "node_config.0.local_ssd_count": "0",
                            "node_config.0.machine_type": "n1-standard-1",
                            "node_config.0.metadata.%": "0",
                            "node_config.0.oauth_scopes.#": "4",
                            "node_config.0.oauth_scopes.0": "https://www.googleapis.com/auth/compute",
                            "node_config.0.oauth_scopes.1": "https://www.googleapis.com/auth/devstorage.read_only",
                            "node_config.0.oauth_scopes.2": "https://www.googleapis.com/auth/logging.write",
                            "node_config.0.oauth_scopes.3": "https://www.googleapis.com/auth/monitoring",
                            "node_config.0.service_account": "default",
                            "node_config.0.tags.#": "2",
                            "node_config.0.tags.0": "foo",
                            "node_config.0.tags.1": "bar",
                            "node_pool.#": "1",
                            "node_pool.0.initial_node_count": "3",
                            "node_pool.0.name": "default-pool",
                            "node_pool.0.name_prefix": "",
                            "node_version": "1.6.7",
                            "subnetwork": "",
                            "zone": "us-west1-a"
                        },
                        "meta": {
                            "e2bfb730-ecaa-11e6-8f88-34363bc7c4c0": {
                                "create": 1800000000000,
                                "delete": 600000000000,
                                "update": 600000000000
                            },
                            "schema_version": "1"
                        },
                        "tainted": false
                    },
                    "deposed": [],
                    "provider": ""
                },
                "google_dns_managed_zone.adronme": {
                    "type": "google_dns_managed_zone",
                    "depends_on": [],
                    "primary": {
                        "id": "adronme",
                        "attributes": {
                            "description": "Production http://adron.me Domain.",
                            "dns_name": "adron.me.",
                            "id": "adronme",
                            "name": "adronme",
                            "name_servers.#": "4",
                            "name_servers.0": "ns-cloud-c1.googledomains.com.",
                            "name_servers.1": "ns-cloud-c2.googledomains.com.",
                            "name_servers.2": "ns-cloud-c3.googledomains.com.",
                            "name_servers.3": "ns-cloud-c4.googledomains.com."
                        },
                        "meta": {},
                        "tainted": false
                    },
                    "deposed": [],
                    "provider": ""
                },
                "google_dns_managed_zone.compositecodecom": {
                    "type": "google_dns_managed_zone",
                    "depends_on": [],
                    "primary": {
                        "id": "compositecodecom",
                        "attributes": {
                            "description": "Production http://compositecode.com Domain.",
                            "dns_name": "compositecode.com.",
                            "id": "compositecodecom",
                            "name": "compositecodecom",
                            "name_servers.#": "4",
                            "name_servers.0": "ns-cloud-b1.googledomains.com.",
                            "name_servers.1": "ns-cloud-b2.googledomains.com.",
                            "name_servers.2": "ns-cloud-b3.googledomains.com.",
                            "name_servers.3": "ns-cloud-b4.googledomains.com."
                        },
                        "meta": {},
                        "tainted": false
                    },
                    "deposed": [],
                    "provider": ""
                },
                "google_dns_managed_zone.datadiluviumcom": {
                    "type": "google_dns_managed_zone",
                    "depends_on": [],
                    "primary": {
                        "id": "datadiluviumcom",
                        "attributes": {
                            "description": "Production http://datadiluvium.com Domain.",
                            "dns_name": "datadiluvium.com.",
                            "id": "datadiluviumcom",
                            "name": "datadiluviumcom",
                            "name_servers.#": "4",
                            "name_servers.0": "ns-cloud-c1.googledomains.com.",
                            "name_servers.1": "ns-cloud-c2.googledomains.com.",
                            "name_servers.2": "ns-cloud-c3.googledomains.com.",
                            "name_servers.3": "ns-cloud-c4.googledomains.com."
                        },
                        "meta": {},
                        "tainted": false
                    },
                    "deposed": [],
                    "provider": ""
                },
                "google_dns_managed_zone.thrashingcodecom": {
                    "type": "google_dns_managed_zone",
                    "depends_on": [],
                    "primary": {
                        "id": "thrashingcodecom",
                        "attributes": {
                            "description": "Production http://compositecode.com Domain.",
                            "dns_name": "thrashingcode.com.",
                            "id": "thrashingcodecom",
                            "name": "thrashingcodecom",
                            "name_servers.#": "4",
                            "name_servers.0": "ns-cloud-c1.googledomains.com.",
                            "name_servers.1": "ns-cloud-c2.googledomains.com.",
                            "name_servers.2": "ns-cloud-c3.googledomains.com.",
                            "name_servers.3": "ns-cloud-c4.googledomains.com."
                        },
                        "meta": {},
                        "tainted": false
                    },
                    "deposed": [],
                    "provider": ""
                },
                "google_dns_record_set.blog": {
                    "type": "google_dns_record_set",
                    "depends_on": [
                        "google_dns_managed_zone.adronme"
                    ],
                    "primary": {
                        "id": "2",
                        "attributes": {
                            "id": "2",
                            "managed_zone": "adronme",
                            "name": "blog.adron.me.",
                            "rrdatas.#": "1",
                            "rrdatas.0": "adron.github.io.",
                            "ttl": "5",
                            "type": "CNAME"
                        },
                        "meta": {},
                        "tainted": false
                    },
                    "deposed": [],
                    "provider": ""
                },
                "google_dns_record_set.calendar_thrashingcodecom": {
                    "type": "google_dns_record_set",
                    "depends_on": [
                        "google_dns_managed_zone.thrashingcodecom"
                    ],
                    "primary": {
                        "id": "12",
                        "attributes": {
                            "id": "12",
                            "managed_zone": "thrashingcodecom",
                            "name": "calendar.thrashingcode.com.",
                            "rrdatas.#": "1",
                            "rrdatas.0": "ghs.googlehosted.com.",
                            "ttl": "3600",
                            "type": "CNAME"
                        },
                        "meta": {},
                        "tainted": false
                    },
                    "deposed": [],
                    "provider": ""
                },
                "google_dns_record_set.compositecodecom": {
                    "type": "google_dns_record_set",
                    "depends_on": [
                        "google_dns_managed_zone.compositecodecom"
                    ],
                    "primary": {
                        "id": "1",
                        "attributes": {
                            "id": "1",
                            "managed_zone": "compositecodecom",
                            "name": "compositecode.com.",
                            "rrdatas.#": "2",
                            "rrdatas.0": "192.30.252.154",
                            "rrdatas.1": "192.30.252.153",
                            "ttl": "30",
                            "type": "A"
                        },
                        "meta": {},
                        "tainted": false
                    },
                    "deposed": [],
                    "provider": ""
                },
                "google_dns_record_set.datadiluviumcom": {
                    "type": "google_dns_record_set",
                    "depends_on": [
                        "google_dns_managed_zone.datadiluviumcom"
                    ],
                    "primary": {
                        "id": "1",
                        "attributes": {
                            "id": "1",
                            "managed_zone": "datadiluviumcom",
                            "name": "datadiluvium.com.",
                            "rrdatas.#": "2",
                            "rrdatas.0": "192.30.252.154",
                            "rrdatas.1": "192.30.252.153",
                            "ttl": "30",
                            "type": "A"
                        },
                        "meta": {},
                        "tainted": false
                    },
                    "deposed": [],
                    "provider": ""
                },
                "google_dns_record_set.docs_thrashingcodecom": {
                    "type": "google_dns_record_set",
                    "depends_on": [
                        "google_dns_managed_zone.thrashingcodecom"
                    ],
                    "primary": {
                        "id": "19",
                        "attributes": {
                            "id": "19",
                            "managed_zone": "thrashingcodecom",
                            "name": "docs.thrashingcode.com.",
                            "rrdatas.#": "1",
                            "rrdatas.0": "ghs.googlehosted.com.",
                            "ttl": "3600",
                            "type": "CNAME"
                        },
                        "meta": {},
                        "tainted": false
                    },
                    "deposed": [],
                    "provider": ""
                },
                "google_dns_record_set.doogle_domain_key_thrashingcodecom": {
                    "type": "google_dns_record_set",
                    "depends_on": [
                        "google_dns_managed_zone.thrashingcodecom"
                    ],
                    "primary": {
                        "id": "44",
                        "attributes": {
                            "id": "44",
                            "managed_zone": "thrashingcodecom",
                            "name": "google._domainkey.thrashingcode.com.",
                            "rrdatas.#": "1",
                            "rrdatas.0": "\"v=DKIM1;\" \"k=rsa;\" \"p=MIGfMA0GCSqGSIb3DQEBAQUAA4GNADCBiQKBgQCFJLcl28yyP+o3zjfLzCvotoNcL15xdM0+7VO/SZO6gaQ+2HPpGKLFbznHMV3XJUZujODlG8Ev1jdpkfEhhD+R39VHwHxOmnkGLl7C4Kfpsb+popsefs4/X/f1w1Rb9A8Co52a45upK2dy80DfG9Cw/93slztnNO+SbLJ/uhYEhQIDAQAB\"",
                            "ttl": "3600",
                            "type": "TXT"
                        },
                        "meta": {},
                        "tainted": false
                    },
                    "deposed": [],
                    "provider": ""
                },
                "google_dns_record_set.drive_thrashingcodecom": {
                    "type": "google_dns_record_set",
                    "depends_on": [
                        "google_dns_managed_zone.thrashingcodecom"
                    ],
                    "primary": {
                        "id": "22",
                        "attributes": {
                            "id": "22",
                            "managed_zone": "thrashingcodecom",
                            "name": "drive.thrashingcode.com.",
                            "rrdatas.#": "1",
                            "rrdatas.0": "ghs.googlehosted.com.",
                            "ttl": "3600",
                            "type": "CNAME"
                        },
                        "meta": {},
                        "tainted": false
                    },
                    "deposed": [],
                    "provider": ""
                },
                "google_dns_record_set.ecosystem_thrashingcodecom": {
                    "type": "google_dns_record_set",
                    "depends_on": [
                        "google_dns_managed_zone.thrashingcodecom"
                    ],
                    "primary": {
                        "id": "51",
                        "attributes": {
                            "id": "51",
                            "managed_zone": "thrashingcodecom",
                            "name": "r.thrashingcode.com.",
                            "rrdatas.#": "4",
                            "rrdatas.0": "ns-210.awsdns-26.com.",
                            "rrdatas.1": "ns-774.awsdns-32.net.",
                            "rrdatas.2": "ns-1828.awsdns-36.co.uk.",
                            "rrdatas.3": "ns-1429.awsdns-50.org.",
                            "ttl": "30",
                            "type": "NS"
                        },
                        "meta": {},
                        "tainted": false
                    },
                    "deposed": [],
                    "provider": ""
                },
                "google_dns_record_set.gmail_thrashingcodecom": {
                    "type": "google_dns_record_set",
                    "depends_on": [
                        "google_dns_managed_zone.thrashingcodecom"
                    ],
                    "primary": {
                        "id": "43",
                        "attributes": {
                            "id": "43",
                            "managed_zone": "thrashingcodecom",
                            "name": "thrashingcode.com.",
                            "rrdatas.#": "5",
                            "rrdatas.0": "1 aspmx.l.google.com.",
                            "rrdatas.1": "5 alt1.aspmx.l.google.com.",
                            "rrdatas.2": "5 alt2.aspmx.l.google.com.",
                            "rrdatas.3": "10 alt3.aspmx.l.google.com.",
                            "rrdatas.4": "10 alt4.aspmx.l.google.com.",
                            "ttl": "3600",
                            "type": "MX"
                        },
                        "meta": {},
                        "tainted": false
                    },
                    "deposed": [],
                    "provider": ""
                },
                "google_dns_record_set.groups_thrashingcodecom": {
                    "type": "google_dns_record_set",
                    "depends_on": [
                        "google_dns_managed_zone.thrashingcodecom"
                    ],
                    "primary": {
                        "id": "30",
                        "attributes": {
                            "id": "30",
                            "managed_zone": "thrashingcodecom",
                            "name": "groups.thrashingcode.com.",
                            "rrdatas.#": "1",
                            "rrdatas.0": "ghs.googlehosted.com.",
                            "ttl": "3600",
                            "type": "CNAME"
                        },
                        "meta": {},
                        "tainted": false
                    },
                    "deposed": [],
                    "provider": ""
                },
                "google_dns_record_set.hangouts_thrashingcodecom": {
                    "type": "google_dns_record_set",
                    "depends_on": [
                        "google_dns_managed_zone.thrashingcodecom"
                    ],
                    "primary": {
                        "id": "25",
                        "attributes": {
                            "id": "25",
                            "managed_zone": "thrashingcodecom",
                            "name": "hangouts.thrashingcode.com.",
                            "rrdatas.#": "1",
                            "rrdatas.0": "ghs.googlehosted.com.",
                            "ttl": "3600",
                            "type": "CNAME"
                        },
                        "meta": {},
                        "tainted": false
                    },
                    "deposed": [],
                    "provider": ""
                },
                "google_dns_record_set.mail_thrashingcodecom": {
                    "type": "google_dns_record_set",
                    "depends_on": [
                        "google_dns_managed_zone.thrashingcodecom"
                    ],
                    "primary": {
                        "id": "28",
                        "attributes": {
                            "id": "28",
                            "managed_zone": "thrashingcodecom",
                            "name": "mail.thrashingcode.com.",
                            "rrdatas.#": "1",
                            "rrdatas.0": "ghs.googlehosted.com.",
                            "ttl": "3600",
                            "type": "CNAME"
                        },
                        "meta": {},
                        "tainted": false
                    },
                    "deposed": [],
                    "provider": ""
                },
                "google_dns_record_set.photos": {
                    "type": "google_dns_record_set",
                    "depends_on": [
                        "google_dns_managed_zone.adronme"
                    ],
                    "primary": {
                        "id": "1",
                        "attributes": {
                            "id": "1",
                            "managed_zone": "adronme",
                            "name": "photos.adron.me.",
                            "rrdatas.#": "1",
                            "rrdatas.0": "domains.smugmug.com.",
                            "ttl": "5",
                            "type": "CNAME"
                        },
                        "meta": {},
                        "tainted": false
                    },
                    "deposed": [],
                    "provider": ""
                },
                "google_dns_record_set.plus_thrashingcodecom": {
                    "type": "google_dns_record_set",
                    "depends_on": [
                        "google_dns_managed_zone.thrashingcodecom"
                    ],
                    "primary": {
                        "id": "23",
                        "attributes": {
                            "id": "23",
                            "managed_zone": "thrashingcodecom",
                            "name": "plus.thrashingcode.com.",
                            "rrdatas.#": "1",
                            "rrdatas.0": "ghs.googlehosted.com.",
                            "ttl": "3600",
                            "type": "CNAME"
                        },
                        "meta": {},
                        "tainted": false
                    },
                    "deposed": [],
                    "provider": ""
                },
                "google_dns_record_set.sheets_thrashingcodecom": {
                    "type": "google_dns_record_set",
                    "depends_on": [
                        "google_dns_managed_zone.thrashingcodecom"
                    ],
                    "primary": {
                        "id": "24",
                        "attributes": {
                            "id": "24",
                            "managed_zone": "thrashingcodecom",
                            "name": "sheets.thrashingcode.com.",
                            "rrdatas.#": "1",
                            "rrdatas.0": "ghs.googlehosted.com.",
                            "ttl": "3600",
                            "type": "CNAME"
                        },
                        "meta": {},
                        "tainted": false
                    },
                    "deposed": [],
                    "provider": ""
                },
                "google_dns_record_set.sites_thrashingcodecom": {
                    "type": "google_dns_record_set",
                    "depends_on": [
                        "google_dns_managed_zone.thrashingcodecom"
                    ],
                    "primary": {
                        "id": "36",
                        "attributes": {
                            "id": "36",
                            "managed_zone": "thrashingcodecom",
                            "name": "sites.thrashingcode.com.",
                            "rrdatas.#": "1",
                            "rrdatas.0": "ghs.googlehosted.com.",
                            "ttl": "3600",
                            "type": "CNAME"
                        },
                        "meta": {},
                        "tainted": false
                    },
                    "deposed": [],
                    "provider": ""
                },
                "google_dns_record_set.slides_thrashingcodecom": {
                    "type": "google_dns_record_set",
                    "depends_on": [
                        "google_dns_managed_zone.thrashingcodecom"
                    ],
                    "primary": {
                        "id": "31",
                        "attributes": {
                            "id": "31",
                            "managed_zone": "thrashingcodecom",
                            "name": "slides.thrashingcode.com.",
                            "rrdatas.#": "1",
                            "rrdatas.0": "ghs.googlehosted.com.",
                            "ttl": "3600",
                            "type": "CNAME"
                        },
                        "meta": {},
                        "tainted": false
                    },
                    "deposed": [],
                    "provider": ""
                },
                "google_dns_record_set.spf_thrashingcodecom": {
                    "type": "google_dns_record_set",
                    "depends_on": [
                        "google_dns_managed_zone.thrashingcodecom"
                    ],
                    "primary": {
                        "id": "45",
                        "attributes": {
                            "id": "45",
                            "managed_zone": "thrashingcodecom",
                            "name": "thrashingcode.com.",
                            "rrdatas.#": "1",
                            "rrdatas.0": "\"v=spf1\" \"include:_spf.google.com\" \"~all\"",
                            "ttl": "3600",
                            "type": "SPF"
                        },
                        "meta": {},
                        "tainted": false
                    },
                    "deposed": [],
                    "provider": ""
                },
                "google_dns_record_set.start_thrashingcodecom": {
                    "type": "google_dns_record_set",
                    "depends_on": [
                        "google_dns_managed_zone.thrashingcodecom"
                    ],
                    "primary": {
                        "id": "34",
                        "attributes": {
                            "id": "34",
                            "managed_zone": "thrashingcodecom",
                            "name": "start.thrashingcode.com.",
                            "rrdatas.#": "1",
                            "rrdatas.0": "ghs.googlehosted.com.",
                            "ttl": "3600",
                            "type": "CNAME"
                        },
                        "meta": {},
                        "tainted": false
                    },
                    "deposed": [],
                    "provider": ""
                },
                "google_dns_record_set.txt_thrashingcodecom": {
                    "type": "google_dns_record_set",
                    "depends_on": [
                        "google_dns_managed_zone.thrashingcodecom"
                    ],
                    "primary": {
                        "id": "42",
                        "attributes": {
                            "id": "42",
                            "managed_zone": "thrashingcodecom",
                            "name": "thrashingcode.com.",
                            "rrdatas.#": "1",
                            "rrdatas.0": "\"v=spf1\" \"include:_spf.google.com\" \"~all\"",
                            "ttl": "3600",
                            "type": "TXT"
                        },
                        "meta": {},
                        "tainted": false
                    },
                    "deposed": [],
                    "provider": ""
                },
                "google_dns_record_set.vault_thrashingcodecom": {
                    "type": "google_dns_record_set",
                    "depends_on": [
                        "google_dns_managed_zone.thrashingcodecom"
                    ],
                    "primary": {
                        "id": "37",
                        "attributes": {
                            "id": "37",
                            "managed_zone": "thrashingcodecom",
                            "name": "vault.thrashingcode.com.",
                            "rrdatas.#": "1",
                            "rrdatas.0": "ghs.googlehosted.com.",
                            "ttl": "3600",
                            "type": "CNAME"
                        },
                        "meta": {},
                        "tainted": false
                    },
                    "deposed": [],
                    "provider": ""
                }
            },
            "depends_on": []
        }
    ]
}
