{
    "version": 3,
    "terraform_version": "0.8.5",
    "serial": 68,
    "lineage": "acdd28a7-23b8-40bf-878f-53c48657549c",
    "modules": [
        {
            "path": [
                "root"
            ],
            "outputs": {},
            "resources": {
                "google_compute_address.redirector": {
                    "type": "google_compute_address",
                    "depends_on": [],
                    "primary": {
                        "id": "redirector",
                        "attributes": {
                            "address": "104.154.249.251",
                            "id": "redirector",
                            "name": "redirector",
                            "self_link": "https://www.googleapis.com/compute/v1/projects/that-big-universe/regions/us-central1/addresses/redirector"
                        },
                        "meta": {},
                        "tainted": false
                    },
                    "deposed": [],
                    "provider": ""
                },
                "google_compute_instance.redirector": {
                    "type": "google_compute_instance",
                    "depends_on": [
                        "google_compute_address.redirector"
                    ],
                    "primary": {
                        "id": "redirector",
                        "attributes": {
                            "can_ip_forward": "false",
                            "create_timeout": "4",
                            "disk.#": "1",
                            "disk.0.auto_delete": "true",
                            "disk.0.device_name": "",
                            "disk.0.disk": "",
                            "disk.0.disk_encryption_key_raw": "",
                            "disk.0.disk_encryption_key_sha256": "",
                            "disk.0.image": "redirector-1485899054",
                            "disk.0.scratch": "false",
                            "disk.0.size": "0",
                            "disk.0.type": "",
                            "id": "redirector",
                            "machine_type": "f1-micro",
                            "metadata.%": "0",
                            "metadata_fingerprint": "ggUaVFFDPx0=",
                            "name": "redirector",
                            "network.#": "0",
                            "network_interface.#": "1",
                            "network_interface.0.access_config.#": "1",
                            "network_interface.0.access_config.0.assigned_nat_ip": "104.154.249.251",
                            "network_interface.0.access_config.0.nat_ip": "104.154.249.251",
                            "network_interface.0.address": "10.128.0.2",
                            "network_interface.0.name": "nic0",
                            "network_interface.0.network": "default",
                            "network_interface.0.subnetwork": "",
                            "network_interface.0.subnetwork_project": "",
                            "self_link": "https://www.googleapis.com/compute/v1/projects/that-big-universe/zones/us-central1-b/instances/redirector",
                            "service_account.#": "1",
                            "service_account.0.email": "890822399500-compute@developer.gserviceaccount.com",
                            "service_account.0.scopes.#": "3",
                            "service_account.0.scopes.1632638332": "https://www.googleapis.com/auth/devstorage.read_only",
                            "service_account.0.scopes.2428168921": "https://www.googleapis.com/auth/userinfo.email",
                            "service_account.0.scopes.2862113455": "https://www.googleapis.com/auth/compute.readonly",
                            "tags.#": "2",
                            "tags.1936433573": "https-server",
                            "tags.988335155": "http-server",
                            "tags_fingerprint": "6smc4R4d39I=",
                            "zone": "us-central1-b"
                        },
                        "meta": {
                            "schema_version": "2"
                        },
                        "tainted": false
                    },
                    "deposed": [],
                    "provider": ""
                },
                "google_compute_network.developer-space": {
                    "type": "google_compute_network",
                    "depends_on": [],
                    "primary": {
                        "id": "developer-space",
                        "attributes": {
                            "auto_create_subnetworks": "false",
                            "gateway_ipv4": "",
                            "id": "developer-space",
                            "name": "developer-space",
                            "self_link": "https://www.googleapis.com/compute/v1/projects/that-big-universe/global/networks/developer-space"
                        },
                        "meta": {},
                        "tainted": false
                    },
                    "deposed": [],
                    "provider": ""
                },
                "google_compute_network.production-space": {
                    "type": "google_compute_network",
                    "depends_on": [],
                    "primary": {
                        "id": "production-space",
                        "attributes": {
                            "auto_create_subnetworks": "false",
                            "gateway_ipv4": "",
                            "id": "production-space",
                            "name": "production-space",
                            "self_link": "https://www.googleapis.com/compute/v1/projects/that-big-universe/global/networks/production-space"
                        },
                        "meta": {},
                        "tainted": false
                    },
                    "deposed": [],
                    "provider": ""
                },
                "google_compute_subnetwork.developer-us-west1": {
                    "type": "google_compute_subnetwork",
                    "depends_on": [
                        "google_compute_network.developer-space"
                    ],
                    "primary": {
                        "id": "us-west1/developer-space",
                        "attributes": {
                            "gateway_address": "10.140.0.1",
                            "id": "us-west1/developer-space",
                            "ip_cidr_range": "10.140.0.0/20",
                            "name": "developer-space",
                            "network": "https://www.googleapis.com/compute/v1/projects/that-big-universe/global/networks/developer-space",
                            "region": "us-west1",
                            "self_link": "https://www.googleapis.com/compute/v1/projects/that-big-universe/regions/us-west1/subnetworks/developer-space"
                        },
                        "meta": {},
                        "tainted": false
                    },
                    "deposed": [],
                    "provider": ""
                },
                "google_compute_subnetwork.worker-us-west1": {
                    "type": "google_compute_subnetwork",
                    "depends_on": [
                        "google_compute_network.production-space"
                    ],
                    "primary": {
                        "id": "us-west1/production-space",
                        "attributes": {
                            "gateway_address": "10.138.0.1",
                            "id": "us-west1/production-space",
                            "ip_cidr_range": "10.138.0.0/18",
                            "name": "production-space",
                            "network": "https://www.googleapis.com/compute/v1/projects/that-big-universe/global/networks/production-space",
                            "region": "us-west1",
                            "self_link": "https://www.googleapis.com/compute/v1/projects/that-big-universe/regions/us-west1/subnetworks/production-space"
                        },
                        "meta": {},
                        "tainted": false
                    },
                    "deposed": [],
                    "provider": ""
                },
                "google_container_cluster.development": {
                    "type": "google_container_cluster",
                    "depends_on": [],
                    "primary": {
                        "id": "development-systems",
                        "attributes": {
                            "additional_zones.#": "1",
                            "additional_zones.0": "us-west1-b",
                            "cluster_ipv4_cidr": "10.28.0.0/14",
                            "description": "",
                            "endpoint": "104.198.99.48",
                            "id": "development-systems",
                            "initial_node_count": "3",
                            "instance_group_urls.#": "1",
                            "instance_group_urls.0": "https://www.googleapis.com/compute/v1/projects/that-big-universe/zones/us-west1-b/instanceGroupManagers/gke-development-systems-default-pool-5802afb5-grp",
                            "logging_service": "logging.googleapis.com",
                            "master_auth.#": "1",
                            "master_auth.0.client_certificate": "LS0tLS1CRUdJTiBDRVJUSUZJQ0FURS0tLS0tCk1JSURFakNDQWZxZ0F3SUJBZ0lSQU9FU3hvZkVmNGtjWWl3SXhNck9BTFV3RFFZSktvWklodmNOQVFFTEJRQXcKUVRFL01EMEdBMVVFQXd3MmRYTXRkMlZ6ZERFdFlpMDRPVEE0TWpJek9UazFNREF0WkdWMlpXeHZjRzFsYm5RdApjM2x6ZEdWdGMwQXhORGcxT1RjNE9EWXdNQjRYRFRFM01ESXdNVEU1TlRReU1Wb1hEVEl5TURFek1URTVOVFF5Ck1Wb3dFVEVQTUEwR0ExVUVBeE1HWTJ4cFpXNTBNSUlCSWpBTkJna3Foa2lHOXcwQkFRRUZBQU9DQVE4QU1JSUIKQ2dLQ0FRRUFxUEhnMXgxTE1qZzA5bjk0OW5TTGJ2TFNBdUFsZ01TVmRYSnBTV2tZa3kycHk5Q2hocXRST1BzOApIaHNsUEpmQ3o5ZmRlaGFoMDFkVFAzMjA3MHhCR1BsZzlBcEZhT3FBWllUZXZ6anZnQlg2VjNyTDN4YXpNQ09KCnc4RW5wSHd0Q09SQlRDU3hCT2twYi80eUtmL0xzSWd5YTdQMnhYUDduNkxJeng2YU1XelZPdStOdnhXNHk1MFAKM1Z5Uno5Uk54UTdreGxUV1N5Vy9nR1V6dWhkL3Jqa2RDTHFHemhFd1gvekIyOGtmQ0RUUy9GbVJQUmtSaDQ0ZQppS05nYlo3NjBETzVnZG42TDZDNHpXblhOVFFLQWdRdG5GeENTRm0xK1pHS2JxMGdMemhXb0FSc0tvRGZUVkFvCjhsdTlqeUFoSzBBRlZpZkE5YWJNd29iZXFRTUN0d0lEQVFBQm96VXdNekFPQmdOVkhROEJBZjhFQkFNQ0JhQXcKRXdZRFZSMGxCQXd3Q2dZSUt3WUJCUVVIQXdJd0RBWURWUjBUQVFIL0JBSXdBREFOQmdrcWhraUc5dzBCQVFzRgpBQU9DQVFFQWV0ckN1NklkZEM2WHkvMUtDL3RERXNCU05kS0U4L2NqRXh4OWRrSzVTTmxFaHdmU01ncmoydDFFCkwrMnZ3Z1lBZjVTUG4rUG4rY1hyOW55aktkbHhUdk9tWnNQc1hGRDFHKzUvcHN2c2tLa0ZraDJ0eVB3SjV3OFgKM3hwYmFDdE9HUGVhRXpTb0RYM2hFUDZWNGdNNC80dGtOMEErWHVIYWZiZ3EvbnhQaXJuMlVMOWJyNmJlaFFPVQozQTEvekhkL1pIU01ISFdLc09tc2hMMWhRbmxiaWdzN015bnZ0VURoc1p6OWNCK09Xcm9tUW53U2JMeHF0eldLCkNXOHUzSUFXQXZhQmplVlpJV0J5NTdpMWdTcC9vOFI1eWZ2RDdLNEtDT3VJZDhsVmY5cHJSbEJGRy9sZWI5a28KNWJISFpNV2dZN3B0MEpNS2UwSFVlTVRPa2JQSnhnPT0KLS0tLS1FTkQgQ0VSVElGSUNBVEUtLS0tLQo=",
                            "master_auth.0.client_key": "LS0tLS1CRUdJTiBSU0EgUFJJVkFURSBLRVktLS0tLQpNSUlFcEFJQkFBS0NBUUVBcVBIZzF4MUxNamcwOW45NDluU0xidkxTQXVBbGdNU1ZkWEpwU1drWWt5MnB5OUNoCmhxdFJPUHM4SGhzbFBKZkN6OWZkZWhhaDAxZFRQMzIwNzB4QkdQbGc5QXBGYU9xQVpZVGV2emp2Z0JYNlYzckwKM3hhek1DT0p3OEVucEh3dENPUkJUQ1N4Qk9rcGIvNHlLZi9Mc0lneWE3UDJ4WFA3bjZMSXp4NmFNV3pWT3UrTgp2eFc0eTUwUDNWeVJ6OVJOeFE3a3hsVFdTeVcvZ0dVenVoZC9yamtkQ0xxR3poRXdYL3pCMjhrZkNEVFMvRm1SClBSa1JoNDRlaUtOZ2JaNzYwRE81Z2RuNkw2QzR6V25YTlRRS0FnUXRuRnhDU0ZtMStaR0ticTBnTHpoV29BUnMKS29EZlRWQW84bHU5anlBaEswQUZWaWZBOWFiTXdvYmVxUU1DdHdJREFRQUJBb0lCQVFDTEc5Y2g2WG9BV08ycgpSbDBJdWdBUmxCayt5dWUyZHFnR00vWGp2NGkvcjJyUGF2T0Ztc3pmV1djdjl2UWJSMjdlaXdWUHdSRHduMGZwCjBJMUtPUVNsRnJveFY3KzlXdEhzUlpMUDY0YXhkZWRUWHNZOTVFZ1pURG5rbU1nV2xUVFR6SGJEeHJhSHI2RXkKR1NHZkdZUFQwT0dMYzN5dkt3ZzJjdWhjT3Z1RjA1c0RZZXpIZTY5K296S1Z4NE9YL0NKNnRXaU1lS096MzRCcApwZ0pMVisrZjZkNlpROVFOdGpsMjNLWllWQTBwL3gyb2lMSUtNMjZkQUVldUVrRXB5SEMrQ3kwbWR0b3hMU2ZJCk1Ea0RmQXdNcjN3aEZCdnVZSW8rUk0xUW40dkV4YW5meE54VUo3WFpBbVpSSm9BUlNSeVViUkpBM3FzVWZyN3UKNk9USEdzSVpBb0dCQU1GNDN3U2FEWSsyUHRDaFJUUjdWMTYvdFllaWVFR3hYOG9MQ1RKcTQ0d2ZIUHRzZFp6VwpzcHlUOTJ1RXBiZGV1Vit4dzQzSllFODJ4aUd1ay9qSnlsTm9OeStqbEVqa0lPM2F0djhyc0haTlNyaHFRMWpKCjVnVzZqWXhoWWlhdWYydXd6UGY1dnoxQloxSXA5Q1FaNTJwdkRQYllOOEZXcmc0emo2RXZFL3QxQW9HQkFOK0wKdG9YQU1qWVpkWHljMDFWK3prTXdoUm9xUEphcXAvcnRjNWV1eUtXdjV4cnpBR1pTblRKNmNvZGErOW9ZcTZwSgpEVkFLSGtSaEp6bVBHY1lySm5GTnJUdDV1bU1LNnVjZHdVc0syZnREaVBjeFR3V2lERy95YnVHWWIwNlc3QkxuCnZ2K3NWNGRrTUhVZG5NVGhjem9SNjVjRHlpSFpIV1l2TFFuYUtidjdBb0dBSnBENW8ra3htdHd4V1ZWTWZsRzMKOE9NMlJIdFdqWUhXSG1oa3hQQVp1K3pYMGlha3EwY0JBOFZiSk11a1hSRTgwcDZVNU1hbnRDS3ZERGZJdDJkQwpOYTRva2c2Qm1LWWhDa2ozQVphcjdta3A0K2tLMDhBcllpajEzbTNyS3RyTis2R2F1alBHczJjK09WcXptQjZ4CnlyMm9UK3g1OE1oZW1lWWRVM3dXOTZFQ2dZRUF4dkU3bW9TVkt2ZzFTcFQycnR1UEROU2RYOCsrNUFjMFAyZ2EKdXg3ZGlqYWxZYUpvOUtjSkp1YzZEYU8zQnoxMWFMSmltcHltbXd3ck1GcGVBYkpkSC9DVS9wMHlkdm84V3pwcgp6ekQxRlZ2aEJMeHBLd1l3TTJCNXRXTkhpNVZjdXVacllIWXIzMTRXa2VPc3BMcFBKWnJWSXl4SU14OVp2cHExClpsTTFXUWtDZ1lCN0xOcG0zNmEzUjNvMTNKM0ZIVWcrVjBoWmw4bnpiNjNSSFFrNmZWT2loUEVZb004eTJibVYKdzhnWU9lY0J4RDZqMGVLaXZGak1zTEszbGw4d2QvekMxQkFRZ2Z4bmxCOEpHaVhrM281VlI2ejFiZllpVTMvNApNUVZ0SXBpT2huaHFIeFlJQmM2bHlFc3hxT296am1MTVAvT1FlaGZ1c2hDci9JWDdUaUN3WkE9PQotLS0tLUVORCBSU0EgUFJJVkFURSBLRVktLS0tLQo=",
                            "master_auth.0.cluster_ca_certificate": "LS0tLS1CRUdJTiBDRVJUSUZJQ0FURS0tLS0tCk1JSURNRENDQWhpZ0F3SUJBZ0lSQUlLQ1JWWDlMcUVwd2hMYjNVT3YyRWN3RFFZSktvWklodmNOQVFFTEJRQXcKUVRFL01EMEdBMVVFQXd3MmRYTXRkMlZ6ZERFdFlpMDRPVEE0TWpJek9UazFNREF0WkdWMlpXeHZjRzFsYm5RdApjM2x6ZEdWdGMwQXhORGcxT1RjNE9EWXdNQjRYRFRFM01ESXdNVEU1TlRReU1Gb1hEVEl5TURFek1URTVOVFF5Ck1Gb3dRVEUvTUQwR0ExVUVBd3cyZFhNdGQyVnpkREV0WWkwNE9UQTRNakl6T1RrMU1EQXRaR1YyWld4dmNHMWwKYm5RdGMzbHpkR1Z0YzBBeE5EZzFPVGM0T0RZd01JSUJJakFOQmdrcWhraUc5dzBCQVFFRkFBT0NBUThBTUlJQgpDZ0tDQVFFQTRFTmFKTFNZOWRDemVud1I2WmVTcEtIQWtXVnBySGRPc1ZjMytQcmZ2TXdEVnlYeEUzd25YRzVyCjMwbzBPTlJvdFNsNVBqdW1Xa0laUnFwTDgyNDc5UTJiRmNNb1VOOGVBbTBFa2VscTVZS2FhYVdIbmFoV2J3bGIKV09PUXhaYTg5Z2lPdnJsV1U5VWJ3eFhub2x3SVZHditSZ0JyL0ttWXhGU2N0YmZwRlEvUENtUVp4aGppUXRYMApoYzcva0ZNSlJoSE1zMkZ4UEM5cUxCZW1zUEMzei9VeURtNmszc2t6emExSUNvN3VHVDdFcDRoZW5ldGQvNXVlCnFtWUEyb2Q4OC9oZTdwMitCYjh4d244a1dRbHZRS0xoblhweHRkZEJoV2I5MzYxVDhEQnJTdjBhbFR2bXkyTFkKTmY0N0ZnQUFORFJUU3BiNlhhaDNaVlJpa1NqUUh3SURBUUFCb3lNd0lUQU9CZ05WSFE4QkFmOEVCQU1DQWdRdwpEd1lEVlIwVEFRSC9CQVV3QXdFQi96QU5CZ2txaGtpRzl3MEJBUXNGQUFPQ0FRRUF2d1REMnJucHV6WDBWQVNQCkdLZXF2bWlydGpOVHEwMGpqNTlOOGtxcDRKUXdjK3BybnBxbEdwUVVRcWVPSWVkNnMvVW1rM3lvZXEvMjZqeE0KSnZlTUVQcEVWTWFWYUFySVI4VVNGUDlaZjhSQ1Vnc3VKMzcxNmNmR2VrMXczdWloYW56ZkZHbGJIaGM3TlNIUApJb1hWYWkyM0RoSGNMSXlqSEo2cEpETGE0cGx3eThOeTROQXN2VzV2ME1rcGNzaXlJYndmWmJ4MlBMRnhtb0IrCjkwcnNYa0lDOVpWQVMyTUpOVmlicW02d2t5dTJ0dk1MWlpTeXJaeWJkQ2hFNzhxTC92cDR1eFhEa2ljZWNqTm4Kei9WSU4vaDVwWU5zcFZ3MHNtWmF4WGpPN2ZSK1VqYXd2NFpVRTV4eTBpTHF0VktJOEE0V3lrOENoVVpMMzVQUQo5STJadmc9PQotLS0tLUVORCBDRVJUSUZJQ0FURS0tLS0tCg==",
                            "master_auth.0.password": "willchange",
                            "master_auth.0.username": "firsttry",
                            "monitoring_service": "monitoring.googleapis.com",
                            "name": "development-systems",
                            "network": "developer-space",
                            "node_config.#": "1",
                            "node_config.0.disk_size_gb": "100",
                            "node_config.0.machine_type": "f1-micro",
                            "node_config.0.oauth_scopes.#": "4",
                            "node_config.0.oauth_scopes.0": "https://www.googleapis.com/auth/compute",
                            "node_config.0.oauth_scopes.1": "https://www.googleapis.com/auth/devstorage.read_only",
                            "node_config.0.oauth_scopes.2": "https://www.googleapis.com/auth/logging.write",
                            "node_config.0.oauth_scopes.3": "https://www.googleapis.com/auth/monitoring",
                            "node_version": "1.5.2",
                            "subnetwork": "developer-space",
                            "zone": "us-west1-b"
                        },
                        "meta": {},
                        "tainted": false
                    },
                    "deposed": [],
                    "provider": ""
                },
                "google_dns_managed_zone.adronme": {
                    "type": "google_dns_managed_zone",
                    "depends_on": [],
                    "primary": {
                        "id": "adronme",
                        "attributes": {
                            "description": "Production http://adron.me Domain.",
                            "dns_name": "adron.me.",
                            "id": "adronme",
                            "name": "adronme",
                            "name_servers.#": "4",
                            "name_servers.0": "ns-cloud-c1.googledomains.com.",
                            "name_servers.1": "ns-cloud-c2.googledomains.com.",
                            "name_servers.2": "ns-cloud-c3.googledomains.com.",
                            "name_servers.3": "ns-cloud-c4.googledomains.com."
                        },
                        "meta": {},
                        "tainted": false
                    },
                    "deposed": [],
                    "provider": ""
                },
                "google_dns_managed_zone.compositecodecom": {
                    "type": "google_dns_managed_zone",
                    "depends_on": [],
                    "primary": {
                        "id": "compositecodecom",
                        "attributes": {
                            "description": "Production http://compositecode.com Domain.",
                            "dns_name": "compositecode.com.",
                            "id": "compositecodecom",
                            "name": "compositecodecom",
                            "name_servers.#": "4",
                            "name_servers.0": "ns-cloud-b1.googledomains.com.",
                            "name_servers.1": "ns-cloud-b2.googledomains.com.",
                            "name_servers.2": "ns-cloud-b3.googledomains.com.",
                            "name_servers.3": "ns-cloud-b4.googledomains.com."
                        },
                        "meta": {},
                        "tainted": false
                    },
                    "deposed": [],
                    "provider": ""
                },
                "google_dns_record_set.blog": {
                    "type": "google_dns_record_set",
                    "depends_on": [
                        "google_dns_managed_zone.adronme",
                        "google_dns_managed_zone.adronme"
                    ],
                    "primary": {
                        "id": "2",
                        "attributes": {
                            "id": "2",
                            "managed_zone": "adronme",
                            "name": "blog.adron.me.",
                            "rrdatas.#": "1",
                            "rrdatas.0": "adron.github.io.",
                            "ttl": "5",
                            "type": "CNAME"
                        },
                        "meta": {},
                        "tainted": false
                    },
                    "deposed": [],
                    "provider": ""
                },
                "google_dns_record_set.compositecodecom": {
                    "type": "google_dns_record_set",
                    "depends_on": [
                        "google_dns_managed_zone.compositecodecom",
                        "google_dns_managed_zone.compositecodecom"
                    ],
                    "primary": {
                        "id": "1",
                        "attributes": {
                            "id": "1",
                            "managed_zone": "compositecodecom",
                            "name": "compositecode.com.",
                            "rrdatas.#": "2",
                            "rrdatas.0": "192.30.252.154",
                            "rrdatas.1": "192.30.252.153",
                            "ttl": "30",
                            "type": "A"
                        },
                        "meta": {},
                        "tainted": false
                    },
                    "deposed": [],
                    "provider": ""
                },
                "google_dns_record_set.data": {
                    "type": "google_dns_record_set",
                    "depends_on": [
                        "google_compute_address.redirector",
                        "google_dns_managed_zone.adronme",
                        "google_dns_managed_zone.adronme"
                    ],
                    "primary": {
                        "id": "3",
                        "attributes": {
                            "id": "3",
                            "managed_zone": "adronme",
                            "name": "data.adron.me.",
                            "rrdatas.#": "1",
                            "rrdatas.0": "104.154.249.251",
                            "ttl": "5",
                            "type": "A"
                        },
                        "meta": {},
                        "tainted": false
                    },
                    "deposed": [],
                    "provider": ""
                },
                "google_dns_record_set.photos": {
                    "type": "google_dns_record_set",
                    "depends_on": [
                        "google_dns_managed_zone.adronme",
                        "google_dns_managed_zone.adronme"
                    ],
                    "primary": {
                        "id": "1",
                        "attributes": {
                            "id": "1",
                            "managed_zone": "adronme",
                            "name": "photos.adron.me.",
                            "rrdatas.#": "1",
                            "rrdatas.0": "domains.smugmug.com.",
                            "ttl": "5",
                            "type": "CNAME"
                        },
                        "meta": {},
                        "tainted": false
                    },
                    "deposed": [],
                    "provider": ""
                }
            },
            "depends_on": []
        }
    ]
}
