{
    "version": 3,
    "terraform_version": "0.8.5",
    "serial": 92,
    "lineage": "acdd28a7-23b8-40bf-878f-53c48657549c",
    "modules": [
        {
            "path": [
                "root"
            ],
            "outputs": {},
            "resources": {
                "google_compute_address.redirector": {
                    "type": "google_compute_address",
                    "depends_on": [],
                    "primary": {
                        "id": "redirector",
                        "attributes": {
                            "address": "104.196.255.117",
                            "id": "redirector",
                            "name": "redirector",
                            "region": "us-west1",
                            "self_link": "https://www.googleapis.com/compute/v1/projects/that-big-universe/regions/us-west1/addresses/redirector"
                        },
                        "meta": {},
                        "tainted": false
                    },
                    "deposed": [],
                    "provider": ""
                },
                "google_compute_disk.drone": {
                    "type": "google_compute_disk",
                    "depends_on": [],
                    "primary": {
                        "id": "drone-server-sqlite-db",
                        "attributes": {
                            "id": "drone-server-sqlite-db",
                            "name": "drone-server-sqlite-db",
                            "self_link": "https://www.googleapis.com/compute/v1/projects/that-big-universe/zones/us-west1-a/disks/drone-server-sqlite-db",
                            "size": "20",
                            "type": "pd-ssd",
                            "zone": "us-west1-a"
                        },
                        "meta": {},
                        "tainted": false
                    },
                    "deposed": [],
                    "provider": ""
                },
                "google_compute_instance.redirector": {
                    "type": "google_compute_instance",
                    "depends_on": [
                        "google_compute_address.redirector"
                    ],
                    "primary": {
                        "id": "redirector",
                        "attributes": {
                            "can_ip_forward": "false",
                            "create_timeout": "4",
                            "disk.#": "1",
                            "disk.0.auto_delete": "true",
                            "disk.0.device_name": "",
                            "disk.0.disk": "",
                            "disk.0.disk_encryption_key_raw": "",
                            "disk.0.disk_encryption_key_sha256": "",
                            "disk.0.image": "redirector-1485899054",
                            "disk.0.scratch": "false",
                            "disk.0.size": "0",
                            "disk.0.type": "",
                            "id": "redirector",
                            "machine_type": "f1-micro",
                            "metadata.%": "0",
                            "metadata_fingerprint": "ggUaVFFDPx0=",
                            "name": "redirector",
                            "network.#": "0",
                            "network_interface.#": "1",
                            "network_interface.0.access_config.#": "1",
                            "network_interface.0.access_config.0.assigned_nat_ip": "104.196.255.117",
                            "network_interface.0.access_config.0.nat_ip": "104.196.255.117",
                            "network_interface.0.address": "10.138.0.2",
                            "network_interface.0.name": "nic0",
                            "network_interface.0.network": "default",
                            "network_interface.0.subnetwork": "",
                            "network_interface.0.subnetwork_project": "",
                            "self_link": "https://www.googleapis.com/compute/v1/projects/that-big-universe/zones/us-west1-b/instances/redirector",
                            "service_account.#": "1",
                            "service_account.0.email": "890822399500-compute@developer.gserviceaccount.com",
                            "service_account.0.scopes.#": "3",
                            "service_account.0.scopes.1632638332": "https://www.googleapis.com/auth/devstorage.read_only",
                            "service_account.0.scopes.2428168921": "https://www.googleapis.com/auth/userinfo.email",
                            "service_account.0.scopes.2862113455": "https://www.googleapis.com/auth/compute.readonly",
                            "tags.#": "2",
                            "tags.1936433573": "https-server",
                            "tags.988335155": "http-server",
                            "tags_fingerprint": "6smc4R4d39I=",
                            "zone": "us-west1-b"
                        },
                        "meta": {
                            "schema_version": "2"
                        },
                        "tainted": false
                    },
                    "deposed": [],
                    "provider": ""
                },
                "google_compute_network.developer-space": {
                    "type": "google_compute_network",
                    "depends_on": [],
                    "primary": {
                        "id": "developer-space",
                        "attributes": {
                            "auto_create_subnetworks": "false",
                            "gateway_ipv4": "",
                            "id": "developer-space",
                            "name": "developer-space",
                            "self_link": "https://www.googleapis.com/compute/v1/projects/that-big-universe/global/networks/developer-space"
                        },
                        "meta": {},
                        "tainted": false
                    },
                    "deposed": [],
                    "provider": ""
                },
                "google_compute_network.production-space": {
                    "type": "google_compute_network",
                    "depends_on": [],
                    "primary": {
                        "id": "production-space",
                        "attributes": {
                            "auto_create_subnetworks": "false",
                            "gateway_ipv4": "",
                            "id": "production-space",
                            "name": "production-space",
                            "self_link": "https://www.googleapis.com/compute/v1/projects/that-big-universe/global/networks/production-space"
                        },
                        "meta": {},
                        "tainted": false
                    },
                    "deposed": [],
                    "provider": ""
                },
                "google_compute_subnetwork.developer-us-central1": {
                    "type": "google_compute_subnetwork",
                    "depends_on": [
                        "google_compute_network.developer-space"
                    ],
                    "primary": {
                        "id": "us-central1/developer-space-central1",
                        "attributes": {
                            "gateway_address": "10.128.0.1",
                            "id": "us-central1/developer-space-central1",
                            "ip_cidr_range": "10.128.0.0/20",
                            "name": "developer-space-central1",
                            "network": "https://www.googleapis.com/compute/v1/projects/that-big-universe/global/networks/developer-space",
                            "region": "us-central1",
                            "self_link": "https://www.googleapis.com/compute/v1/projects/that-big-universe/regions/us-central1/subnetworks/developer-space-central1"
                        },
                        "meta": {},
                        "tainted": false
                    },
                    "deposed": [],
                    "provider": ""
                },
                "google_compute_subnetwork.developer-us-west1": {
                    "type": "google_compute_subnetwork",
                    "depends_on": [
                        "google_compute_network.developer-space"
                    ],
                    "primary": {
                        "id": "us-west1/developer-space-west1",
                        "attributes": {
                            "gateway_address": "10.140.0.1",
                            "id": "us-west1/developer-space-west1",
                            "ip_cidr_range": "10.140.0.0/20",
                            "name": "developer-space-west1",
                            "network": "https://www.googleapis.com/compute/v1/projects/that-big-universe/global/networks/developer-space",
                            "region": "us-west1",
                            "self_link": "https://www.googleapis.com/compute/v1/projects/that-big-universe/regions/us-west1/subnetworks/developer-space-west1"
                        },
                        "meta": {},
                        "tainted": false
                    },
                    "deposed": [],
                    "provider": ""
                },
                "google_compute_subnetwork.production-us-central1": {
                    "type": "google_compute_subnetwork",
                    "depends_on": [
                        "google_compute_network.production-space"
                    ],
                    "primary": {
                        "id": "us-central1/production-space-central1",
                        "attributes": {
                            "gateway_address": "10.127.0.1",
                            "id": "us-central1/production-space-central1",
                            "ip_cidr_range": "10.127.0.0/20",
                            "name": "production-space-central1",
                            "network": "https://www.googleapis.com/compute/v1/projects/that-big-universe/global/networks/production-space",
                            "region": "us-central1",
                            "self_link": "https://www.googleapis.com/compute/v1/projects/that-big-universe/regions/us-central1/subnetworks/production-space-central1"
                        },
                        "meta": {},
                        "tainted": false
                    },
                    "deposed": [],
                    "provider": ""
                },
                "google_compute_subnetwork.production-us-west1": {
                    "type": "google_compute_subnetwork",
                    "depends_on": [
                        "google_compute_network.production-space"
                    ],
                    "primary": {
                        "id": "us-west1/production-space-west1",
                        "attributes": {
                            "gateway_address": "10.138.0.1",
                            "id": "us-west1/production-space-west1",
                            "ip_cidr_range": "10.138.0.0/18",
                            "name": "production-space-west1",
                            "network": "https://www.googleapis.com/compute/v1/projects/that-big-universe/global/networks/production-space",
                            "region": "us-west1",
                            "self_link": "https://www.googleapis.com/compute/v1/projects/that-big-universe/regions/us-west1/subnetworks/production-space-west1"
                        },
                        "meta": {},
                        "tainted": false
                    },
                    "deposed": [],
                    "provider": ""
                },
                "google_container_cluster.drone": {
                    "type": "google_container_cluster",
                    "depends_on": [],
                    "primary": {
                        "id": "drone",
                        "attributes": {
                            "additional_zones.#": "1",
                            "additional_zones.0": "us-west1-b",
                            "cluster_ipv4_cidr": "10.132.0.0/14",
                            "description": "",
                            "endpoint": "104.196.239.145",
                            "id": "drone",
                            "initial_node_count": "3",
                            "instance_group_urls.#": "1",
                            "instance_group_urls.0": "https://www.googleapis.com/compute/v1/projects/that-big-universe/zones/us-west1-b/instanceGroupManagers/gke-drone-default-pool-3d79d953-grp",
                            "logging_service": "logging.googleapis.com",
                            "master_auth.#": "1",
                            "master_auth.0.client_certificate": "LS0tLS1CRUdJTiBDRVJUSUZJQ0FURS0tLS0tCk1JSURBekNDQWV1Z0F3SUJBZ0lRUWpNWEFOMXM2OFYzMzNaU1hOVXdOekFOQmdrcWhraUc5dzBCQVFzRkFEQXoKTVRFd0x3WURWUVFERENoMWN5MTNaWE4wTVMxaUxUZzVNRGd5TWpNNU9UVXdNQzFrY205dVpVQXhORGcyTkRFdwpPREkzTUI0WERURTNNREl3TmpFNU5UTTBPRm9YRFRJeU1ESXdOVEU1TlRNME9Gb3dFVEVQTUEwR0ExVUVBeE1HClkyeHBaVzUwTUlJQklqQU5CZ2txaGtpRzl3MEJBUUVGQUFPQ0FROEFNSUlCQ2dLQ0FRRUFzMjNkUkN2eFFHV00KVkJBRzQ4MDQ4VnBmODUvN2tRZ1B1OTUyeFgrMWFQRmxydDl4RVNhOHhpOVhTYUJtSVI2OGhYaWVSanZ4RzNGVQpWNG1aN3E5Unl0d1U5UXBvMDQxVmlXV2VqaWk0aHo1RUhLQTRtZFdnWFZYeEFYbEYrbXFUSWd2aCtISW1GMHp5Cnp4V2Z0Q00rQ09ZRTA5UE1tYm1Zczl6VXJvQ00zTUNuUkxldHgwNWhlOXFaQ25nUTRDUlZIUldGSGg0UGQ0cEYKVXR4b08yd1hybXVXejE2Z2FzWjMzR1ZzNXBvVlJvU0FaNHVVcGhSSjk5WndzcStVSiszcE8yblJlWWJyUm0vWQp3L0lHa2tGc3M0dzJ1VlFBeFU5NHZNWStWdE9RMnRCZElCQ3NqcElyTHFKUkZBaDFDYzRrdnJwa0szQ3doS004Cko5eWg1aVJsQlFJREFRQUJvelV3TXpBT0JnTlZIUThCQWY4RUJBTUNCYUF3RXdZRFZSMGxCQXd3Q2dZSUt3WUIKQlFVSEF3SXdEQVlEVlIwVEFRSC9CQUl3QURBTkJna3Foa2lHOXcwQkFRc0ZBQU9DQVFFQUs1akZuMmtpa2dkcQpYL3NVTWdTV1dvRDFrZS95NnNydnZ3UXk4RXBhVVlYT09HNzNhd0IvZVY2NSt0TmY3QU1IbWxsa2dzN3FVVjZ4Ck9HNzZYbCtMZnhGUWRKK2dnSGw5NnFUSENGallLRWkrMTU2dWFDTURHZVRUTWRXQWhuczhmVmlMWThaclFXV3MKZUwwejdwV1V6dnU1cEFIY29KbEZtLzducEYyN0VFVWVBdnloL3JHSE0vNVVmOUlCVmE5bUdwem1JTVpyb3A1QgpRMzVYTi9xWHB0ZU15Z3lKS29WYW1lYXE2VTBGQ0g4b1hUOVE5cXJ0TmN1UnMvRlJWcmV0SmczeXlCb215Q0JaCjVUdHpVZUUvQStDdHJLRWszMWdzTzdCSEUrRmorWnZIWm81OWZwbllyeHpXajhEdFZoVGVpV1IxdWE0bzRTNXIKc2d3b21QZEdoUT09Ci0tLS0tRU5EIENFUlRJRklDQVRFLS0tLS0K",
                            "master_auth.0.client_key": "LS0tLS1CRUdJTiBSU0EgUFJJVkFURSBLRVktLS0tLQpNSUlFcEFJQkFBS0NBUUVBczIzZFJDdnhRR1dNVkJBRzQ4MDQ4VnBmODUvN2tRZ1B1OTUyeFgrMWFQRmxydDl4CkVTYTh4aTlYU2FCbUlSNjhoWGllUmp2eEczRlVWNG1aN3E5Unl0d1U5UXBvMDQxVmlXV2VqaWk0aHo1RUhLQTQKbWRXZ1hWWHhBWGxGK21xVElndmgrSEltRjB6eXp4V2Z0Q00rQ09ZRTA5UE1tYm1Zczl6VXJvQ00zTUNuUkxldAp4MDVoZTlxWkNuZ1E0Q1JWSFJXRkhoNFBkNHBGVXR4b08yd1hybXVXejE2Z2FzWjMzR1ZzNXBvVlJvU0FaNHVVCnBoUko5OVp3c3ErVUorM3BPMm5SZVliclJtL1l3L0lHa2tGc3M0dzJ1VlFBeFU5NHZNWStWdE9RMnRCZElCQ3MKanBJckxxSlJGQWgxQ2M0a3ZycGtLM0N3aEtNOEo5eWg1aVJsQlFJREFRQUJBb0lCQVFDVUNZWHdNKzBVKzNOKworOFlqZHZPUE5jaEtvZWtWckxnR2diSXVtb0phOWllMTB3WmZaejJDcWhaeldaSkpxeWxSV2NZRUhucDc4TkhzCmMwdjhnTXVUK21hVUVhV1JQVitnUDZaRWxkWkJSeDg5R3ZmMy9DZ1dPY3poTVdTS0Nob2drZnM3VnpxVUtObC8KLzlCRytIaTdNTVEwM045R3lianlWTFZvMEFqb0srMXNzVkdCNzUxRGZ6NjRvazRaMVBmZ3RXYTRtdExlbVppOAppaWpOVU50aXRIMmdnS1QzdmRSd0Y4L2FLdjdFTE1vY3hWZ0U2UFhTTWZrdnN2eC8zcVVrcjVmL1E2YzA0OHExCnk2b2N0UzVYUzh2U2c2QUx5WU1KRVNoWWVaRXBrbDV5RFpXZGpRbVVMOVp5NTJ4MkEvL1hVc29oL0hoZGJJWm4KdXBoWWJKSGhBb0dCQU5WTTAxRzFwTWJ2c205bXprVjNvYklEd1p5S3JBY3NXM21PQzdSNnJoVlpXdFo0VnRvaApkaUFSZVN4QmNlbzRrc0NWYTVjQ2VYWU03ZWVyS3VCYXJZOTFPWGRIbnl3YWlKbWh6OG1xR2MyRkJVK1lScll6CmhJejR4UXY1RHAvU1dzNWQwVGI3SXdjU1VOMUlsZVh4VVpZT0FKR0VkS3czMzBURWlMd1hmYzZaQW9HQkFOZFoKT2JVekpQbUtVQkJxRlBzRFhkUGU1d3UxOVIxY09zWFA2S0Q0QlBGcS9kY1F6NzFGSVNZQUNKSG1KTUozM0w3aApkbTgvVUVzcER5NXF3ZnJ4ZXF6VWlTUGtCaTJSZ0ZSaENodEZabERuVzJrNUFIQnN1Nk9IUlBiekthSFh4c0plCkpDSWJFeTZUMjZVa3orUzdRd0tRNnBtMDR3a3NGRFA0TzZSMDVPbE5Bb0dBV09yRnpQSWoxcXBsZi9zalVlSWwKRGNoekZZYlpYOFFsL2U0eEF2T0JUblVKWVE2WlppVTgwUEYzeWZNZVFiMkRyN1NhUFVGUzBOdGk4WWh4UDBXTgp4SmZoZE0vdWtyd2M1YTZHcUZLNG51d3M0cGxnSU9RcEJYdE82VWJSeWQ0dTdJZy9odVA2SGlDTWhUS1ZDbDRtCjNKN0pyZC9CbzJsSE1hdWNOSXkyYlVFQ2dZRUFtbHNES1NWS3FHOENhbkdQTGtqQWRULzlmZ0JqZkRNQ2tZMHYKNGtsRVNjTDF4YlR3SW1zdGttNU50ajR2TlJEek1nS3JnSnZ5TXAxd20wVzhXdUhCbTZZUDBxRDc2S2UxUTBYMwpGNHNNQm90K2t4SmZoVFg2M1FEMVpzanVtMm50dHA0QjZreGIySFAwNlE5VTBFK0ZmWTVnQ2VLRkphcnBwRUtXCmhZK2dFTFVDZ1lCdXBjb3J4OXd1VHNTQmZYc1lHa0NKZGZHRzBWOXZuRzVOZ2FWVXNJYk53OEZ6SDdDZ09nR2oKeHpKdWptd3JiQ1FRZlFPLzdaekthSnFWMm8xdHhRNVNSdGpEbnZDQVlqRWRmN3pQOTJwV1hESnBJT1VhaENScwo4cmVOY2dJdk1rYitkS2gzbEFLK3hFTFRld2Uva0trVnUyRVllejVsd3JIZ3U3NVc4VFJKY0E9PQotLS0tLUVORCBSU0EgUFJJVkFURSBLRVktLS0tLQo=",
                            "master_auth.0.cluster_ca_certificate": "LS0tLS1CRUdJTiBDRVJUSUZJQ0FURS0tLS0tCk1JSURGRENDQWZ5Z0F3SUJBZ0lSQUtTZjhGV28xcnZGckU2eG82Yk9uaGd3RFFZSktvWklodmNOQVFFTEJRQXcKTXpFeE1DOEdBMVVFQXd3b2RYTXRkMlZ6ZERFdFlpMDRPVEE0TWpJek9UazFNREF0WkhKdmJtVkFNVFE0TmpReApNRGd5TnpBZUZ3MHhOekF5TURZeE9UVXpORGRhRncweU1qQXlNRFV4T1RVek5EZGFNRE14TVRBdkJnTlZCQU1NCktIVnpMWGRsYzNReExXSXRPRGt3T0RJeU16azVOVEF3TFdSeWIyNWxRREUwT0RZME1UQTRNamN3Z2dFaU1BMEcKQ1NxR1NJYjNEUUVCQVFVQUE0SUJEd0F3Z2dFS0FvSUJBUUNocGRpTU1BTWU2M1QrK0FtVXROWGRpallSbnpPWgo1UzcyWUx0eGFnTHA4NEtVdkgrMGExVm1QZ2YxRmF5R20wdjJkblFPdUtoYk05b2xWbndMaXNrMFN2ZXNRbk9GCjVHRzd0NkZCNFQrcERDci9KVjRzZW85U292SGVlZk5tT055N05EbmxobThIUk4xT3J0YVc1ZDdGeHhPdVJ6TDkKSEFKZTNyVnp4bTRMVzNBVXpRZHZkVXU3T09iVzh6S0tWRVBEVkM2dzZIOExENVlXdWhLYU9xTW1XZDc2T3U5QwpxM3g4QXNEQ2MxMEhPUjN2RG1SZlM1YWFKeTFWQk1EeEJZcUlUMkJIWklzTzNLWVRxQW5vNExNbUNTaEcxT3BPCkZHNXB0UWpCWDVnSThZaTB1SjlsOWJGWmdIMmIwWUFmYnJUYWxxWUsrZTN0VWtsR0NYUUtPZ1hmQWdNQkFBR2oKSXpBaE1BNEdBMVVkRHdFQi93UUVBd0lDQkRBUEJnTlZIUk1CQWY4RUJUQURBUUgvTUEwR0NTcUdTSWIzRFFFQgpDd1VBQTRJQkFRQUZFOEJyVFAxTVROblBpbkE4N0pSTjVDVUNCcWJ5WDF6VmtNT1JvLzBzOFgrN1dZVlJlMm1CCjF0V0pmNHBhQVNPRm91MFNXbWppVGd5SUtvYWRiR0lXZTkvR0podWVPTG5BRjFzUjQvdlltUWtjRkJkRlNxSlQKd1RieUR6c0NVMFhzWm50VS9GRVI2RTNkNWV6U2dmV004cjl6Z1dEcTBLVG1SS3FrWC9NWGcvWENDMnU3aFJxeAp4dndzbFhaNHJzcEp5dURPczZnbnY3NnVUVThUc2NCSDVHUHVxS3R4cWd4L1RZTnphbERtTlRad0JVMmFzY3pxClFwUCtwaHM4NHpHcXljN3RZRGovclozdHJERHEwTGJkVnpVZW1iWjBWTWVQNjBUdzF2QzdjV01NaXdoVjhuNXIKNUpvMVV0ZnNCdVBRVWgzdTNuUjlBYmJxZXpraFZUR28KLS0tLS1FTkQgQ0VSVElGSUNBVEUtLS0tLQo=",
                            "master_auth.0.password": "willchange",
                            "master_auth.0.username": "firsttry",
                            "monitoring_service": "monitoring.googleapis.com",
                            "name": "drone",
                            "network": "developer-space",
                            "node_config.#": "1",
                            "node_config.0.disk_size_gb": "100",
                            "node_config.0.machine_type": "g1-small",
                            "node_config.0.oauth_scopes.#": "4",
                            "node_config.0.oauth_scopes.0": "https://www.googleapis.com/auth/compute",
                            "node_config.0.oauth_scopes.1": "https://www.googleapis.com/auth/devstorage.read_only",
                            "node_config.0.oauth_scopes.2": "https://www.googleapis.com/auth/logging.write",
                            "node_config.0.oauth_scopes.3": "https://www.googleapis.com/auth/monitoring",
                            "node_version": "1.5.2",
                            "subnetwork": "developer-space-west1",
                            "zone": "us-west1-b"
                        },
                        "meta": {},
                        "tainted": false
                    },
                    "deposed": [],
                    "provider": ""
                },
                "google_dns_managed_zone.adronme": {
                    "type": "google_dns_managed_zone",
                    "depends_on": [],
                    "primary": {
                        "id": "adronme",
                        "attributes": {
                            "description": "Production http://adron.me Domain.",
                            "dns_name": "adron.me.",
                            "id": "adronme",
                            "name": "adronme",
                            "name_servers.#": "4",
                            "name_servers.0": "ns-cloud-c1.googledomains.com.",
                            "name_servers.1": "ns-cloud-c2.googledomains.com.",
                            "name_servers.2": "ns-cloud-c3.googledomains.com.",
                            "name_servers.3": "ns-cloud-c4.googledomains.com."
                        },
                        "meta": {},
                        "tainted": false
                    },
                    "deposed": [],
                    "provider": ""
                },
                "google_dns_managed_zone.compositecodecom": {
                    "type": "google_dns_managed_zone",
                    "depends_on": [],
                    "primary": {
                        "id": "compositecodecom",
                        "attributes": {
                            "description": "Production http://compositecode.com Domain.",
                            "dns_name": "compositecode.com.",
                            "id": "compositecodecom",
                            "name": "compositecodecom",
                            "name_servers.#": "4",
                            "name_servers.0": "ns-cloud-b1.googledomains.com.",
                            "name_servers.1": "ns-cloud-b2.googledomains.com.",
                            "name_servers.2": "ns-cloud-b3.googledomains.com.",
                            "name_servers.3": "ns-cloud-b4.googledomains.com."
                        },
                        "meta": {},
                        "tainted": false
                    },
                    "deposed": [],
                    "provider": ""
                },
                "google_dns_managed_zone.datadiluviumcom": {
                    "type": "google_dns_managed_zone",
                    "depends_on": [],
                    "primary": {
                        "id": "datadiluviumcom",
                        "attributes": {
                            "description": "Production http://datadiluvium.com Domain.",
                            "dns_name": "datadiluvium.com.",
                            "id": "datadiluviumcom",
                            "name": "datadiluviumcom",
                            "name_servers.#": "4",
                            "name_servers.0": "ns-cloud-c1.googledomains.com.",
                            "name_servers.1": "ns-cloud-c2.googledomains.com.",
                            "name_servers.2": "ns-cloud-c3.googledomains.com.",
                            "name_servers.3": "ns-cloud-c4.googledomains.com."
                        },
                        "meta": {},
                        "tainted": false
                    },
                    "deposed": [],
                    "provider": ""
                },
                "google_dns_record_set.blog": {
                    "type": "google_dns_record_set",
                    "depends_on": [
                        "google_dns_managed_zone.adronme",
                        "google_dns_managed_zone.adronme"
                    ],
                    "primary": {
                        "id": "2",
                        "attributes": {
                            "id": "2",
                            "managed_zone": "adronme",
                            "name": "blog.adron.me.",
                            "rrdatas.#": "1",
                            "rrdatas.0": "adron.github.io.",
                            "ttl": "5",
                            "type": "CNAME"
                        },
                        "meta": {},
                        "tainted": false
                    },
                    "deposed": [],
                    "provider": ""
                },
                "google_dns_record_set.compositecodecom": {
                    "type": "google_dns_record_set",
                    "depends_on": [
                        "google_dns_managed_zone.compositecodecom",
                        "google_dns_managed_zone.compositecodecom"
                    ],
                    "primary": {
                        "id": "1",
                        "attributes": {
                            "id": "1",
                            "managed_zone": "compositecodecom",
                            "name": "compositecode.com.",
                            "rrdatas.#": "2",
                            "rrdatas.0": "192.30.252.154",
                            "rrdatas.1": "192.30.252.153",
                            "ttl": "30",
                            "type": "A"
                        },
                        "meta": {},
                        "tainted": false
                    },
                    "deposed": [],
                    "provider": ""
                },
                "google_dns_record_set.data": {
                    "type": "google_dns_record_set",
                    "depends_on": [
                        "google_compute_address.redirector",
                        "google_dns_managed_zone.adronme",
                        "google_dns_managed_zone.adronme"
                    ],
                    "primary": {
                        "id": "7",
                        "attributes": {
                            "id": "7",
                            "managed_zone": "adronme",
                            "name": "data.adron.me.",
                            "rrdatas.#": "1",
                            "rrdatas.0": "104.196.255.117",
                            "ttl": "5",
                            "type": "A"
                        },
                        "meta": {},
                        "tainted": false
                    },
                    "deposed": [],
                    "provider": ""
                },
                "google_dns_record_set.datadiluviumcom": {
                    "type": "google_dns_record_set",
                    "depends_on": [
                        "google_dns_managed_zone.datadiluviumcom",
                        "google_dns_managed_zone.datadiluviumcom"
                    ],
                    "primary": {
                        "id": "1",
                        "attributes": {
                            "id": "1",
                            "managed_zone": "datadiluviumcom",
                            "name": "datadiluvium.com.",
                            "rrdatas.#": "2",
                            "rrdatas.0": "192.30.252.154",
                            "rrdatas.1": "192.30.252.153",
                            "ttl": "30",
                            "type": "A"
                        },
                        "meta": {},
                        "tainted": false
                    },
                    "deposed": [],
                    "provider": ""
                },
                "google_dns_record_set.dronedatadiluviumcom": {
                    "type": "google_dns_record_set",
                    "depends_on": [
                        "google_dns_managed_zone.datadiluviumcom",
                        "google_dns_managed_zone.datadiluviumcom"
                    ],
                    "primary": {
                        "id": "2",
                        "attributes": {
                            "id": "2",
                            "managed_zone": "datadiluviumcom",
                            "name": "drone.datadiluvium.com.",
                            "rrdatas.#": "1",
                            "rrdatas.0": "104.199.117.117",
                            "ttl": "5",
                            "type": "A"
                        },
                        "meta": {},
                        "tainted": false
                    },
                    "deposed": [],
                    "provider": ""
                },
                "google_dns_record_set.photos": {
                    "type": "google_dns_record_set",
                    "depends_on": [
                        "google_dns_managed_zone.adronme",
                        "google_dns_managed_zone.adronme"
                    ],
                    "primary": {
                        "id": "1",
                        "attributes": {
                            "id": "1",
                            "managed_zone": "adronme",
                            "name": "photos.adron.me.",
                            "rrdatas.#": "1",
                            "rrdatas.0": "domains.smugmug.com.",
                            "ttl": "5",
                            "type": "CNAME"
                        },
                        "meta": {},
                        "tainted": false
                    },
                    "deposed": [],
                    "provider": ""
                }
            },
            "depends_on": []
        }
    ]
}
