{
    "version": 3,
    "terraform_version": "0.8.5",
    "serial": 62,
    "lineage": "acdd28a7-23b8-40bf-878f-53c48657549c",
    "modules": [
        {
            "path": [
                "root"
            ],
            "outputs": {},
            "resources": {
                "google_compute_address.redirector": {
                    "type": "google_compute_address",
                    "depends_on": [],
                    "primary": {
                        "id": "redirector",
                        "attributes": {
                            "address": "104.154.249.251",
                            "id": "redirector",
                            "name": "redirector",
                            "self_link": "https://www.googleapis.com/compute/v1/projects/that-big-universe/regions/us-central1/addresses/redirector"
                        },
                        "meta": {},
                        "tainted": false
                    },
                    "deposed": [],
                    "provider": ""
                },
                "google_compute_instance.redirector": {
                    "type": "google_compute_instance",
                    "depends_on": [
                        "google_compute_address.redirector"
                    ],
                    "primary": {
                        "id": "redirector",
                        "attributes": {
                            "can_ip_forward": "false",
                            "create_timeout": "4",
                            "disk.#": "1",
                            "disk.0.auto_delete": "true",
                            "disk.0.device_name": "",
                            "disk.0.disk": "",
                            "disk.0.disk_encryption_key_raw": "",
                            "disk.0.disk_encryption_key_sha256": "",
                            "disk.0.image": "redirector-1485899054",
                            "disk.0.scratch": "false",
                            "disk.0.size": "0",
                            "disk.0.type": "",
                            "id": "redirector",
                            "machine_type": "f1-micro",
                            "metadata.%": "0",
                            "metadata_fingerprint": "ggUaVFFDPx0=",
                            "name": "redirector",
                            "network.#": "0",
                            "network_interface.#": "1",
                            "network_interface.0.access_config.#": "1",
                            "network_interface.0.access_config.0.assigned_nat_ip": "104.154.249.251",
                            "network_interface.0.access_config.0.nat_ip": "104.154.249.251",
                            "network_interface.0.address": "10.128.0.2",
                            "network_interface.0.name": "nic0",
                            "network_interface.0.network": "default",
                            "network_interface.0.subnetwork": "",
                            "network_interface.0.subnetwork_project": "",
                            "self_link": "https://www.googleapis.com/compute/v1/projects/that-big-universe/zones/us-central1-b/instances/redirector",
                            "service_account.#": "1",
                            "service_account.0.email": "890822399500-compute@developer.gserviceaccount.com",
                            "service_account.0.scopes.#": "3",
                            "service_account.0.scopes.1632638332": "https://www.googleapis.com/auth/devstorage.read_only",
                            "service_account.0.scopes.2428168921": "https://www.googleapis.com/auth/userinfo.email",
                            "service_account.0.scopes.2862113455": "https://www.googleapis.com/auth/compute.readonly",
                            "tags.#": "2",
                            "tags.1936433573": "https-server",
                            "tags.988335155": "http-server",
                            "tags_fingerprint": "6smc4R4d39I=",
                            "zone": "us-central1-b"
                        },
                        "meta": {
                            "schema_version": "2"
                        },
                        "tainted": false
                    },
                    "deposed": [],
                    "provider": ""
                },
                "google_compute_network.developer-space": {
                    "type": "google_compute_network",
                    "depends_on": [],
                    "primary": {
                        "id": "developer-space",
                        "attributes": {
                            "auto_create_subnetworks": "false",
                            "gateway_ipv4": "",
                            "id": "developer-space",
                            "name": "developer-space",
                            "self_link": "https://www.googleapis.com/compute/v1/projects/that-big-universe/global/networks/developer-space"
                        },
                        "meta": {},
                        "tainted": false
                    },
                    "deposed": [],
                    "provider": ""
                },
                "google_compute_network.production-space": {
                    "type": "google_compute_network",
                    "depends_on": [],
                    "primary": {
                        "id": "production-space",
                        "attributes": {
                            "auto_create_subnetworks": "false",
                            "gateway_ipv4": "",
                            "id": "production-space",
                            "name": "production-space",
                            "self_link": "https://www.googleapis.com/compute/v1/projects/that-big-universe/global/networks/production-space"
                        },
                        "meta": {},
                        "tainted": false
                    },
                    "deposed": [],
                    "provider": ""
                },
                "google_compute_subnetwork.developer-us-west1": {
                    "type": "google_compute_subnetwork",
                    "depends_on": [
                        "google_compute_network.developer-space"
                    ],
                    "primary": {
                        "id": "us-west1/developer-space",
                        "attributes": {
                            "gateway_address": "10.140.0.1",
                            "id": "us-west1/developer-space",
                            "ip_cidr_range": "10.140.0.0/20",
                            "name": "developer-space",
                            "network": "https://www.googleapis.com/compute/v1/projects/that-big-universe/global/networks/developer-space",
                            "region": "us-west1",
                            "self_link": "https://www.googleapis.com/compute/v1/projects/that-big-universe/regions/us-west1/subnetworks/developer-space"
                        },
                        "meta": {},
                        "tainted": false
                    },
                    "deposed": [],
                    "provider": ""
                },
                "google_compute_subnetwork.worker-us-west1": {
                    "type": "google_compute_subnetwork",
                    "depends_on": [
                        "google_compute_network.production-space"
                    ],
                    "primary": {
                        "id": "us-west1/production-space",
                        "attributes": {
                            "gateway_address": "10.138.0.1",
                            "id": "us-west1/production-space",
                            "ip_cidr_range": "10.138.0.0/18",
                            "name": "production-space",
                            "network": "https://www.googleapis.com/compute/v1/projects/that-big-universe/global/networks/production-space",
                            "region": "us-west1",
                            "self_link": "https://www.googleapis.com/compute/v1/projects/that-big-universe/regions/us-west1/subnetworks/production-space"
                        },
                        "meta": {},
                        "tainted": false
                    },
                    "deposed": [],
                    "provider": ""
                },
                "google_container_cluster.development": {
                    "type": "google_container_cluster",
                    "depends_on": [],
                    "primary": {
                        "id": "development-systems",
                        "attributes": {
                            "additional_zones.#": "1",
                            "additional_zones.0": "us-west1-b",
                            "cluster_ipv4_cidr": "10.28.0.0/14",
                            "description": "",
                            "endpoint": "104.196.234.30",
                            "id": "development-systems",
                            "initial_node_count": "3",
                            "instance_group_urls.#": "1",
                            "instance_group_urls.0": "https://www.googleapis.com/compute/v1/projects/that-big-universe/zones/us-west1-b/instanceGroupManagers/gke-development-systems-default-pool-f30f476e-grp",
                            "logging_service": "logging.googleapis.com",
                            "master_auth.#": "1",
                            "master_auth.0.client_certificate": "LS0tLS1CRUdJTiBDRVJUSUZJQ0FURS0tLS0tCk1JSURFVENDQWZtZ0F3SUJBZ0lRUmFpN3YwOTRHMUF6UnRSNU9pNnNRekFOQmdrcWhraUc5dzBCQVFzRkFEQkIKTVQ4d1BRWURWUVFERERaMWN5MTNaWE4wTVMxaUxUZzVNRGd5TWpNNU9UVXdNQzFrWlhabGJHOXdiV1Z1ZEMxegplWE4wWlcxelFERTBPRFU0T1RrMU9Ea3dIaGNOTVRjd01UTXhNakUxTXpFd1doY05Nakl3TVRNd01qRTFNekV3CldqQVJNUTh3RFFZRFZRUURFd1pqYkdsbGJuUXdnZ0VpTUEwR0NTcUdTSWIzRFFFQkFRVUFBNElCRHdBd2dnRUsKQW9JQkFRRFBoRW10eTlGK0t3QTVHMENaYmtZaU9uaG13SW9LelJtalVEQXFNaTRjY2pZelZ2SGNudzYyVUhyeApvRUJocjZCbm5iQVF0dUNYRXJSdkhnQWlDNG45YlFZTTY3bk1wVUxnd3VmdlVLbzF6UmF1RXZyUnMrR0VtV2VuCkN6djdLZlhYMnl0aHZKVnl2NU9WNDNQdDg1cSsrTHFic2Mzd2NrMGgwVVllSU5PTVo1ajkraCs3akd3c1RmRFMKb0JhS3BpNm5TaG5VSnhoWXRhclArT2QzR0F0OFF6OHkzQ0NiMEJ4QkhwWDdUNE5taVkyd1liYk9TdEV3K1orVApTSkRxalJJeGpZQ2FMaytaUGYzQnpyQWRnSWI2ZDBIaU5weXFNZmNLeUVQWHJmWU5RK0VFQ2lTQ3Ryd3IvZFRzCnJldnVCaHpmVHcxOTBORXBxanQrTlRXU0hjSE5BZ01CQUFHak5UQXpNQTRHQTFVZER3RUIvd1FFQXdJRm9EQVQKQmdOVkhTVUVEREFLQmdnckJnRUZCUWNEQWpBTUJnTlZIUk1CQWY4RUFqQUFNQTBHQ1NxR1NJYjNEUUVCQ3dVQQpBNElCQVFCSnVhdU1hOWtHc1VaMTVxVnJaKy91eVdMa2hUYXhibU1zQWs0YnV4WXlNdVArMzAzb3l5TlE2bDQvCkpYaXBxWWNFM0M0TFNvU0dLS200N1pjRGFxV0F5UWZmdEtKREJWU2tqSUc2ZW03U2RmVjZrd2pyb0lYTkg3SloKUkV6YW0ybmswRG9ueDU2Uy9QQkpCMUV5Ri94VVdmM2xwWEJRbDZxc3U4a1FZREhGNnJ5dDgwQ2FxTE1qKzJEYgp6amtlaVBjblVpN3dLLzlRU0RJVjAxMStxRlRTMkw0K1VEV2ZBdnFCUVZFOUtReE11cEwvSnc2YkNMUHkxaWluCjRXQjRraHVNcnBaMUVFQXBCQm1aTlQ1eFlnZ0dxRkhJMUcyZjRDbXYvQWZIMWVlZkY2cmdXNFNaUzluYzZ1eHEKaFo0d3RUR0UzeWkyNnRLOUI4ZEc4KzJIRVZjSAotLS0tLUVORCBDRVJUSUZJQ0FURS0tLS0tCg==",
                            "master_auth.0.client_key": "LS0tLS1CRUdJTiBSU0EgUFJJVkFURSBLRVktLS0tLQpNSUlFb3dJQkFBS0NBUUVBejRSSnJjdlJmaXNBT1J0QW1XNUdJanA0WnNDS0NzMFpvMUF3S2pJdUhISTJNMWJ4CjNKOE90bEI2OGFCQVlhK2daNTJ3RUxiZ2x4SzBieDRBSWd1Si9XMEdET3U1ektWQzRNTG43MUNxTmMwV3JoTDYKMGJQaGhKbG5wd3M3K3luMTE5c3JZYnlWY3IrVGxlTno3Zk9hdnZpNm03SE44SEpOSWRGR0hpRFRqR2VZL2ZvZgp1NHhzTEUzdzBxQVdpcVl1cDBvWjFDY1lXTFdxei9qbmR4Z0xmRU0vTXR3Z205QWNRUjZWKzArRFpvbU5zR0cyCnprclJNUG1mazBpUTZvMFNNWTJBbWk1UG1UMzl3YzZ3SFlDRytuZEI0amFjcWpIM0NzaEQxNjMyRFVQaEJBb2sKZ3JhOEsvM1U3SzNyN2dZYzMwOE5mZERSS2FvN2ZqVTFraDNCelFJREFRQUJBb0lCQUh6L1BqSkZ0eWE4V0NJTgozRmVQS1FldEdLRXNFUHA0bUp6YXpHaGVXWkFnNjZ6NURpN0tVRjVaRS9VL2hnaFJkZGwwRG4zQzZuMlZjc0lMCjNDQ2x1clRBV3dpbFpRRnorbGpRamt5RTFrSWFDek5IazNXRldLNDZpVWtCWjF2ZTVvcmpKYnAxa2IvUXplRlgKWkpsTVIwWUpKTDVyMTVTaUJQdjl4cktYSzFaQ2F2OTY3cUV5ejY1eDlHZWhRNWUrUVUxcTFwQ0htRWIrMWFhSwo3M3NlN2JscGwrbExVWGF2RG0zellCK0ZLckExNnV6T3ZrZGhUQ2xZRm9JVjVyTFBaejVnQVNMRFArTEdySis1CmdBdHdMcXcyS0haV0hDQ0ZSSVkvRC8zcmxRWHR4MGZZN2g4ZFhrVk11NXh0QUFQbkljSHBVbXV6OHBBaE54T08KUmtWbk1qRUNnWUVBN2kzdWRRRjVBWmRBeERRdDc1WDdQK0tscFlEdVc5V2N1aWhEbjRSajVDbzRvZFoxRU5LbQowamtDMWVhUVkweVl6TmhWOGZROUZqbWNDbC9yc2FvRVBDN2h2bFRjSFRRQjZuTmFsL1plMVVSWEorc1FVWVRICmpyRkdkVmxjT1YySFFiNkp4WkNuNnNDQURjQm1hTTczSUw5elV1QU5DNU54N2JWZVp5QzdVcXNDZ1lFQTN3c0wKenhGVCtZM29TNXRTZ3Jsb3dPSDZ1dmFhUFNnaDIvSTZ1bTdjcW9XV21tL2N5TnAxczEzaE1OS1hlWnhXQUlJcwpvLytLRnJsa3k0ZkxVWmNWQUZ2T0ZKWDNLQ2w2aXRqMVUvYkhRUnFwcCtlbGx4U3pqUlZrVEd6Q3czKzBQRm81CjJveG5MNTJ3K2pCbVdnMkF1Rnpta2RVTmxQTDdiYUkwdVA0bWZXY0NnWUVBbkFNYUh5cEh5UEw2U1lxa1REdEIKeUNiOXVkc3FScDAxZS9yRDBNazNaVTBDcTM5K1R2YXNyeWNJNUhPU1FIajczYklYR2RXUjdlenVlUjA3bGJSMwo4YlFEeWxocmxmVnJDOWRqa0FhaE43RDhKZm1qUnNKaXRPVUo4ZlFHcE16T3ZCSEN6TlprSnpEUXNERkc0NEF1CkFCVm54UEZkbWllS2lObzBhL2pVdXVFQ2dZQWkyWmIrdzdaYlI5RUQvMERsTEJNeUVCMGRHV3NBSTBVbkdMSVUKYno0TFp0UWhUVmt5Q1BCYkZsQVpVTTVhTWhNK0FSajRodlVNbCtzbjRnL2lyN2lZVmIvZGQ1RW10VlJ3WFhYMwpxSmQ1bExEdGkwUlVWdWUzSTZDSVVIWWVGZFlUbUFWeUlIMys4cVMwY3R1TE5wRG1QWjNKSzREenhRT0VIZFFmCkU1YndBUUtCZ0Y2YkZjODE0eFBQWWhSUzIrUkRHanduRUIrVlRkcEFDSDJMREhkeCtBdXExRXMvNWg0RjMzM28KQ2ZqYnpTejlHNWx0cGc3RVczV1diZkEvSXQzdjUrK1M0WWJhUUd3OVBFWWx6djd5WS9wWC9EZ1BOTk1MVDFaVgp5bmFWRjEwazNuLzZZWm11bSt3R2lPM0tmeWo1R1dDeHU3RTlIb0QvMzBmVmdNbGNjT2VkCi0tLS0tRU5EIFJTQSBQUklWQVRFIEtFWS0tLS0tCg==",
                            "master_auth.0.cluster_ca_certificate": "LS0tLS1CRUdJTiBDRVJUSUZJQ0FURS0tLS0tCk1JSURNRENDQWhpZ0F3SUJBZ0lSQU12TisrbWFiYVhNN1kzdjYzUlA4eGN3RFFZSktvWklodmNOQVFFTEJRQXcKUVRFL01EMEdBMVVFQXd3MmRYTXRkMlZ6ZERFdFlpMDRPVEE0TWpJek9UazFNREF0WkdWMlpXeHZjRzFsYm5RdApjM2x6ZEdWdGMwQXhORGcxT0RrNU5UZzVNQjRYRFRFM01ERXpNVEl4TlRNd09Wb1hEVEl5TURFek1ESXhOVE13Ck9Wb3dRVEUvTUQwR0ExVUVBd3cyZFhNdGQyVnpkREV0WWkwNE9UQTRNakl6T1RrMU1EQXRaR1YyWld4dmNHMWwKYm5RdGMzbHpkR1Z0YzBBeE5EZzFPRGs1TlRnNU1JSUJJakFOQmdrcWhraUc5dzBCQVFFRkFBT0NBUThBTUlJQgpDZ0tDQVFFQTA1N3Y3OGxYUWJQM2FwNHh0cGlHTFZIZzVEaFdBcGI5Tld3V29RV2Z1TmVHajlUTUdFVjVkNmE5CkVVSXVRQXdNOXpqZjYrUStoOFN4WkpoVm8wcEptZWRrRGZOZHd4TWhZa2RLT2U4UnowbGl3Q1R2ejdnYVErdFcKUUpDaG9iWUlRS2lhRWhITEptZnNXRm5lOEhFa0FJSE1oOWh6czlQTjl1NTYrT1NxSTRsUjNLODdDVkEreTNBRwpTVzVIYUtUd0xPNk5hM1FuS3EyK0pSaHB3M1RyV1gwMUVmbDVmYXdPa3lwRVdRVHhNTWxxN2FPRlRFN2YrdW8vCmRNUndmcFJLeTEwK2gvbFB3cHY0dzh3SWhJU01Sam5CQit2cjd2czZMcFpxbWx4VDFoN2daODl5VElJdE04ME0KWi8xRzFmV25kY1pWWCs2QjdOenNLeWtWeG5xQ0V3SURBUUFCb3lNd0lUQU9CZ05WSFE4QkFmOEVCQU1DQWdRdwpEd1lEVlIwVEFRSC9CQVV3QXdFQi96QU5CZ2txaGtpRzl3MEJBUXNGQUFPQ0FRRUFSaHhpZ0xpand6ODhJU1ExCnJTTFBHc05Oa2pieXRKQUNwYmQxN0NkdG9xUDJqekZGUGFWM0xnbDJpNjFRM0RBT0ptcGtLZEpEREVFSXd4azkKdjAwTWZLWTNFSzNNYzM0aytCQ1JheG5pQW5zMm9MTzJFamMxTWNyMi9yRXgzcE5RY2I0dVNqVkFRVUVlRjFuagprWW9maGlZRkRZRUkra0ZXUERyR1VQWkVOMG1wbDE1Z0NvUmdxYzZYSCs5RytpdUs0UERBQjNnQXV1R29QVHZwCnJMbzIvSkZUVzJFckFOczVDU3hHRnVjaEw5VEtBMFRZcWdrN2k2aUxZdkN3R0pVS0xXamwvZUh2OThta2pNaWkKS1huT3cwR1I4b2l6NWVnbkdnRXRzMHhTcDBOYVAzbnhUNFB6N3U0ZFFUUnZSa2wzdWJHQ3ZidUphWmhwMjF0bgpqQ21uQUE9PQotLS0tLUVORCBDRVJUSUZJQ0FURS0tLS0tCg==",
                            "master_auth.0.password": "willchange",
                            "master_auth.0.username": "firsttry",
                            "monitoring_service": "monitoring.googleapis.com",
                            "name": "development-systems",
                            "network": "default",
                            "node_config.#": "1",
                            "node_config.0.disk_size_gb": "100",
                            "node_config.0.machine_type": "n1-standard-1",
                            "node_config.0.oauth_scopes.#": "4",
                            "node_config.0.oauth_scopes.0": "https://www.googleapis.com/auth/compute",
                            "node_config.0.oauth_scopes.1": "https://www.googleapis.com/auth/devstorage.read_only",
                            "node_config.0.oauth_scopes.2": "https://www.googleapis.com/auth/logging.write",
                            "node_config.0.oauth_scopes.3": "https://www.googleapis.com/auth/monitoring",
                            "node_version": "1.5.2",
                            "subnetwork": "",
                            "zone": "us-west1-b"
                        },
                        "meta": {},
                        "tainted": false
                    },
                    "deposed": [],
                    "provider": ""
                },
                "google_dns_managed_zone.adronme": {
                    "type": "google_dns_managed_zone",
                    "depends_on": [],
                    "primary": {
                        "id": "adronme",
                        "attributes": {
                            "description": "Production http://adron.me Domain.",
                            "dns_name": "adron.me.",
                            "id": "adronme",
                            "name": "adronme",
                            "name_servers.#": "4",
                            "name_servers.0": "ns-cloud-c1.googledomains.com.",
                            "name_servers.1": "ns-cloud-c2.googledomains.com.",
                            "name_servers.2": "ns-cloud-c3.googledomains.com.",
                            "name_servers.3": "ns-cloud-c4.googledomains.com."
                        },
                        "meta": {},
                        "tainted": false
                    },
                    "deposed": [],
                    "provider": ""
                },
                "google_dns_managed_zone.compositecodecom": {
                    "type": "google_dns_managed_zone",
                    "depends_on": [],
                    "primary": {
                        "id": "compositecodecom",
                        "attributes": {
                            "description": "Production http://compositecode.com Domain.",
                            "dns_name": "compositecode.com.",
                            "id": "compositecodecom",
                            "name": "compositecodecom",
                            "name_servers.#": "4",
                            "name_servers.0": "ns-cloud-b1.googledomains.com.",
                            "name_servers.1": "ns-cloud-b2.googledomains.com.",
                            "name_servers.2": "ns-cloud-b3.googledomains.com.",
                            "name_servers.3": "ns-cloud-b4.googledomains.com."
                        },
                        "meta": {},
                        "tainted": false
                    },
                    "deposed": [],
                    "provider": ""
                },
                "google_dns_record_set.blog": {
                    "type": "google_dns_record_set",
                    "depends_on": [
                        "google_dns_managed_zone.adronme",
                        "google_dns_managed_zone.adronme"
                    ],
                    "primary": {
                        "id": "2",
                        "attributes": {
                            "id": "2",
                            "managed_zone": "adronme",
                            "name": "blog.adron.me.",
                            "rrdatas.#": "1",
                            "rrdatas.0": "adron.github.io.",
                            "ttl": "5",
                            "type": "CNAME"
                        },
                        "meta": {},
                        "tainted": false
                    },
                    "deposed": [],
                    "provider": ""
                },
                "google_dns_record_set.compositecodecom": {
                    "type": "google_dns_record_set",
                    "depends_on": [
                        "google_dns_managed_zone.compositecodecom",
                        "google_dns_managed_zone.compositecodecom"
                    ],
                    "primary": {
                        "id": "1",
                        "attributes": {
                            "id": "1",
                            "managed_zone": "compositecodecom",
                            "name": "compositecode.com.",
                            "rrdatas.#": "2",
                            "rrdatas.0": "192.30.252.154",
                            "rrdatas.1": "192.30.252.153",
                            "ttl": "30",
                            "type": "A"
                        },
                        "meta": {},
                        "tainted": false
                    },
                    "deposed": [],
                    "provider": ""
                },
                "google_dns_record_set.data": {
                    "type": "google_dns_record_set",
                    "depends_on": [
                        "google_compute_address.redirector",
                        "google_dns_managed_zone.adronme",
                        "google_dns_managed_zone.adronme"
                    ],
                    "primary": {
                        "id": "3",
                        "attributes": {
                            "id": "3",
                            "managed_zone": "adronme",
                            "name": "data.adron.me.",
                            "rrdatas.#": "1",
                            "rrdatas.0": "104.154.249.251",
                            "ttl": "5",
                            "type": "A"
                        },
                        "meta": {},
                        "tainted": false
                    },
                    "deposed": [],
                    "provider": ""
                },
                "google_dns_record_set.photos": {
                    "type": "google_dns_record_set",
                    "depends_on": [
                        "google_dns_managed_zone.adronme",
                        "google_dns_managed_zone.adronme"
                    ],
                    "primary": {
                        "id": "1",
                        "attributes": {
                            "id": "1",
                            "managed_zone": "adronme",
                            "name": "photos.adron.me.",
                            "rrdatas.#": "1",
                            "rrdatas.0": "domains.smugmug.com.",
                            "ttl": "5",
                            "type": "CNAME"
                        },
                        "meta": {},
                        "tainted": false
                    },
                    "deposed": [],
                    "provider": ""
                }
            },
            "depends_on": []
        }
    ]
}
