{
    "version": 3,
    "terraform_version": "0.11.5",
    "serial": 9,
    "lineage": "91e495bd-533c-0cd3-f3c7-1b5d8586c57f",
    "modules": [
        {
            "path": [
                "root"
            ],
            "outputs": {
                "client_certificate": {
                    "sensitive": false,
                    "type": "string",
                    "value": "LS0tLS1CRUdJTiBDRVJUSUZJQ0FURS0tLS0tCk1JSUMyekNDQWNPZ0F3SUJBZ0lSQUtsSFJoSll4L3gyczRyTFRhYUsxaDB3RFFZSktvWklodmNOQVFFTEJRQXcKTHpFdE1Dc0dBMVVFQXhNa056aGxaVEk1WWpVdFltSTJOQzAwTnpobUxUZ3haV1F0WWprNU5tUmhNVEUwT1RNegpNQjRYRFRFNE1EUXlNVEEyTWpFd00xb1hEVEl6TURReU1EQTJNakV3TTFvd0VURVBNQTBHQTFVRUF4TUdZMnhwClpXNTBNSUlCSWpBTkJna3Foa2lHOXcwQkFRRUZBQU9DQVE4QU1JSUJDZ0tDQVFFQXp0L0dYaXFPUlpUZW5jUXAKQnZHMlR2ZFZiUEo4M0crR1c1ejVJMnY3SWlidU1CM1JycFYrcG1sZW52U3VGbmlrbkUyeE5PbUJmNXdCOTZUNQpkbTVXNGpPa2VUTGtKWndMSzlvSWtBN0tNdTBuM1N5eENkZWNBOXo5Z3ZOaHhFU2FTQW9OTk1PTWhWRktYSUNDCjNEZVJSZkc5UHRHQnVDM3FaekdvdEwwSkg3RVg2SElRZEZTdHlMRVUwQkNhSTdGZWpza0F3RG9QcCtPUkovVEEKbFRmbHdaQnV5T0Vna1d1ZjNzUnQvOEVqbzAvL2FtaGRueTFhdlRza0U4ZWJxOVUvWTBuZHNEZXRFNmZxclIzOApWUEVSc2J0ZUpoR0pSNVdwMHlBeUIwdHJGZEJBeEdmR3hNRDVGcGJOblZZM2VDYjRNS1hRYzVuUlBCRCtTeUNqCkUwa1dtd0lEQVFBQm94QXdEakFNQmdOVkhSTUJBZjhFQWpBQU1BMEdDU3FHU0liM0RRRUJDd1VBQTRJQkFRQjUKWmpSbTV2WFlvNGU1b28xVGI1OGRsK0hqM25zNm9JQVdXZWhGNjd4WHV1NkFNVVhxLzQzb2Y5U01jSGNxd3Z5eAowcWZlOFpMNGozd2o2VnBaY1pwaUhiaWY4RGd3VVRDa0xWTWppTmpGbGhtUXlxNlVHaWNjQUJvOUVFa3Y0R3NNCjBGOE1ncDVzcnFRUG5YcHdzb0t3eEl1bDhYUC80d1hURjRSdGZLdFJxcEVQRnlRbit3aSsxckQyUGtKSWJCMmoKYzhMRFZPYzNRVnNqeGF0N05KM0JlVnRjd253a205cHovYVB1RVhKdmNoem9WRm8vWjZKZUpDb0xieUkvWmhDaQp5TlFkN2MwY2tIZkY5eWtOaWJTQVgzVmZzVUl6cGZFNlNZQ3kwbnhLYit6WW9lTkQ1aWFiY05pNnQrQUNRN2NoCmFVWW9VNE9aaHFaamIwZVVRdlNWCi0tLS0tRU5EIENFUlRJRklDQVRFLS0tLS0K"
                },
                "client_key": {
                    "sensitive": false,
                    "type": "string",
                    "value": "LS0tLS1CRUdJTiBSU0EgUFJJVkFURSBLRVktLS0tLQpNSUlFb3dJQkFBS0NBUUVBenQvR1hpcU9SWlRlbmNRcEJ2RzJUdmRWYlBKODNHK0dXNXo1STJ2N0lpYnVNQjNSCnJwVitwbWxlbnZTdUZuaWtuRTJ4Tk9tQmY1d0I5NlQ1ZG01VzRqT2tlVExrSlp3TEs5b0lrQTdLTXUwbjNTeXgKQ2RlY0E5ejlndk5oeEVTYVNBb05OTU9NaFZGS1hJQ0MzRGVSUmZHOVB0R0J1QzNxWnpHb3RMMEpIN0VYNkhJUQpkRlN0eUxFVTBCQ2FJN0ZlanNrQXdEb1BwK09SSi9UQWxUZmx3WkJ1eU9FZ2tXdWYzc1J0LzhFam8wLy9hbWhkCm55MWF2VHNrRThlYnE5VS9ZMG5kc0RldEU2ZnFyUjM4VlBFUnNidGVKaEdKUjVXcDB5QXlCMHRyRmRCQXhHZkcKeE1ENUZwYk5uVlkzZUNiNE1LWFFjNW5SUEJEK1N5Q2pFMGtXbXdJREFRQUJBb0lCQUZqcER3SHdxMFhYZGhmNwpNeURUYUtXbW9sWFpIL1hEanN5MytkR1IrcFNTZzhNMVJhV1JoYVd5MnFKWmlhcUp2a0daR0lTanFPNzExMWllClZFTGtxRDIrc1QwUHRNTS9QZ1BpU05UVkxtelZ4VkRIQU8yNGQwcW53Mkx4QkQ5TXRyd29hY1dZRjhCQ2tFR1MKVCt1aWpES3g4MEpZMjdZVE1jK1pKYWRNS1d3dk5EeW5FUHJJQUFYaU5iZWg0YThXTVZTZFptN3F2QW04MVQrbgpMZkpoMGw0VXV3Q0kreENMSmhEbElSNndxTUZveU0wNktBNmdYcWpTTEFLVkY5RFhoWVhua0lRNmVKQkFTRlZBCjFnMU11UkNJNms5YjZma01CWkNFYnhCbWsyYXNNUW95SnllYkxCYUF2UlExWWJJZnB3S015VVJuNU1ENUxHdHQKeFhheXVua0NnWUVBNm5uWnBRZWN0eFJ1K08rZVJRWlYrNDlmZDZiaUhYWVp4Uld6ZUNLeVZwM09kM3pnU0paSApkcTM5b3ZGcHhvZi96bUxRdjdxTjN6d0NGSTBWamRVTW5GYVl6M055d0pYUEU1R2FXY0FhWm9xK1JsMnFTeTVECktFSk9RenFQanNZRzJ0THhsYU1SR1c1cHV3UUIvSFR5Q1g4OWRhNFYwclJ5RnRlRGxIVThSMU1DZ1lFQTRkMUoKQnhTL2lWU1hndEJDTDZqMEFieE1ZZnQvdUJneUFuUlBjQnNXNW8xZFBqZ1JNR0lVUmMwOUY5QUxSS09VMkxNdgpVZkNaSUhPS2pXNWZlREU3aG5kSHBQRGE1TEluais3RGp2ZHRTMHQ0cUIxOW51bk5MbXZBV0dCNjh6b1NuSGZQCmpNZmk5dk14TUd0NHh3b01KM3VMYmhIa1YrSVJsVW12WVpFUzhwa0NnWUVBcmo5MVJaWDltWFNlNzNJcS9RS3oKWFNueitWaFVpeTVjQWtHWlNMc0lLeVJFN2prbjkrbHVIRDA2MHg5eXl1NEFaU0M4SHUrRlJSTTBQSStJS0FuZQp3RVArZFpSRy8rV1VxT2M0ZkdBdGZteTI4RlhsR3MrN2FxeXp1blJIZ1FPYXpuMmF1T2dnNmZSS3NJZE83b3o5CjNaN29UbzdiZXVWTUw3dGk5aTJWYVM4Q2dZQTZlSlRkTm12WFc0VFZvcUJmd2pkWTg2dzZlV2M0KzFxRzlDRlUKZms3UlpLdE0zaXJsQVo4SjZ2WHo0akhvbFFpRmlPMnBJc1loZG9mWjBVYjUwSlQrWElhNWxuaTBWOEtTS2xlSgovVmZYOURQS0ljaFJpV2xLcVM1a01xWGhyWmovMUt4d1g1Yk1JMjBLZ2VnRWJ2OXlnVE01VFh4MW05cTljUlBzCkNDaUZrUUtCZ0hwSFdydy9oVUdYeCt2Y0g3RU5lTGc2L3NRdHNFVm5xZ3JRUlhqYWFqRkgzYnJBQkJ1TkQ5MHYKWklTVlJMYjJPT3ZteUxsSU8rVHRXamJXeFkwRVlDQnRWbGRMM212Q3p5L05wOHVkRDlZMlJBaDhiM0NwNFozZgpHR2ZtdnVJUUVsVzRicmEwWGdYNGZCVnFPNUwxeVdmRlk4U2lSbmhDK3JnQVlxdlRLb3ZMCi0tLS0tRU5EIFJTQSBQUklWQVRFIEtFWS0tLS0tCg=="
                },
                "cluster_ca_certificate": {
                    "sensitive": false,
                    "type": "string",
                    "value": "LS0tLS1CRUdJTiBDRVJUSUZJQ0FURS0tLS0tCk1JSURERENDQWZTZ0F3SUJBZ0lSQUxhZFBxc1RjT2p4L2UxUU9aUDBpS1l3RFFZSktvWklodmNOQVFFTEJRQXcKTHpFdE1Dc0dBMVVFQXhNa056aGxaVEk1WWpVdFltSTJOQzAwTnpobUxUZ3haV1F0WWprNU5tUmhNVEUwT1RNegpNQjRYRFRFNE1EUXlNVEExTWpFd01sb1hEVEl6TURReU1EQTJNakV3TWxvd0x6RXRNQ3NHQTFVRUF4TWtOemhsClpUSTVZalV0WW1JMk5DMDBOemhtTFRneFpXUXRZams1Tm1SaE1URTBPVE16TUlJQklqQU5CZ2txaGtpRzl3MEIKQVFFRkFBT0NBUThBTUlJQkNnS0NBUUVBcVN2ZzRlWkVqSStFT3pJeExUWnM5Q3lWaUd3T2VTUE84czkrMm8zRwpPZTdtcmJjSEt0VU5hU1hvNFBCbWY2ZVcwSlRaQlpQWmw4a2I5Yk9oYnhEZ0hpczdPRmVQbm1IYlNqQ0RhMFVKCm5GNU9aRkVuSVhmTlRMMzBoZElsOFVGVktLRGhQZ0RoZEJFMHFrc2tGLy9LUVJhSVJXSFhsUHcvV3hGTW9GMnQKNUxGallJY2xuYnZTci9pU1ZtVHNDbWRvRHhmdm5DU2pmSmRVUFBFcU1ZVXdwVk9CQ0ZjU0h0VkhOdVBGVHVzTwpFUW5DZFRjeG1WN2xiVkVCVS80cnA4alZyem10a0lSbjcxQVduZ0Q0QmM0Z25wTlE0dzVOR2pwODZDdVh6cnhvCnMvaHV3RmE5UEtFM1k0WjBwcGQ4ck05NmJOcGM2UXhvNjJveDRJT3lZM0E2d3dJREFRQUJveU13SVRBT0JnTlYKSFE4QkFmOEVCQU1DQWdRd0R3WURWUjBUQVFIL0JBVXdBd0VCL3pBTkJna3Foa2lHOXcwQkFRc0ZBQU9DQVFFQQpOUm9yYTZ2aWNVL21YdUcrWXRnekg5YzMvbFZlemhURmg0ZkRGcHZDRzJMY2JSZ21WM1p3SzhEUzljdUVNOXAzCmZ3YWt4Z0dMTUM2OWxQZ1l1MlBrTnRUcXBMWWorWDJFL09mS2hVWUd6ZFdsNk1ldFJSQU95d3BmM0hWMHV1UnYKQTVFUjZzVXA5aEtnOEJUN3FHNFRGQlRFRjFlNWNuRE1DdmdWa2pBRVNGbWdwbjFzY2FwYVBqanh2eDh4bGdtdQowWHB1MWQwV3ZaM1o4MVAzNDE3S1lrdFM2Z1o0Y3NDelYxNDBaWVlCSUxZc0JMekQ4OTNNQkFlV1BKaDAzWDU3CjdneWc5bUpDV3BiNHYvQWxSSEZkNDFmakk0ZkhhMHJOdmJKM0szTGNoaDVndkM0SXV6N21rLy9aUDQycEpTcWcKMHAwaGROc2NrVGV4RldyVEtCZnhFdz09Ci0tLS0tRU5EIENFUlRJRklDQVRFLS0tLS0K"
                },
                "cluster_password": {
                    "sensitive": false,
                    "type": "string",
                    "value": "badpassword_of_16_characters"
                },
                "cluster_username": {
                    "sensitive": false,
                    "type": "string",
                    "value": "badusername"
                },
                "endpoint": {
                    "sensitive": false,
                    "type": "string",
                    "value": "35.227.152.237"
                },
                "gcp_cluster_name": {
                    "sensitive": false,
                    "type": "string",
                    "value": "kuby-domicile"
                },
                "gcp_kubectl_command": {
                    "sensitive": false,
                    "type": "string",
                    "value": ""
                },
                "gcp_ssh_command": {
                    "sensitive": false,
                    "type": "string",
                    "value": "ssh badusername@35.227.152.237"
                },
                "instance_group_urls": {
                    "sensitive": false,
                    "type": "list",
                    "value": [
                        "https://www.googleapis.com/compute/v1/projects/new-universes/zones/us-west1-a/instanceGroups/gke-kuby-domicile-default-pool-6a64ab30-grp",
                        "https://www.googleapis.com/compute/v1/projects/new-universes/zones/us-west1-b/instanceGroups/gke-kuby-domicile-default-pool-17ddb61f-grp",
                        "https://www.googleapis.com/compute/v1/projects/new-universes/zones/us-west1-c/instanceGroups/gke-kuby-domicile-default-pool-99b2d8f8-grp"
                    ]
                },
                "node_config": {
                    "sensitive": false,
                    "type": "list",
                    "value": [
                        {
                            "disk_size_gb": "100",
                            "guest_accelerator": [],
                            "image_type": "COS",
                            "labels": {},
                            "local_ssd_count": "0",
                            "machine_type": "n1-standard-1",
                            "metadata": {},
                            "min_cpu_platform": "",
                            "oauth_scopes": [
                                "https://www.googleapis.com/auth/logging.write",
                                "https://www.googleapis.com/auth/compute",
                                "https://www.googleapis.com/auth/monitoring",
                                "https://www.googleapis.com/auth/devstorage.read_only"
                            ],
                            "preemptible": "0",
                            "service_account": "default",
                            "tags": [],
                            "taint": [],
                            "workload_metadata_config": []
                        }
                    ]
                },
                "node_pools": {
                    "sensitive": false,
                    "type": "list",
                    "value": [
                        {
                            "autoscaling": [],
                            "initial_node_count": "1",
                            "instance_group_urls": [
                                "https://www.googleapis.com/compute/v1/projects/new-universes/zones/us-west1-a/instanceGroupManagers/gke-kuby-domicile-default-pool-6a64ab30-grp",
                                "https://www.googleapis.com/compute/v1/projects/new-universes/zones/us-west1-b/instanceGroupManagers/gke-kuby-domicile-default-pool-17ddb61f-grp",
                                "https://www.googleapis.com/compute/v1/projects/new-universes/zones/us-west1-c/instanceGroupManagers/gke-kuby-domicile-default-pool-99b2d8f8-grp"
                            ],
                            "management": [
                                {
                                    "auto_repair": "0",
                                    "auto_upgrade": "0"
                                }
                            ],
                            "name": "default-pool",
                            "name_prefix": "",
                            "node_config": [
                                {
                                    "disk_size_gb": "100",
                                    "guest_accelerator": [],
                                    "image_type": "COS",
                                    "labels": {},
                                    "local_ssd_count": "0",
                                    "machine_type": "n1-standard-1",
                                    "metadata": {},
                                    "min_cpu_platform": "",
                                    "oauth_scopes": [
                                        "https://www.googleapis.com/auth/logging.write",
                                        "https://www.googleapis.com/auth/compute",
                                        "https://www.googleapis.com/auth/monitoring",
                                        "https://www.googleapis.com/auth/devstorage.read_only"
                                    ],
                                    "preemptible": "0",
                                    "service_account": "default",
                                    "tags": [],
                                    "taint": [],
                                    "workload_metadata_config": []
                                }
                            ],
                            "node_count": "1",
                            "version": "1.8.8-gke.0"
                        }
                    ]
                }
            },
            "resources": {
                "google_compute_network.production-space": {
                    "type": "google_compute_network",
                    "depends_on": [],
                    "primary": {
                        "id": "production-space",
                        "attributes": {
                            "auto_create_subnetworks": "false",
                            "description": "",
                            "gateway_ipv4": "",
                            "id": "production-space",
                            "ipv4_range": "",
                            "name": "production-space",
                            "project": "new-universes",
                            "routing_mode": "REGIONAL",
                            "self_link": "https://www.googleapis.com/compute/v1/projects/new-universes/global/networks/production-space"
                        },
                        "meta": {},
                        "tainted": false
                    },
                    "deposed": [],
                    "provider": "provider.google"
                },
                "google_compute_subnetwork.production-us-central1": {
                    "type": "google_compute_subnetwork",
                    "depends_on": [
                        "google_compute_network.production-space"
                    ],
                    "primary": {
                        "id": "us-central1/production-space-central1",
                        "attributes": {
                            "description": "",
                            "gateway_address": "10.127.0.1",
                            "id": "us-central1/production-space-central1",
                            "ip_cidr_range": "10.127.0.0/20",
                            "name": "production-space-central1",
                            "network": "https://www.googleapis.com/compute/v1/projects/new-universes/global/networks/production-space",
                            "private_ip_google_access": "false",
                            "project": "new-universes",
                            "region": "us-central1",
                            "secondary_ip_range.#": "0",
                            "self_link": "https://www.googleapis.com/compute/v1/projects/new-universes/regions/us-central1/subnetworks/production-space-central1"
                        },
                        "meta": {
                            "e2bfb730-ecaa-11e6-8f88-34363bc7c4c0": {
                                "create": 360000000000,
                                "delete": 360000000000,
                                "update": 360000000000
                            }
                        },
                        "tainted": false
                    },
                    "deposed": [],
                    "provider": "provider.google"
                },
                "google_compute_subnetwork.production-us-west1": {
                    "type": "google_compute_subnetwork",
                    "depends_on": [
                        "google_compute_network.production-space"
                    ],
                    "primary": {
                        "id": "us-west1/production-space-west1",
                        "attributes": {
                            "description": "",
                            "gateway_address": "10.138.0.1",
                            "id": "us-west1/production-space-west1",
                            "ip_cidr_range": "10.138.0.0/18",
                            "name": "production-space-west1",
                            "network": "https://www.googleapis.com/compute/v1/projects/new-universes/global/networks/production-space",
                            "private_ip_google_access": "false",
                            "project": "new-universes",
                            "region": "us-west1",
                            "secondary_ip_range.#": "0",
                            "self_link": "https://www.googleapis.com/compute/v1/projects/new-universes/regions/us-west1/subnetworks/production-space-west1"
                        },
                        "meta": {
                            "e2bfb730-ecaa-11e6-8f88-34363bc7c4c0": {
                                "create": 360000000000,
                                "delete": 360000000000,
                                "update": 360000000000
                            }
                        },
                        "tainted": false
                    },
                    "deposed": [],
                    "provider": "provider.google"
                },
                "google_container_cluster.primary": {
                    "type": "google_container_cluster",
                    "depends_on": [
                        "google_compute_network.production-space",
                        "google_compute_subnetwork.production-us-west1"
                    ],
                    "primary": {
                        "id": "kuby-domicile",
                        "attributes": {
                            "additional_zones.#": "2",
                            "additional_zones.3926883567": "us-west1-b",
                            "additional_zones.4078194094": "us-west1-c",
                            "addons_config.#": "1",
                            "addons_config.0.horizontal_pod_autoscaling.#": "0",
                            "addons_config.0.http_load_balancing.#": "0",
                            "addons_config.0.kubernetes_dashboard.#": "0",
                            "addons_config.0.network_policy_config.#": "1",
                            "addons_config.0.network_policy_config.0.disabled": "true",
                            "cluster_ipv4_cidr": "10.48.0.0/14",
                            "description": "",
                            "enable_kubernetes_alpha": "false",
                            "enable_legacy_abac": "false",
                            "endpoint": "35.227.152.237",
                            "id": "kuby-domicile",
                            "initial_node_count": "1",
                            "instance_group_urls.#": "3",
                            "instance_group_urls.0": "https://www.googleapis.com/compute/v1/projects/new-universes/zones/us-west1-a/instanceGroups/gke-kuby-domicile-default-pool-6a64ab30-grp",
                            "instance_group_urls.1": "https://www.googleapis.com/compute/v1/projects/new-universes/zones/us-west1-b/instanceGroups/gke-kuby-domicile-default-pool-17ddb61f-grp",
                            "instance_group_urls.2": "https://www.googleapis.com/compute/v1/projects/new-universes/zones/us-west1-c/instanceGroups/gke-kuby-domicile-default-pool-99b2d8f8-grp",
                            "logging_service": "logging.googleapis.com",
                            "master_auth.#": "1",
                            "master_auth.0.client_certificate": "LS0tLS1CRUdJTiBDRVJUSUZJQ0FURS0tLS0tCk1JSUMyekNDQWNPZ0F3SUJBZ0lSQUtsSFJoSll4L3gyczRyTFRhYUsxaDB3RFFZSktvWklodmNOQVFFTEJRQXcKTHpFdE1Dc0dBMVVFQXhNa056aGxaVEk1WWpVdFltSTJOQzAwTnpobUxUZ3haV1F0WWprNU5tUmhNVEUwT1RNegpNQjRYRFRFNE1EUXlNVEEyTWpFd00xb1hEVEl6TURReU1EQTJNakV3TTFvd0VURVBNQTBHQTFVRUF4TUdZMnhwClpXNTBNSUlCSWpBTkJna3Foa2lHOXcwQkFRRUZBQU9DQVE4QU1JSUJDZ0tDQVFFQXp0L0dYaXFPUlpUZW5jUXAKQnZHMlR2ZFZiUEo4M0crR1c1ejVJMnY3SWlidU1CM1JycFYrcG1sZW52U3VGbmlrbkUyeE5PbUJmNXdCOTZUNQpkbTVXNGpPa2VUTGtKWndMSzlvSWtBN0tNdTBuM1N5eENkZWNBOXo5Z3ZOaHhFU2FTQW9OTk1PTWhWRktYSUNDCjNEZVJSZkc5UHRHQnVDM3FaekdvdEwwSkg3RVg2SElRZEZTdHlMRVUwQkNhSTdGZWpza0F3RG9QcCtPUkovVEEKbFRmbHdaQnV5T0Vna1d1ZjNzUnQvOEVqbzAvL2FtaGRueTFhdlRza0U4ZWJxOVUvWTBuZHNEZXRFNmZxclIzOApWUEVSc2J0ZUpoR0pSNVdwMHlBeUIwdHJGZEJBeEdmR3hNRDVGcGJOblZZM2VDYjRNS1hRYzVuUlBCRCtTeUNqCkUwa1dtd0lEQVFBQm94QXdEakFNQmdOVkhSTUJBZjhFQWpBQU1BMEdDU3FHU0liM0RRRUJDd1VBQTRJQkFRQjUKWmpSbTV2WFlvNGU1b28xVGI1OGRsK0hqM25zNm9JQVdXZWhGNjd4WHV1NkFNVVhxLzQzb2Y5U01jSGNxd3Z5eAowcWZlOFpMNGozd2o2VnBaY1pwaUhiaWY4RGd3VVRDa0xWTWppTmpGbGhtUXlxNlVHaWNjQUJvOUVFa3Y0R3NNCjBGOE1ncDVzcnFRUG5YcHdzb0t3eEl1bDhYUC80d1hURjRSdGZLdFJxcEVQRnlRbit3aSsxckQyUGtKSWJCMmoKYzhMRFZPYzNRVnNqeGF0N05KM0JlVnRjd253a205cHovYVB1RVhKdmNoem9WRm8vWjZKZUpDb0xieUkvWmhDaQp5TlFkN2MwY2tIZkY5eWtOaWJTQVgzVmZzVUl6cGZFNlNZQ3kwbnhLYit6WW9lTkQ1aWFiY05pNnQrQUNRN2NoCmFVWW9VNE9aaHFaamIwZVVRdlNWCi0tLS0tRU5EIENFUlRJRklDQVRFLS0tLS0K",
                            "master_auth.0.client_key": "LS0tLS1CRUdJTiBSU0EgUFJJVkFURSBLRVktLS0tLQpNSUlFb3dJQkFBS0NBUUVBenQvR1hpcU9SWlRlbmNRcEJ2RzJUdmRWYlBKODNHK0dXNXo1STJ2N0lpYnVNQjNSCnJwVitwbWxlbnZTdUZuaWtuRTJ4Tk9tQmY1d0I5NlQ1ZG01VzRqT2tlVExrSlp3TEs5b0lrQTdLTXUwbjNTeXgKQ2RlY0E5ejlndk5oeEVTYVNBb05OTU9NaFZGS1hJQ0MzRGVSUmZHOVB0R0J1QzNxWnpHb3RMMEpIN0VYNkhJUQpkRlN0eUxFVTBCQ2FJN0ZlanNrQXdEb1BwK09SSi9UQWxUZmx3WkJ1eU9FZ2tXdWYzc1J0LzhFam8wLy9hbWhkCm55MWF2VHNrRThlYnE5VS9ZMG5kc0RldEU2ZnFyUjM4VlBFUnNidGVKaEdKUjVXcDB5QXlCMHRyRmRCQXhHZkcKeE1ENUZwYk5uVlkzZUNiNE1LWFFjNW5SUEJEK1N5Q2pFMGtXbXdJREFRQUJBb0lCQUZqcER3SHdxMFhYZGhmNwpNeURUYUtXbW9sWFpIL1hEanN5MytkR1IrcFNTZzhNMVJhV1JoYVd5MnFKWmlhcUp2a0daR0lTanFPNzExMWllClZFTGtxRDIrc1QwUHRNTS9QZ1BpU05UVkxtelZ4VkRIQU8yNGQwcW53Mkx4QkQ5TXRyd29hY1dZRjhCQ2tFR1MKVCt1aWpES3g4MEpZMjdZVE1jK1pKYWRNS1d3dk5EeW5FUHJJQUFYaU5iZWg0YThXTVZTZFptN3F2QW04MVQrbgpMZkpoMGw0VXV3Q0kreENMSmhEbElSNndxTUZveU0wNktBNmdYcWpTTEFLVkY5RFhoWVhua0lRNmVKQkFTRlZBCjFnMU11UkNJNms5YjZma01CWkNFYnhCbWsyYXNNUW95SnllYkxCYUF2UlExWWJJZnB3S015VVJuNU1ENUxHdHQKeFhheXVua0NnWUVBNm5uWnBRZWN0eFJ1K08rZVJRWlYrNDlmZDZiaUhYWVp4Uld6ZUNLeVZwM09kM3pnU0paSApkcTM5b3ZGcHhvZi96bUxRdjdxTjN6d0NGSTBWamRVTW5GYVl6M055d0pYUEU1R2FXY0FhWm9xK1JsMnFTeTVECktFSk9RenFQanNZRzJ0THhsYU1SR1c1cHV3UUIvSFR5Q1g4OWRhNFYwclJ5RnRlRGxIVThSMU1DZ1lFQTRkMUoKQnhTL2lWU1hndEJDTDZqMEFieE1ZZnQvdUJneUFuUlBjQnNXNW8xZFBqZ1JNR0lVUmMwOUY5QUxSS09VMkxNdgpVZkNaSUhPS2pXNWZlREU3aG5kSHBQRGE1TEluais3RGp2ZHRTMHQ0cUIxOW51bk5MbXZBV0dCNjh6b1NuSGZQCmpNZmk5dk14TUd0NHh3b01KM3VMYmhIa1YrSVJsVW12WVpFUzhwa0NnWUVBcmo5MVJaWDltWFNlNzNJcS9RS3oKWFNueitWaFVpeTVjQWtHWlNMc0lLeVJFN2prbjkrbHVIRDA2MHg5eXl1NEFaU0M4SHUrRlJSTTBQSStJS0FuZQp3RVArZFpSRy8rV1VxT2M0ZkdBdGZteTI4RlhsR3MrN2FxeXp1blJIZ1FPYXpuMmF1T2dnNmZSS3NJZE83b3o5CjNaN29UbzdiZXVWTUw3dGk5aTJWYVM4Q2dZQTZlSlRkTm12WFc0VFZvcUJmd2pkWTg2dzZlV2M0KzFxRzlDRlUKZms3UlpLdE0zaXJsQVo4SjZ2WHo0akhvbFFpRmlPMnBJc1loZG9mWjBVYjUwSlQrWElhNWxuaTBWOEtTS2xlSgovVmZYOURQS0ljaFJpV2xLcVM1a01xWGhyWmovMUt4d1g1Yk1JMjBLZ2VnRWJ2OXlnVE01VFh4MW05cTljUlBzCkNDaUZrUUtCZ0hwSFdydy9oVUdYeCt2Y0g3RU5lTGc2L3NRdHNFVm5xZ3JRUlhqYWFqRkgzYnJBQkJ1TkQ5MHYKWklTVlJMYjJPT3ZteUxsSU8rVHRXamJXeFkwRVlDQnRWbGRMM212Q3p5L05wOHVkRDlZMlJBaDhiM0NwNFozZgpHR2ZtdnVJUUVsVzRicmEwWGdYNGZCVnFPNUwxeVdmRlk4U2lSbmhDK3JnQVlxdlRLb3ZMCi0tLS0tRU5EIFJTQSBQUklWQVRFIEtFWS0tLS0tCg==",
                            "master_auth.0.cluster_ca_certificate": "LS0tLS1CRUdJTiBDRVJUSUZJQ0FURS0tLS0tCk1JSURERENDQWZTZ0F3SUJBZ0lSQUxhZFBxc1RjT2p4L2UxUU9aUDBpS1l3RFFZSktvWklodmNOQVFFTEJRQXcKTHpFdE1Dc0dBMVVFQXhNa056aGxaVEk1WWpVdFltSTJOQzAwTnpobUxUZ3haV1F0WWprNU5tUmhNVEUwT1RNegpNQjRYRFRFNE1EUXlNVEExTWpFd01sb1hEVEl6TURReU1EQTJNakV3TWxvd0x6RXRNQ3NHQTFVRUF4TWtOemhsClpUSTVZalV0WW1JMk5DMDBOemhtTFRneFpXUXRZams1Tm1SaE1URTBPVE16TUlJQklqQU5CZ2txaGtpRzl3MEIKQVFFRkFBT0NBUThBTUlJQkNnS0NBUUVBcVN2ZzRlWkVqSStFT3pJeExUWnM5Q3lWaUd3T2VTUE84czkrMm8zRwpPZTdtcmJjSEt0VU5hU1hvNFBCbWY2ZVcwSlRaQlpQWmw4a2I5Yk9oYnhEZ0hpczdPRmVQbm1IYlNqQ0RhMFVKCm5GNU9aRkVuSVhmTlRMMzBoZElsOFVGVktLRGhQZ0RoZEJFMHFrc2tGLy9LUVJhSVJXSFhsUHcvV3hGTW9GMnQKNUxGallJY2xuYnZTci9pU1ZtVHNDbWRvRHhmdm5DU2pmSmRVUFBFcU1ZVXdwVk9CQ0ZjU0h0VkhOdVBGVHVzTwpFUW5DZFRjeG1WN2xiVkVCVS80cnA4alZyem10a0lSbjcxQVduZ0Q0QmM0Z25wTlE0dzVOR2pwODZDdVh6cnhvCnMvaHV3RmE5UEtFM1k0WjBwcGQ4ck05NmJOcGM2UXhvNjJveDRJT3lZM0E2d3dJREFRQUJveU13SVRBT0JnTlYKSFE4QkFmOEVCQU1DQWdRd0R3WURWUjBUQVFIL0JBVXdBd0VCL3pBTkJna3Foa2lHOXcwQkFRc0ZBQU9DQVFFQQpOUm9yYTZ2aWNVL21YdUcrWXRnekg5YzMvbFZlemhURmg0ZkRGcHZDRzJMY2JSZ21WM1p3SzhEUzljdUVNOXAzCmZ3YWt4Z0dMTUM2OWxQZ1l1MlBrTnRUcXBMWWorWDJFL09mS2hVWUd6ZFdsNk1ldFJSQU95d3BmM0hWMHV1UnYKQTVFUjZzVXA5aEtnOEJUN3FHNFRGQlRFRjFlNWNuRE1DdmdWa2pBRVNGbWdwbjFzY2FwYVBqanh2eDh4bGdtdQowWHB1MWQwV3ZaM1o4MVAzNDE3S1lrdFM2Z1o0Y3NDelYxNDBaWVlCSUxZc0JMekQ4OTNNQkFlV1BKaDAzWDU3CjdneWc5bUpDV3BiNHYvQWxSSEZkNDFmakk0ZkhhMHJOdmJKM0szTGNoaDVndkM0SXV6N21rLy9aUDQycEpTcWcKMHAwaGROc2NrVGV4RldyVEtCZnhFdz09Ci0tLS0tRU5EIENFUlRJRklDQVRFLS0tLS0K",
                            "master_auth.0.password": "badpassword_of_16_characters",
                            "master_auth.0.username": "badusername",
                            "master_ipv4_cidr_block": "",
                            "master_version": "1.8.8-gke.0",
                            "monitoring_service": "monitoring.googleapis.com",
                            "name": "kuby-domicile",
                            "network": "production-space",
                            "network_policy.#": "0",
                            "node_config.#": "1",
                            "node_config.0.disk_size_gb": "100",
                            "node_config.0.guest_accelerator.#": "0",
                            "node_config.0.image_type": "COS",
                            "node_config.0.labels.%": "0",
                            "node_config.0.local_ssd_count": "0",
                            "node_config.0.machine_type": "n1-standard-1",
                            "node_config.0.metadata.%": "0",
                            "node_config.0.min_cpu_platform": "",
                            "node_config.0.oauth_scopes.#": "4",
                            "node_config.0.oauth_scopes.1277378754": "https://www.googleapis.com/auth/monitoring",
                            "node_config.0.oauth_scopes.1632638332": "https://www.googleapis.com/auth/devstorage.read_only",
                            "node_config.0.oauth_scopes.172152165": "https://www.googleapis.com/auth/logging.write",
                            "node_config.0.oauth_scopes.299962681": "https://www.googleapis.com/auth/compute",
                            "node_config.0.preemptible": "false",
                            "node_config.0.service_account": "default",
                            "node_config.0.tags.#": "0",
                            "node_config.0.taint.#": "0",
                            "node_config.0.workload_metadata_config.#": "0",
                            "node_pool.#": "1",
                            "node_pool.0.autoscaling.#": "0",
                            "node_pool.0.initial_node_count": "1",
                            "node_pool.0.instance_group_urls.#": "3",
                            "node_pool.0.instance_group_urls.0": "https://www.googleapis.com/compute/v1/projects/new-universes/zones/us-west1-a/instanceGroupManagers/gke-kuby-domicile-default-pool-6a64ab30-grp",
                            "node_pool.0.instance_group_urls.1": "https://www.googleapis.com/compute/v1/projects/new-universes/zones/us-west1-b/instanceGroupManagers/gke-kuby-domicile-default-pool-17ddb61f-grp",
                            "node_pool.0.instance_group_urls.2": "https://www.googleapis.com/compute/v1/projects/new-universes/zones/us-west1-c/instanceGroupManagers/gke-kuby-domicile-default-pool-99b2d8f8-grp",
                            "node_pool.0.management.#": "1",
                            "node_pool.0.management.0.auto_repair": "false",
                            "node_pool.0.management.0.auto_upgrade": "false",
                            "node_pool.0.name": "default-pool",
                            "node_pool.0.name_prefix": "",
                            "node_pool.0.node_config.#": "1",
                            "node_pool.0.node_config.0.disk_size_gb": "100",
                            "node_pool.0.node_config.0.guest_accelerator.#": "0",
                            "node_pool.0.node_config.0.image_type": "COS",
                            "node_pool.0.node_config.0.labels.%": "0",
                            "node_pool.0.node_config.0.local_ssd_count": "0",
                            "node_pool.0.node_config.0.machine_type": "n1-standard-1",
                            "node_pool.0.node_config.0.metadata.%": "0",
                            "node_pool.0.node_config.0.min_cpu_platform": "",
                            "node_pool.0.node_config.0.oauth_scopes.#": "4",
                            "node_pool.0.node_config.0.oauth_scopes.1277378754": "https://www.googleapis.com/auth/monitoring",
                            "node_pool.0.node_config.0.oauth_scopes.1632638332": "https://www.googleapis.com/auth/devstorage.read_only",
                            "node_pool.0.node_config.0.oauth_scopes.172152165": "https://www.googleapis.com/auth/logging.write",
                            "node_pool.0.node_config.0.oauth_scopes.299962681": "https://www.googleapis.com/auth/compute",
                            "node_pool.0.node_config.0.preemptible": "false",
                            "node_pool.0.node_config.0.service_account": "default",
                            "node_pool.0.node_config.0.tags.#": "0",
                            "node_pool.0.node_config.0.taint.#": "0",
                            "node_pool.0.node_config.0.workload_metadata_config.#": "0",
                            "node_pool.0.node_count": "1",
                            "node_pool.0.version": "1.8.8-gke.0",
                            "node_version": "1.8.8-gke.0",
                            "private_cluster": "false",
                            "project": "new-universes",
                            "subnetwork": "production-space-west1",
                            "zone": "us-west1-a"
                        },
                        "meta": {
                            "e2bfb730-ecaa-11e6-8f88-34363bc7c4c0": {
                                "create": 1800000000000,
                                "delete": 600000000000,
                                "update": 600000000000
                            },
                            "schema_version": "1"
                        },
                        "tainted": false
                    },
                    "deposed": [],
                    "provider": "provider.google"
                },
                "google_dns_managed_zone.adronme": {
                    "type": "google_dns_managed_zone",
                    "depends_on": [],
                    "primary": {
                        "id": "adronme",
                        "attributes": {
                            "description": "Production http://adron.me Domain.",
                            "dns_name": "adron.me.",
                            "id": "adronme",
                            "name": "adronme",
                            "name_servers.#": "4",
                            "name_servers.0": "ns-cloud-a1.googledomains.com.",
                            "name_servers.1": "ns-cloud-a2.googledomains.com.",
                            "name_servers.2": "ns-cloud-a3.googledomains.com.",
                            "name_servers.3": "ns-cloud-a4.googledomains.com.",
                            "project": "new-universes"
                        },
                        "meta": {},
                        "tainted": false
                    },
                    "deposed": [],
                    "provider": "provider.google"
                },
                "google_dns_managed_zone.compositecodecom": {
                    "type": "google_dns_managed_zone",
                    "depends_on": [],
                    "primary": {
                        "id": "compositecodecom",
                        "attributes": {
                            "description": "Production http://compositecode.com Domain.",
                            "dns_name": "compositecode.com.",
                            "id": "compositecodecom",
                            "name": "compositecodecom",
                            "name_servers.#": "4",
                            "name_servers.0": "ns-cloud-a1.googledomains.com.",
                            "name_servers.1": "ns-cloud-a2.googledomains.com.",
                            "name_servers.2": "ns-cloud-a3.googledomains.com.",
                            "name_servers.3": "ns-cloud-a4.googledomains.com.",
                            "project": "new-universes"
                        },
                        "meta": {},
                        "tainted": false
                    },
                    "deposed": [],
                    "provider": "provider.google"
                },
                "google_dns_managed_zone.datadiluviumcom": {
                    "type": "google_dns_managed_zone",
                    "depends_on": [],
                    "primary": {
                        "id": "datadiluviumcom",
                        "attributes": {
                            "description": "Production http://datadiluvium.com Domain.",
                            "dns_name": "datadiluvium.com.",
                            "id": "datadiluviumcom",
                            "name": "datadiluviumcom",
                            "name_servers.#": "4",
                            "name_servers.0": "ns-cloud-c1.googledomains.com.",
                            "name_servers.1": "ns-cloud-c2.googledomains.com.",
                            "name_servers.2": "ns-cloud-c3.googledomains.com.",
                            "name_servers.3": "ns-cloud-c4.googledomains.com.",
                            "project": "new-universes"
                        },
                        "meta": {},
                        "tainted": false
                    },
                    "deposed": [],
                    "provider": "provider.google"
                },
                "google_dns_managed_zone.thrashingcodecom": {
                    "type": "google_dns_managed_zone",
                    "depends_on": [],
                    "primary": {
                        "id": "thrashingcodecom",
                        "attributes": {
                            "description": "Production http://compositecode.com Domain.",
                            "dns_name": "thrashingcode.com.",
                            "id": "thrashingcodecom",
                            "name": "thrashingcodecom",
                            "name_servers.#": "4",
                            "name_servers.0": "ns-cloud-a1.googledomains.com.",
                            "name_servers.1": "ns-cloud-a2.googledomains.com.",
                            "name_servers.2": "ns-cloud-a3.googledomains.com.",
                            "name_servers.3": "ns-cloud-a4.googledomains.com.",
                            "project": "new-universes"
                        },
                        "meta": {},
                        "tainted": false
                    },
                    "deposed": [],
                    "provider": "provider.google"
                },
                "google_dns_record_set.blog": {
                    "type": "google_dns_record_set",
                    "depends_on": [
                        "google_dns_managed_zone.adronme"
                    ],
                    "primary": {
                        "id": "adronme/blog.adron.me./CNAME",
                        "attributes": {
                            "id": "adronme/blog.adron.me./CNAME",
                            "managed_zone": "adronme",
                            "name": "blog.adron.me.",
                            "project": "new-universes",
                            "rrdatas.#": "1",
                            "rrdatas.0": "compositecode.blog.",
                            "ttl": "5",
                            "type": "CNAME"
                        },
                        "meta": {},
                        "tainted": false
                    },
                    "deposed": [],
                    "provider": "provider.google"
                },
                "google_dns_record_set.blogcompositecodecom": {
                    "type": "google_dns_record_set",
                    "depends_on": [
                        "google_dns_managed_zone.compositecodecom"
                    ],
                    "primary": {
                        "id": "compositecodecom/blog.compositecode.com./CNAME",
                        "attributes": {
                            "id": "compositecodecom/blog.compositecode.com./CNAME",
                            "managed_zone": "compositecodecom",
                            "name": "blog.compositecode.com.",
                            "project": "new-universes",
                            "rrdatas.#": "1",
                            "rrdatas.0": "compositecode.blog.",
                            "ttl": "5",
                            "type": "CNAME"
                        },
                        "meta": {},
                        "tainted": false
                    },
                    "deposed": [],
                    "provider": "provider.google"
                },
                "google_dns_record_set.blogdatadiluviumcom": {
                    "type": "google_dns_record_set",
                    "depends_on": [
                        "google_dns_managed_zone.datadiluviumcom"
                    ],
                    "primary": {
                        "id": "datadiluviumcom/blog.datadiluvium.com./CNAME",
                        "attributes": {
                            "id": "datadiluviumcom/blog.datadiluvium.com./CNAME",
                            "managed_zone": "datadiluviumcom",
                            "name": "blog.datadiluvium.com.",
                            "project": "new-universes",
                            "rrdatas.#": "1",
                            "rrdatas.0": "compositecode.blog.",
                            "ttl": "30",
                            "type": "CNAME"
                        },
                        "meta": {},
                        "tainted": false
                    },
                    "deposed": [],
                    "provider": "provider.google"
                },
                "google_dns_record_set.blogthrashingcodecom": {
                    "type": "google_dns_record_set",
                    "depends_on": [
                        "google_dns_managed_zone.thrashingcodecom"
                    ],
                    "primary": {
                        "id": "thrashingcodecom/blog.thrashingcode.com./CNAME",
                        "attributes": {
                            "id": "thrashingcodecom/blog.thrashingcode.com./CNAME",
                            "managed_zone": "thrashingcodecom",
                            "name": "blog.thrashingcode.com.",
                            "project": "new-universes",
                            "rrdatas.#": "1",
                            "rrdatas.0": "compositecode.blog.",
                            "ttl": "3600",
                            "type": "CNAME"
                        },
                        "meta": {},
                        "tainted": false
                    },
                    "deposed": [],
                    "provider": "provider.google"
                },
                "google_dns_record_set.calendar_thrashingcodecom": {
                    "type": "google_dns_record_set",
                    "depends_on": [
                        "google_dns_managed_zone.thrashingcodecom"
                    ],
                    "primary": {
                        "id": "thrashingcodecom/calendar.thrashingcode.com./CNAME",
                        "attributes": {
                            "id": "thrashingcodecom/calendar.thrashingcode.com./CNAME",
                            "managed_zone": "thrashingcodecom",
                            "name": "calendar.thrashingcode.com.",
                            "project": "new-universes",
                            "rrdatas.#": "1",
                            "rrdatas.0": "ghs.googlehosted.com.",
                            "ttl": "3600",
                            "type": "CNAME"
                        },
                        "meta": {},
                        "tainted": false
                    },
                    "deposed": [],
                    "provider": "provider.google"
                },
                "google_dns_record_set.compositecodecom": {
                    "type": "google_dns_record_set",
                    "depends_on": [
                        "google_dns_managed_zone.compositecodecom"
                    ],
                    "primary": {
                        "id": "compositecodecom/*.compositecode.com./CNAME",
                        "attributes": {
                            "id": "compositecodecom/*.compositecode.com./CNAME",
                            "managed_zone": "compositecodecom",
                            "name": "*.compositecode.com.",
                            "project": "new-universes",
                            "rrdatas.#": "1",
                            "rrdatas.0": "compositecode.blog.",
                            "ttl": "5",
                            "type": "CNAME"
                        },
                        "meta": {},
                        "tainted": false
                    },
                    "deposed": [],
                    "provider": "provider.google"
                },
                "google_dns_record_set.datadiluviumcom": {
                    "type": "google_dns_record_set",
                    "depends_on": [
                        "google_dns_managed_zone.datadiluviumcom"
                    ],
                    "primary": {
                        "id": "datadiluviumcom/datadiluvium.com./A",
                        "attributes": {
                            "id": "datadiluviumcom/datadiluvium.com./A",
                            "managed_zone": "datadiluviumcom",
                            "name": "datadiluvium.com.",
                            "project": "new-universes",
                            "rrdatas.#": "2",
                            "rrdatas.0": "192.30.252.154",
                            "rrdatas.1": "192.30.252.153",
                            "ttl": "30",
                            "type": "A"
                        },
                        "meta": {},
                        "tainted": false
                    },
                    "deposed": [],
                    "provider": "provider.google"
                },
                "google_dns_record_set.docs_thrashingcodecom": {
                    "type": "google_dns_record_set",
                    "depends_on": [
                        "google_dns_managed_zone.thrashingcodecom"
                    ],
                    "primary": {
                        "id": "thrashingcodecom/docs.thrashingcode.com./CNAME",
                        "attributes": {
                            "id": "thrashingcodecom/docs.thrashingcode.com./CNAME",
                            "managed_zone": "thrashingcodecom",
                            "name": "docs.thrashingcode.com.",
                            "project": "new-universes",
                            "rrdatas.#": "1",
                            "rrdatas.0": "ghs.googlehosted.com.",
                            "ttl": "3600",
                            "type": "CNAME"
                        },
                        "meta": {},
                        "tainted": false
                    },
                    "deposed": [],
                    "provider": "provider.google"
                },
                "google_dns_record_set.doogle_domain_key_thrashingcodecom": {
                    "type": "google_dns_record_set",
                    "depends_on": [
                        "google_dns_managed_zone.thrashingcodecom"
                    ],
                    "primary": {
                        "id": "thrashingcodecom/google._domainkey.thrashingcode.com./TXT",
                        "attributes": {
                            "id": "thrashingcodecom/google._domainkey.thrashingcode.com./TXT",
                            "managed_zone": "thrashingcodecom",
                            "name": "google._domainkey.thrashingcode.com.",
                            "project": "new-universes",
                            "rrdatas.#": "1",
                            "rrdatas.0": "\"v=DKIM1;\" \"k=rsa;\" \"p=MIGfMA0GCSqGSIb3DQEBAQUAA4GNADCBiQKBgQCFJLcl28yyP+o3zjfLzCvotoNcL15xdM0+7VO/SZO6gaQ+2HPpGKLFbznHMV3XJUZujODlG8Ev1jdpkfEhhD+R39VHwHxOmnkGLl7C4Kfpsb+popsefs4/X/f1w1Rb9A8Co52a45upK2dy80DfG9Cw/93slztnNO+SbLJ/uhYEhQIDAQAB\"",
                            "ttl": "3600",
                            "type": "TXT"
                        },
                        "meta": {},
                        "tainted": false
                    },
                    "deposed": [],
                    "provider": "provider.google"
                },
                "google_dns_record_set.drive_thrashingcodecom": {
                    "type": "google_dns_record_set",
                    "depends_on": [
                        "google_dns_managed_zone.thrashingcodecom"
                    ],
                    "primary": {
                        "id": "thrashingcodecom/drive.thrashingcode.com./CNAME",
                        "attributes": {
                            "id": "thrashingcodecom/drive.thrashingcode.com./CNAME",
                            "managed_zone": "thrashingcodecom",
                            "name": "drive.thrashingcode.com.",
                            "project": "new-universes",
                            "rrdatas.#": "1",
                            "rrdatas.0": "ghs.googlehosted.com.",
                            "ttl": "3600",
                            "type": "CNAME"
                        },
                        "meta": {},
                        "tainted": false
                    },
                    "deposed": [],
                    "provider": "provider.google"
                },
                "google_dns_record_set.ecosystem_thrashingcodecom": {
                    "type": "google_dns_record_set",
                    "depends_on": [
                        "google_dns_managed_zone.thrashingcodecom"
                    ],
                    "primary": {
                        "id": "thrashingcodecom/r.thrashingcode.com./NS",
                        "attributes": {
                            "id": "thrashingcodecom/r.thrashingcode.com./NS",
                            "managed_zone": "thrashingcodecom",
                            "name": "r.thrashingcode.com.",
                            "project": "new-universes",
                            "rrdatas.#": "4",
                            "rrdatas.0": "ns-210.awsdns-26.com.",
                            "rrdatas.1": "ns-774.awsdns-32.net.",
                            "rrdatas.2": "ns-1828.awsdns-36.co.uk.",
                            "rrdatas.3": "ns-1429.awsdns-50.org.",
                            "ttl": "30",
                            "type": "NS"
                        },
                        "meta": {},
                        "tainted": false
                    },
                    "deposed": [],
                    "provider": "provider.google"
                },
                "google_dns_record_set.gmail_thrashingcodecom": {
                    "type": "google_dns_record_set",
                    "depends_on": [
                        "google_dns_managed_zone.thrashingcodecom"
                    ],
                    "primary": {
                        "id": "thrashingcodecom/thrashingcode.com./MX",
                        "attributes": {
                            "id": "thrashingcodecom/thrashingcode.com./MX",
                            "managed_zone": "thrashingcodecom",
                            "name": "thrashingcode.com.",
                            "project": "new-universes",
                            "rrdatas.#": "5",
                            "rrdatas.0": "1 aspmx.l.google.com.",
                            "rrdatas.1": "5 alt1.aspmx.l.google.com.",
                            "rrdatas.2": "5 alt2.aspmx.l.google.com.",
                            "rrdatas.3": "10 alt3.aspmx.l.google.com.",
                            "rrdatas.4": "10 alt4.aspmx.l.google.com.",
                            "ttl": "3600",
                            "type": "MX"
                        },
                        "meta": {},
                        "tainted": false
                    },
                    "deposed": [],
                    "provider": "provider.google"
                },
                "google_dns_record_set.groups_thrashingcodecom": {
                    "type": "google_dns_record_set",
                    "depends_on": [
                        "google_dns_managed_zone.thrashingcodecom"
                    ],
                    "primary": {
                        "id": "thrashingcodecom/groups.thrashingcode.com./CNAME",
                        "attributes": {
                            "id": "thrashingcodecom/groups.thrashingcode.com./CNAME",
                            "managed_zone": "thrashingcodecom",
                            "name": "groups.thrashingcode.com.",
                            "project": "new-universes",
                            "rrdatas.#": "1",
                            "rrdatas.0": "ghs.googlehosted.com.",
                            "ttl": "3600",
                            "type": "CNAME"
                        },
                        "meta": {},
                        "tainted": false
                    },
                    "deposed": [],
                    "provider": "provider.google"
                },
                "google_dns_record_set.hangouts_thrashingcodecom": {
                    "type": "google_dns_record_set",
                    "depends_on": [
                        "google_dns_managed_zone.thrashingcodecom"
                    ],
                    "primary": {
                        "id": "thrashingcodecom/hangouts.thrashingcode.com./CNAME",
                        "attributes": {
                            "id": "thrashingcodecom/hangouts.thrashingcode.com./CNAME",
                            "managed_zone": "thrashingcodecom",
                            "name": "hangouts.thrashingcode.com.",
                            "project": "new-universes",
                            "rrdatas.#": "1",
                            "rrdatas.0": "ghs.googlehosted.com.",
                            "ttl": "3600",
                            "type": "CNAME"
                        },
                        "meta": {},
                        "tainted": false
                    },
                    "deposed": [],
                    "provider": "provider.google"
                },
                "google_dns_record_set.mail_thrashingcodecom": {
                    "type": "google_dns_record_set",
                    "depends_on": [
                        "google_dns_managed_zone.thrashingcodecom"
                    ],
                    "primary": {
                        "id": "thrashingcodecom/mail.thrashingcode.com./CNAME",
                        "attributes": {
                            "id": "thrashingcodecom/mail.thrashingcode.com./CNAME",
                            "managed_zone": "thrashingcodecom",
                            "name": "mail.thrashingcode.com.",
                            "project": "new-universes",
                            "rrdatas.#": "1",
                            "rrdatas.0": "ghs.googlehosted.com.",
                            "ttl": "3600",
                            "type": "CNAME"
                        },
                        "meta": {},
                        "tainted": false
                    },
                    "deposed": [],
                    "provider": "provider.google"
                },
                "google_dns_record_set.photos": {
                    "type": "google_dns_record_set",
                    "depends_on": [
                        "google_dns_managed_zone.adronme"
                    ],
                    "primary": {
                        "id": "adronme/photos.adron.me./CNAME",
                        "attributes": {
                            "id": "adronme/photos.adron.me./CNAME",
                            "managed_zone": "adronme",
                            "name": "photos.adron.me.",
                            "project": "new-universes",
                            "rrdatas.#": "1",
                            "rrdatas.0": "domains.smugmug.com.",
                            "ttl": "5",
                            "type": "CNAME"
                        },
                        "meta": {},
                        "tainted": false
                    },
                    "deposed": [],
                    "provider": "provider.google"
                },
                "google_dns_record_set.plus_thrashingcodecom": {
                    "type": "google_dns_record_set",
                    "depends_on": [
                        "google_dns_managed_zone.thrashingcodecom"
                    ],
                    "primary": {
                        "id": "thrashingcodecom/plus.thrashingcode.com./CNAME",
                        "attributes": {
                            "id": "thrashingcodecom/plus.thrashingcode.com./CNAME",
                            "managed_zone": "thrashingcodecom",
                            "name": "plus.thrashingcode.com.",
                            "project": "new-universes",
                            "rrdatas.#": "1",
                            "rrdatas.0": "ghs.googlehosted.com.",
                            "ttl": "3600",
                            "type": "CNAME"
                        },
                        "meta": {},
                        "tainted": false
                    },
                    "deposed": [],
                    "provider": "provider.google"
                },
                "google_dns_record_set.root": {
                    "type": "google_dns_record_set",
                    "depends_on": [
                        "google_dns_managed_zone.adronme"
                    ],
                    "primary": {
                        "id": "adronme/*.adron.me./CNAME",
                        "attributes": {
                            "id": "adronme/*.adron.me./CNAME",
                            "managed_zone": "adronme",
                            "name": "*.adron.me.",
                            "project": "new-universes",
                            "rrdatas.#": "1",
                            "rrdatas.0": "compositecode.blog.",
                            "ttl": "5",
                            "type": "CNAME"
                        },
                        "meta": {},
                        "tainted": false
                    },
                    "deposed": [],
                    "provider": "provider.google"
                },
                "google_dns_record_set.sheets_thrashingcodecom": {
                    "type": "google_dns_record_set",
                    "depends_on": [
                        "google_dns_managed_zone.thrashingcodecom"
                    ],
                    "primary": {
                        "id": "thrashingcodecom/sheets.thrashingcode.com./CNAME",
                        "attributes": {
                            "id": "thrashingcodecom/sheets.thrashingcode.com./CNAME",
                            "managed_zone": "thrashingcodecom",
                            "name": "sheets.thrashingcode.com.",
                            "project": "new-universes",
                            "rrdatas.#": "1",
                            "rrdatas.0": "ghs.googlehosted.com.",
                            "ttl": "3600",
                            "type": "CNAME"
                        },
                        "meta": {},
                        "tainted": false
                    },
                    "deposed": [],
                    "provider": "provider.google"
                },
                "google_dns_record_set.sites_thrashingcodecom": {
                    "type": "google_dns_record_set",
                    "depends_on": [
                        "google_dns_managed_zone.thrashingcodecom"
                    ],
                    "primary": {
                        "id": "thrashingcodecom/sites.thrashingcode.com./CNAME",
                        "attributes": {
                            "id": "thrashingcodecom/sites.thrashingcode.com./CNAME",
                            "managed_zone": "thrashingcodecom",
                            "name": "sites.thrashingcode.com.",
                            "project": "new-universes",
                            "rrdatas.#": "1",
                            "rrdatas.0": "ghs.googlehosted.com.",
                            "ttl": "3600",
                            "type": "CNAME"
                        },
                        "meta": {},
                        "tainted": false
                    },
                    "deposed": [],
                    "provider": "provider.google"
                },
                "google_dns_record_set.slides_thrashingcodecom": {
                    "type": "google_dns_record_set",
                    "depends_on": [
                        "google_dns_managed_zone.thrashingcodecom"
                    ],
                    "primary": {
                        "id": "thrashingcodecom/slides.thrashingcode.com./CNAME",
                        "attributes": {
                            "id": "thrashingcodecom/slides.thrashingcode.com./CNAME",
                            "managed_zone": "thrashingcodecom",
                            "name": "slides.thrashingcode.com.",
                            "project": "new-universes",
                            "rrdatas.#": "1",
                            "rrdatas.0": "ghs.googlehosted.com.",
                            "ttl": "3600",
                            "type": "CNAME"
                        },
                        "meta": {},
                        "tainted": false
                    },
                    "deposed": [],
                    "provider": "provider.google"
                },
                "google_dns_record_set.spf_thrashingcodecom": {
                    "type": "google_dns_record_set",
                    "depends_on": [
                        "google_dns_managed_zone.thrashingcodecom"
                    ],
                    "primary": {
                        "id": "thrashingcodecom/thrashingcode.com./SPF",
                        "attributes": {
                            "id": "thrashingcodecom/thrashingcode.com./SPF",
                            "managed_zone": "thrashingcodecom",
                            "name": "thrashingcode.com.",
                            "project": "new-universes",
                            "rrdatas.#": "1",
                            "rrdatas.0": "\"v=spf1\" \"include:_spf.google.com\" \"~all\"",
                            "ttl": "3600",
                            "type": "SPF"
                        },
                        "meta": {},
                        "tainted": false
                    },
                    "deposed": [],
                    "provider": "provider.google"
                },
                "google_dns_record_set.start_thrashingcodecom": {
                    "type": "google_dns_record_set",
                    "depends_on": [
                        "google_dns_managed_zone.thrashingcodecom"
                    ],
                    "primary": {
                        "id": "thrashingcodecom/start.thrashingcode.com./CNAME",
                        "attributes": {
                            "id": "thrashingcodecom/start.thrashingcode.com./CNAME",
                            "managed_zone": "thrashingcodecom",
                            "name": "start.thrashingcode.com.",
                            "project": "new-universes",
                            "rrdatas.#": "1",
                            "rrdatas.0": "ghs.googlehosted.com.",
                            "ttl": "3600",
                            "type": "CNAME"
                        },
                        "meta": {},
                        "tainted": false
                    },
                    "deposed": [],
                    "provider": "provider.google"
                },
                "google_dns_record_set.thrashingcodecom": {
                    "type": "google_dns_record_set",
                    "depends_on": [
                        "google_dns_managed_zone.thrashingcodecom"
                    ],
                    "primary": {
                        "id": "thrashingcodecom/*.thrashingcode.com./CNAME",
                        "attributes": {
                            "id": "thrashingcodecom/*.thrashingcode.com./CNAME",
                            "managed_zone": "thrashingcodecom",
                            "name": "*.thrashingcode.com.",
                            "project": "new-universes",
                            "rrdatas.#": "1",
                            "rrdatas.0": "compositecode.blog.",
                            "ttl": "3600",
                            "type": "CNAME"
                        },
                        "meta": {},
                        "tainted": false
                    },
                    "deposed": [],
                    "provider": "provider.google"
                },
                "google_dns_record_set.txt_thrashingcodecom": {
                    "type": "google_dns_record_set",
                    "depends_on": [
                        "google_dns_managed_zone.thrashingcodecom"
                    ],
                    "primary": {
                        "id": "thrashingcodecom/thrashingcode.com./TXT",
                        "attributes": {
                            "id": "thrashingcodecom/thrashingcode.com./TXT",
                            "managed_zone": "thrashingcodecom",
                            "name": "thrashingcode.com.",
                            "project": "new-universes",
                            "rrdatas.#": "1",
                            "rrdatas.0": "\"v=spf1\" \"include:_spf.google.com\" \"~all\"",
                            "ttl": "3600",
                            "type": "TXT"
                        },
                        "meta": {},
                        "tainted": false
                    },
                    "deposed": [],
                    "provider": "provider.google"
                },
                "google_dns_record_set.vault_thrashingcodecom": {
                    "type": "google_dns_record_set",
                    "depends_on": [
                        "google_dns_managed_zone.thrashingcodecom"
                    ],
                    "primary": {
                        "id": "thrashingcodecom/vault.thrashingcode.com./CNAME",
                        "attributes": {
                            "id": "thrashingcodecom/vault.thrashingcode.com./CNAME",
                            "managed_zone": "thrashingcodecom",
                            "name": "vault.thrashingcode.com.",
                            "project": "new-universes",
                            "rrdatas.#": "1",
                            "rrdatas.0": "ghs.googlehosted.com.",
                            "ttl": "3600",
                            "type": "CNAME"
                        },
                        "meta": {},
                        "tainted": false
                    },
                    "deposed": [],
                    "provider": "provider.google"
                }
            },
            "depends_on": []
        }
    ]
}
