{
    "version": 3,
    "terraform_version": "0.11.5",
    "serial": 9,
    "lineage": "91e495bd-533c-0cd3-f3c7-1b5d8586c57f",
    "modules": [
        {
            "path": [
                "root"
            ],
            "outputs": {
                "client_certificate": {
                    "sensitive": false,
                    "type": "string",
                    "value": "LS0tLS1CRUdJTiBDRVJUSUZJQ0FURS0tLS0tCk1JSUMyekNDQWNPZ0F3SUJBZ0lSQUpzTm1Ka2p5ZDRrcjFqNEVaeUhLaFV3RFFZSktvWklodmNOQVFFTEJRQXcKTHpFdE1Dc0dBMVVFQXhNa05qVTNZbVE1TW1NdE5EZzJNeTAwTVdFd0xXRXlNV0l0TVdFNU1qVmhNRGc0TW1SbQpNQjRYRFRFNE1EUXlNVEExTWpjME0xb1hEVEl6TURReU1EQTFNamMwTTFvd0VURVBNQTBHQTFVRUF4TUdZMnhwClpXNTBNSUlCSWpBTkJna3Foa2lHOXcwQkFRRUZBQU9DQVE4QU1JSUJDZ0tDQVFFQTZOV0xaSnhRbzUycEhHUzMKVk9qa1hmcFJLY29yTURYc3JrcHU3d0dLbkVDUTZJU2tHNmFPOTBPZ2JNekQwU0w0WUJQb2RGUHRPMVRBdXBsSQoycDM5ZUtvV0JmRWU3d29UUUkyaGVPZ0tWdzQ4QWdlV016QUVjdnU1TmNMMWRERFdpVDdIeXBzazhmTmliVkhRCkZNTXc5TVJINkFJdW1wNjNHSVUrd2wrMXNiUmZ5V1crY2l1dnIxNXhqTEVybG1WVnRleGU2NWtPbGc4U2RUc0EKWWpzZmxSbE5kNThLeXE3YVZEY1E3aUlLYjBzMEtDaGdkVW1yRjA5bVVhMGk4akZxVUZFeXhjNmQrQ05wc0hlMwpRbjhhNkpaajh4RWowcm4rNmErSWY4Z2ZSQnFhbDdYWjdXcE50dUZ0Q2JYNGszWGd2cko0ZzE3TGpuUVpEVy9sCkVHN094d0lEQVFBQm94QXdEakFNQmdOVkhSTUJBZjhFQWpBQU1BMEdDU3FHU0liM0RRRUJDd1VBQTRJQkFRQ1cKODk3TzRRME1vRXlyZWRMZVRiOTBpaUJYVmpaZEpQNURCVTRxWHc2eHRXckZUMkJEekx3VHoxMVRpYWc5VTVzVwpZeFBLNUNhc0E5L1VkNmMveUxxMnNGc0M0cFlqMktrNGwzRzAxTHcvYTBxSWkrT0dYTzVrbzlrN2hCSi9vUGU0CkFpQjBDMlhpZm96VmVuR3BOZVdxZnA5cU5aZUM3R0pZVHA4TklnUTRCdTZSblU3ZWdXUGw1Mks4Y1l1Qy94Z3cKQmtkNzltUlB6cm5na1JkaUpSZGx4ZXh4MUF0ckhTc0VOdzg3a3dIRkwzOHdvYjNUN0dYZlBOMXgyOVZuKzZRQQpwYVNoMlJQb2xxS3pmWHc4VlNJNTF1K00zcVd4MjFSUHUwUzF6UnBzTkhDVFVENFdMTkxONjlwZVVhZVZRWHJSCi8zMHpxL2VwRVcvQWdqdHdVbVZGCi0tLS0tRU5EIENFUlRJRklDQVRFLS0tLS0K"
                },
                "client_key": {
                    "sensitive": false,
                    "type": "string",
                    "value": "LS0tLS1CRUdJTiBSU0EgUFJJVkFURSBLRVktLS0tLQpNSUlFb2dJQkFBS0NBUUVBNk5XTFpKeFFvNTJwSEdTM1ZPamtYZnBSS2Nvck1EWHNya3B1N3dHS25FQ1E2SVNrCkc2YU85ME9nYk16RDBTTDRZQlBvZEZQdE8xVEF1cGxJMnAzOWVLb1dCZkVlN3dvVFFJMmhlT2dLVnc0OEFnZVcKTXpBRWN2dTVOY0wxZEREV2lUN0h5cHNrOGZOaWJWSFFGTU13OU1SSDZBSXVtcDYzR0lVK3dsKzFzYlJmeVdXKwpjaXV2cjE1eGpMRXJsbVZWdGV4ZTY1a09sZzhTZFRzQVlqc2ZsUmxOZDU4S3lxN2FWRGNRN2lJS2IwczBLQ2hnCmRVbXJGMDltVWEwaThqRnFVRkV5eGM2ZCtDTnBzSGUzUW44YTZKWmo4eEVqMHJuKzZhK0lmOGdmUkJxYWw3WFoKN1dwTnR1RnRDYlg0azNYZ3ZySjRnMTdMam5RWkRXL2xFRzdPeHdJREFRQUJBb0lCQUJrd1VQNDNjdm5nYXBVcAp5RE9sWmw5TVgwOTRFYWdMaldsbG9BNjNTZm1SZXB2TkRidjREdXR0STRQaHV5VjY5UWZmMzN3R1FGbjAxMHpZCm5Hc2FRSHUzV3Q2VnNWVUc4QUpCMEVBMlNqZ1UwQ1VnRVAzRXFoYU9hUUVKOEdmN2lKb2NjcHpXbis2VStBYi8Kbk5WQ01KK3FSR1V6Snp1UEJCdmcvbU1rMjVFM3ozay9vdFJKSlRGaUY4Ry9kVStFN3NwaklnTFpOd1FBU0NmVAp4dVRVcUhlb05lS3pPaFc3QS9RQmNmcTI0aERXUG9Ja2lwdjlOQ0xBbElYZjVyV0RidWMxSXFvSVA0VEtvRFp1CnNpNCtSQjRSNDhlVUxYb1dmSXh3QWdoaVlVSHd4bEFRc0hIa00zeWV2bFNZOHNTNC9OaGN1ZGUxblhLekUrZ2EKWnhDR2h6RUNnWUVBOW1uOGEwU1E2UFE5SDNIK25HQlZ2VDdKcVNrTTVjeFMwSTJ2eEVQa2l1c3psUEFzNnNWZAp4WWlodmhLV1JpNzZTZWhkTWdldGJncThtcCtYbmlsTnVMcDIrVlk4Q2cwanZQYjFQSGNUQVRDeU5MMmttdnJTCnNYeXZUWGVVUkFNMlVwOHZMdzZkVUtXRWIyQmJ2UVRHcno5TEphcC82dFpwaGs4ZXZpcElveTBDZ1lFQThlUlIKYTB6eVVhY0NGVHU2VWdLaXIySERUT2ZFRHVRdzgwSlIzdDRuNGlObzRPK3U1cmhlWVU0OXArdWVYcWZjUFgrWAo0Y29mcWdXdjdKdm1ILzZjbnFSZHV6d3grSjZYTjJrSHNXMVBrQkRKZUhRSkRxV2t4UisySHlTajM3Z2QwNnpoCm82Qyt5T1krTVhhS0lqalVpellmR2hJbi9UdHoxd1ArSXExVXdrTUNnWUFhLy8vOWpQVEg0Y00weDl2YkxKOFkKYm1IUVhFUWloZUhwSWkxSk54czZzWXprVy9EQUJNSkNtN2NGU2FvWHBKd2VMd3pQSjVJMFJZN203bWZCbDhzQgpXOFVmaXZobkxZdGw4RFZzMjZ0RWJSNkpzdUh2YlY1YXZrdkRGRUExdDVoak16Z0xVdkdmM1pNR1ZTdVlLWWJQCnV3S3o3TnU1VXFjYlpWMzcva3daUFFLQmdDdHFrcDZTd2crYnpVam9Yb25ueFRGN2Q2VnZHQWFnT0pVQSsxYm8KUXZwWTVyTXc4aENoV1BkWUpzTGtESm5xd1NJY3E3TXdKenpLSm9odWR3Q1pINTF0M1JFRlBlYmsrRGxPMWIybgo1QmIwbkdUTlZ1N1ZGbHozVXlZRjJwQUdLUHhjVkdlZEs0RTlxajRRaTd5V3ZMZDc4RnNxbFJqanVlZ0c1Rzl1Cjh2Nm5Bb0dBWWxUdThaZzVybjUzeWdpMkpld2VyMUFmZWpOKzJGZ1doREdwa0haSmg4VlZ1Tks4UE9EcWczdE0KMTdvR2J5RitaOW1iUkd0Ti9CQ3M0eGpncG11b2RnVE9IeTAzbG9zNjduUUduSlN6WXdKSTFVakk2Q2d5RW1qMAp3bG1uMlJYUHJacnJFbTlKWS9RK2pNQlRQVWZoNEVVWHdjV0s3d1JHVFZSUkdCb2pGMTg9Ci0tLS0tRU5EIFJTQSBQUklWQVRFIEtFWS0tLS0tCg=="
                },
                "cluster_ca_certificate": {
                    "sensitive": false,
                    "type": "string",
                    "value": "LS0tLS1CRUdJTiBDRVJUSUZJQ0FURS0tLS0tCk1JSURDekNDQWZPZ0F3SUJBZ0lRYndqMG9ndHdEK0FudDJRUlhZNWJsekFOQmdrcWhraUc5dzBCQVFzRkFEQXYKTVMwd0t3WURWUVFERXlRMk5UZGlaRGt5WXkwME9EWXpMVFF4WVRBdFlUSXhZaTB4WVRreU5XRXdPRGd5WkdZdwpIaGNOTVRnd05ESXhNRFF5TnpReVdoY05Nak13TkRJd01EVXlOelF5V2pBdk1TMHdLd1lEVlFRREV5UTJOVGRpClpEa3lZeTAwT0RZekxUUXhZVEF0WVRJeFlpMHhZVGt5TldFd09EZ3laR1l3Z2dFaU1BMEdDU3FHU0liM0RRRUIKQVFVQUE0SUJEd0F3Z2dFS0FvSUJBUUM1SmlSSnBQQVJTWVhYZDRwckFQN3NOcG1oU1FQSHU1NzV6eHB5THgwRQpBRDcxUCsxQUZYbFUxbjdwcmZtTnFyR0hkeDhQNk9FMy9ZZWxxVE1LNk5rUmRyYWU4QzBsVHpYbHdsUWdPZ3JOCmdnZ0RHTWl2NldwRHFHRzV6Q1FmSmdub0RMb2NoOHBUdDNzakJPMnRLN1lud2U3T3U5dGdYZVEyVHNWM0ppWFoKZ0srN1FBRDE5UDFWaU1EOE9yeDU3UVh3N0hCOUhEMkE0WlhYWEVQSCtPeUExN0w0YnVQb1p3cVdCR3dXZU5UagpWRVQzOUVLeW1yeGlxUmQyd3FOWnUxSFB1TjVIbW12RUl2SkhEeENnYVpyK25RNUY0Rkl5S083YVQzeWppakF1ClhrVlR3QW9rcVB1a29xWlZHRnRSZEVmS2dhUzVtR2FwNGg2aVJObjJBMHIvQWdNQkFBR2pJekFoTUE0R0ExVWQKRHdFQi93UUVBd0lDQkRBUEJnTlZIUk1CQWY4RUJUQURBUUgvTUEwR0NTcUdTSWIzRFFFQkN3VUFBNElCQVFBbwplTHgzb1NQb0R2cjhoNHFPRUdlN1FaVE9nby9BWVZOaFJ4S1IwOXVDQWJiK0p0aHpPZ0lZSHBMUUo2NlhodWppCmkwN3JWL3dtU1NWeWI2Z2xDMGY0aGo4ZjJHSjF4WTllZUZqRkloZ0s4U3JMYk1hNHl1VVhMTnBHbFBaaFlSZy8KYi9adkY4RWlqMm1TRjg1LzVUZVFvSzc1em95MVBpMVQ0ak9XQlFIZGxOeE0ycmliRWVtZ1hXU1JBTk9hWkxFMwpvMFNZZTZNMkxLMnJUSnZBSkM0Z2prL3plQUgwUE5iUk54ZXJibGx5VlozUjdlZU5uRmo2dkJPUklMdVJzSHg5Cko5cE5rcllRZGdiQUFqaG9GZk4rQ0tYZk1xVUpzd3dRUnBSUHlZVVBudmFuUU1EQUN0S3FrbDl2UjFXSEZMaisKSXFMS1hNMTRlcDRINzdaVFUwQ1AKLS0tLS1FTkQgQ0VSVElGSUNBVEUtLS0tLQo="
                },
                "cluster_password": {
                    "sensitive": false,
                    "type": "string",
                    "value": "badpassword_of_16_characters"
                },
                "cluster_username": {
                    "sensitive": false,
                    "type": "string",
                    "value": "badusername"
                },
                "endpoint": {
                    "sensitive": false,
                    "type": "string",
                    "value": "35.227.159.141"
                },
                "gcp_cluster_name": {
                    "sensitive": false,
                    "type": "string",
                    "value": "kuby-domicile"
                },
                "gcp_kubectl_command": {
                    "sensitive": false,
                    "type": "string",
                    "value": ""
                },
                "gcp_ssh_command": {
                    "sensitive": false,
                    "type": "string",
                    "value": "ssh badusername@35.227.159.141"
                },
                "instance_group_urls": {
                    "sensitive": false,
                    "type": "list",
                    "value": [
                        "https://www.googleapis.com/compute/v1/projects/new-universes/zones/us-west1-a/instanceGroups/gke-kuby-domicile-default-pool-8284c57b-grp",
                        "https://www.googleapis.com/compute/v1/projects/new-universes/zones/us-west1-b/instanceGroups/gke-kuby-domicile-default-pool-f11fab25-grp",
                        "https://www.googleapis.com/compute/v1/projects/new-universes/zones/us-west1-c/instanceGroups/gke-kuby-domicile-default-pool-50a404ab-grp"
                    ]
                },
                "node_config": {
                    "sensitive": false,
                    "type": "list",
                    "value": [
                        {
                            "disk_size_gb": "100",
                            "guest_accelerator": [],
                            "image_type": "COS",
                            "labels": {},
                            "local_ssd_count": "0",
                            "machine_type": "n1-standard-1",
                            "metadata": {},
                            "min_cpu_platform": "",
                            "oauth_scopes": [
                                "https://www.googleapis.com/auth/logging.write",
                                "https://www.googleapis.com/auth/compute",
                                "https://www.googleapis.com/auth/monitoring",
                                "https://www.googleapis.com/auth/devstorage.read_only"
                            ],
                            "preemptible": "0",
                            "service_account": "default",
                            "tags": [],
                            "taint": [],
                            "workload_metadata_config": []
                        }
                    ]
                },
                "node_pools": {
                    "sensitive": false,
                    "type": "list",
                    "value": [
                        {
                            "autoscaling": [],
                            "initial_node_count": "1",
                            "instance_group_urls": [
                                "https://www.googleapis.com/compute/v1/projects/new-universes/zones/us-west1-a/instanceGroupManagers/gke-kuby-domicile-default-pool-8284c57b-grp",
                                "https://www.googleapis.com/compute/v1/projects/new-universes/zones/us-west1-b/instanceGroupManagers/gke-kuby-domicile-default-pool-f11fab25-grp",
                                "https://www.googleapis.com/compute/v1/projects/new-universes/zones/us-west1-c/instanceGroupManagers/gke-kuby-domicile-default-pool-50a404ab-grp"
                            ],
                            "management": [
                                {
                                    "auto_repair": "0",
                                    "auto_upgrade": "0"
                                }
                            ],
                            "name": "default-pool",
                            "name_prefix": "",
                            "node_config": [
                                {
                                    "disk_size_gb": "100",
                                    "guest_accelerator": [],
                                    "image_type": "COS",
                                    "labels": {},
                                    "local_ssd_count": "0",
                                    "machine_type": "n1-standard-1",
                                    "metadata": {},
                                    "min_cpu_platform": "",
                                    "oauth_scopes": [
                                        "https://www.googleapis.com/auth/logging.write",
                                        "https://www.googleapis.com/auth/compute",
                                        "https://www.googleapis.com/auth/monitoring",
                                        "https://www.googleapis.com/auth/devstorage.read_only"
                                    ],
                                    "preemptible": "0",
                                    "service_account": "default",
                                    "tags": [],
                                    "taint": [],
                                    "workload_metadata_config": []
                                }
                            ],
                            "node_count": "1",
                            "version": "1.8.8-gke.0"
                        }
                    ]
                }
            },
            "resources": {
                "google_compute_network.production-space": {
                    "type": "google_compute_network",
                    "depends_on": [],
                    "primary": {
                        "id": "production-space",
                        "attributes": {
                            "auto_create_subnetworks": "false",
                            "description": "",
                            "gateway_ipv4": "",
                            "id": "production-space",
                            "ipv4_range": "",
                            "name": "production-space",
                            "project": "new-universes",
                            "routing_mode": "REGIONAL",
                            "self_link": "https://www.googleapis.com/compute/v1/projects/new-universes/global/networks/production-space"
                        },
                        "meta": {},
                        "tainted": false
                    },
                    "deposed": [],
                    "provider": "provider.google"
                },
                "google_compute_subnetwork.production-us-central1": {
                    "type": "google_compute_subnetwork",
                    "depends_on": [
                        "google_compute_network.production-space"
                    ],
                    "primary": {
                        "id": "us-central1/production-space-central1",
                        "attributes": {
                            "description": "",
                            "gateway_address": "10.127.0.1",
                            "id": "us-central1/production-space-central1",
                            "ip_cidr_range": "10.127.0.0/20",
                            "name": "production-space-central1",
                            "network": "https://www.googleapis.com/compute/v1/projects/new-universes/global/networks/production-space",
                            "private_ip_google_access": "false",
                            "project": "new-universes",
                            "region": "us-central1",
                            "secondary_ip_range.#": "0",
                            "self_link": "https://www.googleapis.com/compute/v1/projects/new-universes/regions/us-central1/subnetworks/production-space-central1"
                        },
                        "meta": {
                            "e2bfb730-ecaa-11e6-8f88-34363bc7c4c0": {
                                "create": 360000000000,
                                "delete": 360000000000,
                                "update": 360000000000
                            }
                        },
                        "tainted": false
                    },
                    "deposed": [],
                    "provider": "provider.google"
                },
                "google_compute_subnetwork.production-us-west1": {
                    "type": "google_compute_subnetwork",
                    "depends_on": [
                        "google_compute_network.production-space"
                    ],
                    "primary": {
                        "id": "us-west1/production-space-west1",
                        "attributes": {
                            "description": "",
                            "gateway_address": "10.138.0.1",
                            "id": "us-west1/production-space-west1",
                            "ip_cidr_range": "10.138.0.0/18",
                            "name": "production-space-west1",
                            "network": "https://www.googleapis.com/compute/v1/projects/new-universes/global/networks/production-space",
                            "private_ip_google_access": "false",
                            "project": "new-universes",
                            "region": "us-west1",
                            "secondary_ip_range.#": "0",
                            "self_link": "https://www.googleapis.com/compute/v1/projects/new-universes/regions/us-west1/subnetworks/production-space-west1"
                        },
                        "meta": {
                            "e2bfb730-ecaa-11e6-8f88-34363bc7c4c0": {
                                "create": 360000000000,
                                "delete": 360000000000,
                                "update": 360000000000
                            }
                        },
                        "tainted": false
                    },
                    "deposed": [],
                    "provider": "provider.google"
                },
                "google_container_cluster.primary": {
                    "type": "google_container_cluster",
                    "depends_on": [
                        "google_compute_network.production-space",
                        "google_compute_subnetwork.production-us-west1"
                    ],
                    "primary": {
                        "id": "kuby-domicile",
                        "attributes": {
                            "additional_zones.#": "2",
                            "additional_zones.3926883567": "us-west1-b",
                            "additional_zones.4078194094": "us-west1-c",
                            "addons_config.#": "1",
                            "addons_config.0.horizontal_pod_autoscaling.#": "0",
                            "addons_config.0.http_load_balancing.#": "0",
                            "addons_config.0.kubernetes_dashboard.#": "0",
                            "addons_config.0.network_policy_config.#": "1",
                            "addons_config.0.network_policy_config.0.disabled": "true",
                            "cluster_ipv4_cidr": "10.48.0.0/14",
                            "description": "",
                            "enable_kubernetes_alpha": "false",
                            "enable_legacy_abac": "false",
                            "endpoint": "35.227.159.141",
                            "id": "kuby-domicile",
                            "initial_node_count": "1",
                            "instance_group_urls.#": "3",
                            "instance_group_urls.0": "https://www.googleapis.com/compute/v1/projects/new-universes/zones/us-west1-a/instanceGroups/gke-kuby-domicile-default-pool-8284c57b-grp",
                            "instance_group_urls.1": "https://www.googleapis.com/compute/v1/projects/new-universes/zones/us-west1-b/instanceGroups/gke-kuby-domicile-default-pool-f11fab25-grp",
                            "instance_group_urls.2": "https://www.googleapis.com/compute/v1/projects/new-universes/zones/us-west1-c/instanceGroups/gke-kuby-domicile-default-pool-50a404ab-grp",
                            "logging_service": "logging.googleapis.com",
                            "master_auth.#": "1",
                            "master_auth.0.client_certificate": "LS0tLS1CRUdJTiBDRVJUSUZJQ0FURS0tLS0tCk1JSUMyekNDQWNPZ0F3SUJBZ0lSQUpzTm1Ka2p5ZDRrcjFqNEVaeUhLaFV3RFFZSktvWklodmNOQVFFTEJRQXcKTHpFdE1Dc0dBMVVFQXhNa05qVTNZbVE1TW1NdE5EZzJNeTAwTVdFd0xXRXlNV0l0TVdFNU1qVmhNRGc0TW1SbQpNQjRYRFRFNE1EUXlNVEExTWpjME0xb1hEVEl6TURReU1EQTFNamMwTTFvd0VURVBNQTBHQTFVRUF4TUdZMnhwClpXNTBNSUlCSWpBTkJna3Foa2lHOXcwQkFRRUZBQU9DQVE4QU1JSUJDZ0tDQVFFQTZOV0xaSnhRbzUycEhHUzMKVk9qa1hmcFJLY29yTURYc3JrcHU3d0dLbkVDUTZJU2tHNmFPOTBPZ2JNekQwU0w0WUJQb2RGUHRPMVRBdXBsSQoycDM5ZUtvV0JmRWU3d29UUUkyaGVPZ0tWdzQ4QWdlV016QUVjdnU1TmNMMWRERFdpVDdIeXBzazhmTmliVkhRCkZNTXc5TVJINkFJdW1wNjNHSVUrd2wrMXNiUmZ5V1crY2l1dnIxNXhqTEVybG1WVnRleGU2NWtPbGc4U2RUc0EKWWpzZmxSbE5kNThLeXE3YVZEY1E3aUlLYjBzMEtDaGdkVW1yRjA5bVVhMGk4akZxVUZFeXhjNmQrQ05wc0hlMwpRbjhhNkpaajh4RWowcm4rNmErSWY4Z2ZSQnFhbDdYWjdXcE50dUZ0Q2JYNGszWGd2cko0ZzE3TGpuUVpEVy9sCkVHN094d0lEQVFBQm94QXdEakFNQmdOVkhSTUJBZjhFQWpBQU1BMEdDU3FHU0liM0RRRUJDd1VBQTRJQkFRQ1cKODk3TzRRME1vRXlyZWRMZVRiOTBpaUJYVmpaZEpQNURCVTRxWHc2eHRXckZUMkJEekx3VHoxMVRpYWc5VTVzVwpZeFBLNUNhc0E5L1VkNmMveUxxMnNGc0M0cFlqMktrNGwzRzAxTHcvYTBxSWkrT0dYTzVrbzlrN2hCSi9vUGU0CkFpQjBDMlhpZm96VmVuR3BOZVdxZnA5cU5aZUM3R0pZVHA4TklnUTRCdTZSblU3ZWdXUGw1Mks4Y1l1Qy94Z3cKQmtkNzltUlB6cm5na1JkaUpSZGx4ZXh4MUF0ckhTc0VOdzg3a3dIRkwzOHdvYjNUN0dYZlBOMXgyOVZuKzZRQQpwYVNoMlJQb2xxS3pmWHc4VlNJNTF1K00zcVd4MjFSUHUwUzF6UnBzTkhDVFVENFdMTkxONjlwZVVhZVZRWHJSCi8zMHpxL2VwRVcvQWdqdHdVbVZGCi0tLS0tRU5EIENFUlRJRklDQVRFLS0tLS0K",
                            "master_auth.0.client_key": "LS0tLS1CRUdJTiBSU0EgUFJJVkFURSBLRVktLS0tLQpNSUlFb2dJQkFBS0NBUUVBNk5XTFpKeFFvNTJwSEdTM1ZPamtYZnBSS2Nvck1EWHNya3B1N3dHS25FQ1E2SVNrCkc2YU85ME9nYk16RDBTTDRZQlBvZEZQdE8xVEF1cGxJMnAzOWVLb1dCZkVlN3dvVFFJMmhlT2dLVnc0OEFnZVcKTXpBRWN2dTVOY0wxZEREV2lUN0h5cHNrOGZOaWJWSFFGTU13OU1SSDZBSXVtcDYzR0lVK3dsKzFzYlJmeVdXKwpjaXV2cjE1eGpMRXJsbVZWdGV4ZTY1a09sZzhTZFRzQVlqc2ZsUmxOZDU4S3lxN2FWRGNRN2lJS2IwczBLQ2hnCmRVbXJGMDltVWEwaThqRnFVRkV5eGM2ZCtDTnBzSGUzUW44YTZKWmo4eEVqMHJuKzZhK0lmOGdmUkJxYWw3WFoKN1dwTnR1RnRDYlg0azNYZ3ZySjRnMTdMam5RWkRXL2xFRzdPeHdJREFRQUJBb0lCQUJrd1VQNDNjdm5nYXBVcAp5RE9sWmw5TVgwOTRFYWdMaldsbG9BNjNTZm1SZXB2TkRidjREdXR0STRQaHV5VjY5UWZmMzN3R1FGbjAxMHpZCm5Hc2FRSHUzV3Q2VnNWVUc4QUpCMEVBMlNqZ1UwQ1VnRVAzRXFoYU9hUUVKOEdmN2lKb2NjcHpXbis2VStBYi8Kbk5WQ01KK3FSR1V6Snp1UEJCdmcvbU1rMjVFM3ozay9vdFJKSlRGaUY4Ry9kVStFN3NwaklnTFpOd1FBU0NmVAp4dVRVcUhlb05lS3pPaFc3QS9RQmNmcTI0aERXUG9Ja2lwdjlOQ0xBbElYZjVyV0RidWMxSXFvSVA0VEtvRFp1CnNpNCtSQjRSNDhlVUxYb1dmSXh3QWdoaVlVSHd4bEFRc0hIa00zeWV2bFNZOHNTNC9OaGN1ZGUxblhLekUrZ2EKWnhDR2h6RUNnWUVBOW1uOGEwU1E2UFE5SDNIK25HQlZ2VDdKcVNrTTVjeFMwSTJ2eEVQa2l1c3psUEFzNnNWZAp4WWlodmhLV1JpNzZTZWhkTWdldGJncThtcCtYbmlsTnVMcDIrVlk4Q2cwanZQYjFQSGNUQVRDeU5MMmttdnJTCnNYeXZUWGVVUkFNMlVwOHZMdzZkVUtXRWIyQmJ2UVRHcno5TEphcC82dFpwaGs4ZXZpcElveTBDZ1lFQThlUlIKYTB6eVVhY0NGVHU2VWdLaXIySERUT2ZFRHVRdzgwSlIzdDRuNGlObzRPK3U1cmhlWVU0OXArdWVYcWZjUFgrWAo0Y29mcWdXdjdKdm1ILzZjbnFSZHV6d3grSjZYTjJrSHNXMVBrQkRKZUhRSkRxV2t4UisySHlTajM3Z2QwNnpoCm82Qyt5T1krTVhhS0lqalVpellmR2hJbi9UdHoxd1ArSXExVXdrTUNnWUFhLy8vOWpQVEg0Y00weDl2YkxKOFkKYm1IUVhFUWloZUhwSWkxSk54czZzWXprVy9EQUJNSkNtN2NGU2FvWHBKd2VMd3pQSjVJMFJZN203bWZCbDhzQgpXOFVmaXZobkxZdGw4RFZzMjZ0RWJSNkpzdUh2YlY1YXZrdkRGRUExdDVoak16Z0xVdkdmM1pNR1ZTdVlLWWJQCnV3S3o3TnU1VXFjYlpWMzcva3daUFFLQmdDdHFrcDZTd2crYnpVam9Yb25ueFRGN2Q2VnZHQWFnT0pVQSsxYm8KUXZwWTVyTXc4aENoV1BkWUpzTGtESm5xd1NJY3E3TXdKenpLSm9odWR3Q1pINTF0M1JFRlBlYmsrRGxPMWIybgo1QmIwbkdUTlZ1N1ZGbHozVXlZRjJwQUdLUHhjVkdlZEs0RTlxajRRaTd5V3ZMZDc4RnNxbFJqanVlZ0c1Rzl1Cjh2Nm5Bb0dBWWxUdThaZzVybjUzeWdpMkpld2VyMUFmZWpOKzJGZ1doREdwa0haSmg4VlZ1Tks4UE9EcWczdE0KMTdvR2J5RitaOW1iUkd0Ti9CQ3M0eGpncG11b2RnVE9IeTAzbG9zNjduUUduSlN6WXdKSTFVakk2Q2d5RW1qMAp3bG1uMlJYUHJacnJFbTlKWS9RK2pNQlRQVWZoNEVVWHdjV0s3d1JHVFZSUkdCb2pGMTg9Ci0tLS0tRU5EIFJTQSBQUklWQVRFIEtFWS0tLS0tCg==",
                            "master_auth.0.cluster_ca_certificate": "LS0tLS1CRUdJTiBDRVJUSUZJQ0FURS0tLS0tCk1JSURDekNDQWZPZ0F3SUJBZ0lRYndqMG9ndHdEK0FudDJRUlhZNWJsekFOQmdrcWhraUc5dzBCQVFzRkFEQXYKTVMwd0t3WURWUVFERXlRMk5UZGlaRGt5WXkwME9EWXpMVFF4WVRBdFlUSXhZaTB4WVRreU5XRXdPRGd5WkdZdwpIaGNOTVRnd05ESXhNRFF5TnpReVdoY05Nak13TkRJd01EVXlOelF5V2pBdk1TMHdLd1lEVlFRREV5UTJOVGRpClpEa3lZeTAwT0RZekxUUXhZVEF0WVRJeFlpMHhZVGt5TldFd09EZ3laR1l3Z2dFaU1BMEdDU3FHU0liM0RRRUIKQVFVQUE0SUJEd0F3Z2dFS0FvSUJBUUM1SmlSSnBQQVJTWVhYZDRwckFQN3NOcG1oU1FQSHU1NzV6eHB5THgwRQpBRDcxUCsxQUZYbFUxbjdwcmZtTnFyR0hkeDhQNk9FMy9ZZWxxVE1LNk5rUmRyYWU4QzBsVHpYbHdsUWdPZ3JOCmdnZ0RHTWl2NldwRHFHRzV6Q1FmSmdub0RMb2NoOHBUdDNzakJPMnRLN1lud2U3T3U5dGdYZVEyVHNWM0ppWFoKZ0srN1FBRDE5UDFWaU1EOE9yeDU3UVh3N0hCOUhEMkE0WlhYWEVQSCtPeUExN0w0YnVQb1p3cVdCR3dXZU5UagpWRVQzOUVLeW1yeGlxUmQyd3FOWnUxSFB1TjVIbW12RUl2SkhEeENnYVpyK25RNUY0Rkl5S083YVQzeWppakF1ClhrVlR3QW9rcVB1a29xWlZHRnRSZEVmS2dhUzVtR2FwNGg2aVJObjJBMHIvQWdNQkFBR2pJekFoTUE0R0ExVWQKRHdFQi93UUVBd0lDQkRBUEJnTlZIUk1CQWY4RUJUQURBUUgvTUEwR0NTcUdTSWIzRFFFQkN3VUFBNElCQVFBbwplTHgzb1NQb0R2cjhoNHFPRUdlN1FaVE9nby9BWVZOaFJ4S1IwOXVDQWJiK0p0aHpPZ0lZSHBMUUo2NlhodWppCmkwN3JWL3dtU1NWeWI2Z2xDMGY0aGo4ZjJHSjF4WTllZUZqRkloZ0s4U3JMYk1hNHl1VVhMTnBHbFBaaFlSZy8KYi9adkY4RWlqMm1TRjg1LzVUZVFvSzc1em95MVBpMVQ0ak9XQlFIZGxOeE0ycmliRWVtZ1hXU1JBTk9hWkxFMwpvMFNZZTZNMkxLMnJUSnZBSkM0Z2prL3plQUgwUE5iUk54ZXJibGx5VlozUjdlZU5uRmo2dkJPUklMdVJzSHg5Cko5cE5rcllRZGdiQUFqaG9GZk4rQ0tYZk1xVUpzd3dRUnBSUHlZVVBudmFuUU1EQUN0S3FrbDl2UjFXSEZMaisKSXFMS1hNMTRlcDRINzdaVFUwQ1AKLS0tLS1FTkQgQ0VSVElGSUNBVEUtLS0tLQo=",
                            "master_auth.0.password": "badpassword_of_16_characters",
                            "master_auth.0.username": "badusername",
                            "master_ipv4_cidr_block": "",
                            "master_version": "1.8.8-gke.0",
                            "monitoring_service": "monitoring.googleapis.com",
                            "name": "kuby-domicile",
                            "network": "production-space",
                            "network_policy.#": "0",
                            "node_config.#": "1",
                            "node_config.0.disk_size_gb": "100",
                            "node_config.0.guest_accelerator.#": "0",
                            "node_config.0.image_type": "COS",
                            "node_config.0.labels.%": "0",
                            "node_config.0.local_ssd_count": "0",
                            "node_config.0.machine_type": "n1-standard-1",
                            "node_config.0.metadata.%": "0",
                            "node_config.0.min_cpu_platform": "",
                            "node_config.0.oauth_scopes.#": "4",
                            "node_config.0.oauth_scopes.1277378754": "https://www.googleapis.com/auth/monitoring",
                            "node_config.0.oauth_scopes.1632638332": "https://www.googleapis.com/auth/devstorage.read_only",
                            "node_config.0.oauth_scopes.172152165": "https://www.googleapis.com/auth/logging.write",
                            "node_config.0.oauth_scopes.299962681": "https://www.googleapis.com/auth/compute",
                            "node_config.0.preemptible": "false",
                            "node_config.0.service_account": "default",
                            "node_config.0.tags.#": "0",
                            "node_config.0.taint.#": "0",
                            "node_config.0.workload_metadata_config.#": "0",
                            "node_pool.#": "1",
                            "node_pool.0.autoscaling.#": "0",
                            "node_pool.0.initial_node_count": "1",
                            "node_pool.0.instance_group_urls.#": "3",
                            "node_pool.0.instance_group_urls.0": "https://www.googleapis.com/compute/v1/projects/new-universes/zones/us-west1-a/instanceGroupManagers/gke-kuby-domicile-default-pool-8284c57b-grp",
                            "node_pool.0.instance_group_urls.1": "https://www.googleapis.com/compute/v1/projects/new-universes/zones/us-west1-b/instanceGroupManagers/gke-kuby-domicile-default-pool-f11fab25-grp",
                            "node_pool.0.instance_group_urls.2": "https://www.googleapis.com/compute/v1/projects/new-universes/zones/us-west1-c/instanceGroupManagers/gke-kuby-domicile-default-pool-50a404ab-grp",
                            "node_pool.0.management.#": "1",
                            "node_pool.0.management.0.auto_repair": "false",
                            "node_pool.0.management.0.auto_upgrade": "false",
                            "node_pool.0.name": "default-pool",
                            "node_pool.0.name_prefix": "",
                            "node_pool.0.node_config.#": "1",
                            "node_pool.0.node_config.0.disk_size_gb": "100",
                            "node_pool.0.node_config.0.guest_accelerator.#": "0",
                            "node_pool.0.node_config.0.image_type": "COS",
                            "node_pool.0.node_config.0.labels.%": "0",
                            "node_pool.0.node_config.0.local_ssd_count": "0",
                            "node_pool.0.node_config.0.machine_type": "n1-standard-1",
                            "node_pool.0.node_config.0.metadata.%": "0",
                            "node_pool.0.node_config.0.min_cpu_platform": "",
                            "node_pool.0.node_config.0.oauth_scopes.#": "4",
                            "node_pool.0.node_config.0.oauth_scopes.1277378754": "https://www.googleapis.com/auth/monitoring",
                            "node_pool.0.node_config.0.oauth_scopes.1632638332": "https://www.googleapis.com/auth/devstorage.read_only",
                            "node_pool.0.node_config.0.oauth_scopes.172152165": "https://www.googleapis.com/auth/logging.write",
                            "node_pool.0.node_config.0.oauth_scopes.299962681": "https://www.googleapis.com/auth/compute",
                            "node_pool.0.node_config.0.preemptible": "false",
                            "node_pool.0.node_config.0.service_account": "default",
                            "node_pool.0.node_config.0.tags.#": "0",
                            "node_pool.0.node_config.0.taint.#": "0",
                            "node_pool.0.node_config.0.workload_metadata_config.#": "0",
                            "node_pool.0.node_count": "1",
                            "node_pool.0.version": "1.8.8-gke.0",
                            "node_version": "1.8.8-gke.0",
                            "private_cluster": "false",
                            "project": "new-universes",
                            "subnetwork": "production-space-west1",
                            "zone": "us-west1-a"
                        },
                        "meta": {
                            "e2bfb730-ecaa-11e6-8f88-34363bc7c4c0": {
                                "create": 1800000000000,
                                "delete": 600000000000,
                                "update": 600000000000
                            },
                            "schema_version": "1"
                        },
                        "tainted": false
                    },
                    "deposed": [],
                    "provider": "provider.google"
                },
                "google_dns_managed_zone.adronme": {
                    "type": "google_dns_managed_zone",
                    "depends_on": [],
                    "primary": {
                        "id": "adronme",
                        "attributes": {
                            "description": "Production http://adron.me Domain.",
                            "dns_name": "adron.me.",
                            "id": "adronme",
                            "name": "adronme",
                            "name_servers.#": "4",
                            "name_servers.0": "ns-cloud-a1.googledomains.com.",
                            "name_servers.1": "ns-cloud-a2.googledomains.com.",
                            "name_servers.2": "ns-cloud-a3.googledomains.com.",
                            "name_servers.3": "ns-cloud-a4.googledomains.com.",
                            "project": "new-universes"
                        },
                        "meta": {},
                        "tainted": false
                    },
                    "deposed": [],
                    "provider": "provider.google"
                },
                "google_dns_managed_zone.compositecodecom": {
                    "type": "google_dns_managed_zone",
                    "depends_on": [],
                    "primary": {
                        "id": "compositecodecom",
                        "attributes": {
                            "description": "Production http://compositecode.com Domain.",
                            "dns_name": "compositecode.com.",
                            "id": "compositecodecom",
                            "name": "compositecodecom",
                            "name_servers.#": "4",
                            "name_servers.0": "ns-cloud-a1.googledomains.com.",
                            "name_servers.1": "ns-cloud-a2.googledomains.com.",
                            "name_servers.2": "ns-cloud-a3.googledomains.com.",
                            "name_servers.3": "ns-cloud-a4.googledomains.com.",
                            "project": "new-universes"
                        },
                        "meta": {},
                        "tainted": false
                    },
                    "deposed": [],
                    "provider": "provider.google"
                },
                "google_dns_managed_zone.datadiluviumcom": {
                    "type": "google_dns_managed_zone",
                    "depends_on": [],
                    "primary": {
                        "id": "datadiluviumcom",
                        "attributes": {
                            "description": "Production http://datadiluvium.com Domain.",
                            "dns_name": "datadiluvium.com.",
                            "id": "datadiluviumcom",
                            "name": "datadiluviumcom",
                            "name_servers.#": "4",
                            "name_servers.0": "ns-cloud-c1.googledomains.com.",
                            "name_servers.1": "ns-cloud-c2.googledomains.com.",
                            "name_servers.2": "ns-cloud-c3.googledomains.com.",
                            "name_servers.3": "ns-cloud-c4.googledomains.com.",
                            "project": "new-universes"
                        },
                        "meta": {},
                        "tainted": false
                    },
                    "deposed": [],
                    "provider": "provider.google"
                },
                "google_dns_managed_zone.thrashingcodecom": {
                    "type": "google_dns_managed_zone",
                    "depends_on": [],
                    "primary": {
                        "id": "thrashingcodecom",
                        "attributes": {
                            "description": "Production http://compositecode.com Domain.",
                            "dns_name": "thrashingcode.com.",
                            "id": "thrashingcodecom",
                            "name": "thrashingcodecom",
                            "name_servers.#": "4",
                            "name_servers.0": "ns-cloud-a1.googledomains.com.",
                            "name_servers.1": "ns-cloud-a2.googledomains.com.",
                            "name_servers.2": "ns-cloud-a3.googledomains.com.",
                            "name_servers.3": "ns-cloud-a4.googledomains.com.",
                            "project": "new-universes"
                        },
                        "meta": {},
                        "tainted": false
                    },
                    "deposed": [],
                    "provider": "provider.google"
                },
                "google_dns_record_set.blog": {
                    "type": "google_dns_record_set",
                    "depends_on": [
                        "google_dns_managed_zone.adronme"
                    ],
                    "primary": {
                        "id": "adronme/blog.adron.me./CNAME",
                        "attributes": {
                            "id": "adronme/blog.adron.me./CNAME",
                            "managed_zone": "adronme",
                            "name": "blog.adron.me.",
                            "project": "new-universes",
                            "rrdatas.#": "1",
                            "rrdatas.0": "compositecode.blog.",
                            "ttl": "5",
                            "type": "CNAME"
                        },
                        "meta": {},
                        "tainted": false
                    },
                    "deposed": [],
                    "provider": "provider.google"
                },
                "google_dns_record_set.blogcompositecodecom": {
                    "type": "google_dns_record_set",
                    "depends_on": [
                        "google_dns_managed_zone.compositecodecom"
                    ],
                    "primary": {
                        "id": "compositecodecom/blog.compositecode.com./CNAME",
                        "attributes": {
                            "id": "compositecodecom/blog.compositecode.com./CNAME",
                            "managed_zone": "compositecodecom",
                            "name": "blog.compositecode.com.",
                            "project": "new-universes",
                            "rrdatas.#": "1",
                            "rrdatas.0": "compositecode.blog.",
                            "ttl": "5",
                            "type": "CNAME"
                        },
                        "meta": {},
                        "tainted": false
                    },
                    "deposed": [],
                    "provider": "provider.google"
                },
                "google_dns_record_set.blogdatadiluviumcom": {
                    "type": "google_dns_record_set",
                    "depends_on": [
                        "google_dns_managed_zone.datadiluviumcom"
                    ],
                    "primary": {
                        "id": "datadiluviumcom/blog.datadiluvium.com./CNAME",
                        "attributes": {
                            "id": "datadiluviumcom/blog.datadiluvium.com./CNAME",
                            "managed_zone": "datadiluviumcom",
                            "name": "blog.datadiluvium.com.",
                            "project": "new-universes",
                            "rrdatas.#": "1",
                            "rrdatas.0": "compositecode.blog.",
                            "ttl": "30",
                            "type": "CNAME"
                        },
                        "meta": {},
                        "tainted": false
                    },
                    "deposed": [],
                    "provider": "provider.google"
                },
                "google_dns_record_set.blogthrashingcodecom": {
                    "type": "google_dns_record_set",
                    "depends_on": [
                        "google_dns_managed_zone.thrashingcodecom"
                    ],
                    "primary": {
                        "id": "thrashingcodecom/blog.thrashingcode.com./CNAME",
                        "attributes": {
                            "id": "thrashingcodecom/blog.thrashingcode.com./CNAME",
                            "managed_zone": "thrashingcodecom",
                            "name": "blog.thrashingcode.com.",
                            "project": "new-universes",
                            "rrdatas.#": "1",
                            "rrdatas.0": "compositecode.blog.",
                            "ttl": "3600",
                            "type": "CNAME"
                        },
                        "meta": {},
                        "tainted": false
                    },
                    "deposed": [],
                    "provider": "provider.google"
                },
                "google_dns_record_set.calendar_thrashingcodecom": {
                    "type": "google_dns_record_set",
                    "depends_on": [
                        "google_dns_managed_zone.thrashingcodecom"
                    ],
                    "primary": {
                        "id": "thrashingcodecom/calendar.thrashingcode.com./CNAME",
                        "attributes": {
                            "id": "thrashingcodecom/calendar.thrashingcode.com./CNAME",
                            "managed_zone": "thrashingcodecom",
                            "name": "calendar.thrashingcode.com.",
                            "project": "new-universes",
                            "rrdatas.#": "1",
                            "rrdatas.0": "ghs.googlehosted.com.",
                            "ttl": "3600",
                            "type": "CNAME"
                        },
                        "meta": {},
                        "tainted": false
                    },
                    "deposed": [],
                    "provider": "provider.google"
                },
                "google_dns_record_set.compositecodecom": {
                    "type": "google_dns_record_set",
                    "depends_on": [
                        "google_dns_managed_zone.compositecodecom"
                    ],
                    "primary": {
                        "id": "compositecodecom/*.compositecode.com./CNAME",
                        "attributes": {
                            "id": "compositecodecom/*.compositecode.com./CNAME",
                            "managed_zone": "compositecodecom",
                            "name": "*.compositecode.com.",
                            "project": "new-universes",
                            "rrdatas.#": "1",
                            "rrdatas.0": "compositecode.blog.",
                            "ttl": "5",
                            "type": "CNAME"
                        },
                        "meta": {},
                        "tainted": false
                    },
                    "deposed": [],
                    "provider": "provider.google"
                },
                "google_dns_record_set.datadiluviumcom": {
                    "type": "google_dns_record_set",
                    "depends_on": [
                        "google_dns_managed_zone.datadiluviumcom"
                    ],
                    "primary": {
                        "id": "datadiluviumcom/datadiluvium.com./A",
                        "attributes": {
                            "id": "datadiluviumcom/datadiluvium.com./A",
                            "managed_zone": "datadiluviumcom",
                            "name": "datadiluvium.com.",
                            "project": "new-universes",
                            "rrdatas.#": "2",
                            "rrdatas.0": "192.30.252.154",
                            "rrdatas.1": "192.30.252.153",
                            "ttl": "30",
                            "type": "A"
                        },
                        "meta": {},
                        "tainted": false
                    },
                    "deposed": [],
                    "provider": "provider.google"
                },
                "google_dns_record_set.docs_thrashingcodecom": {
                    "type": "google_dns_record_set",
                    "depends_on": [
                        "google_dns_managed_zone.thrashingcodecom"
                    ],
                    "primary": {
                        "id": "thrashingcodecom/docs.thrashingcode.com./CNAME",
                        "attributes": {
                            "id": "thrashingcodecom/docs.thrashingcode.com./CNAME",
                            "managed_zone": "thrashingcodecom",
                            "name": "docs.thrashingcode.com.",
                            "project": "new-universes",
                            "rrdatas.#": "1",
                            "rrdatas.0": "ghs.googlehosted.com.",
                            "ttl": "3600",
                            "type": "CNAME"
                        },
                        "meta": {},
                        "tainted": false
                    },
                    "deposed": [],
                    "provider": "provider.google"
                },
                "google_dns_record_set.doogle_domain_key_thrashingcodecom": {
                    "type": "google_dns_record_set",
                    "depends_on": [
                        "google_dns_managed_zone.thrashingcodecom"
                    ],
                    "primary": {
                        "id": "thrashingcodecom/google._domainkey.thrashingcode.com./TXT",
                        "attributes": {
                            "id": "thrashingcodecom/google._domainkey.thrashingcode.com./TXT",
                            "managed_zone": "thrashingcodecom",
                            "name": "google._domainkey.thrashingcode.com.",
                            "project": "new-universes",
                            "rrdatas.#": "1",
                            "rrdatas.0": "\"v=DKIM1;\" \"k=rsa;\" \"p=MIGfMA0GCSqGSIb3DQEBAQUAA4GNADCBiQKBgQCFJLcl28yyP+o3zjfLzCvotoNcL15xdM0+7VO/SZO6gaQ+2HPpGKLFbznHMV3XJUZujODlG8Ev1jdpkfEhhD+R39VHwHxOmnkGLl7C4Kfpsb+popsefs4/X/f1w1Rb9A8Co52a45upK2dy80DfG9Cw/93slztnNO+SbLJ/uhYEhQIDAQAB\"",
                            "ttl": "3600",
                            "type": "TXT"
                        },
                        "meta": {},
                        "tainted": false
                    },
                    "deposed": [],
                    "provider": "provider.google"
                },
                "google_dns_record_set.drive_thrashingcodecom": {
                    "type": "google_dns_record_set",
                    "depends_on": [
                        "google_dns_managed_zone.thrashingcodecom"
                    ],
                    "primary": {
                        "id": "thrashingcodecom/drive.thrashingcode.com./CNAME",
                        "attributes": {
                            "id": "thrashingcodecom/drive.thrashingcode.com./CNAME",
                            "managed_zone": "thrashingcodecom",
                            "name": "drive.thrashingcode.com.",
                            "project": "new-universes",
                            "rrdatas.#": "1",
                            "rrdatas.0": "ghs.googlehosted.com.",
                            "ttl": "3600",
                            "type": "CNAME"
                        },
                        "meta": {},
                        "tainted": false
                    },
                    "deposed": [],
                    "provider": "provider.google"
                },
                "google_dns_record_set.ecosystem_thrashingcodecom": {
                    "type": "google_dns_record_set",
                    "depends_on": [
                        "google_dns_managed_zone.thrashingcodecom"
                    ],
                    "primary": {
                        "id": "thrashingcodecom/r.thrashingcode.com./NS",
                        "attributes": {
                            "id": "thrashingcodecom/r.thrashingcode.com./NS",
                            "managed_zone": "thrashingcodecom",
                            "name": "r.thrashingcode.com.",
                            "project": "new-universes",
                            "rrdatas.#": "4",
                            "rrdatas.0": "ns-210.awsdns-26.com.",
                            "rrdatas.1": "ns-774.awsdns-32.net.",
                            "rrdatas.2": "ns-1828.awsdns-36.co.uk.",
                            "rrdatas.3": "ns-1429.awsdns-50.org.",
                            "ttl": "30",
                            "type": "NS"
                        },
                        "meta": {},
                        "tainted": false
                    },
                    "deposed": [],
                    "provider": "provider.google"
                },
                "google_dns_record_set.gmail_thrashingcodecom": {
                    "type": "google_dns_record_set",
                    "depends_on": [
                        "google_dns_managed_zone.thrashingcodecom"
                    ],
                    "primary": {
                        "id": "thrashingcodecom/thrashingcode.com./MX",
                        "attributes": {
                            "id": "thrashingcodecom/thrashingcode.com./MX",
                            "managed_zone": "thrashingcodecom",
                            "name": "thrashingcode.com.",
                            "project": "new-universes",
                            "rrdatas.#": "5",
                            "rrdatas.0": "1 aspmx.l.google.com.",
                            "rrdatas.1": "5 alt1.aspmx.l.google.com.",
                            "rrdatas.2": "5 alt2.aspmx.l.google.com.",
                            "rrdatas.3": "10 alt3.aspmx.l.google.com.",
                            "rrdatas.4": "10 alt4.aspmx.l.google.com.",
                            "ttl": "3600",
                            "type": "MX"
                        },
                        "meta": {},
                        "tainted": false
                    },
                    "deposed": [],
                    "provider": "provider.google"
                },
                "google_dns_record_set.groups_thrashingcodecom": {
                    "type": "google_dns_record_set",
                    "depends_on": [
                        "google_dns_managed_zone.thrashingcodecom"
                    ],
                    "primary": {
                        "id": "thrashingcodecom/groups.thrashingcode.com./CNAME",
                        "attributes": {
                            "id": "thrashingcodecom/groups.thrashingcode.com./CNAME",
                            "managed_zone": "thrashingcodecom",
                            "name": "groups.thrashingcode.com.",
                            "project": "new-universes",
                            "rrdatas.#": "1",
                            "rrdatas.0": "ghs.googlehosted.com.",
                            "ttl": "3600",
                            "type": "CNAME"
                        },
                        "meta": {},
                        "tainted": false
                    },
                    "deposed": [],
                    "provider": "provider.google"
                },
                "google_dns_record_set.hangouts_thrashingcodecom": {
                    "type": "google_dns_record_set",
                    "depends_on": [
                        "google_dns_managed_zone.thrashingcodecom"
                    ],
                    "primary": {
                        "id": "thrashingcodecom/hangouts.thrashingcode.com./CNAME",
                        "attributes": {
                            "id": "thrashingcodecom/hangouts.thrashingcode.com./CNAME",
                            "managed_zone": "thrashingcodecom",
                            "name": "hangouts.thrashingcode.com.",
                            "project": "new-universes",
                            "rrdatas.#": "1",
                            "rrdatas.0": "ghs.googlehosted.com.",
                            "ttl": "3600",
                            "type": "CNAME"
                        },
                        "meta": {},
                        "tainted": false
                    },
                    "deposed": [],
                    "provider": "provider.google"
                },
                "google_dns_record_set.mail_thrashingcodecom": {
                    "type": "google_dns_record_set",
                    "depends_on": [
                        "google_dns_managed_zone.thrashingcodecom"
                    ],
                    "primary": {
                        "id": "thrashingcodecom/mail.thrashingcode.com./CNAME",
                        "attributes": {
                            "id": "thrashingcodecom/mail.thrashingcode.com./CNAME",
                            "managed_zone": "thrashingcodecom",
                            "name": "mail.thrashingcode.com.",
                            "project": "new-universes",
                            "rrdatas.#": "1",
                            "rrdatas.0": "ghs.googlehosted.com.",
                            "ttl": "3600",
                            "type": "CNAME"
                        },
                        "meta": {},
                        "tainted": false
                    },
                    "deposed": [],
                    "provider": "provider.google"
                },
                "google_dns_record_set.photos": {
                    "type": "google_dns_record_set",
                    "depends_on": [
                        "google_dns_managed_zone.adronme"
                    ],
                    "primary": {
                        "id": "adronme/photos.adron.me./CNAME",
                        "attributes": {
                            "id": "adronme/photos.adron.me./CNAME",
                            "managed_zone": "adronme",
                            "name": "photos.adron.me.",
                            "project": "new-universes",
                            "rrdatas.#": "1",
                            "rrdatas.0": "domains.smugmug.com.",
                            "ttl": "5",
                            "type": "CNAME"
                        },
                        "meta": {},
                        "tainted": false
                    },
                    "deposed": [],
                    "provider": "provider.google"
                },
                "google_dns_record_set.plus_thrashingcodecom": {
                    "type": "google_dns_record_set",
                    "depends_on": [
                        "google_dns_managed_zone.thrashingcodecom"
                    ],
                    "primary": {
                        "id": "thrashingcodecom/plus.thrashingcode.com./CNAME",
                        "attributes": {
                            "id": "thrashingcodecom/plus.thrashingcode.com./CNAME",
                            "managed_zone": "thrashingcodecom",
                            "name": "plus.thrashingcode.com.",
                            "project": "new-universes",
                            "rrdatas.#": "1",
                            "rrdatas.0": "ghs.googlehosted.com.",
                            "ttl": "3600",
                            "type": "CNAME"
                        },
                        "meta": {},
                        "tainted": false
                    },
                    "deposed": [],
                    "provider": "provider.google"
                },
                "google_dns_record_set.root": {
                    "type": "google_dns_record_set",
                    "depends_on": [
                        "google_dns_managed_zone.adronme"
                    ],
                    "primary": {
                        "id": "adronme/*.adron.me./CNAME",
                        "attributes": {
                            "id": "adronme/*.adron.me./CNAME",
                            "managed_zone": "adronme",
                            "name": "*.adron.me.",
                            "project": "new-universes",
                            "rrdatas.#": "1",
                            "rrdatas.0": "compositecode.blog.",
                            "ttl": "5",
                            "type": "CNAME"
                        },
                        "meta": {},
                        "tainted": false
                    },
                    "deposed": [],
                    "provider": "provider.google"
                },
                "google_dns_record_set.sheets_thrashingcodecom": {
                    "type": "google_dns_record_set",
                    "depends_on": [
                        "google_dns_managed_zone.thrashingcodecom"
                    ],
                    "primary": {
                        "id": "thrashingcodecom/sheets.thrashingcode.com./CNAME",
                        "attributes": {
                            "id": "thrashingcodecom/sheets.thrashingcode.com./CNAME",
                            "managed_zone": "thrashingcodecom",
                            "name": "sheets.thrashingcode.com.",
                            "project": "new-universes",
                            "rrdatas.#": "1",
                            "rrdatas.0": "ghs.googlehosted.com.",
                            "ttl": "3600",
                            "type": "CNAME"
                        },
                        "meta": {},
                        "tainted": false
                    },
                    "deposed": [],
                    "provider": "provider.google"
                },
                "google_dns_record_set.sites_thrashingcodecom": {
                    "type": "google_dns_record_set",
                    "depends_on": [
                        "google_dns_managed_zone.thrashingcodecom"
                    ],
                    "primary": {
                        "id": "thrashingcodecom/sites.thrashingcode.com./CNAME",
                        "attributes": {
                            "id": "thrashingcodecom/sites.thrashingcode.com./CNAME",
                            "managed_zone": "thrashingcodecom",
                            "name": "sites.thrashingcode.com.",
                            "project": "new-universes",
                            "rrdatas.#": "1",
                            "rrdatas.0": "ghs.googlehosted.com.",
                            "ttl": "3600",
                            "type": "CNAME"
                        },
                        "meta": {},
                        "tainted": false
                    },
                    "deposed": [],
                    "provider": "provider.google"
                },
                "google_dns_record_set.slides_thrashingcodecom": {
                    "type": "google_dns_record_set",
                    "depends_on": [
                        "google_dns_managed_zone.thrashingcodecom"
                    ],
                    "primary": {
                        "id": "thrashingcodecom/slides.thrashingcode.com./CNAME",
                        "attributes": {
                            "id": "thrashingcodecom/slides.thrashingcode.com./CNAME",
                            "managed_zone": "thrashingcodecom",
                            "name": "slides.thrashingcode.com.",
                            "project": "new-universes",
                            "rrdatas.#": "1",
                            "rrdatas.0": "ghs.googlehosted.com.",
                            "ttl": "3600",
                            "type": "CNAME"
                        },
                        "meta": {},
                        "tainted": false
                    },
                    "deposed": [],
                    "provider": "provider.google"
                },
                "google_dns_record_set.spf_thrashingcodecom": {
                    "type": "google_dns_record_set",
                    "depends_on": [
                        "google_dns_managed_zone.thrashingcodecom"
                    ],
                    "primary": {
                        "id": "thrashingcodecom/thrashingcode.com./SPF",
                        "attributes": {
                            "id": "thrashingcodecom/thrashingcode.com./SPF",
                            "managed_zone": "thrashingcodecom",
                            "name": "thrashingcode.com.",
                            "project": "new-universes",
                            "rrdatas.#": "1",
                            "rrdatas.0": "\"v=spf1\" \"include:_spf.google.com\" \"~all\"",
                            "ttl": "3600",
                            "type": "SPF"
                        },
                        "meta": {},
                        "tainted": false
                    },
                    "deposed": [],
                    "provider": "provider.google"
                },
                "google_dns_record_set.start_thrashingcodecom": {
                    "type": "google_dns_record_set",
                    "depends_on": [
                        "google_dns_managed_zone.thrashingcodecom"
                    ],
                    "primary": {
                        "id": "thrashingcodecom/start.thrashingcode.com./CNAME",
                        "attributes": {
                            "id": "thrashingcodecom/start.thrashingcode.com./CNAME",
                            "managed_zone": "thrashingcodecom",
                            "name": "start.thrashingcode.com.",
                            "project": "new-universes",
                            "rrdatas.#": "1",
                            "rrdatas.0": "ghs.googlehosted.com.",
                            "ttl": "3600",
                            "type": "CNAME"
                        },
                        "meta": {},
                        "tainted": false
                    },
                    "deposed": [],
                    "provider": "provider.google"
                },
                "google_dns_record_set.thrashingcodecom": {
                    "type": "google_dns_record_set",
                    "depends_on": [
                        "google_dns_managed_zone.thrashingcodecom"
                    ],
                    "primary": {
                        "id": "thrashingcodecom/*.thrashingcode.com./CNAME",
                        "attributes": {
                            "id": "thrashingcodecom/*.thrashingcode.com./CNAME",
                            "managed_zone": "thrashingcodecom",
                            "name": "*.thrashingcode.com.",
                            "project": "new-universes",
                            "rrdatas.#": "1",
                            "rrdatas.0": "compositecode.blog.",
                            "ttl": "3600",
                            "type": "CNAME"
                        },
                        "meta": {},
                        "tainted": false
                    },
                    "deposed": [],
                    "provider": "provider.google"
                },
                "google_dns_record_set.txt_thrashingcodecom": {
                    "type": "google_dns_record_set",
                    "depends_on": [
                        "google_dns_managed_zone.thrashingcodecom"
                    ],
                    "primary": {
                        "id": "thrashingcodecom/thrashingcode.com./TXT",
                        "attributes": {
                            "id": "thrashingcodecom/thrashingcode.com./TXT",
                            "managed_zone": "thrashingcodecom",
                            "name": "thrashingcode.com.",
                            "project": "new-universes",
                            "rrdatas.#": "1",
                            "rrdatas.0": "\"v=spf1\" \"include:_spf.google.com\" \"~all\"",
                            "ttl": "3600",
                            "type": "TXT"
                        },
                        "meta": {},
                        "tainted": false
                    },
                    "deposed": [],
                    "provider": "provider.google"
                },
                "google_dns_record_set.vault_thrashingcodecom": {
                    "type": "google_dns_record_set",
                    "depends_on": [
                        "google_dns_managed_zone.thrashingcodecom"
                    ],
                    "primary": {
                        "id": "thrashingcodecom/vault.thrashingcode.com./CNAME",
                        "attributes": {
                            "id": "thrashingcodecom/vault.thrashingcode.com./CNAME",
                            "managed_zone": "thrashingcodecom",
                            "name": "vault.thrashingcode.com.",
                            "project": "new-universes",
                            "rrdatas.#": "1",
                            "rrdatas.0": "ghs.googlehosted.com.",
                            "ttl": "3600",
                            "type": "CNAME"
                        },
                        "meta": {},
                        "tainted": false
                    },
                    "deposed": [],
                    "provider": "provider.google"
                }
            },
            "depends_on": []
        }
    ]
}
