{
    "version": 3,
    "terraform_version": "0.8.5",
    "serial": 93,
    "lineage": "acdd28a7-23b8-40bf-878f-53c48657549c",
    "modules": [
        {
            "path": [
                "root"
            ],
            "outputs": {},
            "resources": {
                "google_compute_address.redirector": {
                    "type": "google_compute_address",
                    "depends_on": [],
                    "primary": {
                        "id": "redirector",
                        "attributes": {
                            "address": "104.196.255.117",
                            "id": "redirector",
                            "name": "redirector",
                            "region": "us-west1",
                            "self_link": "https://www.googleapis.com/compute/v1/projects/that-big-universe/regions/us-west1/addresses/redirector"
                        },
                        "meta": {},
                        "tainted": false
                    },
                    "deposed": [],
                    "provider": ""
                },
                "google_compute_disk.drone": {
                    "type": "google_compute_disk",
                    "depends_on": [],
                    "primary": {
                        "id": "drone-server-sqlite-db",
                        "attributes": {
                            "id": "drone-server-sqlite-db",
                            "name": "drone-server-sqlite-db",
                            "self_link": "https://www.googleapis.com/compute/v1/projects/that-big-universe/zones/us-west1-a/disks/drone-server-sqlite-db",
                            "size": "20",
                            "type": "pd-ssd",
                            "zone": "us-west1-a"
                        },
                        "meta": {},
                        "tainted": false
                    },
                    "deposed": [],
                    "provider": ""
                },
                "google_compute_instance.redirector": {
                    "type": "google_compute_instance",
                    "depends_on": [
                        "google_compute_address.redirector"
                    ],
                    "primary": {
                        "id": "redirector",
                        "attributes": {
                            "can_ip_forward": "false",
                            "create_timeout": "4",
                            "disk.#": "1",
                            "disk.0.auto_delete": "true",
                            "disk.0.device_name": "",
                            "disk.0.disk": "",
                            "disk.0.disk_encryption_key_raw": "",
                            "disk.0.disk_encryption_key_sha256": "",
                            "disk.0.image": "redirector-1485899054",
                            "disk.0.scratch": "false",
                            "disk.0.size": "0",
                            "disk.0.type": "",
                            "id": "redirector",
                            "machine_type": "f1-micro",
                            "metadata.%": "0",
                            "metadata_fingerprint": "ggUaVFFDPx0=",
                            "name": "redirector",
                            "network.#": "0",
                            "network_interface.#": "1",
                            "network_interface.0.access_config.#": "1",
                            "network_interface.0.access_config.0.assigned_nat_ip": "104.196.255.117",
                            "network_interface.0.access_config.0.nat_ip": "104.196.255.117",
                            "network_interface.0.address": "10.138.0.2",
                            "network_interface.0.name": "nic0",
                            "network_interface.0.network": "default",
                            "network_interface.0.subnetwork": "",
                            "network_interface.0.subnetwork_project": "",
                            "self_link": "https://www.googleapis.com/compute/v1/projects/that-big-universe/zones/us-west1-b/instances/redirector",
                            "service_account.#": "1",
                            "service_account.0.email": "890822399500-compute@developer.gserviceaccount.com",
                            "service_account.0.scopes.#": "3",
                            "service_account.0.scopes.1632638332": "https://www.googleapis.com/auth/devstorage.read_only",
                            "service_account.0.scopes.2428168921": "https://www.googleapis.com/auth/userinfo.email",
                            "service_account.0.scopes.2862113455": "https://www.googleapis.com/auth/compute.readonly",
                            "tags.#": "2",
                            "tags.1936433573": "https-server",
                            "tags.988335155": "http-server",
                            "tags_fingerprint": "6smc4R4d39I=",
                            "zone": "us-west1-b"
                        },
                        "meta": {
                            "schema_version": "2"
                        },
                        "tainted": false
                    },
                    "deposed": [],
                    "provider": ""
                },
                "google_compute_network.developer-space": {
                    "type": "google_compute_network",
                    "depends_on": [],
                    "primary": {
                        "id": "developer-space",
                        "attributes": {
                            "auto_create_subnetworks": "false",
                            "gateway_ipv4": "",
                            "id": "developer-space",
                            "name": "developer-space",
                            "self_link": "https://www.googleapis.com/compute/v1/projects/that-big-universe/global/networks/developer-space"
                        },
                        "meta": {},
                        "tainted": false
                    },
                    "deposed": [],
                    "provider": ""
                },
                "google_compute_network.production-space": {
                    "type": "google_compute_network",
                    "depends_on": [],
                    "primary": {
                        "id": "production-space",
                        "attributes": {
                            "auto_create_subnetworks": "false",
                            "gateway_ipv4": "",
                            "id": "production-space",
                            "name": "production-space",
                            "self_link": "https://www.googleapis.com/compute/v1/projects/that-big-universe/global/networks/production-space"
                        },
                        "meta": {},
                        "tainted": false
                    },
                    "deposed": [],
                    "provider": ""
                },
                "google_compute_subnetwork.developer-us-central1": {
                    "type": "google_compute_subnetwork",
                    "depends_on": [
                        "google_compute_network.developer-space"
                    ],
                    "primary": {
                        "id": "us-central1/developer-space-central1",
                        "attributes": {
                            "gateway_address": "10.128.0.1",
                            "id": "us-central1/developer-space-central1",
                            "ip_cidr_range": "10.128.0.0/20",
                            "name": "developer-space-central1",
                            "network": "https://www.googleapis.com/compute/v1/projects/that-big-universe/global/networks/developer-space",
                            "region": "us-central1",
                            "self_link": "https://www.googleapis.com/compute/v1/projects/that-big-universe/regions/us-central1/subnetworks/developer-space-central1"
                        },
                        "meta": {},
                        "tainted": false
                    },
                    "deposed": [],
                    "provider": ""
                },
                "google_compute_subnetwork.developer-us-west1": {
                    "type": "google_compute_subnetwork",
                    "depends_on": [
                        "google_compute_network.developer-space"
                    ],
                    "primary": {
                        "id": "us-west1/developer-space-west1",
                        "attributes": {
                            "gateway_address": "10.140.0.1",
                            "id": "us-west1/developer-space-west1",
                            "ip_cidr_range": "10.140.0.0/20",
                            "name": "developer-space-west1",
                            "network": "https://www.googleapis.com/compute/v1/projects/that-big-universe/global/networks/developer-space",
                            "region": "us-west1",
                            "self_link": "https://www.googleapis.com/compute/v1/projects/that-big-universe/regions/us-west1/subnetworks/developer-space-west1"
                        },
                        "meta": {},
                        "tainted": false
                    },
                    "deposed": [],
                    "provider": ""
                },
                "google_compute_subnetwork.production-us-central1": {
                    "type": "google_compute_subnetwork",
                    "depends_on": [
                        "google_compute_network.production-space"
                    ],
                    "primary": {
                        "id": "us-central1/production-space-central1",
                        "attributes": {
                            "gateway_address": "10.127.0.1",
                            "id": "us-central1/production-space-central1",
                            "ip_cidr_range": "10.127.0.0/20",
                            "name": "production-space-central1",
                            "network": "https://www.googleapis.com/compute/v1/projects/that-big-universe/global/networks/production-space",
                            "region": "us-central1",
                            "self_link": "https://www.googleapis.com/compute/v1/projects/that-big-universe/regions/us-central1/subnetworks/production-space-central1"
                        },
                        "meta": {},
                        "tainted": false
                    },
                    "deposed": [],
                    "provider": ""
                },
                "google_compute_subnetwork.production-us-west1": {
                    "type": "google_compute_subnetwork",
                    "depends_on": [
                        "google_compute_network.production-space"
                    ],
                    "primary": {
                        "id": "us-west1/production-space-west1",
                        "attributes": {
                            "gateway_address": "10.138.0.1",
                            "id": "us-west1/production-space-west1",
                            "ip_cidr_range": "10.138.0.0/18",
                            "name": "production-space-west1",
                            "network": "https://www.googleapis.com/compute/v1/projects/that-big-universe/global/networks/production-space",
                            "region": "us-west1",
                            "self_link": "https://www.googleapis.com/compute/v1/projects/that-big-universe/regions/us-west1/subnetworks/production-space-west1"
                        },
                        "meta": {},
                        "tainted": false
                    },
                    "deposed": [],
                    "provider": ""
                },
                "google_container_cluster.drone": {
                    "type": "google_container_cluster",
                    "depends_on": [],
                    "primary": {
                        "id": "drone",
                        "attributes": {
                            "additional_zones.#": "1",
                            "additional_zones.0": "us-west1-b",
                            "cluster_ipv4_cidr": "10.132.0.0/14",
                            "description": "",
                            "endpoint": "104.196.239.145",
                            "id": "drone",
                            "initial_node_count": "3",
                            "instance_group_urls.#": "1",
                            "instance_group_urls.0": "https://www.googleapis.com/compute/v1/projects/that-big-universe/zones/us-west1-b/instanceGroupManagers/gke-drone-default-pool-669f3934-grp",
                            "logging_service": "logging.googleapis.com",
                            "master_auth.#": "1",
                            "master_auth.0.client_certificate": "LS0tLS1CRUdJTiBDRVJUSUZJQ0FURS0tLS0tCk1JSURBekNDQWV1Z0F3SUJBZ0lRSHR2M25kVG1SaUZEeW9wK01SaTJJakFOQmdrcWhraUc5dzBCQVFzRkFEQXoKTVRFd0x3WURWUVFERENoMWN5MTNaWE4wTVMxaUxUZzVNRGd5TWpNNU9UVXdNQzFrY205dVpVQXhORGcyTkRFNApNalF6TUI0WERURTNNREl3TmpJeE5UY3lORm9YRFRJeU1ESXdOVEl4TlRjeU5Gb3dFVEVQTUEwR0ExVUVBeE1HClkyeHBaVzUwTUlJQklqQU5CZ2txaGtpRzl3MEJBUUVGQUFPQ0FROEFNSUlCQ2dLQ0FRRUF0Snc5ZGNVT3lNMXMKRW1QT1ZJRmkxZWlXNXBlbS9IYmpHMFhjK3FrYWlxeU1STjFaNlBta2RvK1pFeGlVVy94TlZVL3Vib1BMeUd6MwpZNTFxaE1USXFUSG5HaUxYNC9Ta2hqNGJkOWdsTXhuSXFCbmJxcFQrTDZVVFFlbzV0dktaMW42aXVvSnZDUnVuCk92VStRemRVc2pWWVF4VzRvYVhsMWRWT2p4R0RxeXdsWC9wMFZzdk55VlJwVTRFTUFuSDFTRlVDMUw5UFNReE0KYXJiUjFNWWdWOU1KR0djSXpRU253SVBrbytJVEdLT3RKMlBybGVsY2doR05vS3l6aFpqU2hnSE1ZMnFhK0creQpCOEFrcjBTSytwREMzbEFXaEpMVHdackhpeGxsQ1VCTUU2MUwrY0lySnlJTUZtcFdTRWtwZ1I2c25YRTgvRjEvCkc0N1hUcEVGQ1FJREFRQUJvelV3TXpBT0JnTlZIUThCQWY4RUJBTUNCYUF3RXdZRFZSMGxCQXd3Q2dZSUt3WUIKQlFVSEF3SXdEQVlEVlIwVEFRSC9CQUl3QURBTkJna3Foa2lHOXcwQkFRc0ZBQU9DQVFFQWliL3lIaW1PS3lNTAprUXFIRDJqWURSUVZwcytrMGZnbnRuQ0lrZlJjNWpYdHQ4bHZrdEpwQ1BxbUFiZnEvaVBUdG91L2lWMmVmc1pVCjdHTUMwR2lmdHlsbTJHbDB1aEVEQjU3L2xJaS9xTFJwUlBiME13L0pkekZxajFLTXRkUUU4UFVESW44RzcvL1UKQVIzRXZ5azNnVTdaTExPM2l2ejJCcnJvZHorcW1Ca1hjUW9jVkpHZXB3elRHbnIyUU1Ca0ZkT2ZSdTNLNnBHUApKSUxuYWxZQTNBUWdEU1hzclRpYjVtekZ1UzZSUGlJNC8zUGFYdE9sVUlJQXgzRDk4NFFQcEhtemh4ZEZOd3ZRClBxQ2t6Z0Y4NW8rT2RKTFJoQkJnYXlTeEc0U3pGZVhoT25HSGNSaUZRZDdRY1BEaUluUDZjYVZjbjNoUlR0SVYKamJxSzlyTTd3Zz09Ci0tLS0tRU5EIENFUlRJRklDQVRFLS0tLS0K",
                            "master_auth.0.client_key": "LS0tLS1CRUdJTiBSU0EgUFJJVkFURSBLRVktLS0tLQpNSUlFb3dJQkFBS0NBUUVBdEp3OWRjVU95TTFzRW1QT1ZJRmkxZWlXNXBlbS9IYmpHMFhjK3FrYWlxeU1STjFaCjZQbWtkbytaRXhpVVcveE5WVS91Ym9QTHlHejNZNTFxaE1USXFUSG5HaUxYNC9Ta2hqNGJkOWdsTXhuSXFCbmIKcXBUK0w2VVRRZW81dHZLWjFuNml1b0p2Q1J1bk92VStRemRVc2pWWVF4VzRvYVhsMWRWT2p4R0RxeXdsWC9wMApWc3ZOeVZScFU0RU1BbkgxU0ZVQzFMOVBTUXhNYXJiUjFNWWdWOU1KR0djSXpRU253SVBrbytJVEdLT3RKMlByCmxlbGNnaEdOb0t5emhaalNoZ0hNWTJxYStHK3lCOEFrcjBTSytwREMzbEFXaEpMVHdackhpeGxsQ1VCTUU2MUwKK2NJckp5SU1GbXBXU0VrcGdSNnNuWEU4L0YxL0c0N1hUcEVGQ1FJREFRQUJBb0lCQUFwanVuMWQycDNlZzBzRApoc2tCc0dmUnUyeUVhTXk1SWhOZGozcXo0NXo2bEE4YUZLUDhTR094bXdLb05WQ2RVTzJKYlpQWjdRMFloNXFwCllZbEZzSzFhKzRwYldzUDRQTWFrSi94YTZManAwTXNxd2FJc2MvclZxaWZ1aTJka3lVaTNmRER5YytTNFBJUjkKdXhrdXc2YUV2eEVNM05RZnNQcitERWphbnhKbm5QajVZL0RLWXpIVUNNbnVjU2RMV0JBbEpDNEcxdVo2UzA1bwpLcDNCS1JodDRNVVNsNjZaY3FrV3EwYnJRWnhPRFVRZjV5cWk3TExTUXg1NUxrU2o0R2ZRT3pBSXdnTmZ2Uk1BCnBIMW1qNkpLVTU0amlSZlIxQ3ZYMFV5VlplMlFCY2hFWVZUZGg3TXRaMlllMjdtQW9EMFJWVUVXZ24zR1BRcEIKaitBWm5Ja0NnWUVBMUFiSjdjd0QyYWUreHY1VTY4T0NxenVBeTBrVDQ5cVZaaVlCSHFpdVhDY2FKZDRmSXdOUQo0MHF4Qy9SQUpuem5LWlZhcTQvUXA4S09Lb3hCWE9qSTFsZjM2ajVaZnlOMFllL1UwVE9YckxpNkc0dStJNlFLCkpMVU9Xb1BOUFRRdjdhWTlCSFU2d0NobC9XQ3N1dmVHaEpHb3hXSitQZ3FYUHhibll5RmpEUjhDZ1lFQTJoRjEKTHN3Vk90OS9kSkZBanpnL0RZT1VnQi9FbmYreThSWGtOb0ZDbjlKRTAwWUE5RDBRS3ZXcVdidU1LS3B0T3dsVgpOeWpiZ0ZmVFlmRisrdlFndUc2ajlXbGg2WEFYcXFDeXVteGtydkFWaWhlTStkamRzMnJNL2xFaFYwelowWEFrCnkvdVRNZWhBUzlzMDI0ZFU3WjB3ZTZRVTEwVFhDUHRnMHY1L0FOY0NnWUJjUFVQVnh0Nlo3dWNKTFJZR3B6eU8KZjhsdEpyS1hlcjFwL2ZpWXZPdDF2YkViYmtGL2V1N1NvdWpZK1g1Ni8vV1UycHZpYlNOcUNETFBBY3RodndlNApiL2F6bWtKWEZEYUtjTXJWNUNzRkFpdzgxWk4zYitMVnkwcWVTQjZlbExpUkc3UUozM0lhckxpSi9XZkh3dTFyCmVPN0NTRElCalp2MDMyTDBkazdnSXdLQmdRQ2Z6d050bENwS3h0ZUUrWjJ5VjZuOW9Wd0d1VUZCK00yT1dGaXkKaU8vbWFCWUFMdUVzSEVQbzk3Z3Jvb0lJbXowSmNzRjhkdmpGaVpkanc3TW0vaG1zajRpZ3BPWVlTUWxQQmcxMQpDVktQMFdvM2xTSy9SdXJTUFlhVkthZWhiclNDQkFrelk5NXZTS0UxOWlNNmJtY1M2NHRJVU9ybEI1SC9CeG5pCkJwZlVhUUtCZ0JaZ01ySm1sTXdhT0RMWnYrVERPVlNDdFVNM2dJbFJTd3JERVlxTHlEQzM3T2JTcmM1ajJhNUwKZHpHUmd1bGJvdkJjVFlrNFhjNnhqNWdGNlZ6QlBKUSt0eGRWV1Q3Tm1lZG9NUnBaSlVmeUZiZ0cvakVDWkZleQp1ejU4OW4rSWNXUG9EN29pRHRHRzZGZkVhYWNuQWw5S25zM0FBR2RHNEFWUGcwQ1pOaTU2Ci0tLS0tRU5EIFJTQSBQUklWQVRFIEtFWS0tLS0tCg==",
                            "master_auth.0.cluster_ca_certificate": "LS0tLS1CRUdJTiBDRVJUSUZJQ0FURS0tLS0tCk1JSURGRENDQWZ5Z0F3SUJBZ0lSQUxwWHE4TlZTVVUwNzN0aUJXOXQrS293RFFZSktvWklodmNOQVFFTEJRQXcKTXpFeE1DOEdBMVVFQXd3b2RYTXRkMlZ6ZERFdFlpMDRPVEE0TWpJek9UazFNREF0WkhKdmJtVkFNVFE0TmpReApPREkwTXpBZUZ3MHhOekF5TURZeU1UVTNNak5hRncweU1qQXlNRFV5TVRVM01qTmFNRE14TVRBdkJnTlZCQU1NCktIVnpMWGRsYzNReExXSXRPRGt3T0RJeU16azVOVEF3TFdSeWIyNWxRREUwT0RZME1UZ3lORE13Z2dFaU1BMEcKQ1NxR1NJYjNEUUVCQVFVQUE0SUJEd0F3Z2dFS0FvSUJBUURTRHhLcmRraUxjMnltb0ZLR0N0OTVtbzNTSmZvaQovUlFpMk8xNVRjTkY4RmJrUXZiZ3B1ZmkvcW03LzMxM0QwVDVzbzlaTWFwOThGOU90QjA0L2liU2pETmxBMDlUClR1WGs4ckZUWGxlTDhnYUV5ajgwc3Fjb3hpUHVBLzZkODRGeXpSS0tGQk4yMDRLVlhuY1NSekc3aUxzWjVQNGIKVEMxbm1WSU51TzczZ3dnYmExYlh4ajR0dkdBbFlsNUozWUdQVU9oM3FRN1lUZ2JxeGlHYXpJSk1OZThDSlFyRQpndnUyK3QxMkZNR1RYdkJ4R2NydWo0VUQ0T2ZLbU5zRURTTkRJb3QvNlhPVDRWN0xKb2c5aS9DTDlWOEhYQUR2Cmg4Q3hJdGZFUUpHeWNNMFEwVURTODFUdm5zNUd2MGxUQ1RQL0t4REdEVk9RTUtocFJoZVY3UDFkQWdNQkFBR2oKSXpBaE1BNEdBMVVkRHdFQi93UUVBd0lDQkRBUEJnTlZIUk1CQWY4RUJUQURBUUgvTUEwR0NTcUdTSWIzRFFFQgpDd1VBQTRJQkFRQUdHanZtN3k5bnR0WGoycXpyMVllbTd0UmRUUmdCckpqRllOcE5MOFM2UE9mMzZvV3dZV0hOCjd2MVp2TFVGS1NJL3h2b3RyNVpQcjFWY1hoVmZZeGFtKzEzaU9TTjAyNkUvK1BReG1mSjAyV1hqeVE5U3lMcEcKTjNpdWN5M2lrNXFqbWV6M3h5NXlsQ3RrTHRPWU5helpuRFFuc29HQkErUzdZZG5pV3dDTTFVdmRsaWdWa0YwdQo0WFpvb0RCM1F5RnA2V0s3aUVkS01zUDFBbThQZ3pjT2R3dkVEUUN3anBMWDhMZ3JoM1Q3NTZYL0hwMDJjTXVhCkVvL09Nb2hmMFFoeGxSd1UvYitFRG4zSXJMNFpBYm02bEsyUE9abnBXWmIrOXkrWktpU1QrMm1lVGhrMll6cnEKOWNJQ0drYm1ZWTZQSU00TVJ0eXJrTTN3em5odVYxK3AKLS0tLS1FTkQgQ0VSVElGSUNBVEUtLS0tLQo=",
                            "master_auth.0.password": "willchange",
                            "master_auth.0.username": "firsttry",
                            "monitoring_service": "monitoring.googleapis.com",
                            "name": "drone",
                            "network": "developer-space",
                            "node_config.#": "1",
                            "node_config.0.disk_size_gb": "100",
                            "node_config.0.machine_type": "g1-small",
                            "node_config.0.oauth_scopes.#": "4",
                            "node_config.0.oauth_scopes.0": "https://www.googleapis.com/auth/compute",
                            "node_config.0.oauth_scopes.1": "https://www.googleapis.com/auth/devstorage.read_only",
                            "node_config.0.oauth_scopes.2": "https://www.googleapis.com/auth/logging.write",
                            "node_config.0.oauth_scopes.3": "https://www.googleapis.com/auth/monitoring",
                            "node_version": "1.5.2",
                            "subnetwork": "developer-space-west1",
                            "zone": "us-west1-b"
                        },
                        "meta": {},
                        "tainted": false
                    },
                    "deposed": [],
                    "provider": ""
                },
                "google_dns_managed_zone.adronme": {
                    "type": "google_dns_managed_zone",
                    "depends_on": [],
                    "primary": {
                        "id": "adronme",
                        "attributes": {
                            "description": "Production http://adron.me Domain.",
                            "dns_name": "adron.me.",
                            "id": "adronme",
                            "name": "adronme",
                            "name_servers.#": "4",
                            "name_servers.0": "ns-cloud-c1.googledomains.com.",
                            "name_servers.1": "ns-cloud-c2.googledomains.com.",
                            "name_servers.2": "ns-cloud-c3.googledomains.com.",
                            "name_servers.3": "ns-cloud-c4.googledomains.com."
                        },
                        "meta": {},
                        "tainted": false
                    },
                    "deposed": [],
                    "provider": ""
                },
                "google_dns_managed_zone.compositecodecom": {
                    "type": "google_dns_managed_zone",
                    "depends_on": [],
                    "primary": {
                        "id": "compositecodecom",
                        "attributes": {
                            "description": "Production http://compositecode.com Domain.",
                            "dns_name": "compositecode.com.",
                            "id": "compositecodecom",
                            "name": "compositecodecom",
                            "name_servers.#": "4",
                            "name_servers.0": "ns-cloud-b1.googledomains.com.",
                            "name_servers.1": "ns-cloud-b2.googledomains.com.",
                            "name_servers.2": "ns-cloud-b3.googledomains.com.",
                            "name_servers.3": "ns-cloud-b4.googledomains.com."
                        },
                        "meta": {},
                        "tainted": false
                    },
                    "deposed": [],
                    "provider": ""
                },
                "google_dns_managed_zone.datadiluviumcom": {
                    "type": "google_dns_managed_zone",
                    "depends_on": [],
                    "primary": {
                        "id": "datadiluviumcom",
                        "attributes": {
                            "description": "Production http://datadiluvium.com Domain.",
                            "dns_name": "datadiluvium.com.",
                            "id": "datadiluviumcom",
                            "name": "datadiluviumcom",
                            "name_servers.#": "4",
                            "name_servers.0": "ns-cloud-c1.googledomains.com.",
                            "name_servers.1": "ns-cloud-c2.googledomains.com.",
                            "name_servers.2": "ns-cloud-c3.googledomains.com.",
                            "name_servers.3": "ns-cloud-c4.googledomains.com."
                        },
                        "meta": {},
                        "tainted": false
                    },
                    "deposed": [],
                    "provider": ""
                },
                "google_dns_record_set.blog": {
                    "type": "google_dns_record_set",
                    "depends_on": [
                        "google_dns_managed_zone.adronme",
                        "google_dns_managed_zone.adronme"
                    ],
                    "primary": {
                        "id": "2",
                        "attributes": {
                            "id": "2",
                            "managed_zone": "adronme",
                            "name": "blog.adron.me.",
                            "rrdatas.#": "1",
                            "rrdatas.0": "adron.github.io.",
                            "ttl": "5",
                            "type": "CNAME"
                        },
                        "meta": {},
                        "tainted": false
                    },
                    "deposed": [],
                    "provider": ""
                },
                "google_dns_record_set.compositecodecom": {
                    "type": "google_dns_record_set",
                    "depends_on": [
                        "google_dns_managed_zone.compositecodecom",
                        "google_dns_managed_zone.compositecodecom"
                    ],
                    "primary": {
                        "id": "1",
                        "attributes": {
                            "id": "1",
                            "managed_zone": "compositecodecom",
                            "name": "compositecode.com.",
                            "rrdatas.#": "2",
                            "rrdatas.0": "192.30.252.154",
                            "rrdatas.1": "192.30.252.153",
                            "ttl": "30",
                            "type": "A"
                        },
                        "meta": {},
                        "tainted": false
                    },
                    "deposed": [],
                    "provider": ""
                },
                "google_dns_record_set.data": {
                    "type": "google_dns_record_set",
                    "depends_on": [
                        "google_compute_address.redirector",
                        "google_dns_managed_zone.adronme",
                        "google_dns_managed_zone.adronme"
                    ],
                    "primary": {
                        "id": "7",
                        "attributes": {
                            "id": "7",
                            "managed_zone": "adronme",
                            "name": "data.adron.me.",
                            "rrdatas.#": "1",
                            "rrdatas.0": "104.196.255.117",
                            "ttl": "5",
                            "type": "A"
                        },
                        "meta": {},
                        "tainted": false
                    },
                    "deposed": [],
                    "provider": ""
                },
                "google_dns_record_set.datadiluviumcom": {
                    "type": "google_dns_record_set",
                    "depends_on": [
                        "google_dns_managed_zone.datadiluviumcom",
                        "google_dns_managed_zone.datadiluviumcom"
                    ],
                    "primary": {
                        "id": "1",
                        "attributes": {
                            "id": "1",
                            "managed_zone": "datadiluviumcom",
                            "name": "datadiluvium.com.",
                            "rrdatas.#": "2",
                            "rrdatas.0": "192.30.252.154",
                            "rrdatas.1": "192.30.252.153",
                            "ttl": "30",
                            "type": "A"
                        },
                        "meta": {},
                        "tainted": false
                    },
                    "deposed": [],
                    "provider": ""
                },
                "google_dns_record_set.dronedatadiluviumcom": {
                    "type": "google_dns_record_set",
                    "depends_on": [
                        "google_dns_managed_zone.datadiluviumcom",
                        "google_dns_managed_zone.datadiluviumcom"
                    ],
                    "primary": {
                        "id": "2",
                        "attributes": {
                            "id": "2",
                            "managed_zone": "datadiluviumcom",
                            "name": "drone.datadiluvium.com.",
                            "rrdatas.#": "1",
                            "rrdatas.0": "104.199.117.117",
                            "ttl": "5",
                            "type": "A"
                        },
                        "meta": {},
                        "tainted": false
                    },
                    "deposed": [],
                    "provider": ""
                },
                "google_dns_record_set.photos": {
                    "type": "google_dns_record_set",
                    "depends_on": [
                        "google_dns_managed_zone.adronme",
                        "google_dns_managed_zone.adronme"
                    ],
                    "primary": {
                        "id": "1",
                        "attributes": {
                            "id": "1",
                            "managed_zone": "adronme",
                            "name": "photos.adron.me.",
                            "rrdatas.#": "1",
                            "rrdatas.0": "domains.smugmug.com.",
                            "ttl": "5",
                            "type": "CNAME"
                        },
                        "meta": {},
                        "tainted": false
                    },
                    "deposed": [],
                    "provider": ""
                }
            },
            "depends_on": []
        }
    ]
}
