{
    "version": 3,
    "terraform_version": "0.8.5",
    "serial": 67,
    "lineage": "acdd28a7-23b8-40bf-878f-53c48657549c",
    "modules": [
        {
            "path": [
                "root"
            ],
            "outputs": {},
            "resources": {
                "google_compute_address.redirector": {
                    "type": "google_compute_address",
                    "depends_on": [],
                    "primary": {
                        "id": "redirector",
                        "attributes": {
                            "address": "104.154.249.251",
                            "id": "redirector",
                            "name": "redirector",
                            "self_link": "https://www.googleapis.com/compute/v1/projects/that-big-universe/regions/us-central1/addresses/redirector"
                        },
                        "meta": {},
                        "tainted": false
                    },
                    "deposed": [],
                    "provider": ""
                },
                "google_compute_instance.redirector": {
                    "type": "google_compute_instance",
                    "depends_on": [
                        "google_compute_address.redirector"
                    ],
                    "primary": {
                        "id": "redirector",
                        "attributes": {
                            "can_ip_forward": "false",
                            "create_timeout": "4",
                            "disk.#": "1",
                            "disk.0.auto_delete": "true",
                            "disk.0.device_name": "",
                            "disk.0.disk": "",
                            "disk.0.disk_encryption_key_raw": "",
                            "disk.0.disk_encryption_key_sha256": "",
                            "disk.0.image": "redirector-1485899054",
                            "disk.0.scratch": "false",
                            "disk.0.size": "0",
                            "disk.0.type": "",
                            "id": "redirector",
                            "machine_type": "f1-micro",
                            "metadata.%": "0",
                            "metadata_fingerprint": "ggUaVFFDPx0=",
                            "name": "redirector",
                            "network.#": "0",
                            "network_interface.#": "1",
                            "network_interface.0.access_config.#": "1",
                            "network_interface.0.access_config.0.assigned_nat_ip": "104.154.249.251",
                            "network_interface.0.access_config.0.nat_ip": "104.154.249.251",
                            "network_interface.0.address": "10.128.0.2",
                            "network_interface.0.name": "nic0",
                            "network_interface.0.network": "default",
                            "network_interface.0.subnetwork": "",
                            "network_interface.0.subnetwork_project": "",
                            "self_link": "https://www.googleapis.com/compute/v1/projects/that-big-universe/zones/us-central1-b/instances/redirector",
                            "service_account.#": "1",
                            "service_account.0.email": "890822399500-compute@developer.gserviceaccount.com",
                            "service_account.0.scopes.#": "3",
                            "service_account.0.scopes.1632638332": "https://www.googleapis.com/auth/devstorage.read_only",
                            "service_account.0.scopes.2428168921": "https://www.googleapis.com/auth/userinfo.email",
                            "service_account.0.scopes.2862113455": "https://www.googleapis.com/auth/compute.readonly",
                            "tags.#": "2",
                            "tags.1936433573": "https-server",
                            "tags.988335155": "http-server",
                            "tags_fingerprint": "6smc4R4d39I=",
                            "zone": "us-central1-b"
                        },
                        "meta": {
                            "schema_version": "2"
                        },
                        "tainted": false
                    },
                    "deposed": [],
                    "provider": ""
                },
                "google_compute_network.developer-space": {
                    "type": "google_compute_network",
                    "depends_on": [],
                    "primary": {
                        "id": "developer-space",
                        "attributes": {
                            "auto_create_subnetworks": "false",
                            "gateway_ipv4": "",
                            "id": "developer-space",
                            "name": "developer-space",
                            "self_link": "https://www.googleapis.com/compute/v1/projects/that-big-universe/global/networks/developer-space"
                        },
                        "meta": {},
                        "tainted": false
                    },
                    "deposed": [],
                    "provider": ""
                },
                "google_compute_network.production-space": {
                    "type": "google_compute_network",
                    "depends_on": [],
                    "primary": {
                        "id": "production-space",
                        "attributes": {
                            "auto_create_subnetworks": "false",
                            "gateway_ipv4": "",
                            "id": "production-space",
                            "name": "production-space",
                            "self_link": "https://www.googleapis.com/compute/v1/projects/that-big-universe/global/networks/production-space"
                        },
                        "meta": {},
                        "tainted": false
                    },
                    "deposed": [],
                    "provider": ""
                },
                "google_compute_subnetwork.developer-us-west1": {
                    "type": "google_compute_subnetwork",
                    "depends_on": [
                        "google_compute_network.developer-space"
                    ],
                    "primary": {
                        "id": "us-west1/developer-space",
                        "attributes": {
                            "gateway_address": "10.140.0.1",
                            "id": "us-west1/developer-space",
                            "ip_cidr_range": "10.140.0.0/20",
                            "name": "developer-space",
                            "network": "https://www.googleapis.com/compute/v1/projects/that-big-universe/global/networks/developer-space",
                            "region": "us-west1",
                            "self_link": "https://www.googleapis.com/compute/v1/projects/that-big-universe/regions/us-west1/subnetworks/developer-space"
                        },
                        "meta": {},
                        "tainted": false
                    },
                    "deposed": [],
                    "provider": ""
                },
                "google_compute_subnetwork.worker-us-west1": {
                    "type": "google_compute_subnetwork",
                    "depends_on": [
                        "google_compute_network.production-space"
                    ],
                    "primary": {
                        "id": "us-west1/production-space",
                        "attributes": {
                            "gateway_address": "10.138.0.1",
                            "id": "us-west1/production-space",
                            "ip_cidr_range": "10.138.0.0/18",
                            "name": "production-space",
                            "network": "https://www.googleapis.com/compute/v1/projects/that-big-universe/global/networks/production-space",
                            "region": "us-west1",
                            "self_link": "https://www.googleapis.com/compute/v1/projects/that-big-universe/regions/us-west1/subnetworks/production-space"
                        },
                        "meta": {},
                        "tainted": false
                    },
                    "deposed": [],
                    "provider": ""
                },
                "google_container_cluster.development": {
                    "type": "google_container_cluster",
                    "depends_on": [],
                    "primary": {
                        "id": "development-systems",
                        "attributes": {
                            "additional_zones.#": "1",
                            "additional_zones.0": "us-west1-b",
                            "cluster_ipv4_cidr": "10.28.0.0/14",
                            "description": "",
                            "endpoint": "104.196.229.24",
                            "id": "development-systems",
                            "initial_node_count": "3",
                            "instance_group_urls.#": "1",
                            "instance_group_urls.0": "https://www.googleapis.com/compute/v1/projects/that-big-universe/zones/us-west1-b/instanceGroupManagers/gke-development-systems-default-pool-1ceace95-grp",
                            "logging_service": "logging.googleapis.com",
                            "master_auth.#": "1",
                            "master_auth.0.client_certificate": "LS0tLS1CRUdJTiBDRVJUSUZJQ0FURS0tLS0tCk1JSURFakNDQWZxZ0F3SUJBZ0lSQUpBS2tRSThteWRWUStWMHdoa0ZRZVV3RFFZSktvWklodmNOQVFFTEJRQXcKUVRFL01EMEdBMVVFQXd3MmRYTXRkMlZ6ZERFdFlpMDRPVEE0TWpJek9UazFNREF0WkdWMlpXeHZjRzFsYm5RdApjM2x6ZEdWdGMwQXhORGcxT1RjNE1UTTRNQjRYRFRFM01ESXdNVEU1TkRJeU1Gb1hEVEl5TURFek1URTVOREl5Ck1Gb3dFVEVQTUEwR0ExVUVBeE1HWTJ4cFpXNTBNSUlCSWpBTkJna3Foa2lHOXcwQkFRRUZBQU9DQVE4QU1JSUIKQ2dLQ0FRRUFrZ1IydW54S25DR3BYcGlXdzlSYy85L2gwS1dleVhPU1JSdUpZTzRCamcrUmRXS255clJxY0tZUgpyaTBiVnZmVExjdGdlUVU1YnlVY0I2K0J5RlFsVU1haStOaGhxK3dhU0p3SmU1TVlvT1I5ZGQ1TXZKczZKWTJ6CmNQNjVRQTdNTjYxYlV4YlB0andpc0doZk5vRnVaS0tmR01GL0JlT1lDR3hHY3g2MzdXTTg1THNxckhVRU95ejIKZjdMMmJ6WFcxRW1pREJSc2M3M0NkWTZyR2dOeEZJd3IrQzd1WXkyUVlUYjMrS093cGRnVjlmcUQvVERwSWhtcQpQSUhCY01mQTlDZG11T3Mwdkk3VythOHFYU2oyNmJZVnd5ZW9tMnIwZHNPVmxkVmxyVnlTRXgrQU1FcE1ENVA4CjRzOVF2MkFrRG9xdmJKWTlaSXZRZVJSSUxjNnJjUUlEQVFBQm96VXdNekFPQmdOVkhROEJBZjhFQkFNQ0JhQXcKRXdZRFZSMGxCQXd3Q2dZSUt3WUJCUVVIQXdJd0RBWURWUjBUQVFIL0JBSXdBREFOQmdrcWhraUc5dzBCQVFzRgpBQU9DQVFFQURCbG8wMS9JRmRRSWNST2djUEc2U01CbHBHN0FtUEs5emJ0OXNwU3lhVG5OaEk3OHRRcXFaOWJVCnZOS3ZNNHpRWnozV1RiZHZVMWwveXlrWGYwclorcnlCVStzQXJJQzJLMFJ4ZysyZW91c3dtTm80WTAzRmJyeloKSE9yS0lpVjFKZjRPWkJqK1MrU3FJaHEzcjNYemlhcURUUFRvY08xQ2wwaWo5aHBTQzRnS1dFQTMxTEdzMXdndwpwV3FtQXVBMWFNV0xNQ21zd2hEVVdSWE1NVWFqSEYvOFRyREtpZG9BVGNPNkk4OXFMODJJOXk3WTU3RmszdlQxCm1YaEFUaWhqZTA3NTMxYzExL0hwRThObUJmNERCaDJqWjZlVlVSbGJ6S202eDB5djVnd1JXbjdHKzZUaThIL2wKbGk2M1haVVNtZXpSZURKeVYwczJMZ056c1dMZE9BPT0KLS0tLS1FTkQgQ0VSVElGSUNBVEUtLS0tLQo=",
                            "master_auth.0.client_key": "LS0tLS1CRUdJTiBSU0EgUFJJVkFURSBLRVktLS0tLQpNSUlFb2dJQkFBS0NBUUVBa2dSMnVueEtuQ0dwWHBpV3c5UmMvOS9oMEtXZXlYT1NSUnVKWU80QmpnK1JkV0tuCnlyUnFjS1lScmkwYlZ2ZlRMY3RnZVFVNWJ5VWNCNitCeUZRbFVNYWkrTmhocSt3YVNKd0plNU1Zb09SOWRkNU0KdkpzNkpZMnpjUDY1UUE3TU42MWJVeGJQdGp3aXNHaGZOb0Z1WktLZkdNRi9CZU9ZQ0d4R2N4NjM3V004NUxzcQpySFVFT3l6MmY3TDJielhXMUVtaURCUnNjNzNDZFk2ckdnTnhGSXdyK0M3dVl5MlFZVGIzK0tPd3BkZ1Y5ZnFECi9URHBJaG1xUElIQmNNZkE5Q2RtdU9zMHZJN1crYThxWFNqMjZiWVZ3eWVvbTJyMGRzT1ZsZFZsclZ5U0V4K0EKTUVwTUQ1UDg0czlRdjJBa0RvcXZiSlk5Wkl2UWVSUklMYzZyY1FJREFRQUJBb0lCQUNMdEpta2M2Y3ZHMFhocgpEMFR3T3Y2SlVyNVJuMVdZYTFoVWFkdmhra1drdTZwVVdzWkZ1V0FRbVJJTWdBbWhaY1lDYTZVRzl1SDdBbVZrCk9hcnRWYStvazdycUp4SzBldVQ3VGRsZEtmcnlMSUJSR0JIVkgyZDBLWVBScWdZRWhCeWRQc2IxSWVINUtHTUIKMUNSNWVTcGhLNlVFUTVucEFxaWhIWWpUeERMbnVWNnFROGx6YmVBS2RjOWtHdWUxZ2pNTndXKzZyenRFQVNOOApIaHl3RHErR2hpRksvSExVdjRUUi9VQkNDTXJhUGpLQzBUWXlHYXRyMHhpNWNlNUtjeHJJYWRrZVJxSkdyYUcxCklFc081NU5ENTFVNzFvczBQK3llR3dha2lBTUZzNGc4WWpIcWw2Qlgvam1jZDRwN2ZTd1MyeUFKMFIvTk04eVMKZ0phbDB6RUNnWUVBd2plekVDMnNQQjA4VktUYmNKTmRISDJ1bVJ6dmpYRkp6VzFVNHpuTTdtaHNsMlpKZDkrUQo3SlUraUtVbklNVUFqS0RrRWpMKy9xYXY1L2VqU2Y2QitnZlVzQjliVS95NGNFKzRXZGorcDFtNDhWQkErMVNOCk1ySS9JZlpxSlBDaHRGTmlBVHJXVmE5SVBQczhadkE3bVNmOGMvc3pEeWJRYzhLN2JUdWo2NHNDZ1lFQXdIZUoKeTJUZExHVmx5b1ZObHNmSkpsOTlnRUV2L2pPNEJGTjFBS0RRZklud2xoTklWVXpxeXZiK1dHMHJpMnYreHo3OQo4L1lySCtRcW5hM21NbGJVcmpZRDI3NVdNN05HSzNtbFFrNDR4UG8yVXAwTVBiaWM1OVl2ekpTRWJKTjd1UUdGCmlqamFiYnord2VkRXhMa1VXU0c4MGdldUJZVEQzRkwwRzhydkZITUNnWUFtR3J0OC94ajlxbGE5M0tKWkVmQ0EKdUgvYTlueGhhY3FyRFRwTVluaThoYXhZZis4R0g4elZQZXJJOEc0ZTFjZm56MkV2Mk9XQ25MMkNhMm1VQ09VRApZeW50YkJtRS90NUkycnMybFlaUTJ4K1g2TUQzRG4ydFpwOVFVSUkrd1I5WXU4dE1wbmlLMHhyL0srT0w1cklxCnVGZWxnYkZnMWFLc001YUdOZDlSUlFLQmdCMnFEdlhuWE9ONzJWMkdnRGZ1SVFXbUVCelZiMFU1eVhINVB2NVMKeXU5Mi96clNUQUxCc1NxSk9SaDk4d2t4SXZxb3JkR05Mb1ppejJLd0s5dTBZR0ZkZCtqRmhGbkJsdDRhaUtzWQpqVTFtMXpxU2RCR0xRN3ZEMm1nb3QrUllNdWlINElJMlV3dzQ1ZmNTNHhtREFTemZzMCtYMlcyR1VmM0NWMWQxClJyWWJBb0dBTm5PSWR6NU5EWlJneCtwSTM5VzdjNXJ2SE5HbThlbWVRTW9UaC96NGVKSTI4WStsQVA0dHV3WE8Keks2Q3gxd3IyOW9rRHo5MXJXZzY4bTh2ZlFXQUtQV2RKNitRbE9lbXJ5cmVjMUpaUTExNjJ1MTY2MWFPa3JPQQplKzl6Q21tdm5MQlNJTzhEWk1IZ05hSys2eUdPS1pSeFkxank4UHhINWg1T09QbVJtWVk9Ci0tLS0tRU5EIFJTQSBQUklWQVRFIEtFWS0tLS0tCg==",
                            "master_auth.0.cluster_ca_certificate": "LS0tLS1CRUdJTiBDRVJUSUZJQ0FURS0tLS0tCk1JSURMekNDQWhlZ0F3SUJBZ0lRUFBQV1FYRkoySUlkbi9aR3FlbXhEakFOQmdrcWhraUc5dzBCQVFzRkFEQkIKTVQ4d1BRWURWUVFERERaMWN5MTNaWE4wTVMxaUxUZzVNRGd5TWpNNU9UVXdNQzFrWlhabGJHOXdiV1Z1ZEMxegplWE4wWlcxelFERTBPRFU1TnpneE16Z3dIaGNOTVRjd01qQXhNVGswTWpFNFdoY05Nakl3TVRNeE1UazBNakU0CldqQkJNVDh3UFFZRFZRUURERFoxY3kxM1pYTjBNUzFpTFRnNU1EZ3lNak01T1RVd01DMWtaWFpsYkc5d2JXVnUKZEMxemVYTjBaVzF6UURFME9EVTVOemd4TXpnd2dnRWlNQTBHQ1NxR1NJYjNEUUVCQVFVQUE0SUJEd0F3Z2dFSwpBb0lCQVFEZW9MSGJkVDhGSlBjaFdSdktrVmhTZ3RjVHE3NjZrekJBOGlSenlKVEJhTWF2cTFlcDIyN1VsYjVSCm44c3JaSUpRbnh5Q2tRaFRYK2lQaHNFeDFnWTFYblhoa0FsRkRjVUo4M3BYbFExRjRtenlGR3REcXlBdjl3a1kKM0VQTWFjN2F0MXFCNVdnbFJVT1NXYWxNRHQ0SFB5UGNHcGFDdjlBNTNQN2RNSHlUL1NoeWRUMGUrNFRrL0YxeApGd1dOcmkwaFNGQTEyc29mTVFGc1l0Z1c2YzNoN1Naajk0bFdsV2VEbTBHNGxBSnkxZGh6UzkyeXJHVUJFejFFCkRnc2t5c3FhYVozZFluNjdWTW1ZNlBQdmdBYmNiOXpZMmh6aGZuSm9XZnBma2NFcUUzRzYrRFFEVHMwUHJDNXoKdExHZjZaRmZ2OVRVd2xHZ3VUbFkyQ2Y3eUxIbEFnTUJBQUdqSXpBaE1BNEdBMVVkRHdFQi93UUVBd0lDQkRBUApCZ05WSFJNQkFmOEVCVEFEQVFIL01BMEdDU3FHU0liM0RRRUJDd1VBQTRJQkFRQ1p6cXJBVEtpYXlyR2FodDlyCitQbDIyczJLSXMzMDZoWkt5Vi83RVNoVTlsbWNMRzdPM2JQSXlQQlR2b2RhU293NnNaRnYzL2tKOXUrYWgwd3EKUWlQdzAxY0ZlNklKSEk2UnhwcDJtZU43Q3dQQWcxN1VVQSsvM0t3NVV5Q21YeWhjS0FmK3VIb3VKMEx2RmFydwp4bWhPNStZRU9yQ2wwYlNuUHp5dFFsUXczTGZsUGYwTjN1bkYydmc1d3VYYjAxK1h1S2x1cktYVmR6L3hhSTBrCmhLTTVxOFVhZDlsMG1BZ09tRkVnUEZ6Q1ZpazB4RERNc3Zra1JKVmtQMHRPMlRrTHVjWFhXM2lQOThveTAzOXMKWG10aHdhMEJEV28xZ1N1YzR6WGJURUFBRXFORGE5SlA5ckNTdjNyVUJXclNqZW9tUjErQ0l3UHhvV20vRXhOZApKeEEyCi0tLS0tRU5EIENFUlRJRklDQVRFLS0tLS0K",
                            "master_auth.0.password": "willchange",
                            "master_auth.0.username": "firsttry",
                            "monitoring_service": "monitoring.googleapis.com",
                            "name": "development-systems",
                            "network": "developer-space",
                            "node_config.#": "1",
                            "node_config.0.disk_size_gb": "100",
                            "node_config.0.machine_type": "n1-standard-1",
                            "node_config.0.oauth_scopes.#": "4",
                            "node_config.0.oauth_scopes.0": "https://www.googleapis.com/auth/compute",
                            "node_config.0.oauth_scopes.1": "https://www.googleapis.com/auth/devstorage.read_only",
                            "node_config.0.oauth_scopes.2": "https://www.googleapis.com/auth/logging.write",
                            "node_config.0.oauth_scopes.3": "https://www.googleapis.com/auth/monitoring",
                            "node_version": "1.5.2",
                            "subnetwork": "developer-space",
                            "zone": "us-west1-b"
                        },
                        "meta": {},
                        "tainted": false
                    },
                    "deposed": [],
                    "provider": ""
                },
                "google_dns_managed_zone.adronme": {
                    "type": "google_dns_managed_zone",
                    "depends_on": [],
                    "primary": {
                        "id": "adronme",
                        "attributes": {
                            "description": "Production http://adron.me Domain.",
                            "dns_name": "adron.me.",
                            "id": "adronme",
                            "name": "adronme",
                            "name_servers.#": "4",
                            "name_servers.0": "ns-cloud-c1.googledomains.com.",
                            "name_servers.1": "ns-cloud-c2.googledomains.com.",
                            "name_servers.2": "ns-cloud-c3.googledomains.com.",
                            "name_servers.3": "ns-cloud-c4.googledomains.com."
                        },
                        "meta": {},
                        "tainted": false
                    },
                    "deposed": [],
                    "provider": ""
                },
                "google_dns_managed_zone.compositecodecom": {
                    "type": "google_dns_managed_zone",
                    "depends_on": [],
                    "primary": {
                        "id": "compositecodecom",
                        "attributes": {
                            "description": "Production http://compositecode.com Domain.",
                            "dns_name": "compositecode.com.",
                            "id": "compositecodecom",
                            "name": "compositecodecom",
                            "name_servers.#": "4",
                            "name_servers.0": "ns-cloud-b1.googledomains.com.",
                            "name_servers.1": "ns-cloud-b2.googledomains.com.",
                            "name_servers.2": "ns-cloud-b3.googledomains.com.",
                            "name_servers.3": "ns-cloud-b4.googledomains.com."
                        },
                        "meta": {},
                        "tainted": false
                    },
                    "deposed": [],
                    "provider": ""
                },
                "google_dns_record_set.blog": {
                    "type": "google_dns_record_set",
                    "depends_on": [
                        "google_dns_managed_zone.adronme",
                        "google_dns_managed_zone.adronme"
                    ],
                    "primary": {
                        "id": "2",
                        "attributes": {
                            "id": "2",
                            "managed_zone": "adronme",
                            "name": "blog.adron.me.",
                            "rrdatas.#": "1",
                            "rrdatas.0": "adron.github.io.",
                            "ttl": "5",
                            "type": "CNAME"
                        },
                        "meta": {},
                        "tainted": false
                    },
                    "deposed": [],
                    "provider": ""
                },
                "google_dns_record_set.compositecodecom": {
                    "type": "google_dns_record_set",
                    "depends_on": [
                        "google_dns_managed_zone.compositecodecom",
                        "google_dns_managed_zone.compositecodecom"
                    ],
                    "primary": {
                        "id": "1",
                        "attributes": {
                            "id": "1",
                            "managed_zone": "compositecodecom",
                            "name": "compositecode.com.",
                            "rrdatas.#": "2",
                            "rrdatas.0": "192.30.252.154",
                            "rrdatas.1": "192.30.252.153",
                            "ttl": "30",
                            "type": "A"
                        },
                        "meta": {},
                        "tainted": false
                    },
                    "deposed": [],
                    "provider": ""
                },
                "google_dns_record_set.data": {
                    "type": "google_dns_record_set",
                    "depends_on": [
                        "google_compute_address.redirector",
                        "google_dns_managed_zone.adronme",
                        "google_dns_managed_zone.adronme"
                    ],
                    "primary": {
                        "id": "3",
                        "attributes": {
                            "id": "3",
                            "managed_zone": "adronme",
                            "name": "data.adron.me.",
                            "rrdatas.#": "1",
                            "rrdatas.0": "104.154.249.251",
                            "ttl": "5",
                            "type": "A"
                        },
                        "meta": {},
                        "tainted": false
                    },
                    "deposed": [],
                    "provider": ""
                },
                "google_dns_record_set.photos": {
                    "type": "google_dns_record_set",
                    "depends_on": [
                        "google_dns_managed_zone.adronme",
                        "google_dns_managed_zone.adronme"
                    ],
                    "primary": {
                        "id": "1",
                        "attributes": {
                            "id": "1",
                            "managed_zone": "adronme",
                            "name": "photos.adron.me.",
                            "rrdatas.#": "1",
                            "rrdatas.0": "domains.smugmug.com.",
                            "ttl": "5",
                            "type": "CNAME"
                        },
                        "meta": {},
                        "tainted": false
                    },
                    "deposed": [],
                    "provider": ""
                }
            },
            "depends_on": []
        }
    ]
}
