{
    "version": 3,
    "terraform_version": "0.10.0",
    "serial": 5,
    "lineage": "b42208be-51d5-4c60-be94-3ad1c81b1311",
    "modules": [
        {
            "path": [
                "root"
            ],
            "outputs": {},
            "resources": {
                "azurerm_container_service.test": {
                    "type": "azurerm_container_service",
                    "depends_on": [
                        "azurerm_resource_group.kubernetes_house"
                    ],
                    "primary": {
                        "id": "/subscriptions/a2c16d7f-c792-4c77-9b4a-f5c646c1fa9a/resourceGroups/kuberneteshouse/providers/Microsoft.ContainerService/containerServices/acctestcontservice1",
                        "attributes": {
                            "agent_pool_profile.#": "1",
                            "agent_pool_profile.3381225627.count": "2",
                            "agent_pool_profile.3381225627.dns_prefix": "kuby.house",
                            "agent_pool_profile.3381225627.fqdn": "",
                            "agent_pool_profile.3381225627.name": "default",
                            "agent_pool_profile.3381225627.vm_size": "Standard_A0",
                            "diagnostics_profile.#": "1",
                            "diagnostics_profile.734881840.enabled": "false",
                            "diagnostics_profile.734881840.storage_uri": "",
                            "id": "/subscriptions/a2c16d7f-c792-4c77-9b4a-f5c646c1fa9a/resourceGroups/kuberneteshouse/providers/Microsoft.ContainerService/containerServices/acctestcontservice1",
                            "linux_profile.#": "1",
                            "linux_profile.1362204836.admin_username": "coolusername",
                            "linux_profile.1362204836.ssh_key.#": "1",
                            "linux_profile.1362204836.ssh_key.1429226238.key_data": "ssh-rsa AAAAB3NzaC1yc2EAAAADAQABAAABAQCqaZoyiz1qbdOQ8xEf6uEu1cCwYowo5FHtsBhqLoDnnp7KUTEBN+L2NxRIfQ781rxV6Iq5jSav6b2Q8z5KiseOlvKA/RF2wqU0UPYqQviQhLmW6THTpmrv/YkUCuzxDpsH7DUDhZcwySLKVVe0Qm3+5N2Ta6UYH3lsDf9R9wTP2K/+vAnflKebuypNlmocIvakFWoZda18FOmsOoIVXQ8HWFNCuw9ZCunMSN62QGamCe3dL5cXlkgHYv7ekJE15IA9aOJcM7e90oeTqo+7HTcWfdu0qQqPWY5ujyMw/llas8tsXY85LFqRnr3gJ02bAscjc477+X+j/gkpFoN1QEmt terraform@demo.tld",
                            "location": "westus",
                            "master_profile.#": "1",
                            "master_profile.1771707756.count": "1",
                            "master_profile.1771707756.dns_prefix": "kubyhouse",
                            "master_profile.1771707756.fqdn": "kubyhouse.westus.cloudapp.azure.com",
                            "name": "acctestcontservice1",
                            "orchestration_platform": "Kubernetes",
                            "resource_group_name": "kuberneteshouse",
                            "service_principal.#": "1",
                            "service_principal.2369879929.client_id": "eadcc95b-505d-4d26-8c57-378ca808b757",
                            "service_principal.2369879929.client_secret": "",
                            "tags.%": "1",
                            "tags.Environment": "Production"
                        },
                        "meta": {},
                        "tainted": false
                    },
                    "deposed": [],
                    "provider": ""
                },
                "azurerm_resource_group.kubernetes_house": {
                    "type": "azurerm_resource_group",
                    "depends_on": [],
                    "primary": {
                        "id": "/subscriptions/a2c16d7f-c792-4c77-9b4a-f5c646c1fa9a/resourceGroups/kuberneteshouse",
                        "attributes": {
                            "id": "/subscriptions/a2c16d7f-c792-4c77-9b4a-f5c646c1fa9a/resourceGroups/kuberneteshouse",
                            "location": "westus",
                            "name": "kuberneteshouse",
                            "tags.%": "0"
                        },
                        "meta": {},
                        "tainted": false
                    },
                    "deposed": [],
                    "provider": ""
                }
            },
            "depends_on": []
        }
    ]
}
